{
    "version": 3,
    "terraform_version": "0.11.7",
    "serial": 17,
    "lineage": "1f0fb30c-4016-435a-8805-62c2814a1fb7",
    "modules": [
        {
            "path": [
                "root"
            ],
            "outputs": {},
            "resources": {
                "null_resource.hostnames": {
                    "type": "null_resource",
                    "depends_on": [
                        "openstack_compute_instance_v2.db-server",
                        "openstack_compute_instance_v2.job-queue",
                        "openstack_compute_instance_v2.salt-master",
                        "openstack_compute_instance_v2.tracker",
                        "openstack_compute_instance_v2.worker"
                    ],
                    "primary": {
                        "id": "6525138124558459587",
                        "attributes": {
                            "id": "6525138124558459587"
                        },
                        "meta": {},
                        "tainted": false
                    },
                    "deposed": [],
                    "provider": "provider.null"
                },
                "null_resource.masterip": {
                    "type": "null_resource",
                    "depends_on": [
                        "openstack_compute_instance_v2.salt-master"
                    ],
                    "primary": {
                        "id": "1753022283214160440",
                        "attributes": {
                            "id": "1753022283214160440",
                            "triggers.%": "1",
                            "triggers.address": "10.0.0.6"
                        },
                        "meta": {},
                        "tainted": false
                    },
                    "deposed": [],
                    "provider": "provider.null"
                },
                "openstack_compute_instance_v2.db-server": {
                    "type": "openstack_compute_instance_v2",
                    "depends_on": [
                        "null_resource.masterip",
                        "openstack_compute_instance_v2.salt-master",
                        "openstack_compute_secgroup_v2.allow-traffic"
                    ],
                    "primary": {
                        "id": "cf124cf9-0639-4cd7-a2da-fe8ab3f4344d",
                        "attributes": {
                            "access_ip_v4": "10.0.0.8",
                            "access_ip_v6": "",
                            "all_metadata.%": "0",
                            "availability_zone": "nova",
                            "flavor_id": "97cef706-42fe-47e7-b5a9-8fb6613301af",
                            "flavor_name": "HD-c8r32",
                            "force_delete": "false",
                            "id": "cf124cf9-0639-4cd7-a2da-fe8ab3f4344d",
                            "image_id": "266ca351-ba88-48b4-9aa7-e4b3703197d9",
                            "image_name": "butler_base",
                            "key_pair": "sergei",
                            "name": "butler-db-server",
                            "network.#": "1",
                            "network.0.access_network": "false",
                            "network.0.fixed_ip_v4": "10.0.0.8",
                            "network.0.fixed_ip_v6": "",
                            "network.0.floating_ip": "",
                            "network.0.mac": "fa:16:3e:49:38:b6",
                            "network.0.name": "denbi-iakhnin-intern",
                            "network.0.port": "",
                            "network.0.uuid": "301c1bee-c9c5-407d-9b43-9ba93cc513ca",
                            "region": "",
                            "security_groups.#": "2",
                            "security_groups.2299581210": "butler-firewall",
                            "security_groups.3814588639": "default",
                            "stop_before_destroy": "false"
                        },
                        "meta": {
                            "e2bfb730-ecaa-11e6-8f88-34363bc7c4c0": {
                                "create": 1800000000000,
                                "delete": 1800000000000,
                                "update": 1800000000000
                            }
                        },
                        "tainted": false
                    },
                    "deposed": [],
                    "provider": "provider.openstack"
                },
                "openstack_compute_instance_v2.job-queue": {
                    "type": "openstack_compute_instance_v2",
                    "depends_on": [
                        "null_resource.masterip",
                        "openstack_compute_instance_v2.salt-master",
                        "openstack_compute_secgroup_v2.allow-traffic"
                    ],
                    "primary": {
                        "id": "93be94a6-4ad7-4bf2-8955-e4ffc0c1827d",
                        "attributes": {
                            "access_ip_v4": "10.0.0.17",
                            "access_ip_v6": "",
                            "all_metadata.%": "0",
                            "availability_zone": "nova",
                            "flavor_id": "667ad911-00e1-4cf4-88de-9332b110cb03",
                            "flavor_name": "HD-c4r8",
                            "force_delete": "false",
                            "id": "93be94a6-4ad7-4bf2-8955-e4ffc0c1827d",
                            "image_id": "266ca351-ba88-48b4-9aa7-e4b3703197d9",
                            "image_name": "butler_base",
                            "key_pair": "sergei",
                            "name": "butler-job-queue",
                            "network.#": "1",
                            "network.0.access_network": "false",
                            "network.0.fixed_ip_v4": "10.0.0.17",
                            "network.0.fixed_ip_v6": "",
                            "network.0.floating_ip": "",
                            "network.0.mac": "fa:16:3e:f0:f0:0c",
                            "network.0.name": "denbi-iakhnin-intern",
                            "network.0.port": "",
                            "network.0.uuid": "301c1bee-c9c5-407d-9b43-9ba93cc513ca",
                            "region": "",
                            "security_groups.#": "2",
                            "security_groups.2299581210": "butler-firewall",
                            "security_groups.3814588639": "default",
                            "stop_before_destroy": "false"
                        },
                        "meta": {
                            "e2bfb730-ecaa-11e6-8f88-34363bc7c4c0": {
                                "create": 1800000000000,
                                "delete": 1800000000000,
                                "update": 1800000000000
                            }
                        },
                        "tainted": false
                    },
                    "deposed": [],
                    "provider": "provider.openstack"
                },
                "openstack_compute_instance_v2.salt-master": {
                    "type": "openstack_compute_instance_v2",
                    "depends_on": [
                        "openstack_compute_secgroup_v2.allow-traffic"
                    ],
                    "primary": {
                        "id": "d81b8c0e-8554-4a23-8e70-a57c8a57c86d",
                        "attributes": {
                            "access_ip_v4": "10.0.0.6",
                            "access_ip_v6": "",
                            "all_metadata.%": "0",
                            "availability_zone": "nova",
                            "flavor_id": "667ad911-00e1-4cf4-88de-9332b110cb03",
                            "flavor_name": "HD-c4r8",
                            "force_delete": "false",
                            "id": "d81b8c0e-8554-4a23-8e70-a57c8a57c86d",
                            "image_id": "266ca351-ba88-48b4-9aa7-e4b3703197d9",
                            "image_name": "butler_base",
                            "key_pair": "sergei",
                            "name": "butler-salt-master",
                            "network.#": "1",
                            "network.0.access_network": "false",
                            "network.0.fixed_ip_v4": "10.0.0.6",
                            "network.0.fixed_ip_v6": "",
                            "network.0.floating_ip": "",
                            "network.0.mac": "fa:16:3e:73:b9:a1",
                            "network.0.name": "denbi-iakhnin-intern",
                            "network.0.port": "",
                            "network.0.uuid": "301c1bee-c9c5-407d-9b43-9ba93cc513ca",
                            "region": "",
                            "security_groups.#": "2",
                            "security_groups.2299581210": "butler-firewall",
                            "security_groups.3814588639": "default",
                            "stop_before_destroy": "false"
                        },
                        "meta": {
                            "e2bfb730-ecaa-11e6-8f88-34363bc7c4c0": {
                                "create": 1800000000000,
                                "delete": 1800000000000,
                                "update": 1800000000000
                            }
                        },
                        "tainted": false
                    },
                    "deposed": [],
                    "provider": "provider.openstack"
                },
                "openstack_compute_instance_v2.tracker": {
                    "type": "openstack_compute_instance_v2",
                    "depends_on": [
                        "null_resource.masterip",
                        "openstack_compute_instance_v2.salt-master",
                        "openstack_compute_secgroup_v2.allow-traffic"
                    ],
                    "primary": {
                        "id": "d2bb98b7-36c6-42a5-a1b4-09a3806c150d",
                        "attributes": {
                            "access_ip_v4": "10.0.0.15",
                            "access_ip_v6": "",
                            "all_metadata.%": "0",
                            "availability_zone": "nova",
                            "flavor_id": "667ad911-00e1-4cf4-88de-9332b110cb03",
                            "flavor_name": "HD-c4r8",
                            "force_delete": "false",
                            "id": "d2bb98b7-36c6-42a5-a1b4-09a3806c150d",
                            "image_id": "266ca351-ba88-48b4-9aa7-e4b3703197d9",
                            "image_name": "butler_base",
                            "key_pair": "sergei",
                            "name": "butler-tracker",
                            "network.#": "1",
                            "network.0.access_network": "false",
                            "network.0.fixed_ip_v4": "10.0.0.15",
                            "network.0.fixed_ip_v6": "",
                            "network.0.floating_ip": "",
                            "network.0.mac": "fa:16:3e:99:a9:f4",
                            "network.0.name": "denbi-iakhnin-intern",
                            "network.0.port": "",
                            "network.0.uuid": "301c1bee-c9c5-407d-9b43-9ba93cc513ca",
                            "region": "",
                            "security_groups.#": "2",
                            "security_groups.2299581210": "butler-firewall",
                            "security_groups.3814588639": "default",
                            "stop_before_destroy": "false"
                        },
                        "meta": {
                            "e2bfb730-ecaa-11e6-8f88-34363bc7c4c0": {
                                "create": 1800000000000,
                                "delete": 1800000000000,
                                "update": 1800000000000
                            }
                        },
                        "tainted": false
                    },
                    "deposed": [],
                    "provider": "provider.openstack"
                },
                "openstack_compute_instance_v2.worker.0": {
                    "type": "openstack_compute_instance_v2",
                    "depends_on": [
                        "null_resource.masterip",
                        "openstack_compute_instance_v2.salt-master",
                        "openstack_compute_secgroup_v2.allow-traffic"
                    ],
                    "primary": {
                        "id": "00c34e57-3bdc-4c90-82b8-ca6a0aacf190",
                        "attributes": {
                            "access_ip_v4": "10.0.0.11",
                            "access_ip_v6": "",
                            "all_metadata.%": "0",
                            "availability_zone": "nova",
                            "flavor_id": "97cef706-42fe-47e7-b5a9-8fb6613301af",
                            "flavor_name": "HD-c8r32",
                            "force_delete": "false",
                            "id": "00c34e57-3bdc-4c90-82b8-ca6a0aacf190",
                            "image_id": "266ca351-ba88-48b4-9aa7-e4b3703197d9",
                            "image_name": "butler_base",
                            "key_pair": "sergei",
                            "name": "butler-worker-0",
                            "network.#": "1",
                            "network.0.access_network": "false",
                            "network.0.fixed_ip_v4": "10.0.0.11",
                            "network.0.fixed_ip_v6": "",
                            "network.0.floating_ip": "",
                            "network.0.mac": "fa:16:3e:e5:c1:09",
                            "network.0.name": "denbi-iakhnin-intern",
                            "network.0.port": "",
                            "network.0.uuid": "301c1bee-c9c5-407d-9b43-9ba93cc513ca",
                            "region": "",
                            "security_groups.#": "2",
                            "security_groups.2299581210": "butler-firewall",
                            "security_groups.3814588639": "default",
                            "stop_before_destroy": "false"
                        },
                        "meta": {
                            "e2bfb730-ecaa-11e6-8f88-34363bc7c4c0": {
                                "create": 1800000000000,
                                "delete": 1800000000000,
                                "update": 1800000000000
                            }
                        },
                        "tainted": false
                    },
                    "deposed": [],
                    "provider": "provider.openstack"
                },
                "openstack_compute_instance_v2.worker.1": {
                    "type": "openstack_compute_instance_v2",
                    "depends_on": [
                        "null_resource.masterip",
                        "openstack_compute_instance_v2.salt-master",
                        "openstack_compute_secgroup_v2.allow-traffic"
                    ],
                    "primary": {
                        "id": "09dd3b64-5e60-43b3-af14-b9c7c4e41b24",
                        "attributes": {
                            "access_ip_v4": "10.0.0.19",
                            "access_ip_v6": "",
                            "all_metadata.%": "0",
                            "availability_zone": "nova",
                            "flavor_id": "97cef706-42fe-47e7-b5a9-8fb6613301af",
                            "flavor_name": "HD-c8r32",
                            "force_delete": "false",
                            "id": "09dd3b64-5e60-43b3-af14-b9c7c4e41b24",
                            "image_id": "266ca351-ba88-48b4-9aa7-e4b3703197d9",
                            "image_name": "butler_base",
                            "key_pair": "sergei",
                            "name": "butler-worker-1",
                            "network.#": "1",
                            "network.0.access_network": "false",
                            "network.0.fixed_ip_v4": "10.0.0.19",
                            "network.0.fixed_ip_v6": "",
                            "network.0.floating_ip": "",
                            "network.0.mac": "fa:16:3e:35:75:77",
                            "network.0.name": "denbi-iakhnin-intern",
                            "network.0.port": "",
                            "network.0.uuid": "301c1bee-c9c5-407d-9b43-9ba93cc513ca",
                            "region": "",
                            "security_groups.#": "2",
                            "security_groups.2299581210": "butler-firewall",
                            "security_groups.3814588639": "default",
                            "stop_before_destroy": "false"
                        },
                        "meta": {
                            "e2bfb730-ecaa-11e6-8f88-34363bc7c4c0": {
                                "create": 1800000000000,
                                "delete": 1800000000000,
                                "update": 1800000000000
                            }
                        },
                        "tainted": false
                    },
                    "deposed": [],
                    "provider": "provider.openstack"
                },
                "openstack_compute_instance_v2.worker.10": {
                    "type": "openstack_compute_instance_v2",
                    "depends_on": [
                        "null_resource.masterip",
                        "openstack_compute_instance_v2.salt-master",
                        "openstack_compute_secgroup_v2.allow-traffic"
                    ],
                    "primary": {
                        "id": "a0dbef4b-69d6-4e6c-b7d1-fe7b93cc5eb5",
                        "attributes": {
                            "access_ip_v4": "10.0.0.68",
                            "access_ip_v6": "",
                            "all_metadata.%": "0",
                            "availability_zone": "nova",
                            "flavor_id": "97cef706-42fe-47e7-b5a9-8fb6613301af",
                            "flavor_name": "HD-c8r32",
                            "force_delete": "false",
                            "id": "a0dbef4b-69d6-4e6c-b7d1-fe7b93cc5eb5",
                            "image_id": "266ca351-ba88-48b4-9aa7-e4b3703197d9",
                            "image_name": "butler_base",
                            "key_pair": "sergei",
                            "name": "butler-worker-10",
                            "network.#": "1",
                            "network.0.access_network": "false",
                            "network.0.fixed_ip_v4": "10.0.0.68",
                            "network.0.fixed_ip_v6": "",
                            "network.0.floating_ip": "",
                            "network.0.mac": "fa:16:3e:2f:37:bc",
                            "network.0.name": "denbi-iakhnin-intern",
                            "network.0.port": "",
                            "network.0.uuid": "301c1bee-c9c5-407d-9b43-9ba93cc513ca",
                            "region": "",
                            "security_groups.#": "2",
                            "security_groups.2299581210": "butler-firewall",
                            "security_groups.3814588639": "default",
                            "stop_before_destroy": "false"
                        },
                        "meta": {
                            "e2bfb730-ecaa-11e6-8f88-34363bc7c4c0": {
                                "create": 1800000000000,
                                "delete": 1800000000000,
                                "update": 1800000000000
                            }
                        },
                        "tainted": false
                    },
                    "deposed": [],
                    "provider": "provider.openstack"
                },
                "openstack_compute_instance_v2.worker.100": {
                    "type": "openstack_compute_instance_v2",
                    "depends_on": [
                        "null_resource.masterip",
                        "openstack_compute_instance_v2.salt-master",
                        "openstack_compute_secgroup_v2.allow-traffic"
                    ],
                    "primary": {
                        "id": "578186ee-ea26-4cee-9925-d45b74e100be",
                        "attributes": {
                            "access_ip_v4": "10.0.0.24",
                            "access_ip_v6": "",
                            "all_metadata.%": "0",
                            "availability_zone": "nova",
                            "flavor_id": "97cef706-42fe-47e7-b5a9-8fb6613301af",
                            "flavor_name": "HD-c8r32",
                            "force_delete": "false",
                            "id": "578186ee-ea26-4cee-9925-d45b74e100be",
                            "image_id": "266ca351-ba88-48b4-9aa7-e4b3703197d9",
                            "image_name": "butler_base",
                            "key_pair": "sergei",
                            "name": "butler-worker-100",
                            "network.#": "1",
                            "network.0.access_network": "false",
                            "network.0.fixed_ip_v4": "10.0.0.24",
                            "network.0.fixed_ip_v6": "",
                            "network.0.floating_ip": "",
                            "network.0.mac": "fa:16:3e:bf:b5:21",
                            "network.0.name": "denbi-iakhnin-intern",
                            "network.0.port": "",
                            "network.0.uuid": "301c1bee-c9c5-407d-9b43-9ba93cc513ca",
                            "region": "",
                            "security_groups.#": "2",
                            "security_groups.2299581210": "butler-firewall",
                            "security_groups.3814588639": "default",
                            "stop_before_destroy": "false"
                        },
                        "meta": {
                            "e2bfb730-ecaa-11e6-8f88-34363bc7c4c0": {
                                "create": 1800000000000,
                                "delete": 1800000000000,
                                "update": 1800000000000
                            }
                        },
                        "tainted": false
                    },
                    "deposed": [],
                    "provider": "provider.openstack"
                },
                "openstack_compute_instance_v2.worker.101": {
                    "type": "openstack_compute_instance_v2",
                    "depends_on": [
                        "null_resource.masterip",
                        "openstack_compute_instance_v2.salt-master",
                        "openstack_compute_secgroup_v2.allow-traffic"
                    ],
                    "primary": {
                        "id": "aa97c701-ae7e-44b9-9ea5-10e5295e51c7",
                        "attributes": {
                            "access_ip_v4": "10.0.0.67",
                            "access_ip_v6": "",
                            "all_metadata.%": "0",
                            "availability_zone": "nova",
                            "flavor_id": "97cef706-42fe-47e7-b5a9-8fb6613301af",
                            "flavor_name": "HD-c8r32",
                            "force_delete": "false",
                            "id": "aa97c701-ae7e-44b9-9ea5-10e5295e51c7",
                            "image_id": "266ca351-ba88-48b4-9aa7-e4b3703197d9",
                            "image_name": "butler_base",
                            "key_pair": "sergei",
                            "name": "butler-worker-101",
                            "network.#": "1",
                            "network.0.access_network": "false",
                            "network.0.fixed_ip_v4": "10.0.0.67",
                            "network.0.fixed_ip_v6": "",
                            "network.0.floating_ip": "",
                            "network.0.mac": "fa:16:3e:1a:83:46",
                            "network.0.name": "denbi-iakhnin-intern",
                            "network.0.port": "",
                            "network.0.uuid": "301c1bee-c9c5-407d-9b43-9ba93cc513ca",
                            "region": "",
                            "security_groups.#": "2",
                            "security_groups.2299581210": "butler-firewall",
                            "security_groups.3814588639": "default",
                            "stop_before_destroy": "false"
                        },
                        "meta": {
                            "e2bfb730-ecaa-11e6-8f88-34363bc7c4c0": {
                                "create": 1800000000000,
                                "delete": 1800000000000,
                                "update": 1800000000000
                            }
                        },
                        "tainted": false
                    },
                    "deposed": [],
                    "provider": "provider.openstack"
                },
                "openstack_compute_instance_v2.worker.102": {
                    "type": "openstack_compute_instance_v2",
                    "depends_on": [
                        "null_resource.masterip",
                        "openstack_compute_instance_v2.salt-master",
                        "openstack_compute_secgroup_v2.allow-traffic"
                    ],
                    "primary": {
                        "id": "3b601eef-2394-4f95-8d8a-ea36ac5afb78",
                        "attributes": {
                            "access_ip_v4": "10.0.0.60",
                            "access_ip_v6": "",
                            "all_metadata.%": "0",
                            "availability_zone": "nova",
                            "flavor_id": "97cef706-42fe-47e7-b5a9-8fb6613301af",
                            "flavor_name": "HD-c8r32",
                            "force_delete": "false",
                            "id": "3b601eef-2394-4f95-8d8a-ea36ac5afb78",
                            "image_id": "266ca351-ba88-48b4-9aa7-e4b3703197d9",
                            "image_name": "butler_base",
                            "key_pair": "sergei",
                            "name": "butler-worker-102",
                            "network.#": "1",
                            "network.0.access_network": "false",
                            "network.0.fixed_ip_v4": "10.0.0.60",
                            "network.0.fixed_ip_v6": "",
                            "network.0.floating_ip": "",
                            "network.0.mac": "fa:16:3e:8f:23:88",
                            "network.0.name": "denbi-iakhnin-intern",
                            "network.0.port": "",
                            "network.0.uuid": "301c1bee-c9c5-407d-9b43-9ba93cc513ca",
                            "region": "",
                            "security_groups.#": "2",
                            "security_groups.2299581210": "butler-firewall",
                            "security_groups.3814588639": "default",
                            "stop_before_destroy": "false"
                        },
                        "meta": {
                            "e2bfb730-ecaa-11e6-8f88-34363bc7c4c0": {
                                "create": 1800000000000,
                                "delete": 1800000000000,
                                "update": 1800000000000
                            }
                        },
                        "tainted": false
                    },
                    "deposed": [],
                    "provider": "provider.openstack"
                },
                "openstack_compute_instance_v2.worker.103": {
                    "type": "openstack_compute_instance_v2",
                    "depends_on": [
                        "null_resource.masterip",
                        "openstack_compute_instance_v2.salt-master",
                        "openstack_compute_secgroup_v2.allow-traffic"
                    ],
                    "primary": {
                        "id": "bb62ff01-ba01-4ec6-b45f-e28466a7c1cf",
                        "attributes": {
                            "access_ip_v4": "10.0.0.97",
                            "access_ip_v6": "",
                            "all_metadata.%": "0",
                            "availability_zone": "nova",
                            "flavor_id": "97cef706-42fe-47e7-b5a9-8fb6613301af",
                            "flavor_name": "HD-c8r32",
                            "force_delete": "false",
                            "id": "bb62ff01-ba01-4ec6-b45f-e28466a7c1cf",
                            "image_id": "266ca351-ba88-48b4-9aa7-e4b3703197d9",
                            "image_name": "butler_base",
                            "key_pair": "sergei",
                            "name": "butler-worker-103",
                            "network.#": "1",
                            "network.0.access_network": "false",
                            "network.0.fixed_ip_v4": "10.0.0.97",
                            "network.0.fixed_ip_v6": "",
                            "network.0.floating_ip": "",
                            "network.0.mac": "fa:16:3e:1a:84:03",
                            "network.0.name": "denbi-iakhnin-intern",
                            "network.0.port": "",
                            "network.0.uuid": "301c1bee-c9c5-407d-9b43-9ba93cc513ca",
                            "region": "",
                            "security_groups.#": "2",
                            "security_groups.2299581210": "butler-firewall",
                            "security_groups.3814588639": "default",
                            "stop_before_destroy": "false"
                        },
                        "meta": {
                            "e2bfb730-ecaa-11e6-8f88-34363bc7c4c0": {
                                "create": 1800000000000,
                                "delete": 1800000000000,
                                "update": 1800000000000
                            }
                        },
                        "tainted": false
                    },
                    "deposed": [],
                    "provider": "provider.openstack"
                },
                "openstack_compute_instance_v2.worker.104": {
                    "type": "openstack_compute_instance_v2",
                    "depends_on": [
                        "null_resource.masterip",
                        "openstack_compute_instance_v2.salt-master",
                        "openstack_compute_secgroup_v2.allow-traffic"
                    ],
                    "primary": {
                        "id": "38afe92e-ca76-4b64-9ead-bc5c3443d9b6",
                        "attributes": {
                            "access_ip_v4": "10.0.0.37",
                            "access_ip_v6": "",
                            "all_metadata.%": "0",
                            "availability_zone": "nova",
                            "flavor_id": "97cef706-42fe-47e7-b5a9-8fb6613301af",
                            "flavor_name": "HD-c8r32",
                            "force_delete": "false",
                            "id": "38afe92e-ca76-4b64-9ead-bc5c3443d9b6",
                            "image_id": "266ca351-ba88-48b4-9aa7-e4b3703197d9",
                            "image_name": "butler_base",
                            "key_pair": "sergei",
                            "name": "butler-worker-104",
                            "network.#": "1",
                            "network.0.access_network": "false",
                            "network.0.fixed_ip_v4": "10.0.0.37",
                            "network.0.fixed_ip_v6": "",
                            "network.0.floating_ip": "",
                            "network.0.mac": "fa:16:3e:15:c1:7e",
                            "network.0.name": "denbi-iakhnin-intern",
                            "network.0.port": "",
                            "network.0.uuid": "301c1bee-c9c5-407d-9b43-9ba93cc513ca",
                            "region": "",
                            "security_groups.#": "2",
                            "security_groups.2299581210": "butler-firewall",
                            "security_groups.3814588639": "default",
                            "stop_before_destroy": "false"
                        },
                        "meta": {
                            "e2bfb730-ecaa-11e6-8f88-34363bc7c4c0": {
                                "create": 1800000000000,
                                "delete": 1800000000000,
                                "update": 1800000000000
                            }
                        },
                        "tainted": false
                    },
                    "deposed": [],
                    "provider": "provider.openstack"
                },
                "openstack_compute_instance_v2.worker.105": {
                    "type": "openstack_compute_instance_v2",
                    "depends_on": [
                        "null_resource.masterip",
                        "openstack_compute_instance_v2.salt-master",
                        "openstack_compute_secgroup_v2.allow-traffic"
                    ],
                    "primary": {
                        "id": "a9636ad0-2681-42b2-b3c7-6ef507e76b19",
                        "attributes": {
                            "access_ip_v4": "10.0.0.44",
                            "access_ip_v6": "",
                            "all_metadata.%": "0",
                            "availability_zone": "nova",
                            "flavor_id": "97cef706-42fe-47e7-b5a9-8fb6613301af",
                            "flavor_name": "HD-c8r32",
                            "force_delete": "false",
                            "id": "a9636ad0-2681-42b2-b3c7-6ef507e76b19",
                            "image_id": "266ca351-ba88-48b4-9aa7-e4b3703197d9",
                            "image_name": "butler_base",
                            "key_pair": "sergei",
                            "name": "butler-worker-105",
                            "network.#": "1",
                            "network.0.access_network": "false",
                            "network.0.fixed_ip_v4": "10.0.0.44",
                            "network.0.fixed_ip_v6": "",
                            "network.0.floating_ip": "",
                            "network.0.mac": "fa:16:3e:ee:07:80",
                            "network.0.name": "denbi-iakhnin-intern",
                            "network.0.port": "",
                            "network.0.uuid": "301c1bee-c9c5-407d-9b43-9ba93cc513ca",
                            "region": "",
                            "security_groups.#": "2",
                            "security_groups.2299581210": "butler-firewall",
                            "security_groups.3814588639": "default",
                            "stop_before_destroy": "false"
                        },
                        "meta": {
                            "e2bfb730-ecaa-11e6-8f88-34363bc7c4c0": {
                                "create": 1800000000000,
                                "delete": 1800000000000,
                                "update": 1800000000000
                            }
                        },
                        "tainted": false
                    },
                    "deposed": [],
                    "provider": "provider.openstack"
                },
                "openstack_compute_instance_v2.worker.106": {
                    "type": "openstack_compute_instance_v2",
                    "depends_on": [
                        "null_resource.masterip",
                        "openstack_compute_instance_v2.salt-master",
                        "openstack_compute_secgroup_v2.allow-traffic"
                    ],
                    "primary": {
                        "id": "8afce562-a3d2-491f-9c4e-45fe42ddffee",
                        "attributes": {
                            "access_ip_v4": "10.0.0.12",
                            "access_ip_v6": "",
                            "all_metadata.%": "0",
                            "availability_zone": "nova",
                            "flavor_id": "97cef706-42fe-47e7-b5a9-8fb6613301af",
                            "flavor_name": "HD-c8r32",
                            "force_delete": "false",
                            "id": "8afce562-a3d2-491f-9c4e-45fe42ddffee",
                            "image_id": "266ca351-ba88-48b4-9aa7-e4b3703197d9",
                            "image_name": "butler_base",
                            "key_pair": "sergei",
                            "name": "butler-worker-106",
                            "network.#": "1",
                            "network.0.access_network": "false",
                            "network.0.fixed_ip_v4": "10.0.0.12",
                            "network.0.fixed_ip_v6": "",
                            "network.0.floating_ip": "",
                            "network.0.mac": "fa:16:3e:67:c6:a8",
                            "network.0.name": "denbi-iakhnin-intern",
                            "network.0.port": "",
                            "network.0.uuid": "301c1bee-c9c5-407d-9b43-9ba93cc513ca",
                            "region": "",
                            "security_groups.#": "2",
                            "security_groups.2299581210": "butler-firewall",
                            "security_groups.3814588639": "default",
                            "stop_before_destroy": "false"
                        },
                        "meta": {
                            "e2bfb730-ecaa-11e6-8f88-34363bc7c4c0": {
                                "create": 1800000000000,
                                "delete": 1800000000000,
                                "update": 1800000000000
                            }
                        },
                        "tainted": false
                    },
                    "deposed": [],
                    "provider": "provider.openstack"
                },
                "openstack_compute_instance_v2.worker.107": {
                    "type": "openstack_compute_instance_v2",
                    "depends_on": [
                        "null_resource.masterip",
                        "openstack_compute_instance_v2.salt-master",
                        "openstack_compute_secgroup_v2.allow-traffic"
                    ],
                    "primary": {
                        "id": "7938ea26-e27a-4bfd-a484-cf3d16b7c4a1",
                        "attributes": {
                            "access_ip_v4": "10.0.0.40",
                            "access_ip_v6": "",
                            "all_metadata.%": "0",
                            "availability_zone": "nova",
                            "flavor_id": "97cef706-42fe-47e7-b5a9-8fb6613301af",
                            "flavor_name": "HD-c8r32",
                            "force_delete": "false",
                            "id": "7938ea26-e27a-4bfd-a484-cf3d16b7c4a1",
                            "image_id": "266ca351-ba88-48b4-9aa7-e4b3703197d9",
                            "image_name": "butler_base",
                            "key_pair": "sergei",
                            "name": "butler-worker-107",
                            "network.#": "1",
                            "network.0.access_network": "false",
                            "network.0.fixed_ip_v4": "10.0.0.40",
                            "network.0.fixed_ip_v6": "",
                            "network.0.floating_ip": "",
                            "network.0.mac": "fa:16:3e:8e:36:98",
                            "network.0.name": "denbi-iakhnin-intern",
                            "network.0.port": "",
                            "network.0.uuid": "301c1bee-c9c5-407d-9b43-9ba93cc513ca",
                            "region": "",
                            "security_groups.#": "2",
                            "security_groups.2299581210": "butler-firewall",
                            "security_groups.3814588639": "default",
                            "stop_before_destroy": "false"
                        },
                        "meta": {
                            "e2bfb730-ecaa-11e6-8f88-34363bc7c4c0": {
                                "create": 1800000000000,
                                "delete": 1800000000000,
                                "update": 1800000000000
                            }
                        },
                        "tainted": false
                    },
                    "deposed": [],
                    "provider": "provider.openstack"
                },
                "openstack_compute_instance_v2.worker.108": {
                    "type": "openstack_compute_instance_v2",
                    "depends_on": [
                        "null_resource.masterip",
                        "openstack_compute_instance_v2.salt-master",
                        "openstack_compute_secgroup_v2.allow-traffic"
                    ],
                    "primary": {
                        "id": "61379ca1-44b5-4f55-8c4b-f297f999f154",
                        "attributes": {
                            "access_ip_v4": "10.0.0.115",
                            "access_ip_v6": "",
                            "all_metadata.%": "0",
                            "availability_zone": "nova",
                            "flavor_id": "97cef706-42fe-47e7-b5a9-8fb6613301af",
                            "flavor_name": "HD-c8r32",
                            "force_delete": "false",
                            "id": "61379ca1-44b5-4f55-8c4b-f297f999f154",
                            "image_id": "266ca351-ba88-48b4-9aa7-e4b3703197d9",
                            "image_name": "butler_base",
                            "key_pair": "sergei",
                            "name": "butler-worker-108",
                            "network.#": "1",
                            "network.0.access_network": "false",
                            "network.0.fixed_ip_v4": "10.0.0.115",
                            "network.0.fixed_ip_v6": "",
                            "network.0.floating_ip": "",
                            "network.0.mac": "fa:16:3e:96:47:bc",
                            "network.0.name": "denbi-iakhnin-intern",
                            "network.0.port": "",
                            "network.0.uuid": "301c1bee-c9c5-407d-9b43-9ba93cc513ca",
                            "region": "",
                            "security_groups.#": "2",
                            "security_groups.2299581210": "butler-firewall",
                            "security_groups.3814588639": "default",
                            "stop_before_destroy": "false"
                        },
                        "meta": {
                            "e2bfb730-ecaa-11e6-8f88-34363bc7c4c0": {
                                "create": 1800000000000,
                                "delete": 1800000000000,
                                "update": 1800000000000
                            }
                        },
                        "tainted": false
                    },
                    "deposed": [],
                    "provider": "provider.openstack"
                },
                "openstack_compute_instance_v2.worker.109": {
                    "type": "openstack_compute_instance_v2",
                    "depends_on": [
                        "null_resource.masterip",
                        "openstack_compute_instance_v2.salt-master",
                        "openstack_compute_secgroup_v2.allow-traffic"
                    ],
                    "primary": {
                        "id": "51329910-9e9a-4e46-ac13-bb57063906a4",
                        "attributes": {
                            "access_ip_v4": "10.0.0.20",
                            "access_ip_v6": "",
                            "all_metadata.%": "0",
                            "availability_zone": "nova",
                            "flavor_id": "97cef706-42fe-47e7-b5a9-8fb6613301af",
                            "flavor_name": "HD-c8r32",
                            "force_delete": "false",
                            "id": "51329910-9e9a-4e46-ac13-bb57063906a4",
                            "image_id": "266ca351-ba88-48b4-9aa7-e4b3703197d9",
                            "image_name": "butler_base",
                            "key_pair": "sergei",
                            "name": "butler-worker-109",
                            "network.#": "1",
                            "network.0.access_network": "false",
                            "network.0.fixed_ip_v4": "10.0.0.20",
                            "network.0.fixed_ip_v6": "",
                            "network.0.floating_ip": "",
                            "network.0.mac": "fa:16:3e:94:0e:2e",
                            "network.0.name": "denbi-iakhnin-intern",
                            "network.0.port": "",
                            "network.0.uuid": "301c1bee-c9c5-407d-9b43-9ba93cc513ca",
                            "region": "",
                            "security_groups.#": "2",
                            "security_groups.2299581210": "butler-firewall",
                            "security_groups.3814588639": "default",
                            "stop_before_destroy": "false"
                        },
                        "meta": {
                            "e2bfb730-ecaa-11e6-8f88-34363bc7c4c0": {
                                "create": 1800000000000,
                                "delete": 1800000000000,
                                "update": 1800000000000
                            }
                        },
                        "tainted": false
                    },
                    "deposed": [],
                    "provider": "provider.openstack"
                },
                "openstack_compute_instance_v2.worker.11": {
                    "type": "openstack_compute_instance_v2",
                    "depends_on": [
                        "null_resource.masterip",
                        "openstack_compute_instance_v2.salt-master",
                        "openstack_compute_secgroup_v2.allow-traffic"
                    ],
                    "primary": {
                        "id": "d0af6d32-a1e7-4efd-982d-6513e62731ef",
                        "attributes": {
                            "access_ip_v4": "10.0.0.63",
                            "access_ip_v6": "",
                            "all_metadata.%": "0",
                            "availability_zone": "nova",
                            "flavor_id": "97cef706-42fe-47e7-b5a9-8fb6613301af",
                            "flavor_name": "HD-c8r32",
                            "force_delete": "false",
                            "id": "d0af6d32-a1e7-4efd-982d-6513e62731ef",
                            "image_id": "266ca351-ba88-48b4-9aa7-e4b3703197d9",
                            "image_name": "butler_base",
                            "key_pair": "sergei",
                            "name": "butler-worker-11",
                            "network.#": "1",
                            "network.0.access_network": "false",
                            "network.0.fixed_ip_v4": "10.0.0.63",
                            "network.0.fixed_ip_v6": "",
                            "network.0.floating_ip": "",
                            "network.0.mac": "fa:16:3e:ee:78:82",
                            "network.0.name": "denbi-iakhnin-intern",
                            "network.0.port": "",
                            "network.0.uuid": "301c1bee-c9c5-407d-9b43-9ba93cc513ca",
                            "region": "",
                            "security_groups.#": "2",
                            "security_groups.2299581210": "butler-firewall",
                            "security_groups.3814588639": "default",
                            "stop_before_destroy": "false"
                        },
                        "meta": {
                            "e2bfb730-ecaa-11e6-8f88-34363bc7c4c0": {
                                "create": 1800000000000,
                                "delete": 1800000000000,
                                "update": 1800000000000
                            }
                        },
                        "tainted": false
                    },
                    "deposed": [],
                    "provider": "provider.openstack"
                },
                "openstack_compute_instance_v2.worker.12": {
                    "type": "openstack_compute_instance_v2",
                    "depends_on": [
                        "null_resource.masterip",
                        "openstack_compute_instance_v2.salt-master",
                        "openstack_compute_secgroup_v2.allow-traffic"
                    ],
                    "primary": {
                        "id": "63a429e5-569b-4655-9fec-9c135d3f3c7f",
                        "attributes": {
                            "access_ip_v4": "10.0.0.71",
                            "access_ip_v6": "",
                            "all_metadata.%": "0",
                            "availability_zone": "nova",
                            "flavor_id": "97cef706-42fe-47e7-b5a9-8fb6613301af",
                            "flavor_name": "HD-c8r32",
                            "force_delete": "false",
                            "id": "63a429e5-569b-4655-9fec-9c135d3f3c7f",
                            "image_id": "266ca351-ba88-48b4-9aa7-e4b3703197d9",
                            "image_name": "butler_base",
                            "key_pair": "sergei",
                            "name": "butler-worker-12",
                            "network.#": "1",
                            "network.0.access_network": "false",
                            "network.0.fixed_ip_v4": "10.0.0.71",
                            "network.0.fixed_ip_v6": "",
                            "network.0.floating_ip": "",
                            "network.0.mac": "fa:16:3e:7e:bf:7e",
                            "network.0.name": "denbi-iakhnin-intern",
                            "network.0.port": "",
                            "network.0.uuid": "301c1bee-c9c5-407d-9b43-9ba93cc513ca",
                            "region": "",
                            "security_groups.#": "2",
                            "security_groups.2299581210": "butler-firewall",
                            "security_groups.3814588639": "default",
                            "stop_before_destroy": "false"
                        },
                        "meta": {
                            "e2bfb730-ecaa-11e6-8f88-34363bc7c4c0": {
                                "create": 1800000000000,
                                "delete": 1800000000000,
                                "update": 1800000000000
                            }
                        },
                        "tainted": false
                    },
                    "deposed": [],
                    "provider": "provider.openstack"
                },
                "openstack_compute_instance_v2.worker.13": {
                    "type": "openstack_compute_instance_v2",
                    "depends_on": [
                        "null_resource.masterip",
                        "openstack_compute_instance_v2.salt-master",
                        "openstack_compute_secgroup_v2.allow-traffic"
                    ],
                    "primary": {
                        "id": "9131e261-05b3-415b-8bad-9d0f546af83f",
                        "attributes": {
                            "access_ip_v4": "10.0.0.86",
                            "access_ip_v6": "",
                            "all_metadata.%": "0",
                            "availability_zone": "nova",
                            "flavor_id": "97cef706-42fe-47e7-b5a9-8fb6613301af",
                            "flavor_name": "HD-c8r32",
                            "force_delete": "false",
                            "id": "9131e261-05b3-415b-8bad-9d0f546af83f",
                            "image_id": "266ca351-ba88-48b4-9aa7-e4b3703197d9",
                            "image_name": "butler_base",
                            "key_pair": "sergei",
                            "name": "butler-worker-13",
                            "network.#": "1",
                            "network.0.access_network": "false",
                            "network.0.fixed_ip_v4": "10.0.0.86",
                            "network.0.fixed_ip_v6": "",
                            "network.0.floating_ip": "",
                            "network.0.mac": "fa:16:3e:47:24:c5",
                            "network.0.name": "denbi-iakhnin-intern",
                            "network.0.port": "",
                            "network.0.uuid": "301c1bee-c9c5-407d-9b43-9ba93cc513ca",
                            "region": "",
                            "security_groups.#": "2",
                            "security_groups.2299581210": "butler-firewall",
                            "security_groups.3814588639": "default",
                            "stop_before_destroy": "false"
                        },
                        "meta": {
                            "e2bfb730-ecaa-11e6-8f88-34363bc7c4c0": {
                                "create": 1800000000000,
                                "delete": 1800000000000,
                                "update": 1800000000000
                            }
                        },
                        "tainted": false
                    },
                    "deposed": [],
                    "provider": "provider.openstack"
                },
                "openstack_compute_instance_v2.worker.14": {
                    "type": "openstack_compute_instance_v2",
                    "depends_on": [
                        "null_resource.masterip",
                        "openstack_compute_instance_v2.salt-master",
                        "openstack_compute_secgroup_v2.allow-traffic"
                    ],
                    "primary": {
                        "id": "115d977a-9cf0-4822-9a7b-b3ac19f60400",
                        "attributes": {
                            "access_ip_v4": "10.0.0.76",
                            "access_ip_v6": "",
                            "all_metadata.%": "0",
                            "availability_zone": "nova",
                            "flavor_id": "97cef706-42fe-47e7-b5a9-8fb6613301af",
                            "flavor_name": "HD-c8r32",
                            "force_delete": "false",
                            "id": "115d977a-9cf0-4822-9a7b-b3ac19f60400",
                            "image_id": "266ca351-ba88-48b4-9aa7-e4b3703197d9",
                            "image_name": "butler_base",
                            "key_pair": "sergei",
                            "name": "butler-worker-14",
                            "network.#": "1",
                            "network.0.access_network": "false",
                            "network.0.fixed_ip_v4": "10.0.0.76",
                            "network.0.fixed_ip_v6": "",
                            "network.0.floating_ip": "",
                            "network.0.mac": "fa:16:3e:0c:7e:4e",
                            "network.0.name": "denbi-iakhnin-intern",
                            "network.0.port": "",
                            "network.0.uuid": "301c1bee-c9c5-407d-9b43-9ba93cc513ca",
                            "region": "",
                            "security_groups.#": "2",
                            "security_groups.2299581210": "butler-firewall",
                            "security_groups.3814588639": "default",
                            "stop_before_destroy": "false"
                        },
                        "meta": {
                            "e2bfb730-ecaa-11e6-8f88-34363bc7c4c0": {
                                "create": 1800000000000,
                                "delete": 1800000000000,
                                "update": 1800000000000
                            }
                        },
                        "tainted": false
                    },
                    "deposed": [],
                    "provider": "provider.openstack"
                },
                "openstack_compute_instance_v2.worker.15": {
                    "type": "openstack_compute_instance_v2",
                    "depends_on": [
                        "null_resource.masterip",
                        "openstack_compute_instance_v2.salt-master",
                        "openstack_compute_secgroup_v2.allow-traffic"
                    ],
                    "primary": {
                        "id": "01023230-3e51-415e-86c2-d95fd46b5066",
                        "attributes": {
                            "access_ip_v4": "10.0.0.62",
                            "access_ip_v6": "",
                            "all_metadata.%": "0",
                            "availability_zone": "nova",
                            "flavor_id": "97cef706-42fe-47e7-b5a9-8fb6613301af",
                            "flavor_name": "HD-c8r32",
                            "force_delete": "false",
                            "id": "01023230-3e51-415e-86c2-d95fd46b5066",
                            "image_id": "266ca351-ba88-48b4-9aa7-e4b3703197d9",
                            "image_name": "butler_base",
                            "key_pair": "sergei",
                            "name": "butler-worker-15",
                            "network.#": "1",
                            "network.0.access_network": "false",
                            "network.0.fixed_ip_v4": "10.0.0.62",
                            "network.0.fixed_ip_v6": "",
                            "network.0.floating_ip": "",
                            "network.0.mac": "fa:16:3e:f5:1d:f0",
                            "network.0.name": "denbi-iakhnin-intern",
                            "network.0.port": "",
                            "network.0.uuid": "301c1bee-c9c5-407d-9b43-9ba93cc513ca",
                            "region": "",
                            "security_groups.#": "2",
                            "security_groups.2299581210": "butler-firewall",
                            "security_groups.3814588639": "default",
                            "stop_before_destroy": "false"
                        },
                        "meta": {
                            "e2bfb730-ecaa-11e6-8f88-34363bc7c4c0": {
                                "create": 1800000000000,
                                "delete": 1800000000000,
                                "update": 1800000000000
                            }
                        },
                        "tainted": false
                    },
                    "deposed": [],
                    "provider": "provider.openstack"
                },
                "openstack_compute_instance_v2.worker.16": {
                    "type": "openstack_compute_instance_v2",
                    "depends_on": [
                        "null_resource.masterip",
                        "openstack_compute_instance_v2.salt-master",
                        "openstack_compute_secgroup_v2.allow-traffic"
                    ],
                    "primary": {
                        "id": "bfc79965-6e07-4090-95ac-5d509dcf122d",
                        "attributes": {
                            "access_ip_v4": "10.0.0.91",
                            "access_ip_v6": "",
                            "all_metadata.%": "0",
                            "availability_zone": "nova",
                            "flavor_id": "97cef706-42fe-47e7-b5a9-8fb6613301af",
                            "flavor_name": "HD-c8r32",
                            "force_delete": "false",
                            "id": "bfc79965-6e07-4090-95ac-5d509dcf122d",
                            "image_id": "266ca351-ba88-48b4-9aa7-e4b3703197d9",
                            "image_name": "butler_base",
                            "key_pair": "sergei",
                            "name": "butler-worker-16",
                            "network.#": "1",
                            "network.0.access_network": "false",
                            "network.0.fixed_ip_v4": "10.0.0.91",
                            "network.0.fixed_ip_v6": "",
                            "network.0.floating_ip": "",
                            "network.0.mac": "fa:16:3e:9c:00:97",
                            "network.0.name": "denbi-iakhnin-intern",
                            "network.0.port": "",
                            "network.0.uuid": "301c1bee-c9c5-407d-9b43-9ba93cc513ca",
                            "region": "",
                            "security_groups.#": "2",
                            "security_groups.2299581210": "butler-firewall",
                            "security_groups.3814588639": "default",
                            "stop_before_destroy": "false"
                        },
                        "meta": {
                            "e2bfb730-ecaa-11e6-8f88-34363bc7c4c0": {
                                "create": 1800000000000,
                                "delete": 1800000000000,
                                "update": 1800000000000
                            }
                        },
                        "tainted": false
                    },
                    "deposed": [],
                    "provider": "provider.openstack"
                },
                "openstack_compute_instance_v2.worker.17": {
                    "type": "openstack_compute_instance_v2",
                    "depends_on": [
                        "null_resource.masterip",
                        "openstack_compute_instance_v2.salt-master",
                        "openstack_compute_secgroup_v2.allow-traffic"
                    ],
                    "primary": {
                        "id": "55d5a33f-8520-40e8-a924-5c95197d424d",
                        "attributes": {
                            "access_ip_v4": "10.0.0.80",
                            "access_ip_v6": "",
                            "all_metadata.%": "0",
                            "availability_zone": "nova",
                            "flavor_id": "97cef706-42fe-47e7-b5a9-8fb6613301af",
                            "flavor_name": "HD-c8r32",
                            "force_delete": "false",
                            "id": "55d5a33f-8520-40e8-a924-5c95197d424d",
                            "image_id": "266ca351-ba88-48b4-9aa7-e4b3703197d9",
                            "image_name": "butler_base",
                            "key_pair": "sergei",
                            "name": "butler-worker-17",
                            "network.#": "1",
                            "network.0.access_network": "false",
                            "network.0.fixed_ip_v4": "10.0.0.80",
                            "network.0.fixed_ip_v6": "",
                            "network.0.floating_ip": "",
                            "network.0.mac": "fa:16:3e:a0:c3:cd",
                            "network.0.name": "denbi-iakhnin-intern",
                            "network.0.port": "",
                            "network.0.uuid": "301c1bee-c9c5-407d-9b43-9ba93cc513ca",
                            "region": "",
                            "security_groups.#": "2",
                            "security_groups.2299581210": "butler-firewall",
                            "security_groups.3814588639": "default",
                            "stop_before_destroy": "false"
                        },
                        "meta": {
                            "e2bfb730-ecaa-11e6-8f88-34363bc7c4c0": {
                                "create": 1800000000000,
                                "delete": 1800000000000,
                                "update": 1800000000000
                            }
                        },
                        "tainted": false
                    },
                    "deposed": [],
                    "provider": "provider.openstack"
                },
                "openstack_compute_instance_v2.worker.18": {
                    "type": "openstack_compute_instance_v2",
                    "depends_on": [
                        "null_resource.masterip",
                        "openstack_compute_instance_v2.salt-master",
                        "openstack_compute_secgroup_v2.allow-traffic"
                    ],
                    "primary": {
                        "id": "ff0e1870-9c6a-449f-984f-0d3be6c1869e",
                        "attributes": {
                            "access_ip_v4": "10.0.0.95",
                            "access_ip_v6": "",
                            "all_metadata.%": "0",
                            "availability_zone": "nova",
                            "flavor_id": "97cef706-42fe-47e7-b5a9-8fb6613301af",
                            "flavor_name": "HD-c8r32",
                            "force_delete": "false",
                            "id": "ff0e1870-9c6a-449f-984f-0d3be6c1869e",
                            "image_id": "266ca351-ba88-48b4-9aa7-e4b3703197d9",
                            "image_name": "butler_base",
                            "key_pair": "sergei",
                            "name": "butler-worker-18",
                            "network.#": "1",
                            "network.0.access_network": "false",
                            "network.0.fixed_ip_v4": "10.0.0.95",
                            "network.0.fixed_ip_v6": "",
                            "network.0.floating_ip": "",
                            "network.0.mac": "fa:16:3e:f7:ec:70",
                            "network.0.name": "denbi-iakhnin-intern",
                            "network.0.port": "",
                            "network.0.uuid": "301c1bee-c9c5-407d-9b43-9ba93cc513ca",
                            "region": "",
                            "security_groups.#": "2",
                            "security_groups.2299581210": "butler-firewall",
                            "security_groups.3814588639": "default",
                            "stop_before_destroy": "false"
                        },
                        "meta": {
                            "e2bfb730-ecaa-11e6-8f88-34363bc7c4c0": {
                                "create": 1800000000000,
                                "delete": 1800000000000,
                                "update": 1800000000000
                            }
                        },
                        "tainted": false
                    },
                    "deposed": [],
                    "provider": "provider.openstack"
                },
                "openstack_compute_instance_v2.worker.19": {
                    "type": "openstack_compute_instance_v2",
                    "depends_on": [
                        "null_resource.masterip",
                        "openstack_compute_instance_v2.salt-master",
                        "openstack_compute_secgroup_v2.allow-traffic"
                    ],
                    "primary": {
                        "id": "50199d35-6a42-4167-bab8-96da275cf71e",
                        "attributes": {
                            "access_ip_v4": "10.0.0.77",
                            "access_ip_v6": "",
                            "all_metadata.%": "0",
                            "availability_zone": "nova",
                            "flavor_id": "97cef706-42fe-47e7-b5a9-8fb6613301af",
                            "flavor_name": "HD-c8r32",
                            "force_delete": "false",
                            "id": "50199d35-6a42-4167-bab8-96da275cf71e",
                            "image_id": "266ca351-ba88-48b4-9aa7-e4b3703197d9",
                            "image_name": "butler_base",
                            "key_pair": "sergei",
                            "name": "butler-worker-19",
                            "network.#": "1",
                            "network.0.access_network": "false",
                            "network.0.fixed_ip_v4": "10.0.0.77",
                            "network.0.fixed_ip_v6": "",
                            "network.0.floating_ip": "",
                            "network.0.mac": "fa:16:3e:04:dc:6f",
                            "network.0.name": "denbi-iakhnin-intern",
                            "network.0.port": "",
                            "network.0.uuid": "301c1bee-c9c5-407d-9b43-9ba93cc513ca",
                            "region": "",
                            "security_groups.#": "2",
                            "security_groups.2299581210": "butler-firewall",
                            "security_groups.3814588639": "default",
                            "stop_before_destroy": "false"
                        },
                        "meta": {
                            "e2bfb730-ecaa-11e6-8f88-34363bc7c4c0": {
                                "create": 1800000000000,
                                "delete": 1800000000000,
                                "update": 1800000000000
                            }
                        },
                        "tainted": false
                    },
                    "deposed": [],
                    "provider": "provider.openstack"
                },
                "openstack_compute_instance_v2.worker.2": {
                    "type": "openstack_compute_instance_v2",
                    "depends_on": [
                        "null_resource.masterip",
                        "openstack_compute_instance_v2.salt-master",
                        "openstack_compute_secgroup_v2.allow-traffic"
                    ],
                    "primary": {
                        "id": "6e87f482-4c46-458c-a776-dd0b2219a082",
                        "attributes": {
                            "access_ip_v4": "10.0.0.9",
                            "access_ip_v6": "",
                            "all_metadata.%": "0",
                            "availability_zone": "nova",
                            "flavor_id": "97cef706-42fe-47e7-b5a9-8fb6613301af",
                            "flavor_name": "HD-c8r32",
                            "force_delete": "false",
                            "id": "6e87f482-4c46-458c-a776-dd0b2219a082",
                            "image_id": "266ca351-ba88-48b4-9aa7-e4b3703197d9",
                            "image_name": "butler_base",
                            "key_pair": "sergei",
                            "name": "butler-worker-2",
                            "network.#": "1",
                            "network.0.access_network": "false",
                            "network.0.fixed_ip_v4": "10.0.0.9",
                            "network.0.fixed_ip_v6": "",
                            "network.0.floating_ip": "",
                            "network.0.mac": "fa:16:3e:1c:78:9f",
                            "network.0.name": "denbi-iakhnin-intern",
                            "network.0.port": "",
                            "network.0.uuid": "301c1bee-c9c5-407d-9b43-9ba93cc513ca",
                            "region": "",
                            "security_groups.#": "2",
                            "security_groups.2299581210": "butler-firewall",
                            "security_groups.3814588639": "default",
                            "stop_before_destroy": "false"
                        },
                        "meta": {
                            "e2bfb730-ecaa-11e6-8f88-34363bc7c4c0": {
                                "create": 1800000000000,
                                "delete": 1800000000000,
                                "update": 1800000000000
                            }
                        },
                        "tainted": false
                    },
                    "deposed": [],
                    "provider": "provider.openstack"
                },
                "openstack_compute_instance_v2.worker.20": {
                    "type": "openstack_compute_instance_v2",
                    "depends_on": [
                        "null_resource.masterip",
                        "openstack_compute_instance_v2.salt-master",
                        "openstack_compute_secgroup_v2.allow-traffic"
                    ],
                    "primary": {
                        "id": "95b86f03-626b-42c8-8e77-fee2cd07bae9",
                        "attributes": {
                            "access_ip_v4": "10.0.0.66",
                            "access_ip_v6": "",
                            "all_metadata.%": "0",
                            "availability_zone": "nova",
                            "flavor_id": "97cef706-42fe-47e7-b5a9-8fb6613301af",
                            "flavor_name": "HD-c8r32",
                            "force_delete": "false",
                            "id": "95b86f03-626b-42c8-8e77-fee2cd07bae9",
                            "image_id": "266ca351-ba88-48b4-9aa7-e4b3703197d9",
                            "image_name": "butler_base",
                            "key_pair": "sergei",
                            "name": "butler-worker-20",
                            "network.#": "1",
                            "network.0.access_network": "false",
                            "network.0.fixed_ip_v4": "10.0.0.66",
                            "network.0.fixed_ip_v6": "",
                            "network.0.floating_ip": "",
                            "network.0.mac": "fa:16:3e:95:c4:11",
                            "network.0.name": "denbi-iakhnin-intern",
                            "network.0.port": "",
                            "network.0.uuid": "301c1bee-c9c5-407d-9b43-9ba93cc513ca",
                            "region": "",
                            "security_groups.#": "2",
                            "security_groups.2299581210": "butler-firewall",
                            "security_groups.3814588639": "default",
                            "stop_before_destroy": "false"
                        },
                        "meta": {
                            "e2bfb730-ecaa-11e6-8f88-34363bc7c4c0": {
                                "create": 1800000000000,
                                "delete": 1800000000000,
                                "update": 1800000000000
                            }
                        },
                        "tainted": false
                    },
                    "deposed": [],
                    "provider": "provider.openstack"
                },
                "openstack_compute_instance_v2.worker.21": {
                    "type": "openstack_compute_instance_v2",
                    "depends_on": [
                        "null_resource.masterip",
                        "openstack_compute_instance_v2.salt-master",
                        "openstack_compute_secgroup_v2.allow-traffic"
                    ],
                    "primary": {
                        "id": "20509205-28ae-4e85-b53e-8d1fc42e1b95",
                        "attributes": {
                            "access_ip_v4": "10.0.0.93",
                            "access_ip_v6": "",
                            "all_metadata.%": "0",
                            "availability_zone": "nova",
                            "flavor_id": "97cef706-42fe-47e7-b5a9-8fb6613301af",
                            "flavor_name": "HD-c8r32",
                            "force_delete": "false",
                            "id": "20509205-28ae-4e85-b53e-8d1fc42e1b95",
                            "image_id": "266ca351-ba88-48b4-9aa7-e4b3703197d9",
                            "image_name": "butler_base",
                            "key_pair": "sergei",
                            "name": "butler-worker-21",
                            "network.#": "1",
                            "network.0.access_network": "false",
                            "network.0.fixed_ip_v4": "10.0.0.93",
                            "network.0.fixed_ip_v6": "",
                            "network.0.floating_ip": "",
                            "network.0.mac": "fa:16:3e:82:c7:d4",
                            "network.0.name": "denbi-iakhnin-intern",
                            "network.0.port": "",
                            "network.0.uuid": "301c1bee-c9c5-407d-9b43-9ba93cc513ca",
                            "region": "",
                            "security_groups.#": "2",
                            "security_groups.2299581210": "butler-firewall",
                            "security_groups.3814588639": "default",
                            "stop_before_destroy": "false"
                        },
                        "meta": {
                            "e2bfb730-ecaa-11e6-8f88-34363bc7c4c0": {
                                "create": 1800000000000,
                                "delete": 1800000000000,
                                "update": 1800000000000
                            }
                        },
                        "tainted": false
                    },
                    "deposed": [],
                    "provider": "provider.openstack"
                },
                "openstack_compute_instance_v2.worker.22": {
                    "type": "openstack_compute_instance_v2",
                    "depends_on": [
                        "null_resource.masterip",
                        "openstack_compute_instance_v2.salt-master",
                        "openstack_compute_secgroup_v2.allow-traffic"
                    ],
                    "primary": {
                        "id": "d4c8f674-a55d-4a40-9745-deaad77da406",
                        "attributes": {
                            "access_ip_v4": "10.0.0.32",
                            "access_ip_v6": "",
                            "all_metadata.%": "0",
                            "availability_zone": "nova",
                            "flavor_id": "97cef706-42fe-47e7-b5a9-8fb6613301af",
                            "flavor_name": "HD-c8r32",
                            "force_delete": "false",
                            "id": "d4c8f674-a55d-4a40-9745-deaad77da406",
                            "image_id": "266ca351-ba88-48b4-9aa7-e4b3703197d9",
                            "image_name": "butler_base",
                            "key_pair": "sergei",
                            "name": "butler-worker-22",
                            "network.#": "1",
                            "network.0.access_network": "false",
                            "network.0.fixed_ip_v4": "10.0.0.32",
                            "network.0.fixed_ip_v6": "",
                            "network.0.floating_ip": "",
                            "network.0.mac": "fa:16:3e:ea:a0:e1",
                            "network.0.name": "denbi-iakhnin-intern",
                            "network.0.port": "",
                            "network.0.uuid": "301c1bee-c9c5-407d-9b43-9ba93cc513ca",
                            "region": "",
                            "security_groups.#": "2",
                            "security_groups.2299581210": "butler-firewall",
                            "security_groups.3814588639": "default",
                            "stop_before_destroy": "false"
                        },
                        "meta": {
                            "e2bfb730-ecaa-11e6-8f88-34363bc7c4c0": {
                                "create": 1800000000000,
                                "delete": 1800000000000,
                                "update": 1800000000000
                            }
                        },
                        "tainted": false
                    },
                    "deposed": [],
                    "provider": "provider.openstack"
                },
                "openstack_compute_instance_v2.worker.23": {
                    "type": "openstack_compute_instance_v2",
                    "depends_on": [
                        "null_resource.masterip",
                        "openstack_compute_instance_v2.salt-master",
                        "openstack_compute_secgroup_v2.allow-traffic"
                    ],
                    "primary": {
                        "id": "b85c04c2-4e2a-40d8-848a-9b88c21c741e",
                        "attributes": {
                            "access_ip_v4": "10.0.0.70",
                            "access_ip_v6": "",
                            "all_metadata.%": "0",
                            "availability_zone": "nova",
                            "flavor_id": "97cef706-42fe-47e7-b5a9-8fb6613301af",
                            "flavor_name": "HD-c8r32",
                            "force_delete": "false",
                            "id": "b85c04c2-4e2a-40d8-848a-9b88c21c741e",
                            "image_id": "266ca351-ba88-48b4-9aa7-e4b3703197d9",
                            "image_name": "butler_base",
                            "key_pair": "sergei",
                            "name": "butler-worker-23",
                            "network.#": "1",
                            "network.0.access_network": "false",
                            "network.0.fixed_ip_v4": "10.0.0.70",
                            "network.0.fixed_ip_v6": "",
                            "network.0.floating_ip": "",
                            "network.0.mac": "fa:16:3e:bb:c7:a2",
                            "network.0.name": "denbi-iakhnin-intern",
                            "network.0.port": "",
                            "network.0.uuid": "301c1bee-c9c5-407d-9b43-9ba93cc513ca",
                            "region": "",
                            "security_groups.#": "2",
                            "security_groups.2299581210": "butler-firewall",
                            "security_groups.3814588639": "default",
                            "stop_before_destroy": "false"
                        },
                        "meta": {
                            "e2bfb730-ecaa-11e6-8f88-34363bc7c4c0": {
                                "create": 1800000000000,
                                "delete": 1800000000000,
                                "update": 1800000000000
                            }
                        },
                        "tainted": false
                    },
                    "deposed": [],
                    "provider": "provider.openstack"
                },
                "openstack_compute_instance_v2.worker.24": {
                    "type": "openstack_compute_instance_v2",
                    "depends_on": [
                        "null_resource.masterip",
                        "openstack_compute_instance_v2.salt-master",
                        "openstack_compute_secgroup_v2.allow-traffic"
                    ],
                    "primary": {
                        "id": "473de86a-0dc9-4142-a1fb-d20467d2eea8",
                        "attributes": {
                            "access_ip_v4": "10.0.0.89",
                            "access_ip_v6": "",
                            "all_metadata.%": "0",
                            "availability_zone": "nova",
                            "flavor_id": "97cef706-42fe-47e7-b5a9-8fb6613301af",
                            "flavor_name": "HD-c8r32",
                            "force_delete": "false",
                            "id": "473de86a-0dc9-4142-a1fb-d20467d2eea8",
                            "image_id": "266ca351-ba88-48b4-9aa7-e4b3703197d9",
                            "image_name": "butler_base",
                            "key_pair": "sergei",
                            "name": "butler-worker-24",
                            "network.#": "1",
                            "network.0.access_network": "false",
                            "network.0.fixed_ip_v4": "10.0.0.89",
                            "network.0.fixed_ip_v6": "",
                            "network.0.floating_ip": "",
                            "network.0.mac": "fa:16:3e:29:80:2e",
                            "network.0.name": "denbi-iakhnin-intern",
                            "network.0.port": "",
                            "network.0.uuid": "301c1bee-c9c5-407d-9b43-9ba93cc513ca",
                            "region": "",
                            "security_groups.#": "2",
                            "security_groups.2299581210": "butler-firewall",
                            "security_groups.3814588639": "default",
                            "stop_before_destroy": "false"
                        },
                        "meta": {
                            "e2bfb730-ecaa-11e6-8f88-34363bc7c4c0": {
                                "create": 1800000000000,
                                "delete": 1800000000000,
                                "update": 1800000000000
                            }
                        },
                        "tainted": false
                    },
                    "deposed": [],
                    "provider": "provider.openstack"
                },
                "openstack_compute_instance_v2.worker.25": {
                    "type": "openstack_compute_instance_v2",
                    "depends_on": [
                        "null_resource.masterip",
                        "openstack_compute_instance_v2.salt-master",
                        "openstack_compute_secgroup_v2.allow-traffic"
                    ],
                    "primary": {
                        "id": "8b18ee36-9233-479f-b3a7-5730ef7e2ecc",
                        "attributes": {
                            "access_ip_v4": "10.0.0.123",
                            "access_ip_v6": "",
                            "all_metadata.%": "0",
                            "availability_zone": "nova",
                            "flavor_id": "97cef706-42fe-47e7-b5a9-8fb6613301af",
                            "flavor_name": "HD-c8r32",
                            "force_delete": "false",
                            "id": "8b18ee36-9233-479f-b3a7-5730ef7e2ecc",
                            "image_id": "266ca351-ba88-48b4-9aa7-e4b3703197d9",
                            "image_name": "butler_base",
                            "key_pair": "sergei",
                            "name": "butler-worker-25",
                            "network.#": "1",
                            "network.0.access_network": "false",
                            "network.0.fixed_ip_v4": "10.0.0.123",
                            "network.0.fixed_ip_v6": "",
                            "network.0.floating_ip": "",
                            "network.0.mac": "fa:16:3e:d9:da:73",
                            "network.0.name": "denbi-iakhnin-intern",
                            "network.0.port": "",
                            "network.0.uuid": "301c1bee-c9c5-407d-9b43-9ba93cc513ca",
                            "region": "",
                            "security_groups.#": "2",
                            "security_groups.2299581210": "butler-firewall",
                            "security_groups.3814588639": "default",
                            "stop_before_destroy": "false"
                        },
                        "meta": {
                            "e2bfb730-ecaa-11e6-8f88-34363bc7c4c0": {
                                "create": 1800000000000,
                                "delete": 1800000000000,
                                "update": 1800000000000
                            }
                        },
                        "tainted": false
                    },
                    "deposed": [],
                    "provider": "provider.openstack"
                },
                "openstack_compute_instance_v2.worker.26": {
                    "type": "openstack_compute_instance_v2",
                    "depends_on": [
                        "null_resource.masterip",
                        "openstack_compute_instance_v2.salt-master",
                        "openstack_compute_secgroup_v2.allow-traffic"
                    ],
                    "primary": {
                        "id": "266bf248-97c3-4b84-8fae-fd46ae7cfadf",
                        "attributes": {
                            "access_ip_v4": "10.0.0.119",
                            "access_ip_v6": "",
                            "all_metadata.%": "0",
                            "availability_zone": "nova",
                            "flavor_id": "97cef706-42fe-47e7-b5a9-8fb6613301af",
                            "flavor_name": "HD-c8r32",
                            "force_delete": "false",
                            "id": "266bf248-97c3-4b84-8fae-fd46ae7cfadf",
                            "image_id": "266ca351-ba88-48b4-9aa7-e4b3703197d9",
                            "image_name": "butler_base",
                            "key_pair": "sergei",
                            "name": "butler-worker-26",
                            "network.#": "1",
                            "network.0.access_network": "false",
                            "network.0.fixed_ip_v4": "10.0.0.119",
                            "network.0.fixed_ip_v6": "",
                            "network.0.floating_ip": "",
                            "network.0.mac": "fa:16:3e:81:6e:44",
                            "network.0.name": "denbi-iakhnin-intern",
                            "network.0.port": "",
                            "network.0.uuid": "301c1bee-c9c5-407d-9b43-9ba93cc513ca",
                            "region": "",
                            "security_groups.#": "2",
                            "security_groups.2299581210": "butler-firewall",
                            "security_groups.3814588639": "default",
                            "stop_before_destroy": "false"
                        },
                        "meta": {
                            "e2bfb730-ecaa-11e6-8f88-34363bc7c4c0": {
                                "create": 1800000000000,
                                "delete": 1800000000000,
                                "update": 1800000000000
                            }
                        },
                        "tainted": false
                    },
                    "deposed": [],
                    "provider": "provider.openstack"
                },
                "openstack_compute_instance_v2.worker.27": {
                    "type": "openstack_compute_instance_v2",
                    "depends_on": [
                        "null_resource.masterip",
                        "openstack_compute_instance_v2.salt-master",
                        "openstack_compute_secgroup_v2.allow-traffic"
                    ],
                    "primary": {
                        "id": "3665b13b-16f2-461e-bf3b-8169639526a4",
                        "attributes": {
                            "access_ip_v4": "10.0.0.81",
                            "access_ip_v6": "",
                            "all_metadata.%": "0",
                            "availability_zone": "nova",
                            "flavor_id": "97cef706-42fe-47e7-b5a9-8fb6613301af",
                            "flavor_name": "HD-c8r32",
                            "force_delete": "false",
                            "id": "3665b13b-16f2-461e-bf3b-8169639526a4",
                            "image_id": "266ca351-ba88-48b4-9aa7-e4b3703197d9",
                            "image_name": "butler_base",
                            "key_pair": "sergei",
                            "name": "butler-worker-27",
                            "network.#": "1",
                            "network.0.access_network": "false",
                            "network.0.fixed_ip_v4": "10.0.0.81",
                            "network.0.fixed_ip_v6": "",
                            "network.0.floating_ip": "",
                            "network.0.mac": "fa:16:3e:2d:0c:94",
                            "network.0.name": "denbi-iakhnin-intern",
                            "network.0.port": "",
                            "network.0.uuid": "301c1bee-c9c5-407d-9b43-9ba93cc513ca",
                            "region": "",
                            "security_groups.#": "2",
                            "security_groups.2299581210": "butler-firewall",
                            "security_groups.3814588639": "default",
                            "stop_before_destroy": "false"
                        },
                        "meta": {
                            "e2bfb730-ecaa-11e6-8f88-34363bc7c4c0": {
                                "create": 1800000000000,
                                "delete": 1800000000000,
                                "update": 1800000000000
                            }
                        },
                        "tainted": false
                    },
                    "deposed": [],
                    "provider": "provider.openstack"
                },
                "openstack_compute_instance_v2.worker.28": {
                    "type": "openstack_compute_instance_v2",
                    "depends_on": [
                        "null_resource.masterip",
                        "openstack_compute_instance_v2.salt-master",
                        "openstack_compute_secgroup_v2.allow-traffic"
                    ],
                    "primary": {
                        "id": "578254c6-0afc-452d-a0ee-e3e17bf0c34d",
                        "attributes": {
                            "access_ip_v4": "10.0.0.121",
                            "access_ip_v6": "",
                            "all_metadata.%": "0",
                            "availability_zone": "nova",
                            "flavor_id": "97cef706-42fe-47e7-b5a9-8fb6613301af",
                            "flavor_name": "HD-c8r32",
                            "force_delete": "false",
                            "id": "578254c6-0afc-452d-a0ee-e3e17bf0c34d",
                            "image_id": "266ca351-ba88-48b4-9aa7-e4b3703197d9",
                            "image_name": "butler_base",
                            "key_pair": "sergei",
                            "name": "butler-worker-28",
                            "network.#": "1",
                            "network.0.access_network": "false",
                            "network.0.fixed_ip_v4": "10.0.0.121",
                            "network.0.fixed_ip_v6": "",
                            "network.0.floating_ip": "",
                            "network.0.mac": "fa:16:3e:35:d0:1a",
                            "network.0.name": "denbi-iakhnin-intern",
                            "network.0.port": "",
                            "network.0.uuid": "301c1bee-c9c5-407d-9b43-9ba93cc513ca",
                            "region": "",
                            "security_groups.#": "2",
                            "security_groups.2299581210": "butler-firewall",
                            "security_groups.3814588639": "default",
                            "stop_before_destroy": "false"
                        },
                        "meta": {
                            "e2bfb730-ecaa-11e6-8f88-34363bc7c4c0": {
                                "create": 1800000000000,
                                "delete": 1800000000000,
                                "update": 1800000000000
                            }
                        },
                        "tainted": false
                    },
                    "deposed": [],
                    "provider": "provider.openstack"
                },
                "openstack_compute_instance_v2.worker.29": {
                    "type": "openstack_compute_instance_v2",
                    "depends_on": [
                        "null_resource.masterip",
                        "openstack_compute_instance_v2.salt-master",
                        "openstack_compute_secgroup_v2.allow-traffic"
                    ],
                    "primary": {
                        "id": "c91becd6-dc79-45c7-aee4-f3e9683de5f6",
                        "attributes": {
                            "access_ip_v4": "10.0.0.39",
                            "access_ip_v6": "",
                            "all_metadata.%": "0",
                            "availability_zone": "nova",
                            "flavor_id": "97cef706-42fe-47e7-b5a9-8fb6613301af",
                            "flavor_name": "HD-c8r32",
                            "force_delete": "false",
                            "id": "c91becd6-dc79-45c7-aee4-f3e9683de5f6",
                            "image_id": "266ca351-ba88-48b4-9aa7-e4b3703197d9",
                            "image_name": "butler_base",
                            "key_pair": "sergei",
                            "name": "butler-worker-29",
                            "network.#": "1",
                            "network.0.access_network": "false",
                            "network.0.fixed_ip_v4": "10.0.0.39",
                            "network.0.fixed_ip_v6": "",
                            "network.0.floating_ip": "",
                            "network.0.mac": "fa:16:3e:23:7a:18",
                            "network.0.name": "denbi-iakhnin-intern",
                            "network.0.port": "",
                            "network.0.uuid": "301c1bee-c9c5-407d-9b43-9ba93cc513ca",
                            "region": "",
                            "security_groups.#": "2",
                            "security_groups.2299581210": "butler-firewall",
                            "security_groups.3814588639": "default",
                            "stop_before_destroy": "false"
                        },
                        "meta": {
                            "e2bfb730-ecaa-11e6-8f88-34363bc7c4c0": {
                                "create": 1800000000000,
                                "delete": 1800000000000,
                                "update": 1800000000000
                            }
                        },
                        "tainted": false
                    },
                    "deposed": [],
                    "provider": "provider.openstack"
                },
                "openstack_compute_instance_v2.worker.3": {
                    "type": "openstack_compute_instance_v2",
                    "depends_on": [
                        "null_resource.masterip",
                        "openstack_compute_instance_v2.salt-master",
                        "openstack_compute_secgroup_v2.allow-traffic"
                    ],
                    "primary": {
                        "id": "ebce138c-aa44-428f-937b-7a53df37dc29",
                        "attributes": {
                            "access_ip_v4": "10.0.0.79",
                            "access_ip_v6": "",
                            "all_metadata.%": "0",
                            "availability_zone": "nova",
                            "flavor_id": "97cef706-42fe-47e7-b5a9-8fb6613301af",
                            "flavor_name": "HD-c8r32",
                            "force_delete": "false",
                            "id": "ebce138c-aa44-428f-937b-7a53df37dc29",
                            "image_id": "266ca351-ba88-48b4-9aa7-e4b3703197d9",
                            "image_name": "butler_base",
                            "key_pair": "sergei",
                            "name": "butler-worker-3",
                            "network.#": "1",
                            "network.0.access_network": "false",
                            "network.0.fixed_ip_v4": "10.0.0.79",
                            "network.0.fixed_ip_v6": "",
                            "network.0.floating_ip": "",
                            "network.0.mac": "fa:16:3e:62:9b:bb",
                            "network.0.name": "denbi-iakhnin-intern",
                            "network.0.port": "",
                            "network.0.uuid": "301c1bee-c9c5-407d-9b43-9ba93cc513ca",
                            "region": "",
                            "security_groups.#": "2",
                            "security_groups.2299581210": "butler-firewall",
                            "security_groups.3814588639": "default",
                            "stop_before_destroy": "false"
                        },
                        "meta": {
                            "e2bfb730-ecaa-11e6-8f88-34363bc7c4c0": {
                                "create": 1800000000000,
                                "delete": 1800000000000,
                                "update": 1800000000000
                            }
                        },
                        "tainted": false
                    },
                    "deposed": [],
                    "provider": "provider.openstack"
                },
                "openstack_compute_instance_v2.worker.30": {
                    "type": "openstack_compute_instance_v2",
                    "depends_on": [
                        "null_resource.masterip",
                        "openstack_compute_instance_v2.salt-master",
                        "openstack_compute_secgroup_v2.allow-traffic"
                    ],
                    "primary": {
                        "id": "b8cf3e3f-bf5d-4165-a75d-534675b4366a",
                        "attributes": {
                            "access_ip_v4": "10.0.0.23",
                            "access_ip_v6": "",
                            "all_metadata.%": "0",
                            "availability_zone": "nova",
                            "flavor_id": "97cef706-42fe-47e7-b5a9-8fb6613301af",
                            "flavor_name": "HD-c8r32",
                            "force_delete": "false",
                            "id": "b8cf3e3f-bf5d-4165-a75d-534675b4366a",
                            "image_id": "266ca351-ba88-48b4-9aa7-e4b3703197d9",
                            "image_name": "butler_base",
                            "key_pair": "sergei",
                            "name": "butler-worker-30",
                            "network.#": "1",
                            "network.0.access_network": "false",
                            "network.0.fixed_ip_v4": "10.0.0.23",
                            "network.0.fixed_ip_v6": "",
                            "network.0.floating_ip": "",
                            "network.0.mac": "fa:16:3e:10:58:dc",
                            "network.0.name": "denbi-iakhnin-intern",
                            "network.0.port": "",
                            "network.0.uuid": "301c1bee-c9c5-407d-9b43-9ba93cc513ca",
                            "region": "",
                            "security_groups.#": "2",
                            "security_groups.2299581210": "butler-firewall",
                            "security_groups.3814588639": "default",
                            "stop_before_destroy": "false"
                        },
                        "meta": {
                            "e2bfb730-ecaa-11e6-8f88-34363bc7c4c0": {
                                "create": 1800000000000,
                                "delete": 1800000000000,
                                "update": 1800000000000
                            }
                        },
                        "tainted": false
                    },
                    "deposed": [],
                    "provider": "provider.openstack"
                },
                "openstack_compute_instance_v2.worker.31": {
                    "type": "openstack_compute_instance_v2",
                    "depends_on": [
                        "null_resource.masterip",
                        "openstack_compute_instance_v2.salt-master",
                        "openstack_compute_secgroup_v2.allow-traffic"
                    ],
                    "primary": {
                        "id": "3c718455-d36f-4662-94db-149d8215a459",
                        "attributes": {
                            "access_ip_v4": "10.0.0.111",
                            "access_ip_v6": "",
                            "all_metadata.%": "0",
                            "availability_zone": "nova",
                            "flavor_id": "97cef706-42fe-47e7-b5a9-8fb6613301af",
                            "flavor_name": "HD-c8r32",
                            "force_delete": "false",
                            "id": "3c718455-d36f-4662-94db-149d8215a459",
                            "image_id": "266ca351-ba88-48b4-9aa7-e4b3703197d9",
                            "image_name": "butler_base",
                            "key_pair": "sergei",
                            "name": "butler-worker-31",
                            "network.#": "1",
                            "network.0.access_network": "false",
                            "network.0.fixed_ip_v4": "10.0.0.111",
                            "network.0.fixed_ip_v6": "",
                            "network.0.floating_ip": "",
                            "network.0.mac": "fa:16:3e:37:15:8b",
                            "network.0.name": "denbi-iakhnin-intern",
                            "network.0.port": "",
                            "network.0.uuid": "301c1bee-c9c5-407d-9b43-9ba93cc513ca",
                            "region": "",
                            "security_groups.#": "2",
                            "security_groups.2299581210": "butler-firewall",
                            "security_groups.3814588639": "default",
                            "stop_before_destroy": "false"
                        },
                        "meta": {
                            "e2bfb730-ecaa-11e6-8f88-34363bc7c4c0": {
                                "create": 1800000000000,
                                "delete": 1800000000000,
                                "update": 1800000000000
                            }
                        },
                        "tainted": false
                    },
                    "deposed": [],
                    "provider": "provider.openstack"
                },
                "openstack_compute_instance_v2.worker.32": {
                    "type": "openstack_compute_instance_v2",
                    "depends_on": [
                        "null_resource.masterip",
                        "openstack_compute_instance_v2.salt-master",
                        "openstack_compute_secgroup_v2.allow-traffic"
                    ],
                    "primary": {
                        "id": "de13b6e9-f2f0-4a75-9206-7f0494773c8e",
                        "attributes": {
                            "access_ip_v4": "10.0.0.61",
                            "access_ip_v6": "",
                            "all_metadata.%": "0",
                            "availability_zone": "nova",
                            "flavor_id": "97cef706-42fe-47e7-b5a9-8fb6613301af",
                            "flavor_name": "HD-c8r32",
                            "force_delete": "false",
                            "id": "de13b6e9-f2f0-4a75-9206-7f0494773c8e",
                            "image_id": "266ca351-ba88-48b4-9aa7-e4b3703197d9",
                            "image_name": "butler_base",
                            "key_pair": "sergei",
                            "name": "butler-worker-32",
                            "network.#": "1",
                            "network.0.access_network": "false",
                            "network.0.fixed_ip_v4": "10.0.0.61",
                            "network.0.fixed_ip_v6": "",
                            "network.0.floating_ip": "",
                            "network.0.mac": "fa:16:3e:d8:3c:67",
                            "network.0.name": "denbi-iakhnin-intern",
                            "network.0.port": "",
                            "network.0.uuid": "301c1bee-c9c5-407d-9b43-9ba93cc513ca",
                            "region": "",
                            "security_groups.#": "2",
                            "security_groups.2299581210": "butler-firewall",
                            "security_groups.3814588639": "default",
                            "stop_before_destroy": "false"
                        },
                        "meta": {
                            "e2bfb730-ecaa-11e6-8f88-34363bc7c4c0": {
                                "create": 1800000000000,
                                "delete": 1800000000000,
                                "update": 1800000000000
                            }
                        },
                        "tainted": false
                    },
                    "deposed": [],
                    "provider": "provider.openstack"
                },
                "openstack_compute_instance_v2.worker.33": {
                    "type": "openstack_compute_instance_v2",
                    "depends_on": [
                        "null_resource.masterip",
                        "openstack_compute_instance_v2.salt-master",
                        "openstack_compute_secgroup_v2.allow-traffic"
                    ],
                    "primary": {
                        "id": "f788d501-b15c-46a8-9060-0c1715e78eaa",
                        "attributes": {
                            "access_ip_v4": "10.0.0.106",
                            "access_ip_v6": "",
                            "all_metadata.%": "0",
                            "availability_zone": "nova",
                            "flavor_id": "97cef706-42fe-47e7-b5a9-8fb6613301af",
                            "flavor_name": "HD-c8r32",
                            "force_delete": "false",
                            "id": "f788d501-b15c-46a8-9060-0c1715e78eaa",
                            "image_id": "266ca351-ba88-48b4-9aa7-e4b3703197d9",
                            "image_name": "butler_base",
                            "key_pair": "sergei",
                            "name": "butler-worker-33",
                            "network.#": "1",
                            "network.0.access_network": "false",
                            "network.0.fixed_ip_v4": "10.0.0.106",
                            "network.0.fixed_ip_v6": "",
                            "network.0.floating_ip": "",
                            "network.0.mac": "fa:16:3e:98:ca:d5",
                            "network.0.name": "denbi-iakhnin-intern",
                            "network.0.port": "",
                            "network.0.uuid": "301c1bee-c9c5-407d-9b43-9ba93cc513ca",
                            "region": "",
                            "security_groups.#": "2",
                            "security_groups.2299581210": "butler-firewall",
                            "security_groups.3814588639": "default",
                            "stop_before_destroy": "false"
                        },
                        "meta": {
                            "e2bfb730-ecaa-11e6-8f88-34363bc7c4c0": {
                                "create": 1800000000000,
                                "delete": 1800000000000,
                                "update": 1800000000000
                            }
                        },
                        "tainted": false
                    },
                    "deposed": [],
                    "provider": "provider.openstack"
                },
                "openstack_compute_instance_v2.worker.34": {
                    "type": "openstack_compute_instance_v2",
                    "depends_on": [
                        "null_resource.masterip",
                        "openstack_compute_instance_v2.salt-master",
                        "openstack_compute_secgroup_v2.allow-traffic"
                    ],
                    "primary": {
                        "id": "f9545ada-d239-4828-8865-ea2731b25a8f",
                        "attributes": {
                            "access_ip_v4": "10.0.0.102",
                            "access_ip_v6": "",
                            "all_metadata.%": "0",
                            "availability_zone": "nova",
                            "flavor_id": "97cef706-42fe-47e7-b5a9-8fb6613301af",
                            "flavor_name": "HD-c8r32",
                            "force_delete": "false",
                            "id": "f9545ada-d239-4828-8865-ea2731b25a8f",
                            "image_id": "266ca351-ba88-48b4-9aa7-e4b3703197d9",
                            "image_name": "butler_base",
                            "key_pair": "sergei",
                            "name": "butler-worker-34",
                            "network.#": "1",
                            "network.0.access_network": "false",
                            "network.0.fixed_ip_v4": "10.0.0.102",
                            "network.0.fixed_ip_v6": "",
                            "network.0.floating_ip": "",
                            "network.0.mac": "fa:16:3e:78:0b:e9",
                            "network.0.name": "denbi-iakhnin-intern",
                            "network.0.port": "",
                            "network.0.uuid": "301c1bee-c9c5-407d-9b43-9ba93cc513ca",
                            "region": "",
                            "security_groups.#": "2",
                            "security_groups.2299581210": "butler-firewall",
                            "security_groups.3814588639": "default",
                            "stop_before_destroy": "false"
                        },
                        "meta": {
                            "e2bfb730-ecaa-11e6-8f88-34363bc7c4c0": {
                                "create": 1800000000000,
                                "delete": 1800000000000,
                                "update": 1800000000000
                            }
                        },
                        "tainted": false
                    },
                    "deposed": [],
                    "provider": "provider.openstack"
                },
                "openstack_compute_instance_v2.worker.35": {
                    "type": "openstack_compute_instance_v2",
                    "depends_on": [
                        "null_resource.masterip",
                        "openstack_compute_instance_v2.salt-master",
                        "openstack_compute_secgroup_v2.allow-traffic"
                    ],
                    "primary": {
                        "id": "d91f4f68-9d89-4130-8e85-87af3d97ceea",
                        "attributes": {
                            "access_ip_v4": "10.0.0.75",
                            "access_ip_v6": "",
                            "all_metadata.%": "0",
                            "availability_zone": "nova",
                            "flavor_id": "97cef706-42fe-47e7-b5a9-8fb6613301af",
                            "flavor_name": "HD-c8r32",
                            "force_delete": "false",
                            "id": "d91f4f68-9d89-4130-8e85-87af3d97ceea",
                            "image_id": "266ca351-ba88-48b4-9aa7-e4b3703197d9",
                            "image_name": "butler_base",
                            "key_pair": "sergei",
                            "name": "butler-worker-35",
                            "network.#": "1",
                            "network.0.access_network": "false",
                            "network.0.fixed_ip_v4": "10.0.0.75",
                            "network.0.fixed_ip_v6": "",
                            "network.0.floating_ip": "",
                            "network.0.mac": "fa:16:3e:bd:a0:d6",
                            "network.0.name": "denbi-iakhnin-intern",
                            "network.0.port": "",
                            "network.0.uuid": "301c1bee-c9c5-407d-9b43-9ba93cc513ca",
                            "region": "",
                            "security_groups.#": "2",
                            "security_groups.2299581210": "butler-firewall",
                            "security_groups.3814588639": "default",
                            "stop_before_destroy": "false"
                        },
                        "meta": {
                            "e2bfb730-ecaa-11e6-8f88-34363bc7c4c0": {
                                "create": 1800000000000,
                                "delete": 1800000000000,
                                "update": 1800000000000
                            }
                        },
                        "tainted": false
                    },
                    "deposed": [],
                    "provider": "provider.openstack"
                },
                "openstack_compute_instance_v2.worker.36": {
                    "type": "openstack_compute_instance_v2",
                    "depends_on": [
                        "null_resource.masterip",
                        "openstack_compute_instance_v2.salt-master",
                        "openstack_compute_secgroup_v2.allow-traffic"
                    ],
                    "primary": {
                        "id": "d2b617c0-1a29-4373-9dc9-5383efbbe01b",
                        "attributes": {
                            "access_ip_v4": "10.0.0.107",
                            "access_ip_v6": "",
                            "all_metadata.%": "0",
                            "availability_zone": "nova",
                            "flavor_id": "97cef706-42fe-47e7-b5a9-8fb6613301af",
                            "flavor_name": "HD-c8r32",
                            "force_delete": "false",
                            "id": "d2b617c0-1a29-4373-9dc9-5383efbbe01b",
                            "image_id": "266ca351-ba88-48b4-9aa7-e4b3703197d9",
                            "image_name": "butler_base",
                            "key_pair": "sergei",
                            "name": "butler-worker-36",
                            "network.#": "1",
                            "network.0.access_network": "false",
                            "network.0.fixed_ip_v4": "10.0.0.107",
                            "network.0.fixed_ip_v6": "",
                            "network.0.floating_ip": "",
                            "network.0.mac": "fa:16:3e:ae:ea:e7",
                            "network.0.name": "denbi-iakhnin-intern",
                            "network.0.port": "",
                            "network.0.uuid": "301c1bee-c9c5-407d-9b43-9ba93cc513ca",
                            "region": "",
                            "security_groups.#": "2",
                            "security_groups.2299581210": "butler-firewall",
                            "security_groups.3814588639": "default",
                            "stop_before_destroy": "false"
                        },
                        "meta": {
                            "e2bfb730-ecaa-11e6-8f88-34363bc7c4c0": {
                                "create": 1800000000000,
                                "delete": 1800000000000,
                                "update": 1800000000000
                            }
                        },
                        "tainted": false
                    },
                    "deposed": [],
                    "provider": "provider.openstack"
                },
                "openstack_compute_instance_v2.worker.37": {
                    "type": "openstack_compute_instance_v2",
                    "depends_on": [
                        "null_resource.masterip",
                        "openstack_compute_instance_v2.salt-master",
                        "openstack_compute_secgroup_v2.allow-traffic"
                    ],
                    "primary": {
                        "id": "a5e58760-afc7-4f4c-89a5-3a65f2a7f89d",
                        "attributes": {
                            "access_ip_v4": "10.0.0.42",
                            "access_ip_v6": "",
                            "all_metadata.%": "0",
                            "availability_zone": "nova",
                            "flavor_id": "97cef706-42fe-47e7-b5a9-8fb6613301af",
                            "flavor_name": "HD-c8r32",
                            "force_delete": "false",
                            "id": "a5e58760-afc7-4f4c-89a5-3a65f2a7f89d",
                            "image_id": "266ca351-ba88-48b4-9aa7-e4b3703197d9",
                            "image_name": "butler_base",
                            "key_pair": "sergei",
                            "name": "butler-worker-37",
                            "network.#": "1",
                            "network.0.access_network": "false",
                            "network.0.fixed_ip_v4": "10.0.0.42",
                            "network.0.fixed_ip_v6": "",
                            "network.0.floating_ip": "",
                            "network.0.mac": "fa:16:3e:c6:0e:1d",
                            "network.0.name": "denbi-iakhnin-intern",
                            "network.0.port": "",
                            "network.0.uuid": "301c1bee-c9c5-407d-9b43-9ba93cc513ca",
                            "region": "",
                            "security_groups.#": "2",
                            "security_groups.2299581210": "butler-firewall",
                            "security_groups.3814588639": "default",
                            "stop_before_destroy": "false"
                        },
                        "meta": {
                            "e2bfb730-ecaa-11e6-8f88-34363bc7c4c0": {
                                "create": 1800000000000,
                                "delete": 1800000000000,
                                "update": 1800000000000
                            }
                        },
                        "tainted": false
                    },
                    "deposed": [],
                    "provider": "provider.openstack"
                },
                "openstack_compute_instance_v2.worker.38": {
                    "type": "openstack_compute_instance_v2",
                    "depends_on": [
                        "null_resource.masterip",
                        "openstack_compute_instance_v2.salt-master",
                        "openstack_compute_secgroup_v2.allow-traffic"
                    ],
                    "primary": {
                        "id": "a001a025-21dd-4b24-8c5e-bcac4027c442",
                        "attributes": {
                            "access_ip_v4": "10.0.0.113",
                            "access_ip_v6": "",
                            "all_metadata.%": "0",
                            "availability_zone": "nova",
                            "flavor_id": "97cef706-42fe-47e7-b5a9-8fb6613301af",
                            "flavor_name": "HD-c8r32",
                            "force_delete": "false",
                            "id": "a001a025-21dd-4b24-8c5e-bcac4027c442",
                            "image_id": "266ca351-ba88-48b4-9aa7-e4b3703197d9",
                            "image_name": "butler_base",
                            "key_pair": "sergei",
                            "name": "butler-worker-38",
                            "network.#": "1",
                            "network.0.access_network": "false",
                            "network.0.fixed_ip_v4": "10.0.0.113",
                            "network.0.fixed_ip_v6": "",
                            "network.0.floating_ip": "",
                            "network.0.mac": "fa:16:3e:05:16:74",
                            "network.0.name": "denbi-iakhnin-intern",
                            "network.0.port": "",
                            "network.0.uuid": "301c1bee-c9c5-407d-9b43-9ba93cc513ca",
                            "region": "",
                            "security_groups.#": "2",
                            "security_groups.2299581210": "butler-firewall",
                            "security_groups.3814588639": "default",
                            "stop_before_destroy": "false"
                        },
                        "meta": {
                            "e2bfb730-ecaa-11e6-8f88-34363bc7c4c0": {
                                "create": 1800000000000,
                                "delete": 1800000000000,
                                "update": 1800000000000
                            }
                        },
                        "tainted": false
                    },
                    "deposed": [],
                    "provider": "provider.openstack"
                },
                "openstack_compute_instance_v2.worker.39": {
                    "type": "openstack_compute_instance_v2",
                    "depends_on": [
                        "null_resource.masterip",
                        "openstack_compute_instance_v2.salt-master",
                        "openstack_compute_secgroup_v2.allow-traffic"
                    ],
                    "primary": {
                        "id": "5c140009-5349-47e0-996f-baf5207cc428",
                        "attributes": {
                            "access_ip_v4": "10.0.0.22",
                            "access_ip_v6": "",
                            "all_metadata.%": "0",
                            "availability_zone": "nova",
                            "flavor_id": "97cef706-42fe-47e7-b5a9-8fb6613301af",
                            "flavor_name": "HD-c8r32",
                            "force_delete": "false",
                            "id": "5c140009-5349-47e0-996f-baf5207cc428",
                            "image_id": "266ca351-ba88-48b4-9aa7-e4b3703197d9",
                            "image_name": "butler_base",
                            "key_pair": "sergei",
                            "name": "butler-worker-39",
                            "network.#": "1",
                            "network.0.access_network": "false",
                            "network.0.fixed_ip_v4": "10.0.0.22",
                            "network.0.fixed_ip_v6": "",
                            "network.0.floating_ip": "",
                            "network.0.mac": "fa:16:3e:2f:76:db",
                            "network.0.name": "denbi-iakhnin-intern",
                            "network.0.port": "",
                            "network.0.uuid": "301c1bee-c9c5-407d-9b43-9ba93cc513ca",
                            "region": "",
                            "security_groups.#": "2",
                            "security_groups.2299581210": "butler-firewall",
                            "security_groups.3814588639": "default",
                            "stop_before_destroy": "false"
                        },
                        "meta": {
                            "e2bfb730-ecaa-11e6-8f88-34363bc7c4c0": {
                                "create": 1800000000000,
                                "delete": 1800000000000,
                                "update": 1800000000000
                            }
                        },
                        "tainted": false
                    },
                    "deposed": [],
                    "provider": "provider.openstack"
                },
                "openstack_compute_instance_v2.worker.4": {
                    "type": "openstack_compute_instance_v2",
                    "depends_on": [
                        "null_resource.masterip",
                        "openstack_compute_instance_v2.salt-master",
                        "openstack_compute_secgroup_v2.allow-traffic"
                    ],
                    "primary": {
                        "id": "923f9019-41e0-40f7-a3a4-897f4c174cf5",
                        "attributes": {
                            "access_ip_v4": "10.0.0.105",
                            "access_ip_v6": "",
                            "all_metadata.%": "0",
                            "availability_zone": "nova",
                            "flavor_id": "97cef706-42fe-47e7-b5a9-8fb6613301af",
                            "flavor_name": "HD-c8r32",
                            "force_delete": "false",
                            "id": "923f9019-41e0-40f7-a3a4-897f4c174cf5",
                            "image_id": "266ca351-ba88-48b4-9aa7-e4b3703197d9",
                            "image_name": "butler_base",
                            "key_pair": "sergei",
                            "name": "butler-worker-4",
                            "network.#": "1",
                            "network.0.access_network": "false",
                            "network.0.fixed_ip_v4": "10.0.0.105",
                            "network.0.fixed_ip_v6": "",
                            "network.0.floating_ip": "",
                            "network.0.mac": "fa:16:3e:d0:5f:78",
                            "network.0.name": "denbi-iakhnin-intern",
                            "network.0.port": "",
                            "network.0.uuid": "301c1bee-c9c5-407d-9b43-9ba93cc513ca",
                            "region": "",
                            "security_groups.#": "2",
                            "security_groups.2299581210": "butler-firewall",
                            "security_groups.3814588639": "default",
                            "stop_before_destroy": "false"
                        },
                        "meta": {
                            "e2bfb730-ecaa-11e6-8f88-34363bc7c4c0": {
                                "create": 1800000000000,
                                "delete": 1800000000000,
                                "update": 1800000000000
                            }
                        },
                        "tainted": false
                    },
                    "deposed": [],
                    "provider": "provider.openstack"
                },
                "openstack_compute_instance_v2.worker.40": {
                    "type": "openstack_compute_instance_v2",
                    "depends_on": [
                        "null_resource.masterip",
                        "openstack_compute_instance_v2.salt-master",
                        "openstack_compute_secgroup_v2.allow-traffic"
                    ],
                    "primary": {
                        "id": "729a01fc-b4e8-4c58-9f6b-3e27c73f6cc1",
                        "attributes": {
                            "access_ip_v4": "10.0.0.30",
                            "access_ip_v6": "",
                            "all_metadata.%": "0",
                            "availability_zone": "nova",
                            "flavor_id": "97cef706-42fe-47e7-b5a9-8fb6613301af",
                            "flavor_name": "HD-c8r32",
                            "force_delete": "false",
                            "id": "729a01fc-b4e8-4c58-9f6b-3e27c73f6cc1",
                            "image_id": "266ca351-ba88-48b4-9aa7-e4b3703197d9",
                            "image_name": "butler_base",
                            "key_pair": "sergei",
                            "name": "butler-worker-40",
                            "network.#": "1",
                            "network.0.access_network": "false",
                            "network.0.fixed_ip_v4": "10.0.0.30",
                            "network.0.fixed_ip_v6": "",
                            "network.0.floating_ip": "",
                            "network.0.mac": "fa:16:3e:0d:31:3f",
                            "network.0.name": "denbi-iakhnin-intern",
                            "network.0.port": "",
                            "network.0.uuid": "301c1bee-c9c5-407d-9b43-9ba93cc513ca",
                            "region": "",
                            "security_groups.#": "2",
                            "security_groups.2299581210": "butler-firewall",
                            "security_groups.3814588639": "default",
                            "stop_before_destroy": "false"
                        },
                        "meta": {
                            "e2bfb730-ecaa-11e6-8f88-34363bc7c4c0": {
                                "create": 1800000000000,
                                "delete": 1800000000000,
                                "update": 1800000000000
                            }
                        },
                        "tainted": false
                    },
                    "deposed": [],
                    "provider": "provider.openstack"
                },
                "openstack_compute_instance_v2.worker.41": {
                    "type": "openstack_compute_instance_v2",
                    "depends_on": [
                        "null_resource.masterip",
                        "openstack_compute_instance_v2.salt-master",
                        "openstack_compute_secgroup_v2.allow-traffic"
                    ],
                    "primary": {
                        "id": "61c388e7-1ca1-48ef-ac88-79ec904723dc",
                        "attributes": {
                            "access_ip_v4": "10.0.0.33",
                            "access_ip_v6": "",
                            "all_metadata.%": "0",
                            "availability_zone": "nova",
                            "flavor_id": "97cef706-42fe-47e7-b5a9-8fb6613301af",
                            "flavor_name": "HD-c8r32",
                            "force_delete": "false",
                            "id": "61c388e7-1ca1-48ef-ac88-79ec904723dc",
                            "image_id": "266ca351-ba88-48b4-9aa7-e4b3703197d9",
                            "image_name": "butler_base",
                            "key_pair": "sergei",
                            "name": "butler-worker-41",
                            "network.#": "1",
                            "network.0.access_network": "false",
                            "network.0.fixed_ip_v4": "10.0.0.33",
                            "network.0.fixed_ip_v6": "",
                            "network.0.floating_ip": "",
                            "network.0.mac": "fa:16:3e:56:d0:d1",
                            "network.0.name": "denbi-iakhnin-intern",
                            "network.0.port": "",
                            "network.0.uuid": "301c1bee-c9c5-407d-9b43-9ba93cc513ca",
                            "region": "",
                            "security_groups.#": "2",
                            "security_groups.2299581210": "butler-firewall",
                            "security_groups.3814588639": "default",
                            "stop_before_destroy": "false"
                        },
                        "meta": {
                            "e2bfb730-ecaa-11e6-8f88-34363bc7c4c0": {
                                "create": 1800000000000,
                                "delete": 1800000000000,
                                "update": 1800000000000
                            }
                        },
                        "tainted": false
                    },
                    "deposed": [],
                    "provider": "provider.openstack"
                },
                "openstack_compute_instance_v2.worker.42": {
                    "type": "openstack_compute_instance_v2",
                    "depends_on": [
                        "null_resource.masterip",
                        "openstack_compute_instance_v2.salt-master",
                        "openstack_compute_secgroup_v2.allow-traffic"
                    ],
                    "primary": {
                        "id": "d6aa9245-3ba0-4135-9ee4-dfca287dfedf",
                        "attributes": {
                            "access_ip_v4": "10.0.0.96",
                            "access_ip_v6": "",
                            "all_metadata.%": "0",
                            "availability_zone": "nova",
                            "flavor_id": "97cef706-42fe-47e7-b5a9-8fb6613301af",
                            "flavor_name": "HD-c8r32",
                            "force_delete": "false",
                            "id": "d6aa9245-3ba0-4135-9ee4-dfca287dfedf",
                            "image_id": "266ca351-ba88-48b4-9aa7-e4b3703197d9",
                            "image_name": "butler_base",
                            "key_pair": "sergei",
                            "name": "butler-worker-42",
                            "network.#": "1",
                            "network.0.access_network": "false",
                            "network.0.fixed_ip_v4": "10.0.0.96",
                            "network.0.fixed_ip_v6": "",
                            "network.0.floating_ip": "",
                            "network.0.mac": "fa:16:3e:15:4e:12",
                            "network.0.name": "denbi-iakhnin-intern",
                            "network.0.port": "",
                            "network.0.uuid": "301c1bee-c9c5-407d-9b43-9ba93cc513ca",
                            "region": "",
                            "security_groups.#": "2",
                            "security_groups.2299581210": "butler-firewall",
                            "security_groups.3814588639": "default",
                            "stop_before_destroy": "false"
                        },
                        "meta": {
                            "e2bfb730-ecaa-11e6-8f88-34363bc7c4c0": {
                                "create": 1800000000000,
                                "delete": 1800000000000,
                                "update": 1800000000000
                            }
                        },
                        "tainted": false
                    },
                    "deposed": [],
                    "provider": "provider.openstack"
                },
                "openstack_compute_instance_v2.worker.43": {
                    "type": "openstack_compute_instance_v2",
                    "depends_on": [
                        "null_resource.masterip",
                        "openstack_compute_instance_v2.salt-master",
                        "openstack_compute_secgroup_v2.allow-traffic"
                    ],
                    "primary": {
                        "id": "d7306cb2-96d0-4987-b5b1-c4b30f59b2ed",
                        "attributes": {
                            "access_ip_v4": "10.0.0.36",
                            "access_ip_v6": "",
                            "all_metadata.%": "0",
                            "availability_zone": "nova",
                            "flavor_id": "97cef706-42fe-47e7-b5a9-8fb6613301af",
                            "flavor_name": "HD-c8r32",
                            "force_delete": "false",
                            "id": "d7306cb2-96d0-4987-b5b1-c4b30f59b2ed",
                            "image_id": "266ca351-ba88-48b4-9aa7-e4b3703197d9",
                            "image_name": "butler_base",
                            "key_pair": "sergei",
                            "name": "butler-worker-43",
                            "network.#": "1",
                            "network.0.access_network": "false",
                            "network.0.fixed_ip_v4": "10.0.0.36",
                            "network.0.fixed_ip_v6": "",
                            "network.0.floating_ip": "",
                            "network.0.mac": "fa:16:3e:c9:fe:3b",
                            "network.0.name": "denbi-iakhnin-intern",
                            "network.0.port": "",
                            "network.0.uuid": "301c1bee-c9c5-407d-9b43-9ba93cc513ca",
                            "region": "",
                            "security_groups.#": "2",
                            "security_groups.2299581210": "butler-firewall",
                            "security_groups.3814588639": "default",
                            "stop_before_destroy": "false"
                        },
                        "meta": {
                            "e2bfb730-ecaa-11e6-8f88-34363bc7c4c0": {
                                "create": 1800000000000,
                                "delete": 1800000000000,
                                "update": 1800000000000
                            }
                        },
                        "tainted": false
                    },
                    "deposed": [],
                    "provider": "provider.openstack"
                },
                "openstack_compute_instance_v2.worker.44": {
                    "type": "openstack_compute_instance_v2",
                    "depends_on": [
                        "null_resource.masterip",
                        "openstack_compute_instance_v2.salt-master",
                        "openstack_compute_secgroup_v2.allow-traffic"
                    ],
                    "primary": {
                        "id": "4959be97-26e4-40d9-9132-cd1cb4121da1",
                        "attributes": {
                            "access_ip_v4": "10.0.0.69",
                            "access_ip_v6": "",
                            "all_metadata.%": "0",
                            "availability_zone": "nova",
                            "flavor_id": "97cef706-42fe-47e7-b5a9-8fb6613301af",
                            "flavor_name": "HD-c8r32",
                            "force_delete": "false",
                            "id": "4959be97-26e4-40d9-9132-cd1cb4121da1",
                            "image_id": "266ca351-ba88-48b4-9aa7-e4b3703197d9",
                            "image_name": "butler_base",
                            "key_pair": "sergei",
                            "name": "butler-worker-44",
                            "network.#": "1",
                            "network.0.access_network": "false",
                            "network.0.fixed_ip_v4": "10.0.0.69",
                            "network.0.fixed_ip_v6": "",
                            "network.0.floating_ip": "",
                            "network.0.mac": "fa:16:3e:22:69:aa",
                            "network.0.name": "denbi-iakhnin-intern",
                            "network.0.port": "",
                            "network.0.uuid": "301c1bee-c9c5-407d-9b43-9ba93cc513ca",
                            "region": "",
                            "security_groups.#": "2",
                            "security_groups.2299581210": "butler-firewall",
                            "security_groups.3814588639": "default",
                            "stop_before_destroy": "false"
                        },
                        "meta": {
                            "e2bfb730-ecaa-11e6-8f88-34363bc7c4c0": {
                                "create": 1800000000000,
                                "delete": 1800000000000,
                                "update": 1800000000000
                            }
                        },
                        "tainted": false
                    },
                    "deposed": [],
                    "provider": "provider.openstack"
                },
                "openstack_compute_instance_v2.worker.45": {
                    "type": "openstack_compute_instance_v2",
                    "depends_on": [
                        "null_resource.masterip",
                        "openstack_compute_instance_v2.salt-master",
                        "openstack_compute_secgroup_v2.allow-traffic"
                    ],
                    "primary": {
                        "id": "0ad336d4-54cb-4fe2-a90a-6a6ce593edf1",
                        "attributes": {
                            "access_ip_v4": "10.0.0.59",
                            "access_ip_v6": "",
                            "all_metadata.%": "0",
                            "availability_zone": "nova",
                            "flavor_id": "97cef706-42fe-47e7-b5a9-8fb6613301af",
                            "flavor_name": "HD-c8r32",
                            "force_delete": "false",
                            "id": "0ad336d4-54cb-4fe2-a90a-6a6ce593edf1",
                            "image_id": "266ca351-ba88-48b4-9aa7-e4b3703197d9",
                            "image_name": "butler_base",
                            "key_pair": "sergei",
                            "name": "butler-worker-45",
                            "network.#": "1",
                            "network.0.access_network": "false",
                            "network.0.fixed_ip_v4": "10.0.0.59",
                            "network.0.fixed_ip_v6": "",
                            "network.0.floating_ip": "",
                            "network.0.mac": "fa:16:3e:b2:9d:11",
                            "network.0.name": "denbi-iakhnin-intern",
                            "network.0.port": "",
                            "network.0.uuid": "301c1bee-c9c5-407d-9b43-9ba93cc513ca",
                            "region": "",
                            "security_groups.#": "2",
                            "security_groups.2299581210": "butler-firewall",
                            "security_groups.3814588639": "default",
                            "stop_before_destroy": "false"
                        },
                        "meta": {
                            "e2bfb730-ecaa-11e6-8f88-34363bc7c4c0": {
                                "create": 1800000000000,
                                "delete": 1800000000000,
                                "update": 1800000000000
                            }
                        },
                        "tainted": false
                    },
                    "deposed": [],
                    "provider": "provider.openstack"
                },
                "openstack_compute_instance_v2.worker.46": {
                    "type": "openstack_compute_instance_v2",
                    "depends_on": [
                        "null_resource.masterip",
                        "openstack_compute_instance_v2.salt-master",
                        "openstack_compute_secgroup_v2.allow-traffic"
                    ],
                    "primary": {
                        "id": "b8ec4de7-a7ed-49b4-b58f-3d8e06a2edc8",
                        "attributes": {
                            "access_ip_v4": "10.0.0.103",
                            "access_ip_v6": "",
                            "all_metadata.%": "0",
                            "availability_zone": "nova",
                            "flavor_id": "97cef706-42fe-47e7-b5a9-8fb6613301af",
                            "flavor_name": "HD-c8r32",
                            "force_delete": "false",
                            "id": "b8ec4de7-a7ed-49b4-b58f-3d8e06a2edc8",
                            "image_id": "266ca351-ba88-48b4-9aa7-e4b3703197d9",
                            "image_name": "butler_base",
                            "key_pair": "sergei",
                            "name": "butler-worker-46",
                            "network.#": "1",
                            "network.0.access_network": "false",
                            "network.0.fixed_ip_v4": "10.0.0.103",
                            "network.0.fixed_ip_v6": "",
                            "network.0.floating_ip": "",
                            "network.0.mac": "fa:16:3e:f2:fb:2d",
                            "network.0.name": "denbi-iakhnin-intern",
                            "network.0.port": "",
                            "network.0.uuid": "301c1bee-c9c5-407d-9b43-9ba93cc513ca",
                            "region": "",
                            "security_groups.#": "2",
                            "security_groups.2299581210": "butler-firewall",
                            "security_groups.3814588639": "default",
                            "stop_before_destroy": "false"
                        },
                        "meta": {
                            "e2bfb730-ecaa-11e6-8f88-34363bc7c4c0": {
                                "create": 1800000000000,
                                "delete": 1800000000000,
                                "update": 1800000000000
                            }
                        },
                        "tainted": false
                    },
                    "deposed": [],
                    "provider": "provider.openstack"
                },
                "openstack_compute_instance_v2.worker.47": {
                    "type": "openstack_compute_instance_v2",
                    "depends_on": [
                        "null_resource.masterip",
                        "openstack_compute_instance_v2.salt-master",
                        "openstack_compute_secgroup_v2.allow-traffic"
                    ],
                    "primary": {
                        "id": "5cf29f38-435a-4bc9-bcc9-b4660eaec932",
                        "attributes": {
                            "access_ip_v4": "10.0.0.64",
                            "access_ip_v6": "",
                            "all_metadata.%": "0",
                            "availability_zone": "nova",
                            "flavor_id": "97cef706-42fe-47e7-b5a9-8fb6613301af",
                            "flavor_name": "HD-c8r32",
                            "force_delete": "false",
                            "id": "5cf29f38-435a-4bc9-bcc9-b4660eaec932",
                            "image_id": "266ca351-ba88-48b4-9aa7-e4b3703197d9",
                            "image_name": "butler_base",
                            "key_pair": "sergei",
                            "name": "butler-worker-47",
                            "network.#": "1",
                            "network.0.access_network": "false",
                            "network.0.fixed_ip_v4": "10.0.0.64",
                            "network.0.fixed_ip_v6": "",
                            "network.0.floating_ip": "",
                            "network.0.mac": "fa:16:3e:28:85:5e",
                            "network.0.name": "denbi-iakhnin-intern",
                            "network.0.port": "",
                            "network.0.uuid": "301c1bee-c9c5-407d-9b43-9ba93cc513ca",
                            "region": "",
                            "security_groups.#": "2",
                            "security_groups.2299581210": "butler-firewall",
                            "security_groups.3814588639": "default",
                            "stop_before_destroy": "false"
                        },
                        "meta": {
                            "e2bfb730-ecaa-11e6-8f88-34363bc7c4c0": {
                                "create": 1800000000000,
                                "delete": 1800000000000,
                                "update": 1800000000000
                            }
                        },
                        "tainted": false
                    },
                    "deposed": [],
                    "provider": "provider.openstack"
                },
                "openstack_compute_instance_v2.worker.48": {
                    "type": "openstack_compute_instance_v2",
                    "depends_on": [
                        "null_resource.masterip",
                        "openstack_compute_instance_v2.salt-master",
                        "openstack_compute_secgroup_v2.allow-traffic"
                    ],
                    "primary": {
                        "id": "e0ca6fda-92df-4ce2-b385-546ce7979c0f",
                        "attributes": {
                            "access_ip_v4": "10.0.0.94",
                            "access_ip_v6": "",
                            "all_metadata.%": "0",
                            "availability_zone": "nova",
                            "flavor_id": "97cef706-42fe-47e7-b5a9-8fb6613301af",
                            "flavor_name": "HD-c8r32",
                            "force_delete": "false",
                            "id": "e0ca6fda-92df-4ce2-b385-546ce7979c0f",
                            "image_id": "266ca351-ba88-48b4-9aa7-e4b3703197d9",
                            "image_name": "butler_base",
                            "key_pair": "sergei",
                            "name": "butler-worker-48",
                            "network.#": "1",
                            "network.0.access_network": "false",
                            "network.0.fixed_ip_v4": "10.0.0.94",
                            "network.0.fixed_ip_v6": "",
                            "network.0.floating_ip": "",
                            "network.0.mac": "fa:16:3e:d9:4f:ea",
                            "network.0.name": "denbi-iakhnin-intern",
                            "network.0.port": "",
                            "network.0.uuid": "301c1bee-c9c5-407d-9b43-9ba93cc513ca",
                            "region": "",
                            "security_groups.#": "2",
                            "security_groups.2299581210": "butler-firewall",
                            "security_groups.3814588639": "default",
                            "stop_before_destroy": "false"
                        },
                        "meta": {
                            "e2bfb730-ecaa-11e6-8f88-34363bc7c4c0": {
                                "create": 1800000000000,
                                "delete": 1800000000000,
                                "update": 1800000000000
                            }
                        },
                        "tainted": false
                    },
                    "deposed": [],
                    "provider": "provider.openstack"
                },
                "openstack_compute_instance_v2.worker.49": {
                    "type": "openstack_compute_instance_v2",
                    "depends_on": [
                        "null_resource.masterip",
                        "openstack_compute_instance_v2.salt-master",
                        "openstack_compute_secgroup_v2.allow-traffic"
                    ],
                    "primary": {
                        "id": "73810385-6783-4978-80c9-95ebd8c0eabc",
                        "attributes": {
                            "access_ip_v4": "10.0.0.14",
                            "access_ip_v6": "",
                            "all_metadata.%": "0",
                            "availability_zone": "nova",
                            "flavor_id": "97cef706-42fe-47e7-b5a9-8fb6613301af",
                            "flavor_name": "HD-c8r32",
                            "force_delete": "false",
                            "id": "73810385-6783-4978-80c9-95ebd8c0eabc",
                            "image_id": "266ca351-ba88-48b4-9aa7-e4b3703197d9",
                            "image_name": "butler_base",
                            "key_pair": "sergei",
                            "name": "butler-worker-49",
                            "network.#": "1",
                            "network.0.access_network": "false",
                            "network.0.fixed_ip_v4": "10.0.0.14",
                            "network.0.fixed_ip_v6": "",
                            "network.0.floating_ip": "",
                            "network.0.mac": "fa:16:3e:f4:cf:13",
                            "network.0.name": "denbi-iakhnin-intern",
                            "network.0.port": "",
                            "network.0.uuid": "301c1bee-c9c5-407d-9b43-9ba93cc513ca",
                            "region": "",
                            "security_groups.#": "2",
                            "security_groups.2299581210": "butler-firewall",
                            "security_groups.3814588639": "default",
                            "stop_before_destroy": "false"
                        },
                        "meta": {
                            "e2bfb730-ecaa-11e6-8f88-34363bc7c4c0": {
                                "create": 1800000000000,
                                "delete": 1800000000000,
                                "update": 1800000000000
                            }
                        },
                        "tainted": false
                    },
                    "deposed": [],
                    "provider": "provider.openstack"
                },
                "openstack_compute_instance_v2.worker.5": {
                    "type": "openstack_compute_instance_v2",
                    "depends_on": [
                        "null_resource.masterip",
                        "openstack_compute_instance_v2.salt-master",
                        "openstack_compute_secgroup_v2.allow-traffic"
                    ],
                    "primary": {
                        "id": "48820fc7-ec5f-4bf9-985d-07df97bd5725",
                        "attributes": {
                            "access_ip_v4": "10.0.0.58",
                            "access_ip_v6": "",
                            "all_metadata.%": "0",
                            "availability_zone": "nova",
                            "flavor_id": "97cef706-42fe-47e7-b5a9-8fb6613301af",
                            "flavor_name": "HD-c8r32",
                            "force_delete": "false",
                            "id": "48820fc7-ec5f-4bf9-985d-07df97bd5725",
                            "image_id": "266ca351-ba88-48b4-9aa7-e4b3703197d9",
                            "image_name": "butler_base",
                            "key_pair": "sergei",
                            "name": "butler-worker-5",
                            "network.#": "1",
                            "network.0.access_network": "false",
                            "network.0.fixed_ip_v4": "10.0.0.58",
                            "network.0.fixed_ip_v6": "",
                            "network.0.floating_ip": "",
                            "network.0.mac": "fa:16:3e:ab:a4:af",
                            "network.0.name": "denbi-iakhnin-intern",
                            "network.0.port": "",
                            "network.0.uuid": "301c1bee-c9c5-407d-9b43-9ba93cc513ca",
                            "region": "",
                            "security_groups.#": "2",
                            "security_groups.2299581210": "butler-firewall",
                            "security_groups.3814588639": "default",
                            "stop_before_destroy": "false"
                        },
                        "meta": {
                            "e2bfb730-ecaa-11e6-8f88-34363bc7c4c0": {
                                "create": 1800000000000,
                                "delete": 1800000000000,
                                "update": 1800000000000
                            }
                        },
                        "tainted": false
                    },
                    "deposed": [],
                    "provider": "provider.openstack"
                },
                "openstack_compute_instance_v2.worker.50": {
                    "type": "openstack_compute_instance_v2",
                    "depends_on": [
                        "null_resource.masterip",
                        "openstack_compute_instance_v2.salt-master",
                        "openstack_compute_secgroup_v2.allow-traffic"
                    ],
                    "primary": {
                        "id": "ccb747f5-c264-4c7c-a391-62e0bf4438b1",
                        "attributes": {
                            "access_ip_v4": "10.0.0.35",
                            "access_ip_v6": "",
                            "all_metadata.%": "0",
                            "availability_zone": "nova",
                            "flavor_id": "97cef706-42fe-47e7-b5a9-8fb6613301af",
                            "flavor_name": "HD-c8r32",
                            "force_delete": "false",
                            "id": "ccb747f5-c264-4c7c-a391-62e0bf4438b1",
                            "image_id": "266ca351-ba88-48b4-9aa7-e4b3703197d9",
                            "image_name": "butler_base",
                            "key_pair": "sergei",
                            "name": "butler-worker-50",
                            "network.#": "1",
                            "network.0.access_network": "false",
                            "network.0.fixed_ip_v4": "10.0.0.35",
                            "network.0.fixed_ip_v6": "",
                            "network.0.floating_ip": "",
                            "network.0.mac": "fa:16:3e:33:16:85",
                            "network.0.name": "denbi-iakhnin-intern",
                            "network.0.port": "",
                            "network.0.uuid": "301c1bee-c9c5-407d-9b43-9ba93cc513ca",
                            "region": "",
                            "security_groups.#": "2",
                            "security_groups.2299581210": "butler-firewall",
                            "security_groups.3814588639": "default",
                            "stop_before_destroy": "false"
                        },
                        "meta": {
                            "e2bfb730-ecaa-11e6-8f88-34363bc7c4c0": {
                                "create": 1800000000000,
                                "delete": 1800000000000,
                                "update": 1800000000000
                            }
                        },
                        "tainted": false
                    },
                    "deposed": [],
                    "provider": "provider.openstack"
                },
                "openstack_compute_instance_v2.worker.51": {
                    "type": "openstack_compute_instance_v2",
                    "depends_on": [
                        "null_resource.masterip",
                        "openstack_compute_instance_v2.salt-master",
                        "openstack_compute_secgroup_v2.allow-traffic"
                    ],
                    "primary": {
                        "id": "9d11b6fd-635d-45b7-8b9b-5a7b18011f85",
                        "attributes": {
                            "access_ip_v4": "10.0.0.108",
                            "access_ip_v6": "",
                            "all_metadata.%": "0",
                            "availability_zone": "nova",
                            "flavor_id": "97cef706-42fe-47e7-b5a9-8fb6613301af",
                            "flavor_name": "HD-c8r32",
                            "force_delete": "false",
                            "id": "9d11b6fd-635d-45b7-8b9b-5a7b18011f85",
                            "image_id": "266ca351-ba88-48b4-9aa7-e4b3703197d9",
                            "image_name": "butler_base",
                            "key_pair": "sergei",
                            "name": "butler-worker-51",
                            "network.#": "1",
                            "network.0.access_network": "false",
                            "network.0.fixed_ip_v4": "10.0.0.108",
                            "network.0.fixed_ip_v6": "",
                            "network.0.floating_ip": "",
                            "network.0.mac": "fa:16:3e:fd:da:66",
                            "network.0.name": "denbi-iakhnin-intern",
                            "network.0.port": "",
                            "network.0.uuid": "301c1bee-c9c5-407d-9b43-9ba93cc513ca",
                            "region": "",
                            "security_groups.#": "2",
                            "security_groups.2299581210": "butler-firewall",
                            "security_groups.3814588639": "default",
                            "stop_before_destroy": "false"
                        },
                        "meta": {
                            "e2bfb730-ecaa-11e6-8f88-34363bc7c4c0": {
                                "create": 1800000000000,
                                "delete": 1800000000000,
                                "update": 1800000000000
                            }
                        },
                        "tainted": false
                    },
                    "deposed": [],
                    "provider": "provider.openstack"
                },
                "openstack_compute_instance_v2.worker.52": {
                    "type": "openstack_compute_instance_v2",
                    "depends_on": [
                        "null_resource.masterip",
                        "openstack_compute_instance_v2.salt-master",
                        "openstack_compute_secgroup_v2.allow-traffic"
                    ],
                    "primary": {
                        "id": "77f66877-8231-491d-a7b5-f72db4c8686c",
                        "attributes": {
                            "access_ip_v4": "10.0.0.25",
                            "access_ip_v6": "",
                            "all_metadata.%": "0",
                            "availability_zone": "nova",
                            "flavor_id": "97cef706-42fe-47e7-b5a9-8fb6613301af",
                            "flavor_name": "HD-c8r32",
                            "force_delete": "false",
                            "id": "77f66877-8231-491d-a7b5-f72db4c8686c",
                            "image_id": "266ca351-ba88-48b4-9aa7-e4b3703197d9",
                            "image_name": "butler_base",
                            "key_pair": "sergei",
                            "name": "butler-worker-52",
                            "network.#": "1",
                            "network.0.access_network": "false",
                            "network.0.fixed_ip_v4": "10.0.0.25",
                            "network.0.fixed_ip_v6": "",
                            "network.0.floating_ip": "",
                            "network.0.mac": "fa:16:3e:8e:a4:0d",
                            "network.0.name": "denbi-iakhnin-intern",
                            "network.0.port": "",
                            "network.0.uuid": "301c1bee-c9c5-407d-9b43-9ba93cc513ca",
                            "region": "",
                            "security_groups.#": "2",
                            "security_groups.2299581210": "butler-firewall",
                            "security_groups.3814588639": "default",
                            "stop_before_destroy": "false"
                        },
                        "meta": {
                            "e2bfb730-ecaa-11e6-8f88-34363bc7c4c0": {
                                "create": 1800000000000,
                                "delete": 1800000000000,
                                "update": 1800000000000
                            }
                        },
                        "tainted": false
                    },
                    "deposed": [],
                    "provider": "provider.openstack"
                },
                "openstack_compute_instance_v2.worker.53": {
                    "type": "openstack_compute_instance_v2",
                    "depends_on": [
                        "null_resource.masterip",
                        "openstack_compute_instance_v2.salt-master",
                        "openstack_compute_secgroup_v2.allow-traffic"
                    ],
                    "primary": {
                        "id": "16064912-9a27-45e6-9a80-e7b28c3b3187",
                        "attributes": {
                            "access_ip_v4": "10.0.0.38",
                            "access_ip_v6": "",
                            "all_metadata.%": "0",
                            "availability_zone": "nova",
                            "flavor_id": "97cef706-42fe-47e7-b5a9-8fb6613301af",
                            "flavor_name": "HD-c8r32",
                            "force_delete": "false",
                            "id": "16064912-9a27-45e6-9a80-e7b28c3b3187",
                            "image_id": "266ca351-ba88-48b4-9aa7-e4b3703197d9",
                            "image_name": "butler_base",
                            "key_pair": "sergei",
                            "name": "butler-worker-53",
                            "network.#": "1",
                            "network.0.access_network": "false",
                            "network.0.fixed_ip_v4": "10.0.0.38",
                            "network.0.fixed_ip_v6": "",
                            "network.0.floating_ip": "",
                            "network.0.mac": "fa:16:3e:93:85:19",
                            "network.0.name": "denbi-iakhnin-intern",
                            "network.0.port": "",
                            "network.0.uuid": "301c1bee-c9c5-407d-9b43-9ba93cc513ca",
                            "region": "",
                            "security_groups.#": "2",
                            "security_groups.2299581210": "butler-firewall",
                            "security_groups.3814588639": "default",
                            "stop_before_destroy": "false"
                        },
                        "meta": {
                            "e2bfb730-ecaa-11e6-8f88-34363bc7c4c0": {
                                "create": 1800000000000,
                                "delete": 1800000000000,
                                "update": 1800000000000
                            }
                        },
                        "tainted": false
                    },
                    "deposed": [],
                    "provider": "provider.openstack"
                },
                "openstack_compute_instance_v2.worker.54": {
                    "type": "openstack_compute_instance_v2",
                    "depends_on": [
                        "null_resource.masterip",
                        "openstack_compute_instance_v2.salt-master",
                        "openstack_compute_secgroup_v2.allow-traffic"
                    ],
                    "primary": {
                        "id": "756b2a3c-7091-4d1f-aa87-05bd8f3f8d59",
                        "attributes": {
                            "access_ip_v4": "10.0.0.47",
                            "access_ip_v6": "",
                            "all_metadata.%": "0",
                            "availability_zone": "nova",
                            "flavor_id": "97cef706-42fe-47e7-b5a9-8fb6613301af",
                            "flavor_name": "HD-c8r32",
                            "force_delete": "false",
                            "id": "756b2a3c-7091-4d1f-aa87-05bd8f3f8d59",
                            "image_id": "266ca351-ba88-48b4-9aa7-e4b3703197d9",
                            "image_name": "butler_base",
                            "key_pair": "sergei",
                            "name": "butler-worker-54",
                            "network.#": "1",
                            "network.0.access_network": "false",
                            "network.0.fixed_ip_v4": "10.0.0.47",
                            "network.0.fixed_ip_v6": "",
                            "network.0.floating_ip": "",
                            "network.0.mac": "fa:16:3e:ee:33:4a",
                            "network.0.name": "denbi-iakhnin-intern",
                            "network.0.port": "",
                            "network.0.uuid": "301c1bee-c9c5-407d-9b43-9ba93cc513ca",
                            "region": "",
                            "security_groups.#": "2",
                            "security_groups.2299581210": "butler-firewall",
                            "security_groups.3814588639": "default",
                            "stop_before_destroy": "false"
                        },
                        "meta": {
                            "e2bfb730-ecaa-11e6-8f88-34363bc7c4c0": {
                                "create": 1800000000000,
                                "delete": 1800000000000,
                                "update": 1800000000000
                            }
                        },
                        "tainted": false
                    },
                    "deposed": [],
                    "provider": "provider.openstack"
                },
                "openstack_compute_instance_v2.worker.55": {
                    "type": "openstack_compute_instance_v2",
                    "depends_on": [
                        "null_resource.masterip",
                        "openstack_compute_instance_v2.salt-master",
                        "openstack_compute_secgroup_v2.allow-traffic"
                    ],
                    "primary": {
                        "id": "5fab7ac4-c732-4ebf-bb60-c6eb4f413af6",
                        "attributes": {
                            "access_ip_v4": "10.0.0.43",
                            "access_ip_v6": "",
                            "all_metadata.%": "0",
                            "availability_zone": "nova",
                            "flavor_id": "97cef706-42fe-47e7-b5a9-8fb6613301af",
                            "flavor_name": "HD-c8r32",
                            "force_delete": "false",
                            "id": "5fab7ac4-c732-4ebf-bb60-c6eb4f413af6",
                            "image_id": "266ca351-ba88-48b4-9aa7-e4b3703197d9",
                            "image_name": "butler_base",
                            "key_pair": "sergei",
                            "name": "butler-worker-55",
                            "network.#": "1",
                            "network.0.access_network": "false",
                            "network.0.fixed_ip_v4": "10.0.0.43",
                            "network.0.fixed_ip_v6": "",
                            "network.0.floating_ip": "",
                            "network.0.mac": "fa:16:3e:b4:7a:89",
                            "network.0.name": "denbi-iakhnin-intern",
                            "network.0.port": "",
                            "network.0.uuid": "301c1bee-c9c5-407d-9b43-9ba93cc513ca",
                            "region": "",
                            "security_groups.#": "2",
                            "security_groups.2299581210": "butler-firewall",
                            "security_groups.3814588639": "default",
                            "stop_before_destroy": "false"
                        },
                        "meta": {
                            "e2bfb730-ecaa-11e6-8f88-34363bc7c4c0": {
                                "create": 1800000000000,
                                "delete": 1800000000000,
                                "update": 1800000000000
                            }
                        },
                        "tainted": false
                    },
                    "deposed": [],
                    "provider": "provider.openstack"
                },
                "openstack_compute_instance_v2.worker.56": {
                    "type": "openstack_compute_instance_v2",
                    "depends_on": [
                        "null_resource.masterip",
                        "openstack_compute_instance_v2.salt-master",
                        "openstack_compute_secgroup_v2.allow-traffic"
                    ],
                    "primary": {
                        "id": "062a47ab-6d87-4d23-ad1c-65d3b9e4c56e",
                        "attributes": {
                            "access_ip_v4": "10.0.0.120",
                            "access_ip_v6": "",
                            "all_metadata.%": "0",
                            "availability_zone": "nova",
                            "flavor_id": "97cef706-42fe-47e7-b5a9-8fb6613301af",
                            "flavor_name": "HD-c8r32",
                            "force_delete": "false",
                            "id": "062a47ab-6d87-4d23-ad1c-65d3b9e4c56e",
                            "image_id": "266ca351-ba88-48b4-9aa7-e4b3703197d9",
                            "image_name": "butler_base",
                            "key_pair": "sergei",
                            "name": "butler-worker-56",
                            "network.#": "1",
                            "network.0.access_network": "false",
                            "network.0.fixed_ip_v4": "10.0.0.120",
                            "network.0.fixed_ip_v6": "",
                            "network.0.floating_ip": "",
                            "network.0.mac": "fa:16:3e:53:e8:3f",
                            "network.0.name": "denbi-iakhnin-intern",
                            "network.0.port": "",
                            "network.0.uuid": "301c1bee-c9c5-407d-9b43-9ba93cc513ca",
                            "region": "",
                            "security_groups.#": "2",
                            "security_groups.2299581210": "butler-firewall",
                            "security_groups.3814588639": "default",
                            "stop_before_destroy": "false"
                        },
                        "meta": {
                            "e2bfb730-ecaa-11e6-8f88-34363bc7c4c0": {
                                "create": 1800000000000,
                                "delete": 1800000000000,
                                "update": 1800000000000
                            }
                        },
                        "tainted": false
                    },
                    "deposed": [],
                    "provider": "provider.openstack"
                },
                "openstack_compute_instance_v2.worker.57": {
                    "type": "openstack_compute_instance_v2",
                    "depends_on": [
                        "null_resource.masterip",
                        "openstack_compute_instance_v2.salt-master",
                        "openstack_compute_secgroup_v2.allow-traffic"
                    ],
                    "primary": {
                        "id": "13037629-dade-468b-93fe-83e7df86b848",
                        "attributes": {
                            "access_ip_v4": "10.0.0.88",
                            "access_ip_v6": "",
                            "all_metadata.%": "0",
                            "availability_zone": "nova",
                            "flavor_id": "97cef706-42fe-47e7-b5a9-8fb6613301af",
                            "flavor_name": "HD-c8r32",
                            "force_delete": "false",
                            "id": "13037629-dade-468b-93fe-83e7df86b848",
                            "image_id": "266ca351-ba88-48b4-9aa7-e4b3703197d9",
                            "image_name": "butler_base",
                            "key_pair": "sergei",
                            "name": "butler-worker-57",
                            "network.#": "1",
                            "network.0.access_network": "false",
                            "network.0.fixed_ip_v4": "10.0.0.88",
                            "network.0.fixed_ip_v6": "",
                            "network.0.floating_ip": "",
                            "network.0.mac": "fa:16:3e:fe:02:b6",
                            "network.0.name": "denbi-iakhnin-intern",
                            "network.0.port": "",
                            "network.0.uuid": "301c1bee-c9c5-407d-9b43-9ba93cc513ca",
                            "region": "",
                            "security_groups.#": "2",
                            "security_groups.2299581210": "butler-firewall",
                            "security_groups.3814588639": "default",
                            "stop_before_destroy": "false"
                        },
                        "meta": {
                            "e2bfb730-ecaa-11e6-8f88-34363bc7c4c0": {
                                "create": 1800000000000,
                                "delete": 1800000000000,
                                "update": 1800000000000
                            }
                        },
                        "tainted": false
                    },
                    "deposed": [],
                    "provider": "provider.openstack"
                },
                "openstack_compute_instance_v2.worker.58": {
                    "type": "openstack_compute_instance_v2",
                    "depends_on": [
                        "null_resource.masterip",
                        "openstack_compute_instance_v2.salt-master",
                        "openstack_compute_secgroup_v2.allow-traffic"
                    ],
                    "primary": {
                        "id": "74c2c9f9-081c-4f54-8af5-ca812caafbeb",
                        "attributes": {
                            "access_ip_v4": "10.0.0.98",
                            "access_ip_v6": "",
                            "all_metadata.%": "0",
                            "availability_zone": "nova",
                            "flavor_id": "97cef706-42fe-47e7-b5a9-8fb6613301af",
                            "flavor_name": "HD-c8r32",
                            "force_delete": "false",
                            "id": "74c2c9f9-081c-4f54-8af5-ca812caafbeb",
                            "image_id": "266ca351-ba88-48b4-9aa7-e4b3703197d9",
                            "image_name": "butler_base",
                            "key_pair": "sergei",
                            "name": "butler-worker-58",
                            "network.#": "1",
                            "network.0.access_network": "false",
                            "network.0.fixed_ip_v4": "10.0.0.98",
                            "network.0.fixed_ip_v6": "",
                            "network.0.floating_ip": "",
                            "network.0.mac": "fa:16:3e:b8:22:b1",
                            "network.0.name": "denbi-iakhnin-intern",
                            "network.0.port": "",
                            "network.0.uuid": "301c1bee-c9c5-407d-9b43-9ba93cc513ca",
                            "region": "",
                            "security_groups.#": "2",
                            "security_groups.2299581210": "butler-firewall",
                            "security_groups.3814588639": "default",
                            "stop_before_destroy": "false"
                        },
                        "meta": {
                            "e2bfb730-ecaa-11e6-8f88-34363bc7c4c0": {
                                "create": 1800000000000,
                                "delete": 1800000000000,
                                "update": 1800000000000
                            }
                        },
                        "tainted": false
                    },
                    "deposed": [],
                    "provider": "provider.openstack"
                },
                "openstack_compute_instance_v2.worker.59": {
                    "type": "openstack_compute_instance_v2",
                    "depends_on": [
                        "null_resource.masterip",
                        "openstack_compute_instance_v2.salt-master",
                        "openstack_compute_secgroup_v2.allow-traffic"
                    ],
                    "primary": {
                        "id": "d8d9c8e1-bc2d-4367-84d4-2348fa1b4a7c",
                        "attributes": {
                            "access_ip_v4": "10.0.0.82",
                            "access_ip_v6": "",
                            "all_metadata.%": "0",
                            "availability_zone": "nova",
                            "flavor_id": "97cef706-42fe-47e7-b5a9-8fb6613301af",
                            "flavor_name": "HD-c8r32",
                            "force_delete": "false",
                            "id": "d8d9c8e1-bc2d-4367-84d4-2348fa1b4a7c",
                            "image_id": "266ca351-ba88-48b4-9aa7-e4b3703197d9",
                            "image_name": "butler_base",
                            "key_pair": "sergei",
                            "name": "butler-worker-59",
                            "network.#": "1",
                            "network.0.access_network": "false",
                            "network.0.fixed_ip_v4": "10.0.0.82",
                            "network.0.fixed_ip_v6": "",
                            "network.0.floating_ip": "",
                            "network.0.mac": "fa:16:3e:c0:77:da",
                            "network.0.name": "denbi-iakhnin-intern",
                            "network.0.port": "",
                            "network.0.uuid": "301c1bee-c9c5-407d-9b43-9ba93cc513ca",
                            "region": "",
                            "security_groups.#": "2",
                            "security_groups.2299581210": "butler-firewall",
                            "security_groups.3814588639": "default",
                            "stop_before_destroy": "false"
                        },
                        "meta": {
                            "e2bfb730-ecaa-11e6-8f88-34363bc7c4c0": {
                                "create": 1800000000000,
                                "delete": 1800000000000,
                                "update": 1800000000000
                            }
                        },
                        "tainted": false
                    },
                    "deposed": [],
                    "provider": "provider.openstack"
                },
                "openstack_compute_instance_v2.worker.6": {
                    "type": "openstack_compute_instance_v2",
                    "depends_on": [
                        "null_resource.masterip",
                        "openstack_compute_instance_v2.salt-master",
                        "openstack_compute_secgroup_v2.allow-traffic"
                    ],
                    "primary": {
                        "id": "9f999b6b-74b8-418e-a0d8-5a4e842d3ae8",
                        "attributes": {
                            "access_ip_v4": "10.0.0.65",
                            "access_ip_v6": "",
                            "all_metadata.%": "0",
                            "availability_zone": "nova",
                            "flavor_id": "97cef706-42fe-47e7-b5a9-8fb6613301af",
                            "flavor_name": "HD-c8r32",
                            "force_delete": "false",
                            "id": "9f999b6b-74b8-418e-a0d8-5a4e842d3ae8",
                            "image_id": "266ca351-ba88-48b4-9aa7-e4b3703197d9",
                            "image_name": "butler_base",
                            "key_pair": "sergei",
                            "name": "butler-worker-6",
                            "network.#": "1",
                            "network.0.access_network": "false",
                            "network.0.fixed_ip_v4": "10.0.0.65",
                            "network.0.fixed_ip_v6": "",
                            "network.0.floating_ip": "",
                            "network.0.mac": "fa:16:3e:72:d0:4e",
                            "network.0.name": "denbi-iakhnin-intern",
                            "network.0.port": "",
                            "network.0.uuid": "301c1bee-c9c5-407d-9b43-9ba93cc513ca",
                            "region": "",
                            "security_groups.#": "2",
                            "security_groups.2299581210": "butler-firewall",
                            "security_groups.3814588639": "default",
                            "stop_before_destroy": "false"
                        },
                        "meta": {
                            "e2bfb730-ecaa-11e6-8f88-34363bc7c4c0": {
                                "create": 1800000000000,
                                "delete": 1800000000000,
                                "update": 1800000000000
                            }
                        },
                        "tainted": false
                    },
                    "deposed": [],
                    "provider": "provider.openstack"
                },
                "openstack_compute_instance_v2.worker.60": {
                    "type": "openstack_compute_instance_v2",
                    "depends_on": [
                        "null_resource.masterip",
                        "openstack_compute_instance_v2.salt-master",
                        "openstack_compute_secgroup_v2.allow-traffic"
                    ],
                    "primary": {
                        "id": "555d050d-8c1a-4a8a-a405-082102272bc9",
                        "attributes": {
                            "access_ip_v4": "10.0.0.16",
                            "access_ip_v6": "",
                            "all_metadata.%": "0",
                            "availability_zone": "nova",
                            "flavor_id": "97cef706-42fe-47e7-b5a9-8fb6613301af",
                            "flavor_name": "HD-c8r32",
                            "force_delete": "false",
                            "id": "555d050d-8c1a-4a8a-a405-082102272bc9",
                            "image_id": "266ca351-ba88-48b4-9aa7-e4b3703197d9",
                            "image_name": "butler_base",
                            "key_pair": "sergei",
                            "name": "butler-worker-60",
                            "network.#": "1",
                            "network.0.access_network": "false",
                            "network.0.fixed_ip_v4": "10.0.0.16",
                            "network.0.fixed_ip_v6": "",
                            "network.0.floating_ip": "",
                            "network.0.mac": "fa:16:3e:a2:79:4d",
                            "network.0.name": "denbi-iakhnin-intern",
                            "network.0.port": "",
                            "network.0.uuid": "301c1bee-c9c5-407d-9b43-9ba93cc513ca",
                            "region": "",
                            "security_groups.#": "2",
                            "security_groups.2299581210": "butler-firewall",
                            "security_groups.3814588639": "default",
                            "stop_before_destroy": "false"
                        },
                        "meta": {
                            "e2bfb730-ecaa-11e6-8f88-34363bc7c4c0": {
                                "create": 1800000000000,
                                "delete": 1800000000000,
                                "update": 1800000000000
                            }
                        },
                        "tainted": false
                    },
                    "deposed": [],
                    "provider": "provider.openstack"
                },
                "openstack_compute_instance_v2.worker.61": {
                    "type": "openstack_compute_instance_v2",
                    "depends_on": [
                        "null_resource.masterip",
                        "openstack_compute_instance_v2.salt-master",
                        "openstack_compute_secgroup_v2.allow-traffic"
                    ],
                    "primary": {
                        "id": "726c05ac-d4d8-490b-9483-e94c84de8c46",
                        "attributes": {
                            "access_ip_v4": "10.0.0.85",
                            "access_ip_v6": "",
                            "all_metadata.%": "0",
                            "availability_zone": "nova",
                            "flavor_id": "97cef706-42fe-47e7-b5a9-8fb6613301af",
                            "flavor_name": "HD-c8r32",
                            "force_delete": "false",
                            "id": "726c05ac-d4d8-490b-9483-e94c84de8c46",
                            "image_id": "266ca351-ba88-48b4-9aa7-e4b3703197d9",
                            "image_name": "butler_base",
                            "key_pair": "sergei",
                            "name": "butler-worker-61",
                            "network.#": "1",
                            "network.0.access_network": "false",
                            "network.0.fixed_ip_v4": "10.0.0.85",
                            "network.0.fixed_ip_v6": "",
                            "network.0.floating_ip": "",
                            "network.0.mac": "fa:16:3e:e8:52:24",
                            "network.0.name": "denbi-iakhnin-intern",
                            "network.0.port": "",
                            "network.0.uuid": "301c1bee-c9c5-407d-9b43-9ba93cc513ca",
                            "region": "",
                            "security_groups.#": "2",
                            "security_groups.2299581210": "butler-firewall",
                            "security_groups.3814588639": "default",
                            "stop_before_destroy": "false"
                        },
                        "meta": {
                            "e2bfb730-ecaa-11e6-8f88-34363bc7c4c0": {
                                "create": 1800000000000,
                                "delete": 1800000000000,
                                "update": 1800000000000
                            }
                        },
                        "tainted": false
                    },
                    "deposed": [],
                    "provider": "provider.openstack"
                },
                "openstack_compute_instance_v2.worker.62": {
                    "type": "openstack_compute_instance_v2",
                    "depends_on": [
                        "null_resource.masterip",
                        "openstack_compute_instance_v2.salt-master",
                        "openstack_compute_secgroup_v2.allow-traffic"
                    ],
                    "primary": {
                        "id": "989cf9e7-8068-4fb9-a056-ca6e0f4d4978",
                        "attributes": {
                            "access_ip_v4": "10.0.0.7",
                            "access_ip_v6": "",
                            "all_metadata.%": "0",
                            "availability_zone": "nova",
                            "flavor_id": "97cef706-42fe-47e7-b5a9-8fb6613301af",
                            "flavor_name": "HD-c8r32",
                            "force_delete": "false",
                            "id": "989cf9e7-8068-4fb9-a056-ca6e0f4d4978",
                            "image_id": "266ca351-ba88-48b4-9aa7-e4b3703197d9",
                            "image_name": "butler_base",
                            "key_pair": "sergei",
                            "name": "butler-worker-62",
                            "network.#": "1",
                            "network.0.access_network": "false",
                            "network.0.fixed_ip_v4": "10.0.0.7",
                            "network.0.fixed_ip_v6": "",
                            "network.0.floating_ip": "",
                            "network.0.mac": "fa:16:3e:12:94:c4",
                            "network.0.name": "denbi-iakhnin-intern",
                            "network.0.port": "",
                            "network.0.uuid": "301c1bee-c9c5-407d-9b43-9ba93cc513ca",
                            "region": "",
                            "security_groups.#": "2",
                            "security_groups.2299581210": "butler-firewall",
                            "security_groups.3814588639": "default",
                            "stop_before_destroy": "false"
                        },
                        "meta": {
                            "e2bfb730-ecaa-11e6-8f88-34363bc7c4c0": {
                                "create": 1800000000000,
                                "delete": 1800000000000,
                                "update": 1800000000000
                            }
                        },
                        "tainted": false
                    },
                    "deposed": [],
                    "provider": "provider.openstack"
                },
                "openstack_compute_instance_v2.worker.63": {
                    "type": "openstack_compute_instance_v2",
                    "depends_on": [
                        "null_resource.masterip",
                        "openstack_compute_instance_v2.salt-master",
                        "openstack_compute_secgroup_v2.allow-traffic"
                    ],
                    "primary": {
                        "id": "b585bd07-f679-46ba-aeda-a2faf76e5a5f",
                        "attributes": {
                            "access_ip_v4": "10.0.0.73",
                            "access_ip_v6": "",
                            "all_metadata.%": "0",
                            "availability_zone": "nova",
                            "flavor_id": "97cef706-42fe-47e7-b5a9-8fb6613301af",
                            "flavor_name": "HD-c8r32",
                            "force_delete": "false",
                            "id": "b585bd07-f679-46ba-aeda-a2faf76e5a5f",
                            "image_id": "266ca351-ba88-48b4-9aa7-e4b3703197d9",
                            "image_name": "butler_base",
                            "key_pair": "sergei",
                            "name": "butler-worker-63",
                            "network.#": "1",
                            "network.0.access_network": "false",
                            "network.0.fixed_ip_v4": "10.0.0.73",
                            "network.0.fixed_ip_v6": "",
                            "network.0.floating_ip": "",
                            "network.0.mac": "fa:16:3e:f9:1b:1a",
                            "network.0.name": "denbi-iakhnin-intern",
                            "network.0.port": "",
                            "network.0.uuid": "301c1bee-c9c5-407d-9b43-9ba93cc513ca",
                            "region": "",
                            "security_groups.#": "2",
                            "security_groups.2299581210": "butler-firewall",
                            "security_groups.3814588639": "default",
                            "stop_before_destroy": "false"
                        },
                        "meta": {
                            "e2bfb730-ecaa-11e6-8f88-34363bc7c4c0": {
                                "create": 1800000000000,
                                "delete": 1800000000000,
                                "update": 1800000000000
                            }
                        },
                        "tainted": false
                    },
                    "deposed": [],
                    "provider": "provider.openstack"
                },
                "openstack_compute_instance_v2.worker.64": {
                    "type": "openstack_compute_instance_v2",
                    "depends_on": [
                        "null_resource.masterip",
                        "openstack_compute_instance_v2.salt-master",
                        "openstack_compute_secgroup_v2.allow-traffic"
                    ],
                    "primary": {
                        "id": "dea901a9-ef01-42b8-a6e1-de5cc8abb76d",
                        "attributes": {
                            "access_ip_v4": "10.0.0.55",
                            "access_ip_v6": "",
                            "all_metadata.%": "0",
                            "availability_zone": "nova",
                            "flavor_id": "97cef706-42fe-47e7-b5a9-8fb6613301af",
                            "flavor_name": "HD-c8r32",
                            "force_delete": "false",
                            "id": "dea901a9-ef01-42b8-a6e1-de5cc8abb76d",
                            "image_id": "266ca351-ba88-48b4-9aa7-e4b3703197d9",
                            "image_name": "butler_base",
                            "key_pair": "sergei",
                            "name": "butler-worker-64",
                            "network.#": "1",
                            "network.0.access_network": "false",
                            "network.0.fixed_ip_v4": "10.0.0.55",
                            "network.0.fixed_ip_v6": "",
                            "network.0.floating_ip": "",
                            "network.0.mac": "fa:16:3e:8a:0d:e4",
                            "network.0.name": "denbi-iakhnin-intern",
                            "network.0.port": "",
                            "network.0.uuid": "301c1bee-c9c5-407d-9b43-9ba93cc513ca",
                            "region": "",
                            "security_groups.#": "2",
                            "security_groups.2299581210": "butler-firewall",
                            "security_groups.3814588639": "default",
                            "stop_before_destroy": "false"
                        },
                        "meta": {
                            "e2bfb730-ecaa-11e6-8f88-34363bc7c4c0": {
                                "create": 1800000000000,
                                "delete": 1800000000000,
                                "update": 1800000000000
                            }
                        },
                        "tainted": false
                    },
                    "deposed": [],
                    "provider": "provider.openstack"
                },
                "openstack_compute_instance_v2.worker.65": {
                    "type": "openstack_compute_instance_v2",
                    "depends_on": [
                        "null_resource.masterip",
                        "openstack_compute_instance_v2.salt-master",
                        "openstack_compute_secgroup_v2.allow-traffic"
                    ],
                    "primary": {
                        "id": "f2b37f68-8591-4bd9-a0ae-efd1a8702595",
                        "attributes": {
                            "access_ip_v4": "10.0.0.122",
                            "access_ip_v6": "",
                            "all_metadata.%": "0",
                            "availability_zone": "nova",
                            "flavor_id": "97cef706-42fe-47e7-b5a9-8fb6613301af",
                            "flavor_name": "HD-c8r32",
                            "force_delete": "false",
                            "id": "f2b37f68-8591-4bd9-a0ae-efd1a8702595",
                            "image_id": "266ca351-ba88-48b4-9aa7-e4b3703197d9",
                            "image_name": "butler_base",
                            "key_pair": "sergei",
                            "name": "butler-worker-65",
                            "network.#": "1",
                            "network.0.access_network": "false",
                            "network.0.fixed_ip_v4": "10.0.0.122",
                            "network.0.fixed_ip_v6": "",
                            "network.0.floating_ip": "",
                            "network.0.mac": "fa:16:3e:63:a7:c2",
                            "network.0.name": "denbi-iakhnin-intern",
                            "network.0.port": "",
                            "network.0.uuid": "301c1bee-c9c5-407d-9b43-9ba93cc513ca",
                            "region": "",
                            "security_groups.#": "2",
                            "security_groups.2299581210": "butler-firewall",
                            "security_groups.3814588639": "default",
                            "stop_before_destroy": "false"
                        },
                        "meta": {
                            "e2bfb730-ecaa-11e6-8f88-34363bc7c4c0": {
                                "create": 1800000000000,
                                "delete": 1800000000000,
                                "update": 1800000000000
                            }
                        },
                        "tainted": false
                    },
                    "deposed": [],
                    "provider": "provider.openstack"
                },
                "openstack_compute_instance_v2.worker.66": {
                    "type": "openstack_compute_instance_v2",
                    "depends_on": [
                        "null_resource.masterip",
                        "openstack_compute_instance_v2.salt-master",
                        "openstack_compute_secgroup_v2.allow-traffic"
                    ],
                    "primary": {
                        "id": "e6990384-1861-46c7-bfce-b90670af132a",
                        "attributes": {
                            "access_ip_v4": "10.0.0.78",
                            "access_ip_v6": "",
                            "all_metadata.%": "0",
                            "availability_zone": "nova",
                            "flavor_id": "97cef706-42fe-47e7-b5a9-8fb6613301af",
                            "flavor_name": "HD-c8r32",
                            "force_delete": "false",
                            "id": "e6990384-1861-46c7-bfce-b90670af132a",
                            "image_id": "266ca351-ba88-48b4-9aa7-e4b3703197d9",
                            "image_name": "butler_base",
                            "key_pair": "sergei",
                            "name": "butler-worker-66",
                            "network.#": "1",
                            "network.0.access_network": "false",
                            "network.0.fixed_ip_v4": "10.0.0.78",
                            "network.0.fixed_ip_v6": "",
                            "network.0.floating_ip": "",
                            "network.0.mac": "fa:16:3e:ea:21:a6",
                            "network.0.name": "denbi-iakhnin-intern",
                            "network.0.port": "",
                            "network.0.uuid": "301c1bee-c9c5-407d-9b43-9ba93cc513ca",
                            "region": "",
                            "security_groups.#": "2",
                            "security_groups.2299581210": "butler-firewall",
                            "security_groups.3814588639": "default",
                            "stop_before_destroy": "false"
                        },
                        "meta": {
                            "e2bfb730-ecaa-11e6-8f88-34363bc7c4c0": {
                                "create": 1800000000000,
                                "delete": 1800000000000,
                                "update": 1800000000000
                            }
                        },
                        "tainted": false
                    },
                    "deposed": [],
                    "provider": "provider.openstack"
                },
                "openstack_compute_instance_v2.worker.67": {
                    "type": "openstack_compute_instance_v2",
                    "depends_on": [
                        "null_resource.masterip",
                        "openstack_compute_instance_v2.salt-master",
                        "openstack_compute_secgroup_v2.allow-traffic"
                    ],
                    "primary": {
                        "id": "22c5c1e4-8a72-4dba-8bf5-0dd1a6cb3c2c",
                        "attributes": {
                            "access_ip_v4": "10.0.0.90",
                            "access_ip_v6": "",
                            "all_metadata.%": "0",
                            "availability_zone": "nova",
                            "flavor_id": "97cef706-42fe-47e7-b5a9-8fb6613301af",
                            "flavor_name": "HD-c8r32",
                            "force_delete": "false",
                            "id": "22c5c1e4-8a72-4dba-8bf5-0dd1a6cb3c2c",
                            "image_id": "266ca351-ba88-48b4-9aa7-e4b3703197d9",
                            "image_name": "butler_base",
                            "key_pair": "sergei",
                            "name": "butler-worker-67",
                            "network.#": "1",
                            "network.0.access_network": "false",
                            "network.0.fixed_ip_v4": "10.0.0.90",
                            "network.0.fixed_ip_v6": "",
                            "network.0.floating_ip": "",
                            "network.0.mac": "fa:16:3e:92:92:a7",
                            "network.0.name": "denbi-iakhnin-intern",
                            "network.0.port": "",
                            "network.0.uuid": "301c1bee-c9c5-407d-9b43-9ba93cc513ca",
                            "region": "",
                            "security_groups.#": "2",
                            "security_groups.2299581210": "butler-firewall",
                            "security_groups.3814588639": "default",
                            "stop_before_destroy": "false"
                        },
                        "meta": {
                            "e2bfb730-ecaa-11e6-8f88-34363bc7c4c0": {
                                "create": 1800000000000,
                                "delete": 1800000000000,
                                "update": 1800000000000
                            }
                        },
                        "tainted": false
                    },
                    "deposed": [],
                    "provider": "provider.openstack"
                },
                "openstack_compute_instance_v2.worker.68": {
                    "type": "openstack_compute_instance_v2",
                    "depends_on": [
                        "null_resource.masterip",
                        "openstack_compute_instance_v2.salt-master",
                        "openstack_compute_secgroup_v2.allow-traffic"
                    ],
                    "primary": {
                        "id": "99c635a8-de0c-41df-8604-c68cd380d5ed",
                        "attributes": {
                            "access_ip_v4": "10.0.0.99",
                            "access_ip_v6": "",
                            "all_metadata.%": "0",
                            "availability_zone": "nova",
                            "flavor_id": "97cef706-42fe-47e7-b5a9-8fb6613301af",
                            "flavor_name": "HD-c8r32",
                            "force_delete": "false",
                            "id": "99c635a8-de0c-41df-8604-c68cd380d5ed",
                            "image_id": "266ca351-ba88-48b4-9aa7-e4b3703197d9",
                            "image_name": "butler_base",
                            "key_pair": "sergei",
                            "name": "butler-worker-68",
                            "network.#": "1",
                            "network.0.access_network": "false",
                            "network.0.fixed_ip_v4": "10.0.0.99",
                            "network.0.fixed_ip_v6": "",
                            "network.0.floating_ip": "",
                            "network.0.mac": "fa:16:3e:5f:d0:f8",
                            "network.0.name": "denbi-iakhnin-intern",
                            "network.0.port": "",
                            "network.0.uuid": "301c1bee-c9c5-407d-9b43-9ba93cc513ca",
                            "region": "",
                            "security_groups.#": "2",
                            "security_groups.2299581210": "butler-firewall",
                            "security_groups.3814588639": "default",
                            "stop_before_destroy": "false"
                        },
                        "meta": {
                            "e2bfb730-ecaa-11e6-8f88-34363bc7c4c0": {
                                "create": 1800000000000,
                                "delete": 1800000000000,
                                "update": 1800000000000
                            }
                        },
                        "tainted": false
                    },
                    "deposed": [],
                    "provider": "provider.openstack"
                },
                "openstack_compute_instance_v2.worker.69": {
                    "type": "openstack_compute_instance_v2",
                    "depends_on": [
                        "null_resource.masterip",
                        "openstack_compute_instance_v2.salt-master",
                        "openstack_compute_secgroup_v2.allow-traffic"
                    ],
                    "primary": {
                        "id": "7555ccb1-9b1d-4281-a0ac-46f03cf3de08",
                        "attributes": {
                            "access_ip_v4": "10.0.0.112",
                            "access_ip_v6": "",
                            "all_metadata.%": "0",
                            "availability_zone": "nova",
                            "flavor_id": "97cef706-42fe-47e7-b5a9-8fb6613301af",
                            "flavor_name": "HD-c8r32",
                            "force_delete": "false",
                            "id": "7555ccb1-9b1d-4281-a0ac-46f03cf3de08",
                            "image_id": "266ca351-ba88-48b4-9aa7-e4b3703197d9",
                            "image_name": "butler_base",
                            "key_pair": "sergei",
                            "name": "butler-worker-69",
                            "network.#": "1",
                            "network.0.access_network": "false",
                            "network.0.fixed_ip_v4": "10.0.0.112",
                            "network.0.fixed_ip_v6": "",
                            "network.0.floating_ip": "",
                            "network.0.mac": "fa:16:3e:89:c6:81",
                            "network.0.name": "denbi-iakhnin-intern",
                            "network.0.port": "",
                            "network.0.uuid": "301c1bee-c9c5-407d-9b43-9ba93cc513ca",
                            "region": "",
                            "security_groups.#": "2",
                            "security_groups.2299581210": "butler-firewall",
                            "security_groups.3814588639": "default",
                            "stop_before_destroy": "false"
                        },
                        "meta": {
                            "e2bfb730-ecaa-11e6-8f88-34363bc7c4c0": {
                                "create": 1800000000000,
                                "delete": 1800000000000,
                                "update": 1800000000000
                            }
                        },
                        "tainted": false
                    },
                    "deposed": [],
                    "provider": "provider.openstack"
                },
                "openstack_compute_instance_v2.worker.7": {
                    "type": "openstack_compute_instance_v2",
                    "depends_on": [
                        "null_resource.masterip",
                        "openstack_compute_instance_v2.salt-master",
                        "openstack_compute_secgroup_v2.allow-traffic"
                    ],
                    "primary": {
                        "id": "49fab6f9-8a2f-4d66-81ab-fbe044714478",
                        "attributes": {
                            "access_ip_v4": "10.0.0.18",
                            "access_ip_v6": "",
                            "all_metadata.%": "0",
                            "availability_zone": "nova",
                            "flavor_id": "97cef706-42fe-47e7-b5a9-8fb6613301af",
                            "flavor_name": "HD-c8r32",
                            "force_delete": "false",
                            "id": "49fab6f9-8a2f-4d66-81ab-fbe044714478",
                            "image_id": "266ca351-ba88-48b4-9aa7-e4b3703197d9",
                            "image_name": "butler_base",
                            "key_pair": "sergei",
                            "name": "butler-worker-7",
                            "network.#": "1",
                            "network.0.access_network": "false",
                            "network.0.fixed_ip_v4": "10.0.0.18",
                            "network.0.fixed_ip_v6": "",
                            "network.0.floating_ip": "",
                            "network.0.mac": "fa:16:3e:de:bb:2a",
                            "network.0.name": "denbi-iakhnin-intern",
                            "network.0.port": "",
                            "network.0.uuid": "301c1bee-c9c5-407d-9b43-9ba93cc513ca",
                            "region": "",
                            "security_groups.#": "2",
                            "security_groups.2299581210": "butler-firewall",
                            "security_groups.3814588639": "default",
                            "stop_before_destroy": "false"
                        },
                        "meta": {
                            "e2bfb730-ecaa-11e6-8f88-34363bc7c4c0": {
                                "create": 1800000000000,
                                "delete": 1800000000000,
                                "update": 1800000000000
                            }
                        },
                        "tainted": false
                    },
                    "deposed": [],
                    "provider": "provider.openstack"
                },
                "openstack_compute_instance_v2.worker.70": {
                    "type": "openstack_compute_instance_v2",
                    "depends_on": [
                        "null_resource.masterip",
                        "openstack_compute_instance_v2.salt-master",
                        "openstack_compute_secgroup_v2.allow-traffic"
                    ],
                    "primary": {
                        "id": "0dabce15-6f9f-45eb-b63b-23d5432c0000",
                        "attributes": {
                            "access_ip_v4": "10.0.0.48",
                            "access_ip_v6": "",
                            "all_metadata.%": "0",
                            "availability_zone": "nova",
                            "flavor_id": "97cef706-42fe-47e7-b5a9-8fb6613301af",
                            "flavor_name": "HD-c8r32",
                            "force_delete": "false",
                            "id": "0dabce15-6f9f-45eb-b63b-23d5432c0000",
                            "image_id": "266ca351-ba88-48b4-9aa7-e4b3703197d9",
                            "image_name": "butler_base",
                            "key_pair": "sergei",
                            "name": "butler-worker-70",
                            "network.#": "1",
                            "network.0.access_network": "false",
                            "network.0.fixed_ip_v4": "10.0.0.48",
                            "network.0.fixed_ip_v6": "",
                            "network.0.floating_ip": "",
                            "network.0.mac": "fa:16:3e:27:32:66",
                            "network.0.name": "denbi-iakhnin-intern",
                            "network.0.port": "",
                            "network.0.uuid": "301c1bee-c9c5-407d-9b43-9ba93cc513ca",
                            "region": "",
                            "security_groups.#": "2",
                            "security_groups.2299581210": "butler-firewall",
                            "security_groups.3814588639": "default",
                            "stop_before_destroy": "false"
                        },
                        "meta": {
                            "e2bfb730-ecaa-11e6-8f88-34363bc7c4c0": {
                                "create": 1800000000000,
                                "delete": 1800000000000,
                                "update": 1800000000000
                            }
                        },
                        "tainted": false
                    },
                    "deposed": [],
                    "provider": "provider.openstack"
                },
                "openstack_compute_instance_v2.worker.71": {
                    "type": "openstack_compute_instance_v2",
                    "depends_on": [
                        "null_resource.masterip",
                        "openstack_compute_instance_v2.salt-master",
                        "openstack_compute_secgroup_v2.allow-traffic"
                    ],
                    "primary": {
                        "id": "415ed57b-b5d5-4ee0-a37d-efda598bf706",
                        "attributes": {
                            "access_ip_v4": "10.0.0.51",
                            "access_ip_v6": "",
                            "all_metadata.%": "0",
                            "availability_zone": "nova",
                            "flavor_id": "97cef706-42fe-47e7-b5a9-8fb6613301af",
                            "flavor_name": "HD-c8r32",
                            "force_delete": "false",
                            "id": "415ed57b-b5d5-4ee0-a37d-efda598bf706",
                            "image_id": "266ca351-ba88-48b4-9aa7-e4b3703197d9",
                            "image_name": "butler_base",
                            "key_pair": "sergei",
                            "name": "butler-worker-71",
                            "network.#": "1",
                            "network.0.access_network": "false",
                            "network.0.fixed_ip_v4": "10.0.0.51",
                            "network.0.fixed_ip_v6": "",
                            "network.0.floating_ip": "",
                            "network.0.mac": "fa:16:3e:81:bf:65",
                            "network.0.name": "denbi-iakhnin-intern",
                            "network.0.port": "",
                            "network.0.uuid": "301c1bee-c9c5-407d-9b43-9ba93cc513ca",
                            "region": "",
                            "security_groups.#": "2",
                            "security_groups.2299581210": "butler-firewall",
                            "security_groups.3814588639": "default",
                            "stop_before_destroy": "false"
                        },
                        "meta": {
                            "e2bfb730-ecaa-11e6-8f88-34363bc7c4c0": {
                                "create": 1800000000000,
                                "delete": 1800000000000,
                                "update": 1800000000000
                            }
                        },
                        "tainted": false
                    },
                    "deposed": [],
                    "provider": "provider.openstack"
                },
                "openstack_compute_instance_v2.worker.72": {
                    "type": "openstack_compute_instance_v2",
                    "depends_on": [
                        "null_resource.masterip",
                        "openstack_compute_instance_v2.salt-master",
                        "openstack_compute_secgroup_v2.allow-traffic"
                    ],
                    "primary": {
                        "id": "71615389-6342-46fc-8d11-6cbcff89c27f",
                        "attributes": {
                            "access_ip_v4": "10.0.0.109",
                            "access_ip_v6": "",
                            "all_metadata.%": "0",
                            "availability_zone": "nova",
                            "flavor_id": "97cef706-42fe-47e7-b5a9-8fb6613301af",
                            "flavor_name": "HD-c8r32",
                            "force_delete": "false",
                            "id": "71615389-6342-46fc-8d11-6cbcff89c27f",
                            "image_id": "266ca351-ba88-48b4-9aa7-e4b3703197d9",
                            "image_name": "butler_base",
                            "key_pair": "sergei",
                            "name": "butler-worker-72",
                            "network.#": "1",
                            "network.0.access_network": "false",
                            "network.0.fixed_ip_v4": "10.0.0.109",
                            "network.0.fixed_ip_v6": "",
                            "network.0.floating_ip": "",
                            "network.0.mac": "fa:16:3e:0a:35:bc",
                            "network.0.name": "denbi-iakhnin-intern",
                            "network.0.port": "",
                            "network.0.uuid": "301c1bee-c9c5-407d-9b43-9ba93cc513ca",
                            "region": "",
                            "security_groups.#": "2",
                            "security_groups.2299581210": "butler-firewall",
                            "security_groups.3814588639": "default",
                            "stop_before_destroy": "false"
                        },
                        "meta": {
                            "e2bfb730-ecaa-11e6-8f88-34363bc7c4c0": {
                                "create": 1800000000000,
                                "delete": 1800000000000,
                                "update": 1800000000000
                            }
                        },
                        "tainted": false
                    },
                    "deposed": [],
                    "provider": "provider.openstack"
                },
                "openstack_compute_instance_v2.worker.73": {
                    "type": "openstack_compute_instance_v2",
                    "depends_on": [
                        "null_resource.masterip",
                        "openstack_compute_instance_v2.salt-master",
                        "openstack_compute_secgroup_v2.allow-traffic"
                    ],
                    "primary": {
                        "id": "e9a4e487-7f82-40cb-8887-f826454112d1",
                        "attributes": {
                            "access_ip_v4": "10.0.0.128",
                            "access_ip_v6": "",
                            "all_metadata.%": "0",
                            "availability_zone": "nova",
                            "flavor_id": "97cef706-42fe-47e7-b5a9-8fb6613301af",
                            "flavor_name": "HD-c8r32",
                            "force_delete": "false",
                            "id": "e9a4e487-7f82-40cb-8887-f826454112d1",
                            "image_id": "266ca351-ba88-48b4-9aa7-e4b3703197d9",
                            "image_name": "butler_base",
                            "key_pair": "sergei",
                            "name": "butler-worker-73",
                            "network.#": "1",
                            "network.0.access_network": "false",
                            "network.0.fixed_ip_v4": "10.0.0.128",
                            "network.0.fixed_ip_v6": "",
                            "network.0.floating_ip": "",
                            "network.0.mac": "fa:16:3e:5c:2b:7c",
                            "network.0.name": "denbi-iakhnin-intern",
                            "network.0.port": "",
                            "network.0.uuid": "301c1bee-c9c5-407d-9b43-9ba93cc513ca",
                            "region": "",
                            "security_groups.#": "2",
                            "security_groups.2299581210": "butler-firewall",
                            "security_groups.3814588639": "default",
                            "stop_before_destroy": "false"
                        },
                        "meta": {
                            "e2bfb730-ecaa-11e6-8f88-34363bc7c4c0": {
                                "create": 1800000000000,
                                "delete": 1800000000000,
                                "update": 1800000000000
                            }
                        },
                        "tainted": false
                    },
                    "deposed": [],
                    "provider": "provider.openstack"
                },
                "openstack_compute_instance_v2.worker.74": {
                    "type": "openstack_compute_instance_v2",
                    "depends_on": [
                        "null_resource.masterip",
                        "openstack_compute_instance_v2.salt-master",
                        "openstack_compute_secgroup_v2.allow-traffic"
                    ],
                    "primary": {
                        "id": "be52dd97-889e-41f5-8d3f-5868d93fb391",
                        "attributes": {
                            "access_ip_v4": "10.0.0.83",
                            "access_ip_v6": "",
                            "all_metadata.%": "0",
                            "availability_zone": "nova",
                            "flavor_id": "97cef706-42fe-47e7-b5a9-8fb6613301af",
                            "flavor_name": "HD-c8r32",
                            "force_delete": "false",
                            "id": "be52dd97-889e-41f5-8d3f-5868d93fb391",
                            "image_id": "266ca351-ba88-48b4-9aa7-e4b3703197d9",
                            "image_name": "butler_base",
                            "key_pair": "sergei",
                            "name": "butler-worker-74",
                            "network.#": "1",
                            "network.0.access_network": "false",
                            "network.0.fixed_ip_v4": "10.0.0.83",
                            "network.0.fixed_ip_v6": "",
                            "network.0.floating_ip": "",
                            "network.0.mac": "fa:16:3e:a6:94:9e",
                            "network.0.name": "denbi-iakhnin-intern",
                            "network.0.port": "",
                            "network.0.uuid": "301c1bee-c9c5-407d-9b43-9ba93cc513ca",
                            "region": "",
                            "security_groups.#": "2",
                            "security_groups.2299581210": "butler-firewall",
                            "security_groups.3814588639": "default",
                            "stop_before_destroy": "false"
                        },
                        "meta": {
                            "e2bfb730-ecaa-11e6-8f88-34363bc7c4c0": {
                                "create": 1800000000000,
                                "delete": 1800000000000,
                                "update": 1800000000000
                            }
                        },
                        "tainted": false
                    },
                    "deposed": [],
                    "provider": "provider.openstack"
                },
                "openstack_compute_instance_v2.worker.75": {
                    "type": "openstack_compute_instance_v2",
                    "depends_on": [
                        "null_resource.masterip",
                        "openstack_compute_instance_v2.salt-master",
                        "openstack_compute_secgroup_v2.allow-traffic"
                    ],
                    "primary": {
                        "id": "6b89a541-246d-4a03-9d2e-0ffff91252bc",
                        "attributes": {
                            "access_ip_v4": "10.0.0.27",
                            "access_ip_v6": "",
                            "all_metadata.%": "0",
                            "availability_zone": "nova",
                            "flavor_id": "97cef706-42fe-47e7-b5a9-8fb6613301af",
                            "flavor_name": "HD-c8r32",
                            "force_delete": "false",
                            "id": "6b89a541-246d-4a03-9d2e-0ffff91252bc",
                            "image_id": "266ca351-ba88-48b4-9aa7-e4b3703197d9",
                            "image_name": "butler_base",
                            "key_pair": "sergei",
                            "name": "butler-worker-75",
                            "network.#": "1",
                            "network.0.access_network": "false",
                            "network.0.fixed_ip_v4": "10.0.0.27",
                            "network.0.fixed_ip_v6": "",
                            "network.0.floating_ip": "",
                            "network.0.mac": "fa:16:3e:dc:d7:c8",
                            "network.0.name": "denbi-iakhnin-intern",
                            "network.0.port": "",
                            "network.0.uuid": "301c1bee-c9c5-407d-9b43-9ba93cc513ca",
                            "region": "",
                            "security_groups.#": "2",
                            "security_groups.2299581210": "butler-firewall",
                            "security_groups.3814588639": "default",
                            "stop_before_destroy": "false"
                        },
                        "meta": {
                            "e2bfb730-ecaa-11e6-8f88-34363bc7c4c0": {
                                "create": 1800000000000,
                                "delete": 1800000000000,
                                "update": 1800000000000
                            }
                        },
                        "tainted": false
                    },
                    "deposed": [],
                    "provider": "provider.openstack"
                },
                "openstack_compute_instance_v2.worker.76": {
                    "type": "openstack_compute_instance_v2",
                    "depends_on": [
                        "null_resource.masterip",
                        "openstack_compute_instance_v2.salt-master",
                        "openstack_compute_secgroup_v2.allow-traffic"
                    ],
                    "primary": {
                        "id": "b3bbd797-77d6-477a-879a-8255075ca52d",
                        "attributes": {
                            "access_ip_v4": "10.0.0.52",
                            "access_ip_v6": "",
                            "all_metadata.%": "0",
                            "availability_zone": "nova",
                            "flavor_id": "97cef706-42fe-47e7-b5a9-8fb6613301af",
                            "flavor_name": "HD-c8r32",
                            "force_delete": "false",
                            "id": "b3bbd797-77d6-477a-879a-8255075ca52d",
                            "image_id": "266ca351-ba88-48b4-9aa7-e4b3703197d9",
                            "image_name": "butler_base",
                            "key_pair": "sergei",
                            "name": "butler-worker-76",
                            "network.#": "1",
                            "network.0.access_network": "false",
                            "network.0.fixed_ip_v4": "10.0.0.52",
                            "network.0.fixed_ip_v6": "",
                            "network.0.floating_ip": "",
                            "network.0.mac": "fa:16:3e:e3:65:58",
                            "network.0.name": "denbi-iakhnin-intern",
                            "network.0.port": "",
                            "network.0.uuid": "301c1bee-c9c5-407d-9b43-9ba93cc513ca",
                            "region": "",
                            "security_groups.#": "2",
                            "security_groups.2299581210": "butler-firewall",
                            "security_groups.3814588639": "default",
                            "stop_before_destroy": "false"
                        },
                        "meta": {
                            "e2bfb730-ecaa-11e6-8f88-34363bc7c4c0": {
                                "create": 1800000000000,
                                "delete": 1800000000000,
                                "update": 1800000000000
                            }
                        },
                        "tainted": false
                    },
                    "deposed": [],
                    "provider": "provider.openstack"
                },
                "openstack_compute_instance_v2.worker.77": {
                    "type": "openstack_compute_instance_v2",
                    "depends_on": [
                        "null_resource.masterip",
                        "openstack_compute_instance_v2.salt-master",
                        "openstack_compute_secgroup_v2.allow-traffic"
                    ],
                    "primary": {
                        "id": "ee6ac432-abcc-4339-b9cc-19bbb34f2fe0",
                        "attributes": {
                            "access_ip_v4": "10.0.0.101",
                            "access_ip_v6": "",
                            "all_metadata.%": "0",
                            "availability_zone": "nova",
                            "flavor_id": "97cef706-42fe-47e7-b5a9-8fb6613301af",
                            "flavor_name": "HD-c8r32",
                            "force_delete": "false",
                            "id": "ee6ac432-abcc-4339-b9cc-19bbb34f2fe0",
                            "image_id": "266ca351-ba88-48b4-9aa7-e4b3703197d9",
                            "image_name": "butler_base",
                            "key_pair": "sergei",
                            "name": "butler-worker-77",
                            "network.#": "1",
                            "network.0.access_network": "false",
                            "network.0.fixed_ip_v4": "10.0.0.101",
                            "network.0.fixed_ip_v6": "",
                            "network.0.floating_ip": "",
                            "network.0.mac": "fa:16:3e:a1:6c:d6",
                            "network.0.name": "denbi-iakhnin-intern",
                            "network.0.port": "",
                            "network.0.uuid": "301c1bee-c9c5-407d-9b43-9ba93cc513ca",
                            "region": "",
                            "security_groups.#": "2",
                            "security_groups.2299581210": "butler-firewall",
                            "security_groups.3814588639": "default",
                            "stop_before_destroy": "false"
                        },
                        "meta": {
                            "e2bfb730-ecaa-11e6-8f88-34363bc7c4c0": {
                                "create": 1800000000000,
                                "delete": 1800000000000,
                                "update": 1800000000000
                            }
                        },
                        "tainted": false
                    },
                    "deposed": [],
                    "provider": "provider.openstack"
                },
                "openstack_compute_instance_v2.worker.78": {
                    "type": "openstack_compute_instance_v2",
                    "depends_on": [
                        "null_resource.masterip",
                        "openstack_compute_instance_v2.salt-master",
                        "openstack_compute_secgroup_v2.allow-traffic"
                    ],
                    "primary": {
                        "id": "66752519-b61b-4084-b848-688b42c5f29a",
                        "attributes": {
                            "access_ip_v4": "10.0.0.104",
                            "access_ip_v6": "",
                            "all_metadata.%": "0",
                            "availability_zone": "nova",
                            "flavor_id": "97cef706-42fe-47e7-b5a9-8fb6613301af",
                            "flavor_name": "HD-c8r32",
                            "force_delete": "false",
                            "id": "66752519-b61b-4084-b848-688b42c5f29a",
                            "image_id": "266ca351-ba88-48b4-9aa7-e4b3703197d9",
                            "image_name": "butler_base",
                            "key_pair": "sergei",
                            "name": "butler-worker-78",
                            "network.#": "1",
                            "network.0.access_network": "false",
                            "network.0.fixed_ip_v4": "10.0.0.104",
                            "network.0.fixed_ip_v6": "",
                            "network.0.floating_ip": "",
                            "network.0.mac": "fa:16:3e:f0:7f:ce",
                            "network.0.name": "denbi-iakhnin-intern",
                            "network.0.port": "",
                            "network.0.uuid": "301c1bee-c9c5-407d-9b43-9ba93cc513ca",
                            "region": "",
                            "security_groups.#": "2",
                            "security_groups.2299581210": "butler-firewall",
                            "security_groups.3814588639": "default",
                            "stop_before_destroy": "false"
                        },
                        "meta": {
                            "e2bfb730-ecaa-11e6-8f88-34363bc7c4c0": {
                                "create": 1800000000000,
                                "delete": 1800000000000,
                                "update": 1800000000000
                            }
                        },
                        "tainted": false
                    },
                    "deposed": [],
                    "provider": "provider.openstack"
                },
                "openstack_compute_instance_v2.worker.79": {
                    "type": "openstack_compute_instance_v2",
                    "depends_on": [
                        "null_resource.masterip",
                        "openstack_compute_instance_v2.salt-master",
                        "openstack_compute_secgroup_v2.allow-traffic"
                    ],
                    "primary": {
                        "id": "b0b4f2ff-3aef-4bee-9739-955882e24d18",
                        "attributes": {
                            "access_ip_v4": "10.0.0.100",
                            "access_ip_v6": "",
                            "all_metadata.%": "0",
                            "availability_zone": "nova",
                            "flavor_id": "97cef706-42fe-47e7-b5a9-8fb6613301af",
                            "flavor_name": "HD-c8r32",
                            "force_delete": "false",
                            "id": "b0b4f2ff-3aef-4bee-9739-955882e24d18",
                            "image_id": "266ca351-ba88-48b4-9aa7-e4b3703197d9",
                            "image_name": "butler_base",
                            "key_pair": "sergei",
                            "name": "butler-worker-79",
                            "network.#": "1",
                            "network.0.access_network": "false",
                            "network.0.fixed_ip_v4": "10.0.0.100",
                            "network.0.fixed_ip_v6": "",
                            "network.0.floating_ip": "",
                            "network.0.mac": "fa:16:3e:81:6e:e3",
                            "network.0.name": "denbi-iakhnin-intern",
                            "network.0.port": "",
                            "network.0.uuid": "301c1bee-c9c5-407d-9b43-9ba93cc513ca",
                            "region": "",
                            "security_groups.#": "2",
                            "security_groups.2299581210": "butler-firewall",
                            "security_groups.3814588639": "default",
                            "stop_before_destroy": "false"
                        },
                        "meta": {
                            "e2bfb730-ecaa-11e6-8f88-34363bc7c4c0": {
                                "create": 1800000000000,
                                "delete": 1800000000000,
                                "update": 1800000000000
                            }
                        },
                        "tainted": false
                    },
                    "deposed": [],
                    "provider": "provider.openstack"
                },
                "openstack_compute_instance_v2.worker.8": {
                    "type": "openstack_compute_instance_v2",
                    "depends_on": [
                        "null_resource.masterip",
                        "openstack_compute_instance_v2.salt-master",
                        "openstack_compute_secgroup_v2.allow-traffic"
                    ],
                    "primary": {
                        "id": "d275314e-b3d1-48b8-b2bf-221cce9ea545",
                        "attributes": {
                            "access_ip_v4": "10.0.0.53",
                            "access_ip_v6": "",
                            "all_metadata.%": "0",
                            "availability_zone": "nova",
                            "flavor_id": "97cef706-42fe-47e7-b5a9-8fb6613301af",
                            "flavor_name": "HD-c8r32",
                            "force_delete": "false",
                            "id": "d275314e-b3d1-48b8-b2bf-221cce9ea545",
                            "image_id": "266ca351-ba88-48b4-9aa7-e4b3703197d9",
                            "image_name": "butler_base",
                            "key_pair": "sergei",
                            "name": "butler-worker-8",
                            "network.#": "1",
                            "network.0.access_network": "false",
                            "network.0.fixed_ip_v4": "10.0.0.53",
                            "network.0.fixed_ip_v6": "",
                            "network.0.floating_ip": "",
                            "network.0.mac": "fa:16:3e:61:f0:b1",
                            "network.0.name": "denbi-iakhnin-intern",
                            "network.0.port": "",
                            "network.0.uuid": "301c1bee-c9c5-407d-9b43-9ba93cc513ca",
                            "region": "",
                            "security_groups.#": "2",
                            "security_groups.2299581210": "butler-firewall",
                            "security_groups.3814588639": "default",
                            "stop_before_destroy": "false"
                        },
                        "meta": {
                            "e2bfb730-ecaa-11e6-8f88-34363bc7c4c0": {
                                "create": 1800000000000,
                                "delete": 1800000000000,
                                "update": 1800000000000
                            }
                        },
                        "tainted": false
                    },
                    "deposed": [],
                    "provider": "provider.openstack"
                },
                "openstack_compute_instance_v2.worker.80": {
                    "type": "openstack_compute_instance_v2",
                    "depends_on": [
                        "null_resource.masterip",
                        "openstack_compute_instance_v2.salt-master",
                        "openstack_compute_secgroup_v2.allow-traffic"
                    ],
                    "primary": {
                        "id": "eda27dad-3c7a-4244-9ee0-c97248241193",
                        "attributes": {
                            "access_ip_v4": "10.0.0.45",
                            "access_ip_v6": "",
                            "all_metadata.%": "0",
                            "availability_zone": "nova",
                            "flavor_id": "97cef706-42fe-47e7-b5a9-8fb6613301af",
                            "flavor_name": "HD-c8r32",
                            "force_delete": "false",
                            "id": "eda27dad-3c7a-4244-9ee0-c97248241193",
                            "image_id": "266ca351-ba88-48b4-9aa7-e4b3703197d9",
                            "image_name": "butler_base",
                            "key_pair": "sergei",
                            "name": "butler-worker-80",
                            "network.#": "1",
                            "network.0.access_network": "false",
                            "network.0.fixed_ip_v4": "10.0.0.45",
                            "network.0.fixed_ip_v6": "",
                            "network.0.floating_ip": "",
                            "network.0.mac": "fa:16:3e:6b:6f:10",
                            "network.0.name": "denbi-iakhnin-intern",
                            "network.0.port": "",
                            "network.0.uuid": "301c1bee-c9c5-407d-9b43-9ba93cc513ca",
                            "region": "",
                            "security_groups.#": "2",
                            "security_groups.2299581210": "butler-firewall",
                            "security_groups.3814588639": "default",
                            "stop_before_destroy": "false"
                        },
                        "meta": {
                            "e2bfb730-ecaa-11e6-8f88-34363bc7c4c0": {
                                "create": 1800000000000,
                                "delete": 1800000000000,
                                "update": 1800000000000
                            }
                        },
                        "tainted": false
                    },
                    "deposed": [],
                    "provider": "provider.openstack"
                },
                "openstack_compute_instance_v2.worker.81": {
                    "type": "openstack_compute_instance_v2",
                    "depends_on": [
                        "null_resource.masterip",
                        "openstack_compute_instance_v2.salt-master",
                        "openstack_compute_secgroup_v2.allow-traffic"
                    ],
                    "primary": {
                        "id": "d79bfdec-0e8c-4378-ba4b-88b9f1aa0322",
                        "attributes": {
                            "access_ip_v4": "10.0.0.84",
                            "access_ip_v6": "",
                            "all_metadata.%": "0",
                            "availability_zone": "nova",
                            "flavor_id": "97cef706-42fe-47e7-b5a9-8fb6613301af",
                            "flavor_name": "HD-c8r32",
                            "force_delete": "false",
                            "id": "d79bfdec-0e8c-4378-ba4b-88b9f1aa0322",
                            "image_id": "266ca351-ba88-48b4-9aa7-e4b3703197d9",
                            "image_name": "butler_base",
                            "key_pair": "sergei",
                            "name": "butler-worker-81",
                            "network.#": "1",
                            "network.0.access_network": "false",
                            "network.0.fixed_ip_v4": "10.0.0.84",
                            "network.0.fixed_ip_v6": "",
                            "network.0.floating_ip": "",
                            "network.0.mac": "fa:16:3e:c1:0d:6c",
                            "network.0.name": "denbi-iakhnin-intern",
                            "network.0.port": "",
                            "network.0.uuid": "301c1bee-c9c5-407d-9b43-9ba93cc513ca",
                            "region": "",
                            "security_groups.#": "2",
                            "security_groups.2299581210": "butler-firewall",
                            "security_groups.3814588639": "default",
                            "stop_before_destroy": "false"
                        },
                        "meta": {
                            "e2bfb730-ecaa-11e6-8f88-34363bc7c4c0": {
                                "create": 1800000000000,
                                "delete": 1800000000000,
                                "update": 1800000000000
                            }
                        },
                        "tainted": false
                    },
                    "deposed": [],
                    "provider": "provider.openstack"
                },
                "openstack_compute_instance_v2.worker.82": {
                    "type": "openstack_compute_instance_v2",
                    "depends_on": [
                        "null_resource.masterip",
                        "openstack_compute_instance_v2.salt-master",
                        "openstack_compute_secgroup_v2.allow-traffic"
                    ],
                    "primary": {
                        "id": "1f04f6aa-d945-45fe-9baf-b6d7ff2630b5",
                        "attributes": {
                            "access_ip_v4": "10.0.0.74",
                            "access_ip_v6": "",
                            "all_metadata.%": "0",
                            "availability_zone": "nova",
                            "flavor_id": "97cef706-42fe-47e7-b5a9-8fb6613301af",
                            "flavor_name": "HD-c8r32",
                            "force_delete": "false",
                            "id": "1f04f6aa-d945-45fe-9baf-b6d7ff2630b5",
                            "image_id": "266ca351-ba88-48b4-9aa7-e4b3703197d9",
                            "image_name": "butler_base",
                            "key_pair": "sergei",
                            "name": "butler-worker-82",
                            "network.#": "1",
                            "network.0.access_network": "false",
                            "network.0.fixed_ip_v4": "10.0.0.74",
                            "network.0.fixed_ip_v6": "",
                            "network.0.floating_ip": "",
                            "network.0.mac": "fa:16:3e:a6:54:c9",
                            "network.0.name": "denbi-iakhnin-intern",
                            "network.0.port": "",
                            "network.0.uuid": "301c1bee-c9c5-407d-9b43-9ba93cc513ca",
                            "region": "",
                            "security_groups.#": "2",
                            "security_groups.2299581210": "butler-firewall",
                            "security_groups.3814588639": "default",
                            "stop_before_destroy": "false"
                        },
                        "meta": {
                            "e2bfb730-ecaa-11e6-8f88-34363bc7c4c0": {
                                "create": 1800000000000,
                                "delete": 1800000000000,
                                "update": 1800000000000
                            }
                        },
                        "tainted": false
                    },
                    "deposed": [],
                    "provider": "provider.openstack"
                },
                "openstack_compute_instance_v2.worker.83": {
                    "type": "openstack_compute_instance_v2",
                    "depends_on": [
                        "null_resource.masterip",
                        "openstack_compute_instance_v2.salt-master",
                        "openstack_compute_secgroup_v2.allow-traffic"
                    ],
                    "primary": {
                        "id": "84736c55-ed92-4a7e-8180-443f39ba03ca",
                        "attributes": {
                            "access_ip_v4": "10.0.0.46",
                            "access_ip_v6": "",
                            "all_metadata.%": "0",
                            "availability_zone": "nova",
                            "flavor_id": "97cef706-42fe-47e7-b5a9-8fb6613301af",
                            "flavor_name": "HD-c8r32",
                            "force_delete": "false",
                            "id": "84736c55-ed92-4a7e-8180-443f39ba03ca",
                            "image_id": "266ca351-ba88-48b4-9aa7-e4b3703197d9",
                            "image_name": "butler_base",
                            "key_pair": "sergei",
                            "name": "butler-worker-83",
                            "network.#": "1",
                            "network.0.access_network": "false",
                            "network.0.fixed_ip_v4": "10.0.0.46",
                            "network.0.fixed_ip_v6": "",
                            "network.0.floating_ip": "",
                            "network.0.mac": "fa:16:3e:0f:bf:c3",
                            "network.0.name": "denbi-iakhnin-intern",
                            "network.0.port": "",
                            "network.0.uuid": "301c1bee-c9c5-407d-9b43-9ba93cc513ca",
                            "region": "",
                            "security_groups.#": "2",
                            "security_groups.2299581210": "butler-firewall",
                            "security_groups.3814588639": "default",
                            "stop_before_destroy": "false"
                        },
                        "meta": {
                            "e2bfb730-ecaa-11e6-8f88-34363bc7c4c0": {
                                "create": 1800000000000,
                                "delete": 1800000000000,
                                "update": 1800000000000
                            }
                        },
                        "tainted": false
                    },
                    "deposed": [],
                    "provider": "provider.openstack"
                },
                "openstack_compute_instance_v2.worker.84": {
                    "type": "openstack_compute_instance_v2",
                    "depends_on": [
                        "null_resource.masterip",
                        "openstack_compute_instance_v2.salt-master",
                        "openstack_compute_secgroup_v2.allow-traffic"
                    ],
                    "primary": {
                        "id": "c1f1e818-f09c-4e68-bc5c-1bc296ab909a",
                        "attributes": {
                            "access_ip_v4": "10.0.0.57",
                            "access_ip_v6": "",
                            "all_metadata.%": "0",
                            "availability_zone": "nova",
                            "flavor_id": "97cef706-42fe-47e7-b5a9-8fb6613301af",
                            "flavor_name": "HD-c8r32",
                            "force_delete": "false",
                            "id": "c1f1e818-f09c-4e68-bc5c-1bc296ab909a",
                            "image_id": "266ca351-ba88-48b4-9aa7-e4b3703197d9",
                            "image_name": "butler_base",
                            "key_pair": "sergei",
                            "name": "butler-worker-84",
                            "network.#": "1",
                            "network.0.access_network": "false",
                            "network.0.fixed_ip_v4": "10.0.0.57",
                            "network.0.fixed_ip_v6": "",
                            "network.0.floating_ip": "",
                            "network.0.mac": "fa:16:3e:bc:7d:ce",
                            "network.0.name": "denbi-iakhnin-intern",
                            "network.0.port": "",
                            "network.0.uuid": "301c1bee-c9c5-407d-9b43-9ba93cc513ca",
                            "region": "",
                            "security_groups.#": "2",
                            "security_groups.2299581210": "butler-firewall",
                            "security_groups.3814588639": "default",
                            "stop_before_destroy": "false"
                        },
                        "meta": {
                            "e2bfb730-ecaa-11e6-8f88-34363bc7c4c0": {
                                "create": 1800000000000,
                                "delete": 1800000000000,
                                "update": 1800000000000
                            }
                        },
                        "tainted": false
                    },
                    "deposed": [],
                    "provider": "provider.openstack"
                },
                "openstack_compute_instance_v2.worker.85": {
                    "type": "openstack_compute_instance_v2",
                    "depends_on": [
                        "null_resource.masterip",
                        "openstack_compute_instance_v2.salt-master",
                        "openstack_compute_secgroup_v2.allow-traffic"
                    ],
                    "primary": {
                        "id": "cd2fe06d-74e9-4ffc-8dc4-bca4e20f999b",
                        "attributes": {
                            "access_ip_v4": "10.0.0.21",
                            "access_ip_v6": "",
                            "all_metadata.%": "0",
                            "availability_zone": "nova",
                            "flavor_id": "97cef706-42fe-47e7-b5a9-8fb6613301af",
                            "flavor_name": "HD-c8r32",
                            "force_delete": "false",
                            "id": "cd2fe06d-74e9-4ffc-8dc4-bca4e20f999b",
                            "image_id": "266ca351-ba88-48b4-9aa7-e4b3703197d9",
                            "image_name": "butler_base",
                            "key_pair": "sergei",
                            "name": "butler-worker-85",
                            "network.#": "1",
                            "network.0.access_network": "false",
                            "network.0.fixed_ip_v4": "10.0.0.21",
                            "network.0.fixed_ip_v6": "",
                            "network.0.floating_ip": "",
                            "network.0.mac": "fa:16:3e:b5:01:3a",
                            "network.0.name": "denbi-iakhnin-intern",
                            "network.0.port": "",
                            "network.0.uuid": "301c1bee-c9c5-407d-9b43-9ba93cc513ca",
                            "region": "",
                            "security_groups.#": "2",
                            "security_groups.2299581210": "butler-firewall",
                            "security_groups.3814588639": "default",
                            "stop_before_destroy": "false"
                        },
                        "meta": {
                            "e2bfb730-ecaa-11e6-8f88-34363bc7c4c0": {
                                "create": 1800000000000,
                                "delete": 1800000000000,
                                "update": 1800000000000
                            }
                        },
                        "tainted": false
                    },
                    "deposed": [],
                    "provider": "provider.openstack"
                },
                "openstack_compute_instance_v2.worker.86": {
                    "type": "openstack_compute_instance_v2",
                    "depends_on": [
                        "null_resource.masterip",
                        "openstack_compute_instance_v2.salt-master",
                        "openstack_compute_secgroup_v2.allow-traffic"
                    ],
                    "primary": {
                        "id": "cb759c00-2d8b-4876-975a-ba7b78f6811a",
                        "attributes": {
                            "access_ip_v4": "10.0.0.28",
                            "access_ip_v6": "",
                            "all_metadata.%": "0",
                            "availability_zone": "nova",
                            "flavor_id": "97cef706-42fe-47e7-b5a9-8fb6613301af",
                            "flavor_name": "HD-c8r32",
                            "force_delete": "false",
                            "id": "cb759c00-2d8b-4876-975a-ba7b78f6811a",
                            "image_id": "266ca351-ba88-48b4-9aa7-e4b3703197d9",
                            "image_name": "butler_base",
                            "key_pair": "sergei",
                            "name": "butler-worker-86",
                            "network.#": "1",
                            "network.0.access_network": "false",
                            "network.0.fixed_ip_v4": "10.0.0.28",
                            "network.0.fixed_ip_v6": "",
                            "network.0.floating_ip": "",
                            "network.0.mac": "fa:16:3e:cd:89:1a",
                            "network.0.name": "denbi-iakhnin-intern",
                            "network.0.port": "",
                            "network.0.uuid": "301c1bee-c9c5-407d-9b43-9ba93cc513ca",
                            "region": "",
                            "security_groups.#": "2",
                            "security_groups.2299581210": "butler-firewall",
                            "security_groups.3814588639": "default",
                            "stop_before_destroy": "false"
                        },
                        "meta": {
                            "e2bfb730-ecaa-11e6-8f88-34363bc7c4c0": {
                                "create": 1800000000000,
                                "delete": 1800000000000,
                                "update": 1800000000000
                            }
                        },
                        "tainted": false
                    },
                    "deposed": [],
                    "provider": "provider.openstack"
                },
                "openstack_compute_instance_v2.worker.87": {
                    "type": "openstack_compute_instance_v2",
                    "depends_on": [
                        "null_resource.masterip",
                        "openstack_compute_instance_v2.salt-master",
                        "openstack_compute_secgroup_v2.allow-traffic"
                    ],
                    "primary": {
                        "id": "e0312896-fe47-46c1-a1d5-ed18f0502c0b",
                        "attributes": {
                            "access_ip_v4": "10.0.0.49",
                            "access_ip_v6": "",
                            "all_metadata.%": "0",
                            "availability_zone": "nova",
                            "flavor_id": "97cef706-42fe-47e7-b5a9-8fb6613301af",
                            "flavor_name": "HD-c8r32",
                            "force_delete": "false",
                            "id": "e0312896-fe47-46c1-a1d5-ed18f0502c0b",
                            "image_id": "266ca351-ba88-48b4-9aa7-e4b3703197d9",
                            "image_name": "butler_base",
                            "key_pair": "sergei",
                            "name": "butler-worker-87",
                            "network.#": "1",
                            "network.0.access_network": "false",
                            "network.0.fixed_ip_v4": "10.0.0.49",
                            "network.0.fixed_ip_v6": "",
                            "network.0.floating_ip": "",
                            "network.0.mac": "fa:16:3e:e5:d9:cb",
                            "network.0.name": "denbi-iakhnin-intern",
                            "network.0.port": "",
                            "network.0.uuid": "301c1bee-c9c5-407d-9b43-9ba93cc513ca",
                            "region": "",
                            "security_groups.#": "2",
                            "security_groups.2299581210": "butler-firewall",
                            "security_groups.3814588639": "default",
                            "stop_before_destroy": "false"
                        },
                        "meta": {
                            "e2bfb730-ecaa-11e6-8f88-34363bc7c4c0": {
                                "create": 1800000000000,
                                "delete": 1800000000000,
                                "update": 1800000000000
                            }
                        },
                        "tainted": false
                    },
                    "deposed": [],
                    "provider": "provider.openstack"
                },
                "openstack_compute_instance_v2.worker.88": {
                    "type": "openstack_compute_instance_v2",
                    "depends_on": [
                        "null_resource.masterip",
                        "openstack_compute_instance_v2.salt-master",
                        "openstack_compute_secgroup_v2.allow-traffic"
                    ],
                    "primary": {
                        "id": "3df9a86c-1c39-4714-a271-55bb507700c8",
                        "attributes": {
                            "access_ip_v4": "10.0.0.92",
                            "access_ip_v6": "",
                            "all_metadata.%": "0",
                            "availability_zone": "nova",
                            "flavor_id": "97cef706-42fe-47e7-b5a9-8fb6613301af",
                            "flavor_name": "HD-c8r32",
                            "force_delete": "false",
                            "id": "3df9a86c-1c39-4714-a271-55bb507700c8",
                            "image_id": "266ca351-ba88-48b4-9aa7-e4b3703197d9",
                            "image_name": "butler_base",
                            "key_pair": "sergei",
                            "name": "butler-worker-88",
                            "network.#": "1",
                            "network.0.access_network": "false",
                            "network.0.fixed_ip_v4": "10.0.0.92",
                            "network.0.fixed_ip_v6": "",
                            "network.0.floating_ip": "",
                            "network.0.mac": "fa:16:3e:fe:83:2e",
                            "network.0.name": "denbi-iakhnin-intern",
                            "network.0.port": "",
                            "network.0.uuid": "301c1bee-c9c5-407d-9b43-9ba93cc513ca",
                            "region": "",
                            "security_groups.#": "2",
                            "security_groups.2299581210": "butler-firewall",
                            "security_groups.3814588639": "default",
                            "stop_before_destroy": "false"
                        },
                        "meta": {
                            "e2bfb730-ecaa-11e6-8f88-34363bc7c4c0": {
                                "create": 1800000000000,
                                "delete": 1800000000000,
                                "update": 1800000000000
                            }
                        },
                        "tainted": false
                    },
                    "deposed": [],
                    "provider": "provider.openstack"
                },
                "openstack_compute_instance_v2.worker.89": {
                    "type": "openstack_compute_instance_v2",
                    "depends_on": [
                        "null_resource.masterip",
                        "openstack_compute_instance_v2.salt-master",
                        "openstack_compute_secgroup_v2.allow-traffic"
                    ],
                    "primary": {
                        "id": "8730821a-3c31-4fc3-8551-9a15803db307",
                        "attributes": {
                            "access_ip_v4": "10.0.0.56",
                            "access_ip_v6": "",
                            "all_metadata.%": "0",
                            "availability_zone": "nova",
                            "flavor_id": "97cef706-42fe-47e7-b5a9-8fb6613301af",
                            "flavor_name": "HD-c8r32",
                            "force_delete": "false",
                            "id": "8730821a-3c31-4fc3-8551-9a15803db307",
                            "image_id": "266ca351-ba88-48b4-9aa7-e4b3703197d9",
                            "image_name": "butler_base",
                            "key_pair": "sergei",
                            "name": "butler-worker-89",
                            "network.#": "1",
                            "network.0.access_network": "false",
                            "network.0.fixed_ip_v4": "10.0.0.56",
                            "network.0.fixed_ip_v6": "",
                            "network.0.floating_ip": "",
                            "network.0.mac": "fa:16:3e:65:93:cf",
                            "network.0.name": "denbi-iakhnin-intern",
                            "network.0.port": "",
                            "network.0.uuid": "301c1bee-c9c5-407d-9b43-9ba93cc513ca",
                            "region": "",
                            "security_groups.#": "2",
                            "security_groups.2299581210": "butler-firewall",
                            "security_groups.3814588639": "default",
                            "stop_before_destroy": "false"
                        },
                        "meta": {
                            "e2bfb730-ecaa-11e6-8f88-34363bc7c4c0": {
                                "create": 1800000000000,
                                "delete": 1800000000000,
                                "update": 1800000000000
                            }
                        },
                        "tainted": false
                    },
                    "deposed": [],
                    "provider": "provider.openstack"
                },
                "openstack_compute_instance_v2.worker.9": {
                    "type": "openstack_compute_instance_v2",
                    "depends_on": [
                        "null_resource.masterip",
                        "openstack_compute_instance_v2.salt-master",
                        "openstack_compute_secgroup_v2.allow-traffic"
                    ],
                    "primary": {
                        "id": "13f13ce4-b988-461a-8757-f6bbd8f0d2cd",
                        "attributes": {
                            "access_ip_v4": "10.0.0.41",
                            "access_ip_v6": "",
                            "all_metadata.%": "0",
                            "availability_zone": "nova",
                            "flavor_id": "97cef706-42fe-47e7-b5a9-8fb6613301af",
                            "flavor_name": "HD-c8r32",
                            "force_delete": "false",
                            "id": "13f13ce4-b988-461a-8757-f6bbd8f0d2cd",
                            "image_id": "266ca351-ba88-48b4-9aa7-e4b3703197d9",
                            "image_name": "butler_base",
                            "key_pair": "sergei",
                            "name": "butler-worker-9",
                            "network.#": "1",
                            "network.0.access_network": "false",
                            "network.0.fixed_ip_v4": "10.0.0.41",
                            "network.0.fixed_ip_v6": "",
                            "network.0.floating_ip": "",
                            "network.0.mac": "fa:16:3e:b0:f8:50",
                            "network.0.name": "denbi-iakhnin-intern",
                            "network.0.port": "",
                            "network.0.uuid": "301c1bee-c9c5-407d-9b43-9ba93cc513ca",
                            "region": "",
                            "security_groups.#": "2",
                            "security_groups.2299581210": "butler-firewall",
                            "security_groups.3814588639": "default",
                            "stop_before_destroy": "false"
                        },
                        "meta": {
                            "e2bfb730-ecaa-11e6-8f88-34363bc7c4c0": {
                                "create": 1800000000000,
                                "delete": 1800000000000,
                                "update": 1800000000000
                            }
                        },
                        "tainted": false
                    },
                    "deposed": [],
                    "provider": "provider.openstack"
                },
                "openstack_compute_instance_v2.worker.90": {
                    "type": "openstack_compute_instance_v2",
                    "depends_on": [
                        "null_resource.masterip",
                        "openstack_compute_instance_v2.salt-master",
                        "openstack_compute_secgroup_v2.allow-traffic"
                    ],
                    "primary": {
                        "id": "b4686974-9590-4a33-af9b-c96f99b27cc8",
                        "attributes": {
                            "access_ip_v4": "10.0.0.114",
                            "access_ip_v6": "",
                            "all_metadata.%": "0",
                            "availability_zone": "nova",
                            "flavor_id": "97cef706-42fe-47e7-b5a9-8fb6613301af",
                            "flavor_name": "HD-c8r32",
                            "force_delete": "false",
                            "id": "b4686974-9590-4a33-af9b-c96f99b27cc8",
                            "image_id": "266ca351-ba88-48b4-9aa7-e4b3703197d9",
                            "image_name": "butler_base",
                            "key_pair": "sergei",
                            "name": "butler-worker-90",
                            "network.#": "1",
                            "network.0.access_network": "false",
                            "network.0.fixed_ip_v4": "10.0.0.114",
                            "network.0.fixed_ip_v6": "",
                            "network.0.floating_ip": "",
                            "network.0.mac": "fa:16:3e:b7:a1:73",
                            "network.0.name": "denbi-iakhnin-intern",
                            "network.0.port": "",
                            "network.0.uuid": "301c1bee-c9c5-407d-9b43-9ba93cc513ca",
                            "region": "",
                            "security_groups.#": "2",
                            "security_groups.2299581210": "butler-firewall",
                            "security_groups.3814588639": "default",
                            "stop_before_destroy": "false"
                        },
                        "meta": {
                            "e2bfb730-ecaa-11e6-8f88-34363bc7c4c0": {
                                "create": 1800000000000,
                                "delete": 1800000000000,
                                "update": 1800000000000
                            }
                        },
                        "tainted": false
                    },
                    "deposed": [],
                    "provider": "provider.openstack"
                },
                "openstack_compute_instance_v2.worker.91": {
                    "type": "openstack_compute_instance_v2",
                    "depends_on": [
                        "null_resource.masterip",
                        "openstack_compute_instance_v2.salt-master",
                        "openstack_compute_secgroup_v2.allow-traffic"
                    ],
                    "primary": {
                        "id": "3b750a2b-8b4a-46f6-8084-75cb802e2c43",
                        "attributes": {
                            "access_ip_v4": "10.0.0.87",
                            "access_ip_v6": "",
                            "all_metadata.%": "0",
                            "availability_zone": "nova",
                            "flavor_id": "97cef706-42fe-47e7-b5a9-8fb6613301af",
                            "flavor_name": "HD-c8r32",
                            "force_delete": "false",
                            "id": "3b750a2b-8b4a-46f6-8084-75cb802e2c43",
                            "image_id": "266ca351-ba88-48b4-9aa7-e4b3703197d9",
                            "image_name": "butler_base",
                            "key_pair": "sergei",
                            "name": "butler-worker-91",
                            "network.#": "1",
                            "network.0.access_network": "false",
                            "network.0.fixed_ip_v4": "10.0.0.87",
                            "network.0.fixed_ip_v6": "",
                            "network.0.floating_ip": "",
                            "network.0.mac": "fa:16:3e:ee:1b:e5",
                            "network.0.name": "denbi-iakhnin-intern",
                            "network.0.port": "",
                            "network.0.uuid": "301c1bee-c9c5-407d-9b43-9ba93cc513ca",
                            "region": "",
                            "security_groups.#": "2",
                            "security_groups.2299581210": "butler-firewall",
                            "security_groups.3814588639": "default",
                            "stop_before_destroy": "false"
                        },
                        "meta": {
                            "e2bfb730-ecaa-11e6-8f88-34363bc7c4c0": {
                                "create": 1800000000000,
                                "delete": 1800000000000,
                                "update": 1800000000000
                            }
                        },
                        "tainted": false
                    },
                    "deposed": [],
                    "provider": "provider.openstack"
                },
                "openstack_compute_instance_v2.worker.92": {
                    "type": "openstack_compute_instance_v2",
                    "depends_on": [
                        "null_resource.masterip",
                        "openstack_compute_instance_v2.salt-master",
                        "openstack_compute_secgroup_v2.allow-traffic"
                    ],
                    "primary": {
                        "id": "46517690-7e01-4790-becb-10449c06b187",
                        "attributes": {
                            "access_ip_v4": "10.0.0.31",
                            "access_ip_v6": "",
                            "all_metadata.%": "0",
                            "availability_zone": "nova",
                            "flavor_id": "97cef706-42fe-47e7-b5a9-8fb6613301af",
                            "flavor_name": "HD-c8r32",
                            "force_delete": "false",
                            "id": "46517690-7e01-4790-becb-10449c06b187",
                            "image_id": "266ca351-ba88-48b4-9aa7-e4b3703197d9",
                            "image_name": "butler_base",
                            "key_pair": "sergei",
                            "name": "butler-worker-92",
                            "network.#": "1",
                            "network.0.access_network": "false",
                            "network.0.fixed_ip_v4": "10.0.0.31",
                            "network.0.fixed_ip_v6": "",
                            "network.0.floating_ip": "",
                            "network.0.mac": "fa:16:3e:7f:48:78",
                            "network.0.name": "denbi-iakhnin-intern",
                            "network.0.port": "",
                            "network.0.uuid": "301c1bee-c9c5-407d-9b43-9ba93cc513ca",
                            "region": "",
                            "security_groups.#": "2",
                            "security_groups.2299581210": "butler-firewall",
                            "security_groups.3814588639": "default",
                            "stop_before_destroy": "false"
                        },
                        "meta": {
                            "e2bfb730-ecaa-11e6-8f88-34363bc7c4c0": {
                                "create": 1800000000000,
                                "delete": 1800000000000,
                                "update": 1800000000000
                            }
                        },
                        "tainted": false
                    },
                    "deposed": [],
                    "provider": "provider.openstack"
                },
                "openstack_compute_instance_v2.worker.93": {
                    "type": "openstack_compute_instance_v2",
                    "depends_on": [
                        "null_resource.masterip",
                        "openstack_compute_instance_v2.salt-master",
                        "openstack_compute_secgroup_v2.allow-traffic"
                    ],
                    "primary": {
                        "id": "5e3c57b6-d18d-4643-8531-15259ca616ae",
                        "attributes": {
                            "access_ip_v4": "10.0.0.10",
                            "access_ip_v6": "",
                            "all_metadata.%": "0",
                            "availability_zone": "nova",
                            "flavor_id": "97cef706-42fe-47e7-b5a9-8fb6613301af",
                            "flavor_name": "HD-c8r32",
                            "force_delete": "false",
                            "id": "5e3c57b6-d18d-4643-8531-15259ca616ae",
                            "image_id": "266ca351-ba88-48b4-9aa7-e4b3703197d9",
                            "image_name": "butler_base",
                            "key_pair": "sergei",
                            "name": "butler-worker-93",
                            "network.#": "1",
                            "network.0.access_network": "false",
                            "network.0.fixed_ip_v4": "10.0.0.10",
                            "network.0.fixed_ip_v6": "",
                            "network.0.floating_ip": "",
                            "network.0.mac": "fa:16:3e:c9:6c:8f",
                            "network.0.name": "denbi-iakhnin-intern",
                            "network.0.port": "",
                            "network.0.uuid": "301c1bee-c9c5-407d-9b43-9ba93cc513ca",
                            "region": "",
                            "security_groups.#": "2",
                            "security_groups.2299581210": "butler-firewall",
                            "security_groups.3814588639": "default",
                            "stop_before_destroy": "false"
                        },
                        "meta": {
                            "e2bfb730-ecaa-11e6-8f88-34363bc7c4c0": {
                                "create": 1800000000000,
                                "delete": 1800000000000,
                                "update": 1800000000000
                            }
                        },
                        "tainted": false
                    },
                    "deposed": [],
                    "provider": "provider.openstack"
                },
                "openstack_compute_instance_v2.worker.94": {
                    "type": "openstack_compute_instance_v2",
                    "depends_on": [
                        "null_resource.masterip",
                        "openstack_compute_instance_v2.salt-master",
                        "openstack_compute_secgroup_v2.allow-traffic"
                    ],
                    "primary": {
                        "id": "66bf86f0-5024-4c85-99fc-103fc77affdf",
                        "attributes": {
                            "access_ip_v4": "10.0.0.34",
                            "access_ip_v6": "",
                            "all_metadata.%": "0",
                            "availability_zone": "nova",
                            "flavor_id": "97cef706-42fe-47e7-b5a9-8fb6613301af",
                            "flavor_name": "HD-c8r32",
                            "force_delete": "false",
                            "id": "66bf86f0-5024-4c85-99fc-103fc77affdf",
                            "image_id": "266ca351-ba88-48b4-9aa7-e4b3703197d9",
                            "image_name": "butler_base",
                            "key_pair": "sergei",
                            "name": "butler-worker-94",
                            "network.#": "1",
                            "network.0.access_network": "false",
                            "network.0.fixed_ip_v4": "10.0.0.34",
                            "network.0.fixed_ip_v6": "",
                            "network.0.floating_ip": "",
                            "network.0.mac": "fa:16:3e:50:d8:1d",
                            "network.0.name": "denbi-iakhnin-intern",
                            "network.0.port": "",
                            "network.0.uuid": "301c1bee-c9c5-407d-9b43-9ba93cc513ca",
                            "region": "",
                            "security_groups.#": "2",
                            "security_groups.2299581210": "butler-firewall",
                            "security_groups.3814588639": "default",
                            "stop_before_destroy": "false"
                        },
                        "meta": {
                            "e2bfb730-ecaa-11e6-8f88-34363bc7c4c0": {
                                "create": 1800000000000,
                                "delete": 1800000000000,
                                "update": 1800000000000
                            }
                        },
                        "tainted": false
                    },
                    "deposed": [],
                    "provider": "provider.openstack"
                },
                "openstack_compute_instance_v2.worker.95": {
                    "type": "openstack_compute_instance_v2",
                    "depends_on": [
                        "null_resource.masterip",
                        "openstack_compute_instance_v2.salt-master",
                        "openstack_compute_secgroup_v2.allow-traffic"
                    ],
                    "primary": {
                        "id": "b2c1e3e6-b85d-4409-8e1e-4160c2579c98",
                        "attributes": {
                            "access_ip_v4": "10.0.0.50",
                            "access_ip_v6": "",
                            "all_metadata.%": "0",
                            "availability_zone": "nova",
                            "flavor_id": "97cef706-42fe-47e7-b5a9-8fb6613301af",
                            "flavor_name": "HD-c8r32",
                            "force_delete": "false",
                            "id": "b2c1e3e6-b85d-4409-8e1e-4160c2579c98",
                            "image_id": "266ca351-ba88-48b4-9aa7-e4b3703197d9",
                            "image_name": "butler_base",
                            "key_pair": "sergei",
                            "name": "butler-worker-95",
                            "network.#": "1",
                            "network.0.access_network": "false",
                            "network.0.fixed_ip_v4": "10.0.0.50",
                            "network.0.fixed_ip_v6": "",
                            "network.0.floating_ip": "",
                            "network.0.mac": "fa:16:3e:74:be:49",
                            "network.0.name": "denbi-iakhnin-intern",
                            "network.0.port": "",
                            "network.0.uuid": "301c1bee-c9c5-407d-9b43-9ba93cc513ca",
                            "region": "",
                            "security_groups.#": "2",
                            "security_groups.2299581210": "butler-firewall",
                            "security_groups.3814588639": "default",
                            "stop_before_destroy": "false"
                        },
                        "meta": {
                            "e2bfb730-ecaa-11e6-8f88-34363bc7c4c0": {
                                "create": 1800000000000,
                                "delete": 1800000000000,
                                "update": 1800000000000
                            }
                        },
                        "tainted": false
                    },
                    "deposed": [],
                    "provider": "provider.openstack"
                },
                "openstack_compute_instance_v2.worker.96": {
                    "type": "openstack_compute_instance_v2",
                    "depends_on": [
                        "null_resource.masterip",
                        "openstack_compute_instance_v2.salt-master",
                        "openstack_compute_secgroup_v2.allow-traffic"
                    ],
                    "primary": {
                        "id": "2a50ab66-3087-4188-a02e-53b928cc2d47",
                        "attributes": {
                            "access_ip_v4": "10.0.0.26",
                            "access_ip_v6": "",
                            "all_metadata.%": "0",
                            "availability_zone": "nova",
                            "flavor_id": "97cef706-42fe-47e7-b5a9-8fb6613301af",
                            "flavor_name": "HD-c8r32",
                            "force_delete": "false",
                            "id": "2a50ab66-3087-4188-a02e-53b928cc2d47",
                            "image_id": "266ca351-ba88-48b4-9aa7-e4b3703197d9",
                            "image_name": "butler_base",
                            "key_pair": "sergei",
                            "name": "butler-worker-96",
                            "network.#": "1",
                            "network.0.access_network": "false",
                            "network.0.fixed_ip_v4": "10.0.0.26",
                            "network.0.fixed_ip_v6": "",
                            "network.0.floating_ip": "",
                            "network.0.mac": "fa:16:3e:ae:95:06",
                            "network.0.name": "denbi-iakhnin-intern",
                            "network.0.port": "",
                            "network.0.uuid": "301c1bee-c9c5-407d-9b43-9ba93cc513ca",
                            "region": "",
                            "security_groups.#": "2",
                            "security_groups.2299581210": "butler-firewall",
                            "security_groups.3814588639": "default",
                            "stop_before_destroy": "false"
                        },
                        "meta": {
                            "e2bfb730-ecaa-11e6-8f88-34363bc7c4c0": {
                                "create": 1800000000000,
                                "delete": 1800000000000,
                                "update": 1800000000000
                            }
                        },
                        "tainted": false
                    },
                    "deposed": [],
                    "provider": "provider.openstack"
                },
                "openstack_compute_instance_v2.worker.97": {
                    "type": "openstack_compute_instance_v2",
                    "depends_on": [
                        "null_resource.masterip",
                        "openstack_compute_instance_v2.salt-master",
                        "openstack_compute_secgroup_v2.allow-traffic"
                    ],
                    "primary": {
                        "id": "65020a7c-206c-4bc6-beaa-ebc2cfb71c81",
                        "attributes": {
                            "access_ip_v4": "10.0.0.54",
                            "access_ip_v6": "",
                            "all_metadata.%": "0",
                            "availability_zone": "nova",
                            "flavor_id": "97cef706-42fe-47e7-b5a9-8fb6613301af",
                            "flavor_name": "HD-c8r32",
                            "force_delete": "false",
                            "id": "65020a7c-206c-4bc6-beaa-ebc2cfb71c81",
                            "image_id": "266ca351-ba88-48b4-9aa7-e4b3703197d9",
                            "image_name": "butler_base",
                            "key_pair": "sergei",
                            "name": "butler-worker-97",
                            "network.#": "1",
                            "network.0.access_network": "false",
                            "network.0.fixed_ip_v4": "10.0.0.54",
                            "network.0.fixed_ip_v6": "",
                            "network.0.floating_ip": "",
                            "network.0.mac": "fa:16:3e:38:d5:a4",
                            "network.0.name": "denbi-iakhnin-intern",
                            "network.0.port": "",
                            "network.0.uuid": "301c1bee-c9c5-407d-9b43-9ba93cc513ca",
                            "region": "",
                            "security_groups.#": "2",
                            "security_groups.2299581210": "butler-firewall",
                            "security_groups.3814588639": "default",
                            "stop_before_destroy": "false"
                        },
                        "meta": {
                            "e2bfb730-ecaa-11e6-8f88-34363bc7c4c0": {
                                "create": 1800000000000,
                                "delete": 1800000000000,
                                "update": 1800000000000
                            }
                        },
                        "tainted": false
                    },
                    "deposed": [],
                    "provider": "provider.openstack"
                },
                "openstack_compute_instance_v2.worker.98": {
                    "type": "openstack_compute_instance_v2",
                    "depends_on": [
                        "null_resource.masterip",
                        "openstack_compute_instance_v2.salt-master",
                        "openstack_compute_secgroup_v2.allow-traffic"
                    ],
                    "primary": {
                        "id": "b2ccc15d-d36e-42fe-8368-6fbc1e44047c",
                        "attributes": {
                            "access_ip_v4": "10.0.0.29",
                            "access_ip_v6": "",
                            "all_metadata.%": "0",
                            "availability_zone": "nova",
                            "flavor_id": "97cef706-42fe-47e7-b5a9-8fb6613301af",
                            "flavor_name": "HD-c8r32",
                            "force_delete": "false",
                            "id": "b2ccc15d-d36e-42fe-8368-6fbc1e44047c",
                            "image_id": "266ca351-ba88-48b4-9aa7-e4b3703197d9",
                            "image_name": "butler_base",
                            "key_pair": "sergei",
                            "name": "butler-worker-98",
                            "network.#": "1",
                            "network.0.access_network": "false",
                            "network.0.fixed_ip_v4": "10.0.0.29",
                            "network.0.fixed_ip_v6": "",
                            "network.0.floating_ip": "",
                            "network.0.mac": "fa:16:3e:38:86:e2",
                            "network.0.name": "denbi-iakhnin-intern",
                            "network.0.port": "",
                            "network.0.uuid": "301c1bee-c9c5-407d-9b43-9ba93cc513ca",
                            "region": "",
                            "security_groups.#": "2",
                            "security_groups.2299581210": "butler-firewall",
                            "security_groups.3814588639": "default",
                            "stop_before_destroy": "false"
                        },
                        "meta": {
                            "e2bfb730-ecaa-11e6-8f88-34363bc7c4c0": {
                                "create": 1800000000000,
                                "delete": 1800000000000,
                                "update": 1800000000000
                            }
                        },
                        "tainted": false
                    },
                    "deposed": [],
                    "provider": "provider.openstack"
                },
                "openstack_compute_instance_v2.worker.99": {
                    "type": "openstack_compute_instance_v2",
                    "depends_on": [
                        "null_resource.masterip",
                        "openstack_compute_instance_v2.salt-master",
                        "openstack_compute_secgroup_v2.allow-traffic"
                    ],
                    "primary": {
                        "id": "629d80df-f335-4669-80ef-c697597e9830",
                        "attributes": {
                            "access_ip_v4": "10.0.0.72",
                            "access_ip_v6": "",
                            "all_metadata.%": "0",
                            "availability_zone": "nova",
                            "flavor_id": "97cef706-42fe-47e7-b5a9-8fb6613301af",
                            "flavor_name": "HD-c8r32",
                            "force_delete": "false",
                            "id": "629d80df-f335-4669-80ef-c697597e9830",
                            "image_id": "266ca351-ba88-48b4-9aa7-e4b3703197d9",
                            "image_name": "butler_base",
                            "key_pair": "sergei",
                            "name": "butler-worker-99",
                            "network.#": "1",
                            "network.0.access_network": "false",
                            "network.0.fixed_ip_v4": "10.0.0.72",
                            "network.0.fixed_ip_v6": "",
                            "network.0.floating_ip": "",
                            "network.0.mac": "fa:16:3e:df:dd:94",
                            "network.0.name": "denbi-iakhnin-intern",
                            "network.0.port": "",
                            "network.0.uuid": "301c1bee-c9c5-407d-9b43-9ba93cc513ca",
                            "region": "",
                            "security_groups.#": "2",
                            "security_groups.2299581210": "butler-firewall",
                            "security_groups.3814588639": "default",
                            "stop_before_destroy": "false"
                        },
                        "meta": {
                            "e2bfb730-ecaa-11e6-8f88-34363bc7c4c0": {
                                "create": 1800000000000,
                                "delete": 1800000000000,
                                "update": 1800000000000
                            }
                        },
                        "tainted": false
                    },
                    "deposed": [],
                    "provider": "provider.openstack"
                },
                "openstack_compute_secgroup_v2.allow-traffic": {
                    "type": "openstack_compute_secgroup_v2",
                    "depends_on": [],
                    "primary": {
                        "id": "741c64b2-7c2a-4021-9c40-2337e1521cad",
                        "attributes": {
                            "description": "Allow traffic across butler instances",
                            "id": "741c64b2-7c2a-4021-9c40-2337e1521cad",
                            "name": "butler-firewall",
                            "region": "",
                            "rule.#": "4",
                            "rule.112275015.cidr": "",
                            "rule.112275015.from_group_id": "",
                            "rule.112275015.from_port": "1",
                            "rule.112275015.id": "5260109b-1d2b-4a7e-b88f-a8a69ce51406",
                            "rule.112275015.ip_protocol": "tcp",
                            "rule.112275015.self": "true",
                            "rule.112275015.to_port": "65535",
                            "rule.2180185248.cidr": "0.0.0.0/0",
                            "rule.2180185248.from_group_id": "",
                            "rule.2180185248.from_port": "-1",
                            "rule.2180185248.id": "26aa8b7b-c162-4338-94f2-6a453ec7f602",
                            "rule.2180185248.ip_protocol": "icmp",
                            "rule.2180185248.self": "false",
                            "rule.2180185248.to_port": "-1",
                            "rule.3811720511.cidr": "0.0.0.0/0",
                            "rule.3811720511.from_group_id": "",
                            "rule.3811720511.from_port": "3000",
                            "rule.3811720511.id": "5a0985af-7f8a-4c27-abeb-6b8ffb8e06c3",
                            "rule.3811720511.ip_protocol": "tcp",
                            "rule.3811720511.self": "false",
                            "rule.3811720511.to_port": "3000",
                            "rule.836640770.cidr": "0.0.0.0/0",
                            "rule.836640770.from_group_id": "",
                            "rule.836640770.from_port": "22",
                            "rule.836640770.id": "210ed504-c069-4005-a476-d6d439f34ba0",
                            "rule.836640770.ip_protocol": "tcp",
                            "rule.836640770.self": "false",
                            "rule.836640770.to_port": "22"
                        },
                        "meta": {
                            "e2bfb730-ecaa-11e6-8f88-34363bc7c4c0": {
                                "delete": 600000000000
                            }
                        },
                        "tainted": false
                    },
                    "deposed": [],
                    "provider": "provider.openstack"
                }
            },
            "depends_on": []
        }
    ]
}
