{
    "version": 3,
    "terraform_version": "0.11.7",
    "serial": 16,
    "lineage": "1f0fb30c-4016-435a-8805-62c2814a1fb7",
    "modules": [
        {
            "path": [
                "root"
            ],
            "outputs": {},
            "resources": {
                "null_resource.hostnames": {
                    "type": "null_resource",
                    "depends_on": [
                        "openstack_compute_instance_v2.db-server",
                        "openstack_compute_instance_v2.job-queue",
                        "openstack_compute_instance_v2.salt-master",
                        "openstack_compute_instance_v2.tracker",
                        "openstack_compute_instance_v2.worker"
                    ],
                    "primary": {
                        "id": "6525138124558459587",
                        "attributes": {
                            "id": "6525138124558459587"
                        },
                        "meta": {},
                        "tainted": false
                    },
                    "deposed": [],
                    "provider": "provider.null"
                },
                "null_resource.masterip": {
                    "type": "null_resource",
                    "depends_on": [
                        "openstack_compute_instance_v2.salt-master"
                    ],
                    "primary": {
                        "id": "1753022283214160440",
                        "attributes": {
                            "id": "1753022283214160440",
                            "triggers.%": "1",
                            "triggers.address": "10.0.0.6"
                        },
                        "meta": {},
                        "tainted": false
                    },
                    "deposed": [],
                    "provider": "provider.null"
                },
                "openstack_compute_instance_v2.db-server": {
                    "type": "openstack_compute_instance_v2",
                    "depends_on": [
                        "null_resource.masterip",
                        "openstack_compute_instance_v2.salt-master",
                        "openstack_compute_secgroup_v2.allow-traffic"
                    ],
                    "primary": {
                        "id": "cf124cf9-0639-4cd7-a2da-fe8ab3f4344d",
                        "attributes": {
                            "access_ip_v4": "10.0.0.8",
                            "access_ip_v6": "",
                            "all_metadata.%": "0",
                            "availability_zone": "nova",
                            "flavor_id": "97cef706-42fe-47e7-b5a9-8fb6613301af",
                            "flavor_name": "HD-c8r32",
                            "force_delete": "false",
                            "id": "cf124cf9-0639-4cd7-a2da-fe8ab3f4344d",
                            "image_id": "266ca351-ba88-48b4-9aa7-e4b3703197d9",
                            "image_name": "butler_base",
                            "key_pair": "sergei",
                            "name": "butler-db-server",
                            "network.#": "1",
                            "network.0.access_network": "false",
                            "network.0.fixed_ip_v4": "10.0.0.8",
                            "network.0.fixed_ip_v6": "",
                            "network.0.floating_ip": "",
                            "network.0.mac": "fa:16:3e:49:38:b6",
                            "network.0.name": "denbi-iakhnin-intern",
                            "network.0.port": "",
                            "network.0.uuid": "301c1bee-c9c5-407d-9b43-9ba93cc513ca",
                            "region": "",
                            "security_groups.#": "2",
                            "security_groups.2299581210": "butler-firewall",
                            "security_groups.3814588639": "default",
                            "stop_before_destroy": "false"
                        },
                        "meta": {
                            "e2bfb730-ecaa-11e6-8f88-34363bc7c4c0": {
                                "create": 1800000000000,
                                "delete": 1800000000000,
                                "update": 1800000000000
                            }
                        },
                        "tainted": false
                    },
                    "deposed": [],
                    "provider": "provider.openstack"
                },
                "openstack_compute_instance_v2.job-queue": {
                    "type": "openstack_compute_instance_v2",
                    "depends_on": [
                        "null_resource.masterip",
                        "openstack_compute_instance_v2.salt-master",
                        "openstack_compute_secgroup_v2.allow-traffic"
                    ],
                    "primary": {
                        "id": "93be94a6-4ad7-4bf2-8955-e4ffc0c1827d",
                        "attributes": {
                            "access_ip_v4": "10.0.0.17",
                            "access_ip_v6": "",
                            "all_metadata.%": "0",
                            "availability_zone": "nova",
                            "flavor_id": "667ad911-00e1-4cf4-88de-9332b110cb03",
                            "flavor_name": "HD-c4r8",
                            "force_delete": "false",
                            "id": "93be94a6-4ad7-4bf2-8955-e4ffc0c1827d",
                            "image_id": "266ca351-ba88-48b4-9aa7-e4b3703197d9",
                            "image_name": "butler_base",
                            "key_pair": "sergei",
                            "name": "butler-job-queue",
                            "network.#": "1",
                            "network.0.access_network": "false",
                            "network.0.fixed_ip_v4": "10.0.0.17",
                            "network.0.fixed_ip_v6": "",
                            "network.0.floating_ip": "",
                            "network.0.mac": "fa:16:3e:f0:f0:0c",
                            "network.0.name": "denbi-iakhnin-intern",
                            "network.0.port": "",
                            "network.0.uuid": "301c1bee-c9c5-407d-9b43-9ba93cc513ca",
                            "region": "",
                            "security_groups.#": "2",
                            "security_groups.2299581210": "butler-firewall",
                            "security_groups.3814588639": "default",
                            "stop_before_destroy": "false"
                        },
                        "meta": {
                            "e2bfb730-ecaa-11e6-8f88-34363bc7c4c0": {
                                "create": 1800000000000,
                                "delete": 1800000000000,
                                "update": 1800000000000
                            }
                        },
                        "tainted": false
                    },
                    "deposed": [],
                    "provider": "provider.openstack"
                },
                "openstack_compute_instance_v2.salt-master": {
                    "type": "openstack_compute_instance_v2",
                    "depends_on": [
                        "openstack_compute_secgroup_v2.allow-traffic"
                    ],
                    "primary": {
                        "id": "d81b8c0e-8554-4a23-8e70-a57c8a57c86d",
                        "attributes": {
                            "access_ip_v4": "10.0.0.6",
                            "access_ip_v6": "",
                            "all_metadata.%": "0",
                            "availability_zone": "nova",
                            "flavor_id": "667ad911-00e1-4cf4-88de-9332b110cb03",
                            "flavor_name": "HD-c4r8",
                            "force_delete": "false",
                            "id": "d81b8c0e-8554-4a23-8e70-a57c8a57c86d",
                            "image_id": "266ca351-ba88-48b4-9aa7-e4b3703197d9",
                            "image_name": "butler_base",
                            "key_pair": "sergei",
                            "name": "butler-salt-master",
                            "network.#": "1",
                            "network.0.access_network": "false",
                            "network.0.fixed_ip_v4": "10.0.0.6",
                            "network.0.fixed_ip_v6": "",
                            "network.0.floating_ip": "",
                            "network.0.mac": "fa:16:3e:73:b9:a1",
                            "network.0.name": "denbi-iakhnin-intern",
                            "network.0.port": "",
                            "network.0.uuid": "301c1bee-c9c5-407d-9b43-9ba93cc513ca",
                            "region": "",
                            "security_groups.#": "2",
                            "security_groups.2299581210": "butler-firewall",
                            "security_groups.3814588639": "default",
                            "stop_before_destroy": "false"
                        },
                        "meta": {
                            "e2bfb730-ecaa-11e6-8f88-34363bc7c4c0": {
                                "create": 1800000000000,
                                "delete": 1800000000000,
                                "update": 1800000000000
                            }
                        },
                        "tainted": false
                    },
                    "deposed": [],
                    "provider": "provider.openstack"
                },
                "openstack_compute_instance_v2.tracker": {
                    "type": "openstack_compute_instance_v2",
                    "depends_on": [
                        "null_resource.masterip",
                        "openstack_compute_instance_v2.salt-master",
                        "openstack_compute_secgroup_v2.allow-traffic"
                    ],
                    "primary": {
                        "id": "d2bb98b7-36c6-42a5-a1b4-09a3806c150d",
                        "attributes": {
                            "access_ip_v4": "10.0.0.15",
                            "access_ip_v6": "",
                            "all_metadata.%": "0",
                            "availability_zone": "nova",
                            "flavor_id": "667ad911-00e1-4cf4-88de-9332b110cb03",
                            "flavor_name": "HD-c4r8",
                            "force_delete": "false",
                            "id": "d2bb98b7-36c6-42a5-a1b4-09a3806c150d",
                            "image_id": "266ca351-ba88-48b4-9aa7-e4b3703197d9",
                            "image_name": "butler_base",
                            "key_pair": "sergei",
                            "name": "butler-tracker",
                            "network.#": "1",
                            "network.0.access_network": "false",
                            "network.0.fixed_ip_v4": "10.0.0.15",
                            "network.0.fixed_ip_v6": "",
                            "network.0.floating_ip": "",
                            "network.0.mac": "fa:16:3e:99:a9:f4",
                            "network.0.name": "denbi-iakhnin-intern",
                            "network.0.port": "",
                            "network.0.uuid": "301c1bee-c9c5-407d-9b43-9ba93cc513ca",
                            "region": "",
                            "security_groups.#": "2",
                            "security_groups.2299581210": "butler-firewall",
                            "security_groups.3814588639": "default",
                            "stop_before_destroy": "false"
                        },
                        "meta": {
                            "e2bfb730-ecaa-11e6-8f88-34363bc7c4c0": {
                                "create": 1800000000000,
                                "delete": 1800000000000,
                                "update": 1800000000000
                            }
                        },
                        "tainted": false
                    },
                    "deposed": [],
                    "provider": "provider.openstack"
                },
                "openstack_compute_instance_v2.worker.0": {
                    "type": "openstack_compute_instance_v2",
                    "depends_on": [
                        "null_resource.masterip",
                        "openstack_compute_instance_v2.salt-master",
                        "openstack_compute_secgroup_v2.allow-traffic"
                    ],
                    "primary": {
                        "id": "00c34e57-3bdc-4c90-82b8-ca6a0aacf190",
                        "attributes": {
                            "access_ip_v4": "10.0.0.11",
                            "access_ip_v6": "",
                            "all_metadata.%": "0",
                            "availability_zone": "nova",
                            "flavor_id": "97cef706-42fe-47e7-b5a9-8fb6613301af",
                            "flavor_name": "HD-c8r32",
                            "force_delete": "false",
                            "id": "00c34e57-3bdc-4c90-82b8-ca6a0aacf190",
                            "image_id": "266ca351-ba88-48b4-9aa7-e4b3703197d9",
                            "image_name": "butler_base",
                            "key_pair": "sergei",
                            "name": "butler-worker-0",
                            "network.#": "1",
                            "network.0.access_network": "false",
                            "network.0.fixed_ip_v4": "10.0.0.11",
                            "network.0.fixed_ip_v6": "",
                            "network.0.floating_ip": "",
                            "network.0.mac": "fa:16:3e:e5:c1:09",
                            "network.0.name": "denbi-iakhnin-intern",
                            "network.0.port": "",
                            "network.0.uuid": "301c1bee-c9c5-407d-9b43-9ba93cc513ca",
                            "region": "",
                            "security_groups.#": "2",
                            "security_groups.2299581210": "butler-firewall",
                            "security_groups.3814588639": "default",
                            "stop_before_destroy": "false"
                        },
                        "meta": {
                            "e2bfb730-ecaa-11e6-8f88-34363bc7c4c0": {
                                "create": 1800000000000,
                                "delete": 1800000000000,
                                "update": 1800000000000
                            }
                        },
                        "tainted": false
                    },
                    "deposed": [],
                    "provider": "provider.openstack"
                },
                "openstack_compute_instance_v2.worker.1": {
                    "type": "openstack_compute_instance_v2",
                    "depends_on": [
                        "null_resource.masterip",
                        "openstack_compute_instance_v2.salt-master",
                        "openstack_compute_secgroup_v2.allow-traffic"
                    ],
                    "primary": {
                        "id": "09dd3b64-5e60-43b3-af14-b9c7c4e41b24",
                        "attributes": {
                            "access_ip_v4": "10.0.0.19",
                            "access_ip_v6": "",
                            "all_metadata.%": "0",
                            "availability_zone": "nova",
                            "flavor_id": "97cef706-42fe-47e7-b5a9-8fb6613301af",
                            "flavor_name": "HD-c8r32",
                            "force_delete": "false",
                            "id": "09dd3b64-5e60-43b3-af14-b9c7c4e41b24",
                            "image_id": "266ca351-ba88-48b4-9aa7-e4b3703197d9",
                            "image_name": "butler_base",
                            "key_pair": "sergei",
                            "name": "butler-worker-1",
                            "network.#": "1",
                            "network.0.access_network": "false",
                            "network.0.fixed_ip_v4": "10.0.0.19",
                            "network.0.fixed_ip_v6": "",
                            "network.0.floating_ip": "",
                            "network.0.mac": "fa:16:3e:35:75:77",
                            "network.0.name": "denbi-iakhnin-intern",
                            "network.0.port": "",
                            "network.0.uuid": "301c1bee-c9c5-407d-9b43-9ba93cc513ca",
                            "region": "",
                            "security_groups.#": "2",
                            "security_groups.2299581210": "butler-firewall",
                            "security_groups.3814588639": "default",
                            "stop_before_destroy": "false"
                        },
                        "meta": {
                            "e2bfb730-ecaa-11e6-8f88-34363bc7c4c0": {
                                "create": 1800000000000,
                                "delete": 1800000000000,
                                "update": 1800000000000
                            }
                        },
                        "tainted": false
                    },
                    "deposed": [],
                    "provider": "provider.openstack"
                },
                "openstack_compute_instance_v2.worker.2": {
                    "type": "openstack_compute_instance_v2",
                    "depends_on": [
                        "null_resource.masterip",
                        "openstack_compute_instance_v2.salt-master",
                        "openstack_compute_secgroup_v2.allow-traffic"
                    ],
                    "primary": {
                        "id": "6e87f482-4c46-458c-a776-dd0b2219a082",
                        "attributes": {
                            "access_ip_v4": "10.0.0.9",
                            "access_ip_v6": "",
                            "all_metadata.%": "0",
                            "availability_zone": "nova",
                            "flavor_id": "97cef706-42fe-47e7-b5a9-8fb6613301af",
                            "flavor_name": "HD-c8r32",
                            "force_delete": "false",
                            "id": "6e87f482-4c46-458c-a776-dd0b2219a082",
                            "image_id": "266ca351-ba88-48b4-9aa7-e4b3703197d9",
                            "image_name": "butler_base",
                            "key_pair": "sergei",
                            "name": "butler-worker-2",
                            "network.#": "1",
                            "network.0.access_network": "false",
                            "network.0.fixed_ip_v4": "10.0.0.9",
                            "network.0.fixed_ip_v6": "",
                            "network.0.floating_ip": "",
                            "network.0.mac": "fa:16:3e:1c:78:9f",
                            "network.0.name": "denbi-iakhnin-intern",
                            "network.0.port": "",
                            "network.0.uuid": "301c1bee-c9c5-407d-9b43-9ba93cc513ca",
                            "region": "",
                            "security_groups.#": "2",
                            "security_groups.2299581210": "butler-firewall",
                            "security_groups.3814588639": "default",
                            "stop_before_destroy": "false"
                        },
                        "meta": {
                            "e2bfb730-ecaa-11e6-8f88-34363bc7c4c0": {
                                "create": 1800000000000,
                                "delete": 1800000000000,
                                "update": 1800000000000
                            }
                        },
                        "tainted": false
                    },
                    "deposed": [],
                    "provider": "provider.openstack"
                },
                "openstack_compute_secgroup_v2.allow-traffic": {
                    "type": "openstack_compute_secgroup_v2",
                    "depends_on": [],
                    "primary": {
                        "id": "741c64b2-7c2a-4021-9c40-2337e1521cad",
                        "attributes": {
                            "description": "Allow traffic across butler instances",
                            "id": "741c64b2-7c2a-4021-9c40-2337e1521cad",
                            "name": "butler-firewall",
                            "region": "",
                            "rule.#": "4",
                            "rule.112275015.cidr": "",
                            "rule.112275015.from_group_id": "",
                            "rule.112275015.from_port": "1",
                            "rule.112275015.id": "5260109b-1d2b-4a7e-b88f-a8a69ce51406",
                            "rule.112275015.ip_protocol": "tcp",
                            "rule.112275015.self": "true",
                            "rule.112275015.to_port": "65535",
                            "rule.2180185248.cidr": "0.0.0.0/0",
                            "rule.2180185248.from_group_id": "",
                            "rule.2180185248.from_port": "-1",
                            "rule.2180185248.id": "26aa8b7b-c162-4338-94f2-6a453ec7f602",
                            "rule.2180185248.ip_protocol": "icmp",
                            "rule.2180185248.self": "false",
                            "rule.2180185248.to_port": "-1",
                            "rule.3811720511.cidr": "0.0.0.0/0",
                            "rule.3811720511.from_group_id": "",
                            "rule.3811720511.from_port": "3000",
                            "rule.3811720511.id": "5a0985af-7f8a-4c27-abeb-6b8ffb8e06c3",
                            "rule.3811720511.ip_protocol": "tcp",
                            "rule.3811720511.self": "false",
                            "rule.3811720511.to_port": "3000",
                            "rule.836640770.cidr": "0.0.0.0/0",
                            "rule.836640770.from_group_id": "",
                            "rule.836640770.from_port": "22",
                            "rule.836640770.id": "210ed504-c069-4005-a476-d6d439f34ba0",
                            "rule.836640770.ip_protocol": "tcp",
                            "rule.836640770.self": "false",
                            "rule.836640770.to_port": "22"
                        },
                        "meta": {
                            "e2bfb730-ecaa-11e6-8f88-34363bc7c4c0": {
                                "delete": 600000000000
                            }
                        },
                        "tainted": false
                    },
                    "deposed": [],
                    "provider": "provider.openstack"
                }
            },
            "depends_on": []
        }
    ]
}
