{
    "version": 3,
    "terraform_version": "0.11.7",
    "serial": 25,
    "lineage": "1f0fb30c-4016-435a-8805-62c2814a1fb7",
    "modules": [
        {
            "path": [
                "root"
            ],
            "outputs": {},
            "resources": {
                "null_resource.hostnames": {
                    "type": "null_resource",
                    "depends_on": [
                        "openstack_compute_instance_v2.db-server",
                        "openstack_compute_instance_v2.job-queue",
                        "openstack_compute_instance_v2.salt-master",
                        "openstack_compute_instance_v2.tracker",
                        "openstack_compute_instance_v2.worker"
                    ],
                    "primary": {
                        "id": "9206867363461304321",
                        "attributes": {
                            "id": "9206867363461304321"
                        },
                        "meta": {},
                        "tainted": false
                    },
                    "deposed": [],
                    "provider": "provider.null"
                },
                "null_resource.masterip": {
                    "type": "null_resource",
                    "depends_on": [
                        "openstack_compute_instance_v2.salt-master"
                    ],
                    "primary": {
                        "id": "8638162896409264426",
                        "attributes": {
                            "id": "8638162896409264426",
                            "triggers.%": "1",
                            "triggers.address": "10.0.0.6"
                        },
                        "meta": {},
                        "tainted": false
                    },
                    "deposed": [],
                    "provider": "provider.null"
                },
                "openstack_blockstorage_volume_v2.butler_volumes.0": {
                    "type": "openstack_blockstorage_volume_v2",
                    "depends_on": [],
                    "primary": {
                        "id": "8afe0a72-690b-4c31-aca4-b9bcb38e99b3",
                        "attributes": {
                            "attachment.#": "0",
                            "availability_zone": "nova",
                            "description": "",
                            "id": "8afe0a72-690b-4c31-aca4-b9bcb38e99b3",
                            "metadata.%": "0",
                            "name": "butler_worker_volume_00",
                            "region": "",
                            "size": "350",
                            "snapshot_id": "",
                            "source_vol_id": "",
                            "volume_type": ""
                        },
                        "meta": {
                            "e2bfb730-ecaa-11e6-8f88-34363bc7c4c0": {
                                "create": 600000000000,
                                "delete": 600000000000
                            }
                        },
                        "tainted": false
                    },
                    "deposed": [],
                    "provider": "provider.openstack"
                },
                "openstack_blockstorage_volume_v2.butler_volumes.1": {
                    "type": "openstack_blockstorage_volume_v2",
                    "depends_on": [],
                    "primary": {
                        "id": "29178b52-60cb-4434-898e-8bc2c4749cbc",
                        "attributes": {
                            "attachment.#": "0",
                            "availability_zone": "nova",
                            "description": "",
                            "id": "29178b52-60cb-4434-898e-8bc2c4749cbc",
                            "metadata.%": "0",
                            "name": "butler_worker_volume_01",
                            "region": "",
                            "size": "350",
                            "snapshot_id": "",
                            "source_vol_id": "",
                            "volume_type": ""
                        },
                        "meta": {
                            "e2bfb730-ecaa-11e6-8f88-34363bc7c4c0": {
                                "create": 600000000000,
                                "delete": 600000000000
                            }
                        },
                        "tainted": false
                    },
                    "deposed": [],
                    "provider": "provider.openstack"
                },
                "openstack_blockstorage_volume_v2.butler_volumes.10": {
                    "type": "openstack_blockstorage_volume_v2",
                    "depends_on": [],
                    "primary": {
                        "id": "22609948-c65c-46b4-92e3-80b574c47862",
                        "attributes": {
                            "attachment.#": "0",
                            "availability_zone": "nova",
                            "description": "",
                            "id": "22609948-c65c-46b4-92e3-80b574c47862",
                            "metadata.%": "0",
                            "name": "butler_worker_volume_10",
                            "region": "",
                            "size": "350",
                            "snapshot_id": "",
                            "source_vol_id": "",
                            "volume_type": ""
                        },
                        "meta": {
                            "e2bfb730-ecaa-11e6-8f88-34363bc7c4c0": {
                                "create": 600000000000,
                                "delete": 600000000000
                            }
                        },
                        "tainted": false
                    },
                    "deposed": [],
                    "provider": "provider.openstack"
                },
                "openstack_blockstorage_volume_v2.butler_volumes.11": {
                    "type": "openstack_blockstorage_volume_v2",
                    "depends_on": [],
                    "primary": {
                        "id": "6a242041-0bd7-49fa-aab0-abde9eacfac1",
                        "attributes": {
                            "attachment.#": "0",
                            "availability_zone": "nova",
                            "description": "",
                            "id": "6a242041-0bd7-49fa-aab0-abde9eacfac1",
                            "metadata.%": "0",
                            "name": "butler_worker_volume_11",
                            "region": "",
                            "size": "350",
                            "snapshot_id": "",
                            "source_vol_id": "",
                            "volume_type": ""
                        },
                        "meta": {
                            "e2bfb730-ecaa-11e6-8f88-34363bc7c4c0": {
                                "create": 600000000000,
                                "delete": 600000000000
                            }
                        },
                        "tainted": false
                    },
                    "deposed": [],
                    "provider": "provider.openstack"
                },
                "openstack_blockstorage_volume_v2.butler_volumes.12": {
                    "type": "openstack_blockstorage_volume_v2",
                    "depends_on": [],
                    "primary": {
                        "id": "2290f5d7-210d-4f17-9b68-56a8324ad848",
                        "attributes": {
                            "attachment.#": "0",
                            "availability_zone": "nova",
                            "description": "",
                            "id": "2290f5d7-210d-4f17-9b68-56a8324ad848",
                            "metadata.%": "0",
                            "name": "butler_worker_volume_12",
                            "region": "",
                            "size": "350",
                            "snapshot_id": "",
                            "source_vol_id": "",
                            "volume_type": ""
                        },
                        "meta": {
                            "e2bfb730-ecaa-11e6-8f88-34363bc7c4c0": {
                                "create": 600000000000,
                                "delete": 600000000000
                            }
                        },
                        "tainted": false
                    },
                    "deposed": [],
                    "provider": "provider.openstack"
                },
                "openstack_blockstorage_volume_v2.butler_volumes.13": {
                    "type": "openstack_blockstorage_volume_v2",
                    "depends_on": [],
                    "primary": {
                        "id": "048327f8-524c-4582-9670-91dbf9089107",
                        "attributes": {
                            "attachment.#": "0",
                            "availability_zone": "nova",
                            "description": "",
                            "id": "048327f8-524c-4582-9670-91dbf9089107",
                            "metadata.%": "0",
                            "name": "butler_worker_volume_13",
                            "region": "",
                            "size": "350",
                            "snapshot_id": "",
                            "source_vol_id": "",
                            "volume_type": ""
                        },
                        "meta": {
                            "e2bfb730-ecaa-11e6-8f88-34363bc7c4c0": {
                                "create": 600000000000,
                                "delete": 600000000000
                            }
                        },
                        "tainted": false
                    },
                    "deposed": [],
                    "provider": "provider.openstack"
                },
                "openstack_blockstorage_volume_v2.butler_volumes.14": {
                    "type": "openstack_blockstorage_volume_v2",
                    "depends_on": [],
                    "primary": {
                        "id": "77999d8a-6f7b-4587-b4cf-30540ce0392b",
                        "attributes": {
                            "attachment.#": "0",
                            "availability_zone": "nova",
                            "description": "",
                            "id": "77999d8a-6f7b-4587-b4cf-30540ce0392b",
                            "metadata.%": "0",
                            "name": "butler_worker_volume_14",
                            "region": "",
                            "size": "350",
                            "snapshot_id": "",
                            "source_vol_id": "",
                            "volume_type": ""
                        },
                        "meta": {
                            "e2bfb730-ecaa-11e6-8f88-34363bc7c4c0": {
                                "create": 600000000000,
                                "delete": 600000000000
                            }
                        },
                        "tainted": false
                    },
                    "deposed": [],
                    "provider": "provider.openstack"
                },
                "openstack_blockstorage_volume_v2.butler_volumes.15": {
                    "type": "openstack_blockstorage_volume_v2",
                    "depends_on": [],
                    "primary": {
                        "id": "80d85668-1bda-4973-8486-14cf64e64f7c",
                        "attributes": {
                            "attachment.#": "0",
                            "availability_zone": "nova",
                            "description": "",
                            "id": "80d85668-1bda-4973-8486-14cf64e64f7c",
                            "metadata.%": "0",
                            "name": "butler_worker_volume_15",
                            "region": "",
                            "size": "350",
                            "snapshot_id": "",
                            "source_vol_id": "",
                            "volume_type": ""
                        },
                        "meta": {
                            "e2bfb730-ecaa-11e6-8f88-34363bc7c4c0": {
                                "create": 600000000000,
                                "delete": 600000000000
                            }
                        },
                        "tainted": false
                    },
                    "deposed": [],
                    "provider": "provider.openstack"
                },
                "openstack_blockstorage_volume_v2.butler_volumes.16": {
                    "type": "openstack_blockstorage_volume_v2",
                    "depends_on": [],
                    "primary": {
                        "id": "b73f968c-91c0-44f5-9178-2cce463dfb22",
                        "attributes": {
                            "attachment.#": "0",
                            "availability_zone": "nova",
                            "description": "",
                            "id": "b73f968c-91c0-44f5-9178-2cce463dfb22",
                            "metadata.%": "0",
                            "name": "butler_worker_volume_16",
                            "region": "",
                            "size": "350",
                            "snapshot_id": "",
                            "source_vol_id": "",
                            "volume_type": ""
                        },
                        "meta": {
                            "e2bfb730-ecaa-11e6-8f88-34363bc7c4c0": {
                                "create": 600000000000,
                                "delete": 600000000000
                            }
                        },
                        "tainted": false
                    },
                    "deposed": [],
                    "provider": "provider.openstack"
                },
                "openstack_blockstorage_volume_v2.butler_volumes.17": {
                    "type": "openstack_blockstorage_volume_v2",
                    "depends_on": [],
                    "primary": {
                        "id": "4d4c608e-311f-4b47-b625-23f950a79da3",
                        "attributes": {
                            "attachment.#": "0",
                            "availability_zone": "nova",
                            "description": "",
                            "id": "4d4c608e-311f-4b47-b625-23f950a79da3",
                            "metadata.%": "0",
                            "name": "butler_worker_volume_17",
                            "region": "",
                            "size": "350",
                            "snapshot_id": "",
                            "source_vol_id": "",
                            "volume_type": ""
                        },
                        "meta": {
                            "e2bfb730-ecaa-11e6-8f88-34363bc7c4c0": {
                                "create": 600000000000,
                                "delete": 600000000000
                            }
                        },
                        "tainted": false
                    },
                    "deposed": [],
                    "provider": "provider.openstack"
                },
                "openstack_blockstorage_volume_v2.butler_volumes.18": {
                    "type": "openstack_blockstorage_volume_v2",
                    "depends_on": [],
                    "primary": {
                        "id": "8ceae158-1095-4e38-8834-53d75a6b738b",
                        "attributes": {
                            "attachment.#": "0",
                            "availability_zone": "nova",
                            "description": "",
                            "id": "8ceae158-1095-4e38-8834-53d75a6b738b",
                            "metadata.%": "0",
                            "name": "butler_worker_volume_18",
                            "region": "",
                            "size": "350",
                            "snapshot_id": "",
                            "source_vol_id": "",
                            "volume_type": ""
                        },
                        "meta": {
                            "e2bfb730-ecaa-11e6-8f88-34363bc7c4c0": {
                                "create": 600000000000,
                                "delete": 600000000000
                            }
                        },
                        "tainted": false
                    },
                    "deposed": [],
                    "provider": "provider.openstack"
                },
                "openstack_blockstorage_volume_v2.butler_volumes.19": {
                    "type": "openstack_blockstorage_volume_v2",
                    "depends_on": [],
                    "primary": {
                        "id": "2eb2144c-65eb-403f-86cb-48cc20a859c7",
                        "attributes": {
                            "attachment.#": "0",
                            "availability_zone": "nova",
                            "description": "",
                            "id": "2eb2144c-65eb-403f-86cb-48cc20a859c7",
                            "metadata.%": "0",
                            "name": "butler_worker_volume_19",
                            "region": "",
                            "size": "350",
                            "snapshot_id": "",
                            "source_vol_id": "",
                            "volume_type": ""
                        },
                        "meta": {
                            "e2bfb730-ecaa-11e6-8f88-34363bc7c4c0": {
                                "create": 600000000000,
                                "delete": 600000000000
                            }
                        },
                        "tainted": false
                    },
                    "deposed": [],
                    "provider": "provider.openstack"
                },
                "openstack_blockstorage_volume_v2.butler_volumes.2": {
                    "type": "openstack_blockstorage_volume_v2",
                    "depends_on": [],
                    "primary": {
                        "id": "6fdf4606-d0a2-4d5c-9937-2b4273522b6a",
                        "attributes": {
                            "attachment.#": "0",
                            "availability_zone": "nova",
                            "description": "",
                            "id": "6fdf4606-d0a2-4d5c-9937-2b4273522b6a",
                            "metadata.%": "0",
                            "name": "butler_worker_volume_02",
                            "region": "",
                            "size": "350",
                            "snapshot_id": "",
                            "source_vol_id": "",
                            "volume_type": ""
                        },
                        "meta": {
                            "e2bfb730-ecaa-11e6-8f88-34363bc7c4c0": {
                                "create": 600000000000,
                                "delete": 600000000000
                            }
                        },
                        "tainted": false
                    },
                    "deposed": [],
                    "provider": "provider.openstack"
                },
                "openstack_blockstorage_volume_v2.butler_volumes.20": {
                    "type": "openstack_blockstorage_volume_v2",
                    "depends_on": [],
                    "primary": {
                        "id": "cb775bbc-ed6b-4b13-a011-98438c112434",
                        "attributes": {
                            "attachment.#": "0",
                            "availability_zone": "nova",
                            "description": "",
                            "id": "cb775bbc-ed6b-4b13-a011-98438c112434",
                            "metadata.%": "0",
                            "name": "butler_worker_volume_20",
                            "region": "",
                            "size": "350",
                            "snapshot_id": "",
                            "source_vol_id": "",
                            "volume_type": ""
                        },
                        "meta": {
                            "e2bfb730-ecaa-11e6-8f88-34363bc7c4c0": {
                                "create": 600000000000,
                                "delete": 600000000000
                            }
                        },
                        "tainted": false
                    },
                    "deposed": [],
                    "provider": "provider.openstack"
                },
                "openstack_blockstorage_volume_v2.butler_volumes.21": {
                    "type": "openstack_blockstorage_volume_v2",
                    "depends_on": [],
                    "primary": {
                        "id": "808d8105-d4c9-4f0d-8ae3-d37618d0c649",
                        "attributes": {
                            "attachment.#": "0",
                            "availability_zone": "nova",
                            "description": "",
                            "id": "808d8105-d4c9-4f0d-8ae3-d37618d0c649",
                            "metadata.%": "0",
                            "name": "butler_worker_volume_21",
                            "region": "",
                            "size": "350",
                            "snapshot_id": "",
                            "source_vol_id": "",
                            "volume_type": ""
                        },
                        "meta": {
                            "e2bfb730-ecaa-11e6-8f88-34363bc7c4c0": {
                                "create": 600000000000,
                                "delete": 600000000000
                            }
                        },
                        "tainted": false
                    },
                    "deposed": [],
                    "provider": "provider.openstack"
                },
                "openstack_blockstorage_volume_v2.butler_volumes.22": {
                    "type": "openstack_blockstorage_volume_v2",
                    "depends_on": [],
                    "primary": {
                        "id": "d4edbac8-f627-4548-b03c-761b88e33dbf",
                        "attributes": {
                            "attachment.#": "0",
                            "availability_zone": "nova",
                            "description": "",
                            "id": "d4edbac8-f627-4548-b03c-761b88e33dbf",
                            "metadata.%": "0",
                            "name": "butler_worker_volume_22",
                            "region": "",
                            "size": "350",
                            "snapshot_id": "",
                            "source_vol_id": "",
                            "volume_type": ""
                        },
                        "meta": {
                            "e2bfb730-ecaa-11e6-8f88-34363bc7c4c0": {
                                "create": 600000000000,
                                "delete": 600000000000
                            }
                        },
                        "tainted": false
                    },
                    "deposed": [],
                    "provider": "provider.openstack"
                },
                "openstack_blockstorage_volume_v2.butler_volumes.23": {
                    "type": "openstack_blockstorage_volume_v2",
                    "depends_on": [],
                    "primary": {
                        "id": "013c5672-5c57-4f88-93e7-665fe9bbd00a",
                        "attributes": {
                            "attachment.#": "0",
                            "availability_zone": "nova",
                            "description": "",
                            "id": "013c5672-5c57-4f88-93e7-665fe9bbd00a",
                            "metadata.%": "0",
                            "name": "butler_worker_volume_23",
                            "region": "",
                            "size": "350",
                            "snapshot_id": "",
                            "source_vol_id": "",
                            "volume_type": ""
                        },
                        "meta": {
                            "e2bfb730-ecaa-11e6-8f88-34363bc7c4c0": {
                                "create": 600000000000,
                                "delete": 600000000000
                            }
                        },
                        "tainted": false
                    },
                    "deposed": [],
                    "provider": "provider.openstack"
                },
                "openstack_blockstorage_volume_v2.butler_volumes.24": {
                    "type": "openstack_blockstorage_volume_v2",
                    "depends_on": [],
                    "primary": {
                        "id": "2ce4e632-0568-4f94-9442-281e251b1f4f",
                        "attributes": {
                            "attachment.#": "0",
                            "availability_zone": "nova",
                            "description": "",
                            "id": "2ce4e632-0568-4f94-9442-281e251b1f4f",
                            "metadata.%": "0",
                            "name": "butler_worker_volume_24",
                            "region": "",
                            "size": "350",
                            "snapshot_id": "",
                            "source_vol_id": "",
                            "volume_type": ""
                        },
                        "meta": {
                            "e2bfb730-ecaa-11e6-8f88-34363bc7c4c0": {
                                "create": 600000000000,
                                "delete": 600000000000
                            }
                        },
                        "tainted": false
                    },
                    "deposed": [],
                    "provider": "provider.openstack"
                },
                "openstack_blockstorage_volume_v2.butler_volumes.25": {
                    "type": "openstack_blockstorage_volume_v2",
                    "depends_on": [],
                    "primary": {
                        "id": "b9afd98c-2f5a-432e-a6e3-29a1cfd21ec3",
                        "attributes": {
                            "attachment.#": "0",
                            "availability_zone": "nova",
                            "description": "",
                            "id": "b9afd98c-2f5a-432e-a6e3-29a1cfd21ec3",
                            "metadata.%": "0",
                            "name": "butler_worker_volume_25",
                            "region": "",
                            "size": "350",
                            "snapshot_id": "",
                            "source_vol_id": "",
                            "volume_type": ""
                        },
                        "meta": {
                            "e2bfb730-ecaa-11e6-8f88-34363bc7c4c0": {
                                "create": 600000000000,
                                "delete": 600000000000
                            }
                        },
                        "tainted": false
                    },
                    "deposed": [],
                    "provider": "provider.openstack"
                },
                "openstack_blockstorage_volume_v2.butler_volumes.26": {
                    "type": "openstack_blockstorage_volume_v2",
                    "depends_on": [],
                    "primary": {
                        "id": "abda92e9-4af2-43bc-834e-36b378384f94",
                        "attributes": {
                            "attachment.#": "0",
                            "availability_zone": "nova",
                            "description": "",
                            "id": "abda92e9-4af2-43bc-834e-36b378384f94",
                            "metadata.%": "0",
                            "name": "butler_worker_volume_26",
                            "region": "",
                            "size": "350",
                            "snapshot_id": "",
                            "source_vol_id": "",
                            "volume_type": ""
                        },
                        "meta": {
                            "e2bfb730-ecaa-11e6-8f88-34363bc7c4c0": {
                                "create": 600000000000,
                                "delete": 600000000000
                            }
                        },
                        "tainted": false
                    },
                    "deposed": [],
                    "provider": "provider.openstack"
                },
                "openstack_blockstorage_volume_v2.butler_volumes.27": {
                    "type": "openstack_blockstorage_volume_v2",
                    "depends_on": [],
                    "primary": {
                        "id": "8a5c726a-ea45-407e-ad67-7cb6807a6790",
                        "attributes": {
                            "attachment.#": "0",
                            "availability_zone": "nova",
                            "description": "",
                            "id": "8a5c726a-ea45-407e-ad67-7cb6807a6790",
                            "metadata.%": "0",
                            "name": "butler_worker_volume_27",
                            "region": "",
                            "size": "350",
                            "snapshot_id": "",
                            "source_vol_id": "",
                            "volume_type": ""
                        },
                        "meta": {
                            "e2bfb730-ecaa-11e6-8f88-34363bc7c4c0": {
                                "create": 600000000000,
                                "delete": 600000000000
                            }
                        },
                        "tainted": false
                    },
                    "deposed": [],
                    "provider": "provider.openstack"
                },
                "openstack_blockstorage_volume_v2.butler_volumes.28": {
                    "type": "openstack_blockstorage_volume_v2",
                    "depends_on": [],
                    "primary": {
                        "id": "3a5b6e62-0fb2-4430-96b6-a47bd5ff2085",
                        "attributes": {
                            "attachment.#": "0",
                            "availability_zone": "nova",
                            "description": "",
                            "id": "3a5b6e62-0fb2-4430-96b6-a47bd5ff2085",
                            "metadata.%": "0",
                            "name": "butler_worker_volume_28",
                            "region": "",
                            "size": "350",
                            "snapshot_id": "",
                            "source_vol_id": "",
                            "volume_type": ""
                        },
                        "meta": {
                            "e2bfb730-ecaa-11e6-8f88-34363bc7c4c0": {
                                "create": 600000000000,
                                "delete": 600000000000
                            }
                        },
                        "tainted": false
                    },
                    "deposed": [],
                    "provider": "provider.openstack"
                },
                "openstack_blockstorage_volume_v2.butler_volumes.29": {
                    "type": "openstack_blockstorage_volume_v2",
                    "depends_on": [],
                    "primary": {
                        "id": "942e232a-9d42-4cb2-ae49-f8c5d2b53bbe",
                        "attributes": {
                            "attachment.#": "0",
                            "availability_zone": "nova",
                            "description": "",
                            "id": "942e232a-9d42-4cb2-ae49-f8c5d2b53bbe",
                            "metadata.%": "0",
                            "name": "butler_worker_volume_29",
                            "region": "",
                            "size": "350",
                            "snapshot_id": "",
                            "source_vol_id": "",
                            "volume_type": ""
                        },
                        "meta": {
                            "e2bfb730-ecaa-11e6-8f88-34363bc7c4c0": {
                                "create": 600000000000,
                                "delete": 600000000000
                            }
                        },
                        "tainted": false
                    },
                    "deposed": [],
                    "provider": "provider.openstack"
                },
                "openstack_blockstorage_volume_v2.butler_volumes.3": {
                    "type": "openstack_blockstorage_volume_v2",
                    "depends_on": [],
                    "primary": {
                        "id": "68b5360c-2b7e-457e-8fbf-9af787cd8e9e",
                        "attributes": {
                            "attachment.#": "0",
                            "availability_zone": "nova",
                            "description": "",
                            "id": "68b5360c-2b7e-457e-8fbf-9af787cd8e9e",
                            "metadata.%": "0",
                            "name": "butler_worker_volume_03",
                            "region": "",
                            "size": "350",
                            "snapshot_id": "",
                            "source_vol_id": "",
                            "volume_type": ""
                        },
                        "meta": {
                            "e2bfb730-ecaa-11e6-8f88-34363bc7c4c0": {
                                "create": 600000000000,
                                "delete": 600000000000
                            }
                        },
                        "tainted": false
                    },
                    "deposed": [],
                    "provider": "provider.openstack"
                },
                "openstack_blockstorage_volume_v2.butler_volumes.4": {
                    "type": "openstack_blockstorage_volume_v2",
                    "depends_on": [],
                    "primary": {
                        "id": "881ed720-69c5-4ad1-8709-5034458b8dac",
                        "attributes": {
                            "attachment.#": "0",
                            "availability_zone": "nova",
                            "description": "",
                            "id": "881ed720-69c5-4ad1-8709-5034458b8dac",
                            "metadata.%": "0",
                            "name": "butler_worker_volume_04",
                            "region": "",
                            "size": "350",
                            "snapshot_id": "",
                            "source_vol_id": "",
                            "volume_type": ""
                        },
                        "meta": {
                            "e2bfb730-ecaa-11e6-8f88-34363bc7c4c0": {
                                "create": 600000000000,
                                "delete": 600000000000
                            }
                        },
                        "tainted": false
                    },
                    "deposed": [],
                    "provider": "provider.openstack"
                },
                "openstack_blockstorage_volume_v2.butler_volumes.5": {
                    "type": "openstack_blockstorage_volume_v2",
                    "depends_on": [],
                    "primary": {
                        "id": "ba6e8e17-8de8-476f-be8d-5a5001caafdd",
                        "attributes": {
                            "attachment.#": "0",
                            "availability_zone": "nova",
                            "description": "",
                            "id": "ba6e8e17-8de8-476f-be8d-5a5001caafdd",
                            "metadata.%": "0",
                            "name": "butler_worker_volume_05",
                            "region": "",
                            "size": "350",
                            "snapshot_id": "",
                            "source_vol_id": "",
                            "volume_type": ""
                        },
                        "meta": {
                            "e2bfb730-ecaa-11e6-8f88-34363bc7c4c0": {
                                "create": 600000000000,
                                "delete": 600000000000
                            }
                        },
                        "tainted": false
                    },
                    "deposed": [],
                    "provider": "provider.openstack"
                },
                "openstack_blockstorage_volume_v2.butler_volumes.6": {
                    "type": "openstack_blockstorage_volume_v2",
                    "depends_on": [],
                    "primary": {
                        "id": "b1fb295f-ea97-4132-8fd2-a62abda6d936",
                        "attributes": {
                            "attachment.#": "0",
                            "availability_zone": "nova",
                            "description": "",
                            "id": "b1fb295f-ea97-4132-8fd2-a62abda6d936",
                            "metadata.%": "0",
                            "name": "butler_worker_volume_06",
                            "region": "",
                            "size": "350",
                            "snapshot_id": "",
                            "source_vol_id": "",
                            "volume_type": ""
                        },
                        "meta": {
                            "e2bfb730-ecaa-11e6-8f88-34363bc7c4c0": {
                                "create": 600000000000,
                                "delete": 600000000000
                            }
                        },
                        "tainted": false
                    },
                    "deposed": [],
                    "provider": "provider.openstack"
                },
                "openstack_blockstorage_volume_v2.butler_volumes.7": {
                    "type": "openstack_blockstorage_volume_v2",
                    "depends_on": [],
                    "primary": {
                        "id": "b024ab07-b49f-4125-8677-f002e31a3bbc",
                        "attributes": {
                            "attachment.#": "0",
                            "availability_zone": "nova",
                            "description": "",
                            "id": "b024ab07-b49f-4125-8677-f002e31a3bbc",
                            "metadata.%": "0",
                            "name": "butler_worker_volume_07",
                            "region": "",
                            "size": "350",
                            "snapshot_id": "",
                            "source_vol_id": "",
                            "volume_type": ""
                        },
                        "meta": {
                            "e2bfb730-ecaa-11e6-8f88-34363bc7c4c0": {
                                "create": 600000000000,
                                "delete": 600000000000
                            }
                        },
                        "tainted": false
                    },
                    "deposed": [],
                    "provider": "provider.openstack"
                },
                "openstack_blockstorage_volume_v2.butler_volumes.8": {
                    "type": "openstack_blockstorage_volume_v2",
                    "depends_on": [],
                    "primary": {
                        "id": "eb0e4825-0716-4820-a406-642367366020",
                        "attributes": {
                            "attachment.#": "0",
                            "availability_zone": "nova",
                            "description": "",
                            "id": "eb0e4825-0716-4820-a406-642367366020",
                            "metadata.%": "0",
                            "name": "butler_worker_volume_08",
                            "region": "",
                            "size": "350",
                            "snapshot_id": "",
                            "source_vol_id": "",
                            "volume_type": ""
                        },
                        "meta": {
                            "e2bfb730-ecaa-11e6-8f88-34363bc7c4c0": {
                                "create": 600000000000,
                                "delete": 600000000000
                            }
                        },
                        "tainted": false
                    },
                    "deposed": [],
                    "provider": "provider.openstack"
                },
                "openstack_blockstorage_volume_v2.butler_volumes.9": {
                    "type": "openstack_blockstorage_volume_v2",
                    "depends_on": [],
                    "primary": {
                        "id": "68d2b14f-a64a-4a06-9da7-b5cc81420c83",
                        "attributes": {
                            "attachment.#": "0",
                            "availability_zone": "nova",
                            "description": "",
                            "id": "68d2b14f-a64a-4a06-9da7-b5cc81420c83",
                            "metadata.%": "0",
                            "name": "butler_worker_volume_09",
                            "region": "",
                            "size": "350",
                            "snapshot_id": "",
                            "source_vol_id": "",
                            "volume_type": ""
                        },
                        "meta": {
                            "e2bfb730-ecaa-11e6-8f88-34363bc7c4c0": {
                                "create": 600000000000,
                                "delete": 600000000000
                            }
                        },
                        "tainted": false
                    },
                    "deposed": [],
                    "provider": "provider.openstack"
                },
                "openstack_compute_floatingip_associate_v2.float_ip_mapping.0": {
                    "type": "openstack_compute_floatingip_associate_v2",
                    "depends_on": [
                        "openstack_compute_instance_v2.worker.*",
                        "openstack_networking_floatingip_v2.float_ip.*"
                    ],
                    "primary": {
                        "id": "172.16.73.3/e478eada-0ae9-473f-b6f6-b9ddd3b48eeb/",
                        "attributes": {
                            "fixed_ip": "",
                            "floating_ip": "172.16.73.3",
                            "id": "172.16.73.3/e478eada-0ae9-473f-b6f6-b9ddd3b48eeb/",
                            "instance_id": "e478eada-0ae9-473f-b6f6-b9ddd3b48eeb",
                            "region": ""
                        },
                        "meta": {},
                        "tainted": false
                    },
                    "deposed": [],
                    "provider": "provider.openstack"
                },
                "openstack_compute_floatingip_associate_v2.float_ip_mapping.1": {
                    "type": "openstack_compute_floatingip_associate_v2",
                    "depends_on": [
                        "openstack_compute_instance_v2.worker.*",
                        "openstack_networking_floatingip_v2.float_ip.*"
                    ],
                    "primary": {
                        "id": "172.16.73.34/62c186ec-678c-43da-af1c-f46ee967bd86/",
                        "attributes": {
                            "fixed_ip": "",
                            "floating_ip": "172.16.73.34",
                            "id": "172.16.73.34/62c186ec-678c-43da-af1c-f46ee967bd86/",
                            "instance_id": "62c186ec-678c-43da-af1c-f46ee967bd86",
                            "region": ""
                        },
                        "meta": {},
                        "tainted": false
                    },
                    "deposed": [],
                    "provider": "provider.openstack"
                },
                "openstack_compute_floatingip_associate_v2.float_ip_mapping.10": {
                    "type": "openstack_compute_floatingip_associate_v2",
                    "depends_on": [
                        "openstack_compute_instance_v2.worker.*",
                        "openstack_networking_floatingip_v2.float_ip.*"
                    ],
                    "primary": {
                        "id": "172.16.73.20/452b8169-6ffc-4d8a-a797-093c038b65e4/",
                        "attributes": {
                            "fixed_ip": "",
                            "floating_ip": "172.16.73.20",
                            "id": "172.16.73.20/452b8169-6ffc-4d8a-a797-093c038b65e4/",
                            "instance_id": "452b8169-6ffc-4d8a-a797-093c038b65e4",
                            "region": ""
                        },
                        "meta": {},
                        "tainted": false
                    },
                    "deposed": [],
                    "provider": "provider.openstack"
                },
                "openstack_compute_floatingip_associate_v2.float_ip_mapping.11": {
                    "type": "openstack_compute_floatingip_associate_v2",
                    "depends_on": [
                        "openstack_compute_instance_v2.worker.*",
                        "openstack_networking_floatingip_v2.float_ip.*"
                    ],
                    "primary": {
                        "id": "172.16.73.22/d42cb17b-995d-45ed-9940-5d6d7ac8ca08/",
                        "attributes": {
                            "fixed_ip": "",
                            "floating_ip": "172.16.73.22",
                            "id": "172.16.73.22/d42cb17b-995d-45ed-9940-5d6d7ac8ca08/",
                            "instance_id": "d42cb17b-995d-45ed-9940-5d6d7ac8ca08",
                            "region": ""
                        },
                        "meta": {},
                        "tainted": false
                    },
                    "deposed": [],
                    "provider": "provider.openstack"
                },
                "openstack_compute_floatingip_associate_v2.float_ip_mapping.12": {
                    "type": "openstack_compute_floatingip_associate_v2",
                    "depends_on": [
                        "openstack_compute_instance_v2.worker.*",
                        "openstack_networking_floatingip_v2.float_ip.*"
                    ],
                    "primary": {
                        "id": "172.16.73.25/f80e419c-32e5-492d-9545-68314730d2b5/",
                        "attributes": {
                            "fixed_ip": "",
                            "floating_ip": "172.16.73.25",
                            "id": "172.16.73.25/f80e419c-32e5-492d-9545-68314730d2b5/",
                            "instance_id": "f80e419c-32e5-492d-9545-68314730d2b5",
                            "region": ""
                        },
                        "meta": {},
                        "tainted": false
                    },
                    "deposed": [],
                    "provider": "provider.openstack"
                },
                "openstack_compute_floatingip_associate_v2.float_ip_mapping.13": {
                    "type": "openstack_compute_floatingip_associate_v2",
                    "depends_on": [
                        "openstack_compute_instance_v2.worker.*",
                        "openstack_networking_floatingip_v2.float_ip.*"
                    ],
                    "primary": {
                        "id": "172.16.72.252/0e886478-2b75-4268-aabf-460aa7503431/",
                        "attributes": {
                            "fixed_ip": "",
                            "floating_ip": "172.16.72.252",
                            "id": "172.16.72.252/0e886478-2b75-4268-aabf-460aa7503431/",
                            "instance_id": "0e886478-2b75-4268-aabf-460aa7503431",
                            "region": ""
                        },
                        "meta": {},
                        "tainted": false
                    },
                    "deposed": [],
                    "provider": "provider.openstack"
                },
                "openstack_compute_floatingip_associate_v2.float_ip_mapping.14": {
                    "type": "openstack_compute_floatingip_associate_v2",
                    "depends_on": [
                        "openstack_compute_instance_v2.worker.*",
                        "openstack_networking_floatingip_v2.float_ip.*"
                    ],
                    "primary": {
                        "id": "172.16.73.5/a6133fff-cc00-4b93-a3da-bd4737ab7c45/",
                        "attributes": {
                            "fixed_ip": "",
                            "floating_ip": "172.16.73.5",
                            "id": "172.16.73.5/a6133fff-cc00-4b93-a3da-bd4737ab7c45/",
                            "instance_id": "a6133fff-cc00-4b93-a3da-bd4737ab7c45",
                            "region": ""
                        },
                        "meta": {},
                        "tainted": false
                    },
                    "deposed": [],
                    "provider": "provider.openstack"
                },
                "openstack_compute_floatingip_associate_v2.float_ip_mapping.15": {
                    "type": "openstack_compute_floatingip_associate_v2",
                    "depends_on": [
                        "openstack_compute_instance_v2.worker.*",
                        "openstack_networking_floatingip_v2.float_ip.*"
                    ],
                    "primary": {
                        "id": "172.16.73.10/40d1e446-5170-451f-a1c2-e1d2f98155e9/",
                        "attributes": {
                            "fixed_ip": "",
                            "floating_ip": "172.16.73.10",
                            "id": "172.16.73.10/40d1e446-5170-451f-a1c2-e1d2f98155e9/",
                            "instance_id": "40d1e446-5170-451f-a1c2-e1d2f98155e9",
                            "region": ""
                        },
                        "meta": {},
                        "tainted": false
                    },
                    "deposed": [],
                    "provider": "provider.openstack"
                },
                "openstack_compute_floatingip_associate_v2.float_ip_mapping.16": {
                    "type": "openstack_compute_floatingip_associate_v2",
                    "depends_on": [
                        "openstack_compute_instance_v2.worker.*",
                        "openstack_networking_floatingip_v2.float_ip.*"
                    ],
                    "primary": {
                        "id": "172.16.73.37/9e52dffe-6701-4029-afac-9ae9333ac85b/",
                        "attributes": {
                            "fixed_ip": "",
                            "floating_ip": "172.16.73.37",
                            "id": "172.16.73.37/9e52dffe-6701-4029-afac-9ae9333ac85b/",
                            "instance_id": "9e52dffe-6701-4029-afac-9ae9333ac85b",
                            "region": ""
                        },
                        "meta": {},
                        "tainted": false
                    },
                    "deposed": [],
                    "provider": "provider.openstack"
                },
                "openstack_compute_floatingip_associate_v2.float_ip_mapping.17": {
                    "type": "openstack_compute_floatingip_associate_v2",
                    "depends_on": [
                        "openstack_compute_instance_v2.worker.*",
                        "openstack_networking_floatingip_v2.float_ip.*"
                    ],
                    "primary": {
                        "id": "172.16.73.113/c7bb1e94-7ec3-46d0-a7a6-c44d3516f589/",
                        "attributes": {
                            "fixed_ip": "",
                            "floating_ip": "172.16.73.113",
                            "id": "172.16.73.113/c7bb1e94-7ec3-46d0-a7a6-c44d3516f589/",
                            "instance_id": "c7bb1e94-7ec3-46d0-a7a6-c44d3516f589",
                            "region": ""
                        },
                        "meta": {},
                        "tainted": false
                    },
                    "deposed": [],
                    "provider": "provider.openstack"
                },
                "openstack_compute_floatingip_associate_v2.float_ip_mapping.18": {
                    "type": "openstack_compute_floatingip_associate_v2",
                    "depends_on": [
                        "openstack_compute_instance_v2.worker.*",
                        "openstack_networking_floatingip_v2.float_ip.*"
                    ],
                    "primary": {
                        "id": "172.16.72.253/eae9a892-fa94-4518-9ce5-cc2d42d7bdfb/",
                        "attributes": {
                            "fixed_ip": "",
                            "floating_ip": "172.16.72.253",
                            "id": "172.16.72.253/eae9a892-fa94-4518-9ce5-cc2d42d7bdfb/",
                            "instance_id": "eae9a892-fa94-4518-9ce5-cc2d42d7bdfb",
                            "region": ""
                        },
                        "meta": {},
                        "tainted": false
                    },
                    "deposed": [],
                    "provider": "provider.openstack"
                },
                "openstack_compute_floatingip_associate_v2.float_ip_mapping.19": {
                    "type": "openstack_compute_floatingip_associate_v2",
                    "depends_on": [
                        "openstack_compute_instance_v2.worker.*",
                        "openstack_networking_floatingip_v2.float_ip.*"
                    ],
                    "primary": {
                        "id": "172.16.72.255/6ec409d9-af87-4603-83cd-13705d489b9e/",
                        "attributes": {
                            "fixed_ip": "",
                            "floating_ip": "172.16.72.255",
                            "id": "172.16.72.255/6ec409d9-af87-4603-83cd-13705d489b9e/",
                            "instance_id": "6ec409d9-af87-4603-83cd-13705d489b9e",
                            "region": ""
                        },
                        "meta": {},
                        "tainted": false
                    },
                    "deposed": [],
                    "provider": "provider.openstack"
                },
                "openstack_compute_floatingip_associate_v2.float_ip_mapping.2": {
                    "type": "openstack_compute_floatingip_associate_v2",
                    "depends_on": [
                        "openstack_compute_instance_v2.worker.*",
                        "openstack_networking_floatingip_v2.float_ip.*"
                    ],
                    "primary": {
                        "id": "172.16.73.8/01c7288f-8051-4f3f-801e-75ec641393a1/",
                        "attributes": {
                            "fixed_ip": "",
                            "floating_ip": "172.16.73.8",
                            "id": "172.16.73.8/01c7288f-8051-4f3f-801e-75ec641393a1/",
                            "instance_id": "01c7288f-8051-4f3f-801e-75ec641393a1",
                            "region": ""
                        },
                        "meta": {},
                        "tainted": false
                    },
                    "deposed": [],
                    "provider": "provider.openstack"
                },
                "openstack_compute_floatingip_associate_v2.float_ip_mapping.20": {
                    "type": "openstack_compute_floatingip_associate_v2",
                    "depends_on": [
                        "openstack_compute_instance_v2.worker.*",
                        "openstack_networking_floatingip_v2.float_ip.*"
                    ],
                    "primary": {
                        "id": "172.16.73.110/3a17e891-3638-495f-a718-b0e0e3abe78a/",
                        "attributes": {
                            "fixed_ip": "",
                            "floating_ip": "172.16.73.110",
                            "id": "172.16.73.110/3a17e891-3638-495f-a718-b0e0e3abe78a/",
                            "instance_id": "3a17e891-3638-495f-a718-b0e0e3abe78a",
                            "region": ""
                        },
                        "meta": {},
                        "tainted": false
                    },
                    "deposed": [],
                    "provider": "provider.openstack"
                },
                "openstack_compute_floatingip_associate_v2.float_ip_mapping.21": {
                    "type": "openstack_compute_floatingip_associate_v2",
                    "depends_on": [
                        "openstack_compute_instance_v2.worker.*",
                        "openstack_networking_floatingip_v2.float_ip.*"
                    ],
                    "primary": {
                        "id": "172.16.72.244/b512a547-ff6f-4050-92ff-32e3823aed54/",
                        "attributes": {
                            "fixed_ip": "",
                            "floating_ip": "172.16.72.244",
                            "id": "172.16.72.244/b512a547-ff6f-4050-92ff-32e3823aed54/",
                            "instance_id": "b512a547-ff6f-4050-92ff-32e3823aed54",
                            "region": ""
                        },
                        "meta": {},
                        "tainted": false
                    },
                    "deposed": [],
                    "provider": "provider.openstack"
                },
                "openstack_compute_floatingip_associate_v2.float_ip_mapping.22": {
                    "type": "openstack_compute_floatingip_associate_v2",
                    "depends_on": [
                        "openstack_compute_instance_v2.worker.*",
                        "openstack_networking_floatingip_v2.float_ip.*"
                    ],
                    "primary": {
                        "id": "172.16.73.44/fb923006-fe97-4b3d-8244-6089d2bbec53/",
                        "attributes": {
                            "fixed_ip": "",
                            "floating_ip": "172.16.73.44",
                            "id": "172.16.73.44/fb923006-fe97-4b3d-8244-6089d2bbec53/",
                            "instance_id": "fb923006-fe97-4b3d-8244-6089d2bbec53",
                            "region": ""
                        },
                        "meta": {},
                        "tainted": false
                    },
                    "deposed": [],
                    "provider": "provider.openstack"
                },
                "openstack_compute_floatingip_associate_v2.float_ip_mapping.23": {
                    "type": "openstack_compute_floatingip_associate_v2",
                    "depends_on": [
                        "openstack_compute_instance_v2.worker.*",
                        "openstack_networking_floatingip_v2.float_ip.*"
                    ],
                    "primary": {
                        "id": "172.16.73.26/10665aaa-7c1b-49bc-bbe8-04b71e891a0f/",
                        "attributes": {
                            "fixed_ip": "",
                            "floating_ip": "172.16.73.26",
                            "id": "172.16.73.26/10665aaa-7c1b-49bc-bbe8-04b71e891a0f/",
                            "instance_id": "10665aaa-7c1b-49bc-bbe8-04b71e891a0f",
                            "region": ""
                        },
                        "meta": {},
                        "tainted": false
                    },
                    "deposed": [],
                    "provider": "provider.openstack"
                },
                "openstack_compute_floatingip_associate_v2.float_ip_mapping.24": {
                    "type": "openstack_compute_floatingip_associate_v2",
                    "depends_on": [
                        "openstack_compute_instance_v2.worker.*",
                        "openstack_networking_floatingip_v2.float_ip.*"
                    ],
                    "primary": {
                        "id": "172.16.73.18/316ca577-3af9-496c-a053-4a90d3ca043f/",
                        "attributes": {
                            "fixed_ip": "",
                            "floating_ip": "172.16.73.18",
                            "id": "172.16.73.18/316ca577-3af9-496c-a053-4a90d3ca043f/",
                            "instance_id": "316ca577-3af9-496c-a053-4a90d3ca043f",
                            "region": ""
                        },
                        "meta": {},
                        "tainted": false
                    },
                    "deposed": [],
                    "provider": "provider.openstack"
                },
                "openstack_compute_floatingip_associate_v2.float_ip_mapping.25": {
                    "type": "openstack_compute_floatingip_associate_v2",
                    "depends_on": [
                        "openstack_compute_instance_v2.worker.*",
                        "openstack_networking_floatingip_v2.float_ip.*"
                    ],
                    "primary": {
                        "id": "172.16.73.0/07923aa3-72a8-4d57-a1be-5c7ead42c97a/",
                        "attributes": {
                            "fixed_ip": "",
                            "floating_ip": "172.16.73.0",
                            "id": "172.16.73.0/07923aa3-72a8-4d57-a1be-5c7ead42c97a/",
                            "instance_id": "07923aa3-72a8-4d57-a1be-5c7ead42c97a",
                            "region": ""
                        },
                        "meta": {},
                        "tainted": false
                    },
                    "deposed": [],
                    "provider": "provider.openstack"
                },
                "openstack_compute_floatingip_associate_v2.float_ip_mapping.26": {
                    "type": "openstack_compute_floatingip_associate_v2",
                    "depends_on": [
                        "openstack_compute_instance_v2.worker.*",
                        "openstack_networking_floatingip_v2.float_ip.*"
                    ],
                    "primary": {
                        "id": "172.16.73.40/efe16162-54c0-4dcc-aa00-29a3b9dca811/",
                        "attributes": {
                            "fixed_ip": "",
                            "floating_ip": "172.16.73.40",
                            "id": "172.16.73.40/efe16162-54c0-4dcc-aa00-29a3b9dca811/",
                            "instance_id": "efe16162-54c0-4dcc-aa00-29a3b9dca811",
                            "region": ""
                        },
                        "meta": {},
                        "tainted": false
                    },
                    "deposed": [],
                    "provider": "provider.openstack"
                },
                "openstack_compute_floatingip_associate_v2.float_ip_mapping.27": {
                    "type": "openstack_compute_floatingip_associate_v2",
                    "depends_on": [
                        "openstack_compute_instance_v2.worker.*",
                        "openstack_networking_floatingip_v2.float_ip.*"
                    ],
                    "primary": {
                        "id": "172.16.72.250/234643ce-1af8-4ec9-a2b9-60d3fb56cf3a/",
                        "attributes": {
                            "fixed_ip": "",
                            "floating_ip": "172.16.72.250",
                            "id": "172.16.72.250/234643ce-1af8-4ec9-a2b9-60d3fb56cf3a/",
                            "instance_id": "234643ce-1af8-4ec9-a2b9-60d3fb56cf3a",
                            "region": ""
                        },
                        "meta": {},
                        "tainted": false
                    },
                    "deposed": [],
                    "provider": "provider.openstack"
                },
                "openstack_compute_floatingip_associate_v2.float_ip_mapping.28": {
                    "type": "openstack_compute_floatingip_associate_v2",
                    "depends_on": [
                        "openstack_compute_instance_v2.worker.*",
                        "openstack_networking_floatingip_v2.float_ip.*"
                    ],
                    "primary": {
                        "id": "172.16.73.117/3de221af-6288-4ccb-a75b-2363c71b3a00/",
                        "attributes": {
                            "fixed_ip": "",
                            "floating_ip": "172.16.73.117",
                            "id": "172.16.73.117/3de221af-6288-4ccb-a75b-2363c71b3a00/",
                            "instance_id": "3de221af-6288-4ccb-a75b-2363c71b3a00",
                            "region": ""
                        },
                        "meta": {},
                        "tainted": false
                    },
                    "deposed": [],
                    "provider": "provider.openstack"
                },
                "openstack_compute_floatingip_associate_v2.float_ip_mapping.29": {
                    "type": "openstack_compute_floatingip_associate_v2",
                    "depends_on": [
                        "openstack_compute_instance_v2.worker.*",
                        "openstack_networking_floatingip_v2.float_ip.*"
                    ],
                    "primary": {
                        "id": "172.16.73.2/6628f5b8-962c-4cc7-b1c3-a17df5d64e1c/",
                        "attributes": {
                            "fixed_ip": "",
                            "floating_ip": "172.16.73.2",
                            "id": "172.16.73.2/6628f5b8-962c-4cc7-b1c3-a17df5d64e1c/",
                            "instance_id": "6628f5b8-962c-4cc7-b1c3-a17df5d64e1c",
                            "region": ""
                        },
                        "meta": {},
                        "tainted": false
                    },
                    "deposed": [],
                    "provider": "provider.openstack"
                },
                "openstack_compute_floatingip_associate_v2.float_ip_mapping.3": {
                    "type": "openstack_compute_floatingip_associate_v2",
                    "depends_on": [
                        "openstack_compute_instance_v2.worker.*",
                        "openstack_networking_floatingip_v2.float_ip.*"
                    ],
                    "primary": {
                        "id": "172.16.73.32/89f9f249-e9d7-4e06-a6db-da136f20c532/",
                        "attributes": {
                            "fixed_ip": "",
                            "floating_ip": "172.16.73.32",
                            "id": "172.16.73.32/89f9f249-e9d7-4e06-a6db-da136f20c532/",
                            "instance_id": "89f9f249-e9d7-4e06-a6db-da136f20c532",
                            "region": ""
                        },
                        "meta": {},
                        "tainted": false
                    },
                    "deposed": [],
                    "provider": "provider.openstack"
                },
                "openstack_compute_floatingip_associate_v2.float_ip_mapping.4": {
                    "type": "openstack_compute_floatingip_associate_v2",
                    "depends_on": [
                        "openstack_compute_instance_v2.worker.*",
                        "openstack_networking_floatingip_v2.float_ip.*"
                    ],
                    "primary": {
                        "id": "172.16.73.1/b2880813-61e7-44d5-b3c1-27b178801d78/",
                        "attributes": {
                            "fixed_ip": "",
                            "floating_ip": "172.16.73.1",
                            "id": "172.16.73.1/b2880813-61e7-44d5-b3c1-27b178801d78/",
                            "instance_id": "b2880813-61e7-44d5-b3c1-27b178801d78",
                            "region": ""
                        },
                        "meta": {},
                        "tainted": false
                    },
                    "deposed": [],
                    "provider": "provider.openstack"
                },
                "openstack_compute_floatingip_associate_v2.float_ip_mapping.5": {
                    "type": "openstack_compute_floatingip_associate_v2",
                    "depends_on": [
                        "openstack_compute_instance_v2.worker.*",
                        "openstack_networking_floatingip_v2.float_ip.*"
                    ],
                    "primary": {
                        "id": "172.16.73.33/6b6af4ac-a06b-482c-b1d9-723f60a58532/",
                        "attributes": {
                            "fixed_ip": "",
                            "floating_ip": "172.16.73.33",
                            "id": "172.16.73.33/6b6af4ac-a06b-482c-b1d9-723f60a58532/",
                            "instance_id": "6b6af4ac-a06b-482c-b1d9-723f60a58532",
                            "region": ""
                        },
                        "meta": {},
                        "tainted": false
                    },
                    "deposed": [],
                    "provider": "provider.openstack"
                },
                "openstack_compute_floatingip_associate_v2.float_ip_mapping.6": {
                    "type": "openstack_compute_floatingip_associate_v2",
                    "depends_on": [
                        "openstack_compute_instance_v2.worker.*",
                        "openstack_networking_floatingip_v2.float_ip.*"
                    ],
                    "primary": {
                        "id": "172.16.72.241/3a146527-646f-428a-a9e6-a45b0c34473b/",
                        "attributes": {
                            "fixed_ip": "",
                            "floating_ip": "172.16.72.241",
                            "id": "172.16.72.241/3a146527-646f-428a-a9e6-a45b0c34473b/",
                            "instance_id": "3a146527-646f-428a-a9e6-a45b0c34473b",
                            "region": ""
                        },
                        "meta": {},
                        "tainted": false
                    },
                    "deposed": [],
                    "provider": "provider.openstack"
                },
                "openstack_compute_floatingip_associate_v2.float_ip_mapping.7": {
                    "type": "openstack_compute_floatingip_associate_v2",
                    "depends_on": [
                        "openstack_compute_instance_v2.worker.*",
                        "openstack_networking_floatingip_v2.float_ip.*"
                    ],
                    "primary": {
                        "id": "172.16.72.249/19e2621a-1042-4f66-97ef-c2db0857c570/",
                        "attributes": {
                            "fixed_ip": "",
                            "floating_ip": "172.16.72.249",
                            "id": "172.16.72.249/19e2621a-1042-4f66-97ef-c2db0857c570/",
                            "instance_id": "19e2621a-1042-4f66-97ef-c2db0857c570",
                            "region": ""
                        },
                        "meta": {},
                        "tainted": false
                    },
                    "deposed": [],
                    "provider": "provider.openstack"
                },
                "openstack_compute_floatingip_associate_v2.float_ip_mapping.8": {
                    "type": "openstack_compute_floatingip_associate_v2",
                    "depends_on": [
                        "openstack_compute_instance_v2.worker.*",
                        "openstack_networking_floatingip_v2.float_ip.*"
                    ],
                    "primary": {
                        "id": "172.16.73.23/617b6dc9-7005-441d-89f1-2a5c77d3a5a5/",
                        "attributes": {
                            "fixed_ip": "",
                            "floating_ip": "172.16.73.23",
                            "id": "172.16.73.23/617b6dc9-7005-441d-89f1-2a5c77d3a5a5/",
                            "instance_id": "617b6dc9-7005-441d-89f1-2a5c77d3a5a5",
                            "region": ""
                        },
                        "meta": {},
                        "tainted": false
                    },
                    "deposed": [],
                    "provider": "provider.openstack"
                },
                "openstack_compute_floatingip_associate_v2.float_ip_mapping.9": {
                    "type": "openstack_compute_floatingip_associate_v2",
                    "depends_on": [
                        "openstack_compute_instance_v2.worker.*",
                        "openstack_networking_floatingip_v2.float_ip.*"
                    ],
                    "primary": {
                        "id": "172.16.73.6/f87428ee-5e06-4c34-b312-5e79010ec442/",
                        "attributes": {
                            "fixed_ip": "",
                            "floating_ip": "172.16.73.6",
                            "id": "172.16.73.6/f87428ee-5e06-4c34-b312-5e79010ec442/",
                            "instance_id": "f87428ee-5e06-4c34-b312-5e79010ec442",
                            "region": ""
                        },
                        "meta": {},
                        "tainted": false
                    },
                    "deposed": [],
                    "provider": "provider.openstack"
                },
                "openstack_compute_instance_v2.db-server": {
                    "type": "openstack_compute_instance_v2",
                    "depends_on": [
                        "null_resource.masterip",
                        "openstack_compute_instance_v2.salt-master",
                        "openstack_compute_secgroup_v2.allow-traffic"
                    ],
                    "primary": {
                        "id": "e9e598cf-a195-40bb-8835-0deca6fc381d",
                        "attributes": {
                            "access_ip_v4": "10.0.0.35",
                            "access_ip_v6": "",
                            "all_metadata.%": "0",
                            "availability_zone": "nova",
                            "flavor_id": "97cef706-42fe-47e7-b5a9-8fb6613301af",
                            "flavor_name": "HD-c8r32",
                            "force_delete": "false",
                            "id": "e9e598cf-a195-40bb-8835-0deca6fc381d",
                            "image_id": "266ca351-ba88-48b4-9aa7-e4b3703197d9",
                            "image_name": "butler_base",
                            "key_pair": "sergei",
                            "name": "butler-db-server",
                            "network.#": "1",
                            "network.0.access_network": "false",
                            "network.0.fixed_ip_v4": "10.0.0.35",
                            "network.0.fixed_ip_v6": "",
                            "network.0.floating_ip": "",
                            "network.0.mac": "fa:16:3e:9f:cb:c2",
                            "network.0.name": "denbi-iakhnin-intern",
                            "network.0.port": "",
                            "network.0.uuid": "301c1bee-c9c5-407d-9b43-9ba93cc513ca",
                            "region": "",
                            "security_groups.#": "2",
                            "security_groups.2299581210": "butler-firewall",
                            "security_groups.3814588639": "default",
                            "stop_before_destroy": "false"
                        },
                        "meta": {
                            "e2bfb730-ecaa-11e6-8f88-34363bc7c4c0": {
                                "create": 1800000000000,
                                "delete": 1800000000000,
                                "update": 1800000000000
                            }
                        },
                        "tainted": false
                    },
                    "deposed": [],
                    "provider": "provider.openstack"
                },
                "openstack_compute_instance_v2.job-queue": {
                    "type": "openstack_compute_instance_v2",
                    "depends_on": [
                        "null_resource.masterip",
                        "openstack_compute_instance_v2.salt-master",
                        "openstack_compute_secgroup_v2.allow-traffic"
                    ],
                    "primary": {
                        "id": "cbe05285-22b7-4600-b5db-32f9da77709d",
                        "attributes": {
                            "access_ip_v4": "10.0.0.24",
                            "access_ip_v6": "",
                            "all_metadata.%": "0",
                            "availability_zone": "nova",
                            "flavor_id": "667ad911-00e1-4cf4-88de-9332b110cb03",
                            "flavor_name": "HD-c4r8",
                            "force_delete": "false",
                            "id": "cbe05285-22b7-4600-b5db-32f9da77709d",
                            "image_id": "266ca351-ba88-48b4-9aa7-e4b3703197d9",
                            "image_name": "butler_base",
                            "key_pair": "sergei",
                            "name": "butler-job-queue",
                            "network.#": "1",
                            "network.0.access_network": "false",
                            "network.0.fixed_ip_v4": "10.0.0.24",
                            "network.0.fixed_ip_v6": "",
                            "network.0.floating_ip": "",
                            "network.0.mac": "fa:16:3e:79:6b:f8",
                            "network.0.name": "denbi-iakhnin-intern",
                            "network.0.port": "",
                            "network.0.uuid": "301c1bee-c9c5-407d-9b43-9ba93cc513ca",
                            "region": "",
                            "security_groups.#": "2",
                            "security_groups.2299581210": "butler-firewall",
                            "security_groups.3814588639": "default",
                            "stop_before_destroy": "false"
                        },
                        "meta": {
                            "e2bfb730-ecaa-11e6-8f88-34363bc7c4c0": {
                                "create": 1800000000000,
                                "delete": 1800000000000,
                                "update": 1800000000000
                            }
                        },
                        "tainted": false
                    },
                    "deposed": [],
                    "provider": "provider.openstack"
                },
                "openstack_compute_instance_v2.salt-master": {
                    "type": "openstack_compute_instance_v2",
                    "depends_on": [
                        "openstack_compute_secgroup_v2.allow-traffic"
                    ],
                    "primary": {
                        "id": "2997c1d0-654b-4a56-aa34-4273d8fb0088",
                        "attributes": {
                            "access_ip_v4": "10.0.0.6",
                            "access_ip_v6": "",
                            "all_metadata.%": "0",
                            "availability_zone": "nova",
                            "flavor_id": "667ad911-00e1-4cf4-88de-9332b110cb03",
                            "flavor_name": "HD-c4r8",
                            "force_delete": "false",
                            "id": "2997c1d0-654b-4a56-aa34-4273d8fb0088",
                            "image_id": "266ca351-ba88-48b4-9aa7-e4b3703197d9",
                            "image_name": "butler_base",
                            "key_pair": "sergei",
                            "name": "butler-salt-master",
                            "network.#": "1",
                            "network.0.access_network": "false",
                            "network.0.fixed_ip_v4": "10.0.0.6",
                            "network.0.fixed_ip_v6": "",
                            "network.0.floating_ip": "",
                            "network.0.mac": "fa:16:3e:99:3f:9b",
                            "network.0.name": "denbi-iakhnin-intern",
                            "network.0.port": "",
                            "network.0.uuid": "301c1bee-c9c5-407d-9b43-9ba93cc513ca",
                            "region": "",
                            "security_groups.#": "2",
                            "security_groups.2299581210": "butler-firewall",
                            "security_groups.3814588639": "default",
                            "stop_before_destroy": "false"
                        },
                        "meta": {
                            "e2bfb730-ecaa-11e6-8f88-34363bc7c4c0": {
                                "create": 1800000000000,
                                "delete": 1800000000000,
                                "update": 1800000000000
                            }
                        },
                        "tainted": false
                    },
                    "deposed": [],
                    "provider": "provider.openstack"
                },
                "openstack_compute_instance_v2.tracker": {
                    "type": "openstack_compute_instance_v2",
                    "depends_on": [
                        "null_resource.masterip",
                        "openstack_compute_instance_v2.salt-master",
                        "openstack_compute_secgroup_v2.allow-traffic"
                    ],
                    "primary": {
                        "id": "585f423d-6d52-4ecf-b0a1-53607a78cc87",
                        "attributes": {
                            "access_ip_v4": "10.0.0.36",
                            "access_ip_v6": "",
                            "all_metadata.%": "0",
                            "availability_zone": "nova",
                            "flavor_id": "667ad911-00e1-4cf4-88de-9332b110cb03",
                            "flavor_name": "HD-c4r8",
                            "force_delete": "false",
                            "id": "585f423d-6d52-4ecf-b0a1-53607a78cc87",
                            "image_id": "266ca351-ba88-48b4-9aa7-e4b3703197d9",
                            "image_name": "butler_base",
                            "key_pair": "sergei",
                            "name": "butler-tracker",
                            "network.#": "1",
                            "network.0.access_network": "false",
                            "network.0.fixed_ip_v4": "10.0.0.36",
                            "network.0.fixed_ip_v6": "",
                            "network.0.floating_ip": "",
                            "network.0.mac": "fa:16:3e:9a:10:c5",
                            "network.0.name": "denbi-iakhnin-intern",
                            "network.0.port": "",
                            "network.0.uuid": "301c1bee-c9c5-407d-9b43-9ba93cc513ca",
                            "region": "",
                            "security_groups.#": "2",
                            "security_groups.2299581210": "butler-firewall",
                            "security_groups.3814588639": "default",
                            "stop_before_destroy": "false"
                        },
                        "meta": {
                            "e2bfb730-ecaa-11e6-8f88-34363bc7c4c0": {
                                "create": 1800000000000,
                                "delete": 1800000000000,
                                "update": 1800000000000
                            }
                        },
                        "tainted": false
                    },
                    "deposed": [],
                    "provider": "provider.openstack"
                },
                "openstack_compute_instance_v2.worker.0": {
                    "type": "openstack_compute_instance_v2",
                    "depends_on": [
                        "null_resource.masterip",
                        "openstack_compute_instance_v2.salt-master",
                        "openstack_compute_secgroup_v2.allow-traffic"
                    ],
                    "primary": {
                        "id": "e478eada-0ae9-473f-b6f6-b9ddd3b48eeb",
                        "attributes": {
                            "access_ip_v4": "10.0.0.9",
                            "access_ip_v6": "",
                            "all_metadata.%": "0",
                            "availability_zone": "nova",
                            "flavor_id": "43759077-b9ad-4232-91f4-ed100cd63c26",
                            "flavor_name": "HD-c32r124",
                            "force_delete": "false",
                            "id": "e478eada-0ae9-473f-b6f6-b9ddd3b48eeb",
                            "image_id": "266ca351-ba88-48b4-9aa7-e4b3703197d9",
                            "image_name": "butler_base",
                            "key_pair": "sergei",
                            "name": "butler-worker-0",
                            "network.#": "1",
                            "network.0.access_network": "false",
                            "network.0.fixed_ip_v4": "10.0.0.9",
                            "network.0.fixed_ip_v6": "",
                            "network.0.floating_ip": "",
                            "network.0.mac": "fa:16:3e:8e:05:fc",
                            "network.0.name": "denbi-iakhnin-intern",
                            "network.0.port": "",
                            "network.0.uuid": "301c1bee-c9c5-407d-9b43-9ba93cc513ca",
                            "region": "",
                            "security_groups.#": "2",
                            "security_groups.2299581210": "butler-firewall",
                            "security_groups.3814588639": "default",
                            "stop_before_destroy": "false"
                        },
                        "meta": {
                            "e2bfb730-ecaa-11e6-8f88-34363bc7c4c0": {
                                "create": 1800000000000,
                                "delete": 1800000000000,
                                "update": 1800000000000
                            }
                        },
                        "tainted": false
                    },
                    "deposed": [],
                    "provider": "provider.openstack"
                },
                "openstack_compute_instance_v2.worker.1": {
                    "type": "openstack_compute_instance_v2",
                    "depends_on": [
                        "null_resource.masterip",
                        "openstack_compute_instance_v2.salt-master",
                        "openstack_compute_secgroup_v2.allow-traffic"
                    ],
                    "primary": {
                        "id": "62c186ec-678c-43da-af1c-f46ee967bd86",
                        "attributes": {
                            "access_ip_v4": "10.0.0.41",
                            "access_ip_v6": "",
                            "all_metadata.%": "0",
                            "availability_zone": "nova",
                            "flavor_id": "43759077-b9ad-4232-91f4-ed100cd63c26",
                            "flavor_name": "HD-c32r124",
                            "force_delete": "false",
                            "id": "62c186ec-678c-43da-af1c-f46ee967bd86",
                            "image_id": "266ca351-ba88-48b4-9aa7-e4b3703197d9",
                            "image_name": "butler_base",
                            "key_pair": "sergei",
                            "name": "butler-worker-1",
                            "network.#": "1",
                            "network.0.access_network": "false",
                            "network.0.fixed_ip_v4": "10.0.0.41",
                            "network.0.fixed_ip_v6": "",
                            "network.0.floating_ip": "",
                            "network.0.mac": "fa:16:3e:f1:6b:ab",
                            "network.0.name": "denbi-iakhnin-intern",
                            "network.0.port": "",
                            "network.0.uuid": "301c1bee-c9c5-407d-9b43-9ba93cc513ca",
                            "region": "",
                            "security_groups.#": "2",
                            "security_groups.2299581210": "butler-firewall",
                            "security_groups.3814588639": "default",
                            "stop_before_destroy": "false"
                        },
                        "meta": {
                            "e2bfb730-ecaa-11e6-8f88-34363bc7c4c0": {
                                "create": 1800000000000,
                                "delete": 1800000000000,
                                "update": 1800000000000
                            }
                        },
                        "tainted": false
                    },
                    "deposed": [],
                    "provider": "provider.openstack"
                },
                "openstack_compute_instance_v2.worker.10": {
                    "type": "openstack_compute_instance_v2",
                    "depends_on": [
                        "null_resource.masterip",
                        "openstack_compute_instance_v2.salt-master",
                        "openstack_compute_secgroup_v2.allow-traffic"
                    ],
                    "primary": {
                        "id": "452b8169-6ffc-4d8a-a797-093c038b65e4",
                        "attributes": {
                            "access_ip_v4": "10.0.0.27",
                            "access_ip_v6": "",
                            "all_metadata.%": "0",
                            "availability_zone": "nova",
                            "flavor_id": "43759077-b9ad-4232-91f4-ed100cd63c26",
                            "flavor_name": "HD-c32r124",
                            "force_delete": "false",
                            "id": "452b8169-6ffc-4d8a-a797-093c038b65e4",
                            "image_id": "266ca351-ba88-48b4-9aa7-e4b3703197d9",
                            "image_name": "butler_base",
                            "key_pair": "sergei",
                            "name": "butler-worker-10",
                            "network.#": "1",
                            "network.0.access_network": "false",
                            "network.0.fixed_ip_v4": "10.0.0.27",
                            "network.0.fixed_ip_v6": "",
                            "network.0.floating_ip": "",
                            "network.0.mac": "fa:16:3e:5c:d6:d5",
                            "network.0.name": "denbi-iakhnin-intern",
                            "network.0.port": "",
                            "network.0.uuid": "301c1bee-c9c5-407d-9b43-9ba93cc513ca",
                            "region": "",
                            "security_groups.#": "2",
                            "security_groups.2299581210": "butler-firewall",
                            "security_groups.3814588639": "default",
                            "stop_before_destroy": "false"
                        },
                        "meta": {
                            "e2bfb730-ecaa-11e6-8f88-34363bc7c4c0": {
                                "create": 1800000000000,
                                "delete": 1800000000000,
                                "update": 1800000000000
                            }
                        },
                        "tainted": false
                    },
                    "deposed": [],
                    "provider": "provider.openstack"
                },
                "openstack_compute_instance_v2.worker.11": {
                    "type": "openstack_compute_instance_v2",
                    "depends_on": [
                        "null_resource.masterip",
                        "openstack_compute_instance_v2.salt-master",
                        "openstack_compute_secgroup_v2.allow-traffic"
                    ],
                    "primary": {
                        "id": "d42cb17b-995d-45ed-9940-5d6d7ac8ca08",
                        "attributes": {
                            "access_ip_v4": "10.0.0.29",
                            "access_ip_v6": "",
                            "all_metadata.%": "0",
                            "availability_zone": "nova",
                            "flavor_id": "43759077-b9ad-4232-91f4-ed100cd63c26",
                            "flavor_name": "HD-c32r124",
                            "force_delete": "false",
                            "id": "d42cb17b-995d-45ed-9940-5d6d7ac8ca08",
                            "image_id": "266ca351-ba88-48b4-9aa7-e4b3703197d9",
                            "image_name": "butler_base",
                            "key_pair": "sergei",
                            "name": "butler-worker-11",
                            "network.#": "1",
                            "network.0.access_network": "false",
                            "network.0.fixed_ip_v4": "10.0.0.29",
                            "network.0.fixed_ip_v6": "",
                            "network.0.floating_ip": "",
                            "network.0.mac": "fa:16:3e:43:48:61",
                            "network.0.name": "denbi-iakhnin-intern",
                            "network.0.port": "",
                            "network.0.uuid": "301c1bee-c9c5-407d-9b43-9ba93cc513ca",
                            "region": "",
                            "security_groups.#": "2",
                            "security_groups.2299581210": "butler-firewall",
                            "security_groups.3814588639": "default",
                            "stop_before_destroy": "false"
                        },
                        "meta": {
                            "e2bfb730-ecaa-11e6-8f88-34363bc7c4c0": {
                                "create": 1800000000000,
                                "delete": 1800000000000,
                                "update": 1800000000000
                            }
                        },
                        "tainted": false
                    },
                    "deposed": [],
                    "provider": "provider.openstack"
                },
                "openstack_compute_instance_v2.worker.12": {
                    "type": "openstack_compute_instance_v2",
                    "depends_on": [
                        "null_resource.masterip",
                        "openstack_compute_instance_v2.salt-master",
                        "openstack_compute_secgroup_v2.allow-traffic"
                    ],
                    "primary": {
                        "id": "f80e419c-32e5-492d-9545-68314730d2b5",
                        "attributes": {
                            "access_ip_v4": "10.0.0.23",
                            "access_ip_v6": "",
                            "all_metadata.%": "0",
                            "availability_zone": "nova",
                            "flavor_id": "43759077-b9ad-4232-91f4-ed100cd63c26",
                            "flavor_name": "HD-c32r124",
                            "force_delete": "false",
                            "id": "f80e419c-32e5-492d-9545-68314730d2b5",
                            "image_id": "266ca351-ba88-48b4-9aa7-e4b3703197d9",
                            "image_name": "butler_base",
                            "key_pair": "sergei",
                            "name": "butler-worker-12",
                            "network.#": "1",
                            "network.0.access_network": "false",
                            "network.0.fixed_ip_v4": "10.0.0.23",
                            "network.0.fixed_ip_v6": "",
                            "network.0.floating_ip": "",
                            "network.0.mac": "fa:16:3e:3a:62:f0",
                            "network.0.name": "denbi-iakhnin-intern",
                            "network.0.port": "",
                            "network.0.uuid": "301c1bee-c9c5-407d-9b43-9ba93cc513ca",
                            "region": "",
                            "security_groups.#": "2",
                            "security_groups.2299581210": "butler-firewall",
                            "security_groups.3814588639": "default",
                            "stop_before_destroy": "false"
                        },
                        "meta": {
                            "e2bfb730-ecaa-11e6-8f88-34363bc7c4c0": {
                                "create": 1800000000000,
                                "delete": 1800000000000,
                                "update": 1800000000000
                            }
                        },
                        "tainted": false
                    },
                    "deposed": [],
                    "provider": "provider.openstack"
                },
                "openstack_compute_instance_v2.worker.13": {
                    "type": "openstack_compute_instance_v2",
                    "depends_on": [
                        "null_resource.masterip",
                        "openstack_compute_instance_v2.salt-master",
                        "openstack_compute_secgroup_v2.allow-traffic"
                    ],
                    "primary": {
                        "id": "0e886478-2b75-4268-aabf-460aa7503431",
                        "attributes": {
                            "access_ip_v4": "10.0.0.44",
                            "access_ip_v6": "",
                            "all_metadata.%": "0",
                            "availability_zone": "nova",
                            "flavor_id": "43759077-b9ad-4232-91f4-ed100cd63c26",
                            "flavor_name": "HD-c32r124",
                            "force_delete": "false",
                            "id": "0e886478-2b75-4268-aabf-460aa7503431",
                            "image_id": "266ca351-ba88-48b4-9aa7-e4b3703197d9",
                            "image_name": "butler_base",
                            "key_pair": "sergei",
                            "name": "butler-worker-13",
                            "network.#": "1",
                            "network.0.access_network": "false",
                            "network.0.fixed_ip_v4": "10.0.0.44",
                            "network.0.fixed_ip_v6": "",
                            "network.0.floating_ip": "",
                            "network.0.mac": "fa:16:3e:57:42:8d",
                            "network.0.name": "denbi-iakhnin-intern",
                            "network.0.port": "",
                            "network.0.uuid": "301c1bee-c9c5-407d-9b43-9ba93cc513ca",
                            "region": "",
                            "security_groups.#": "2",
                            "security_groups.2299581210": "butler-firewall",
                            "security_groups.3814588639": "default",
                            "stop_before_destroy": "false"
                        },
                        "meta": {
                            "e2bfb730-ecaa-11e6-8f88-34363bc7c4c0": {
                                "create": 1800000000000,
                                "delete": 1800000000000,
                                "update": 1800000000000
                            }
                        },
                        "tainted": false
                    },
                    "deposed": [],
                    "provider": "provider.openstack"
                },
                "openstack_compute_instance_v2.worker.14": {
                    "type": "openstack_compute_instance_v2",
                    "depends_on": [
                        "null_resource.masterip",
                        "openstack_compute_instance_v2.salt-master",
                        "openstack_compute_secgroup_v2.allow-traffic"
                    ],
                    "primary": {
                        "id": "a6133fff-cc00-4b93-a3da-bd4737ab7c45",
                        "attributes": {
                            "access_ip_v4": "10.0.0.30",
                            "access_ip_v6": "",
                            "all_metadata.%": "0",
                            "availability_zone": "nova",
                            "flavor_id": "43759077-b9ad-4232-91f4-ed100cd63c26",
                            "flavor_name": "HD-c32r124",
                            "force_delete": "false",
                            "id": "a6133fff-cc00-4b93-a3da-bd4737ab7c45",
                            "image_id": "266ca351-ba88-48b4-9aa7-e4b3703197d9",
                            "image_name": "butler_base",
                            "key_pair": "sergei",
                            "name": "butler-worker-14",
                            "network.#": "1",
                            "network.0.access_network": "false",
                            "network.0.fixed_ip_v4": "10.0.0.30",
                            "network.0.fixed_ip_v6": "",
                            "network.0.floating_ip": "",
                            "network.0.mac": "fa:16:3e:22:2d:86",
                            "network.0.name": "denbi-iakhnin-intern",
                            "network.0.port": "",
                            "network.0.uuid": "301c1bee-c9c5-407d-9b43-9ba93cc513ca",
                            "region": "",
                            "security_groups.#": "2",
                            "security_groups.2299581210": "butler-firewall",
                            "security_groups.3814588639": "default",
                            "stop_before_destroy": "false"
                        },
                        "meta": {
                            "e2bfb730-ecaa-11e6-8f88-34363bc7c4c0": {
                                "create": 1800000000000,
                                "delete": 1800000000000,
                                "update": 1800000000000
                            }
                        },
                        "tainted": false
                    },
                    "deposed": [],
                    "provider": "provider.openstack"
                },
                "openstack_compute_instance_v2.worker.15": {
                    "type": "openstack_compute_instance_v2",
                    "depends_on": [
                        "null_resource.masterip",
                        "openstack_compute_instance_v2.salt-master",
                        "openstack_compute_secgroup_v2.allow-traffic"
                    ],
                    "primary": {
                        "id": "40d1e446-5170-451f-a1c2-e1d2f98155e9",
                        "attributes": {
                            "access_ip_v4": "10.0.0.31",
                            "access_ip_v6": "",
                            "all_metadata.%": "0",
                            "availability_zone": "nova",
                            "flavor_id": "43759077-b9ad-4232-91f4-ed100cd63c26",
                            "flavor_name": "HD-c32r124",
                            "force_delete": "false",
                            "id": "40d1e446-5170-451f-a1c2-e1d2f98155e9",
                            "image_id": "266ca351-ba88-48b4-9aa7-e4b3703197d9",
                            "image_name": "butler_base",
                            "key_pair": "sergei",
                            "name": "butler-worker-15",
                            "network.#": "1",
                            "network.0.access_network": "false",
                            "network.0.fixed_ip_v4": "10.0.0.31",
                            "network.0.fixed_ip_v6": "",
                            "network.0.floating_ip": "",
                            "network.0.mac": "fa:16:3e:f5:f2:02",
                            "network.0.name": "denbi-iakhnin-intern",
                            "network.0.port": "",
                            "network.0.uuid": "301c1bee-c9c5-407d-9b43-9ba93cc513ca",
                            "region": "",
                            "security_groups.#": "2",
                            "security_groups.2299581210": "butler-firewall",
                            "security_groups.3814588639": "default",
                            "stop_before_destroy": "false"
                        },
                        "meta": {
                            "e2bfb730-ecaa-11e6-8f88-34363bc7c4c0": {
                                "create": 1800000000000,
                                "delete": 1800000000000,
                                "update": 1800000000000
                            }
                        },
                        "tainted": false
                    },
                    "deposed": [],
                    "provider": "provider.openstack"
                },
                "openstack_compute_instance_v2.worker.16": {
                    "type": "openstack_compute_instance_v2",
                    "depends_on": [
                        "null_resource.masterip",
                        "openstack_compute_instance_v2.salt-master",
                        "openstack_compute_secgroup_v2.allow-traffic"
                    ],
                    "primary": {
                        "id": "9e52dffe-6701-4029-afac-9ae9333ac85b",
                        "attributes": {
                            "access_ip_v4": "10.0.0.18",
                            "access_ip_v6": "",
                            "all_metadata.%": "0",
                            "availability_zone": "nova",
                            "flavor_id": "43759077-b9ad-4232-91f4-ed100cd63c26",
                            "flavor_name": "HD-c32r124",
                            "force_delete": "false",
                            "id": "9e52dffe-6701-4029-afac-9ae9333ac85b",
                            "image_id": "266ca351-ba88-48b4-9aa7-e4b3703197d9",
                            "image_name": "butler_base",
                            "key_pair": "sergei",
                            "name": "butler-worker-16",
                            "network.#": "1",
                            "network.0.access_network": "false",
                            "network.0.fixed_ip_v4": "10.0.0.18",
                            "network.0.fixed_ip_v6": "",
                            "network.0.floating_ip": "",
                            "network.0.mac": "fa:16:3e:58:44:50",
                            "network.0.name": "denbi-iakhnin-intern",
                            "network.0.port": "",
                            "network.0.uuid": "301c1bee-c9c5-407d-9b43-9ba93cc513ca",
                            "region": "",
                            "security_groups.#": "2",
                            "security_groups.2299581210": "butler-firewall",
                            "security_groups.3814588639": "default",
                            "stop_before_destroy": "false"
                        },
                        "meta": {
                            "e2bfb730-ecaa-11e6-8f88-34363bc7c4c0": {
                                "create": 1800000000000,
                                "delete": 1800000000000,
                                "update": 1800000000000
                            }
                        },
                        "tainted": false
                    },
                    "deposed": [],
                    "provider": "provider.openstack"
                },
                "openstack_compute_instance_v2.worker.17": {
                    "type": "openstack_compute_instance_v2",
                    "depends_on": [
                        "null_resource.masterip",
                        "openstack_compute_instance_v2.salt-master",
                        "openstack_compute_secgroup_v2.allow-traffic"
                    ],
                    "primary": {
                        "id": "c7bb1e94-7ec3-46d0-a7a6-c44d3516f589",
                        "attributes": {
                            "access_ip_v4": "10.0.0.11",
                            "access_ip_v6": "",
                            "all_metadata.%": "0",
                            "availability_zone": "nova",
                            "flavor_id": "43759077-b9ad-4232-91f4-ed100cd63c26",
                            "flavor_name": "HD-c32r124",
                            "force_delete": "false",
                            "id": "c7bb1e94-7ec3-46d0-a7a6-c44d3516f589",
                            "image_id": "266ca351-ba88-48b4-9aa7-e4b3703197d9",
                            "image_name": "butler_base",
                            "key_pair": "sergei",
                            "name": "butler-worker-17",
                            "network.#": "1",
                            "network.0.access_network": "false",
                            "network.0.fixed_ip_v4": "10.0.0.11",
                            "network.0.fixed_ip_v6": "",
                            "network.0.floating_ip": "",
                            "network.0.mac": "fa:16:3e:6b:63:da",
                            "network.0.name": "denbi-iakhnin-intern",
                            "network.0.port": "",
                            "network.0.uuid": "301c1bee-c9c5-407d-9b43-9ba93cc513ca",
                            "region": "",
                            "security_groups.#": "2",
                            "security_groups.2299581210": "butler-firewall",
                            "security_groups.3814588639": "default",
                            "stop_before_destroy": "false"
                        },
                        "meta": {
                            "e2bfb730-ecaa-11e6-8f88-34363bc7c4c0": {
                                "create": 1800000000000,
                                "delete": 1800000000000,
                                "update": 1800000000000
                            }
                        },
                        "tainted": false
                    },
                    "deposed": [],
                    "provider": "provider.openstack"
                },
                "openstack_compute_instance_v2.worker.18": {
                    "type": "openstack_compute_instance_v2",
                    "depends_on": [
                        "null_resource.masterip",
                        "openstack_compute_instance_v2.salt-master",
                        "openstack_compute_secgroup_v2.allow-traffic"
                    ],
                    "primary": {
                        "id": "eae9a892-fa94-4518-9ce5-cc2d42d7bdfb",
                        "attributes": {
                            "access_ip_v4": "10.0.0.19",
                            "access_ip_v6": "",
                            "all_metadata.%": "0",
                            "availability_zone": "nova",
                            "flavor_id": "43759077-b9ad-4232-91f4-ed100cd63c26",
                            "flavor_name": "HD-c32r124",
                            "force_delete": "false",
                            "id": "eae9a892-fa94-4518-9ce5-cc2d42d7bdfb",
                            "image_id": "266ca351-ba88-48b4-9aa7-e4b3703197d9",
                            "image_name": "butler_base",
                            "key_pair": "sergei",
                            "name": "butler-worker-18",
                            "network.#": "1",
                            "network.0.access_network": "false",
                            "network.0.fixed_ip_v4": "10.0.0.19",
                            "network.0.fixed_ip_v6": "",
                            "network.0.floating_ip": "",
                            "network.0.mac": "fa:16:3e:52:81:55",
                            "network.0.name": "denbi-iakhnin-intern",
                            "network.0.port": "",
                            "network.0.uuid": "301c1bee-c9c5-407d-9b43-9ba93cc513ca",
                            "region": "",
                            "security_groups.#": "2",
                            "security_groups.2299581210": "butler-firewall",
                            "security_groups.3814588639": "default",
                            "stop_before_destroy": "false"
                        },
                        "meta": {
                            "e2bfb730-ecaa-11e6-8f88-34363bc7c4c0": {
                                "create": 1800000000000,
                                "delete": 1800000000000,
                                "update": 1800000000000
                            }
                        },
                        "tainted": false
                    },
                    "deposed": [],
                    "provider": "provider.openstack"
                },
                "openstack_compute_instance_v2.worker.19": {
                    "type": "openstack_compute_instance_v2",
                    "depends_on": [
                        "null_resource.masterip",
                        "openstack_compute_instance_v2.salt-master",
                        "openstack_compute_secgroup_v2.allow-traffic"
                    ],
                    "primary": {
                        "id": "6ec409d9-af87-4603-83cd-13705d489b9e",
                        "attributes": {
                            "access_ip_v4": "10.0.0.34",
                            "access_ip_v6": "",
                            "all_metadata.%": "0",
                            "availability_zone": "nova",
                            "flavor_id": "43759077-b9ad-4232-91f4-ed100cd63c26",
                            "flavor_name": "HD-c32r124",
                            "force_delete": "false",
                            "id": "6ec409d9-af87-4603-83cd-13705d489b9e",
                            "image_id": "266ca351-ba88-48b4-9aa7-e4b3703197d9",
                            "image_name": "butler_base",
                            "key_pair": "sergei",
                            "name": "butler-worker-19",
                            "network.#": "1",
                            "network.0.access_network": "false",
                            "network.0.fixed_ip_v4": "10.0.0.34",
                            "network.0.fixed_ip_v6": "",
                            "network.0.floating_ip": "",
                            "network.0.mac": "fa:16:3e:26:a6:fe",
                            "network.0.name": "denbi-iakhnin-intern",
                            "network.0.port": "",
                            "network.0.uuid": "301c1bee-c9c5-407d-9b43-9ba93cc513ca",
                            "region": "",
                            "security_groups.#": "2",
                            "security_groups.2299581210": "butler-firewall",
                            "security_groups.3814588639": "default",
                            "stop_before_destroy": "false"
                        },
                        "meta": {
                            "e2bfb730-ecaa-11e6-8f88-34363bc7c4c0": {
                                "create": 1800000000000,
                                "delete": 1800000000000,
                                "update": 1800000000000
                            }
                        },
                        "tainted": false
                    },
                    "deposed": [],
                    "provider": "provider.openstack"
                },
                "openstack_compute_instance_v2.worker.2": {
                    "type": "openstack_compute_instance_v2",
                    "depends_on": [
                        "null_resource.masterip",
                        "openstack_compute_instance_v2.salt-master",
                        "openstack_compute_secgroup_v2.allow-traffic"
                    ],
                    "primary": {
                        "id": "01c7288f-8051-4f3f-801e-75ec641393a1",
                        "attributes": {
                            "access_ip_v4": "10.0.0.28",
                            "access_ip_v6": "",
                            "all_metadata.%": "0",
                            "availability_zone": "nova",
                            "flavor_id": "43759077-b9ad-4232-91f4-ed100cd63c26",
                            "flavor_name": "HD-c32r124",
                            "force_delete": "false",
                            "id": "01c7288f-8051-4f3f-801e-75ec641393a1",
                            "image_id": "266ca351-ba88-48b4-9aa7-e4b3703197d9",
                            "image_name": "butler_base",
                            "key_pair": "sergei",
                            "name": "butler-worker-2",
                            "network.#": "1",
                            "network.0.access_network": "false",
                            "network.0.fixed_ip_v4": "10.0.0.28",
                            "network.0.fixed_ip_v6": "",
                            "network.0.floating_ip": "",
                            "network.0.mac": "fa:16:3e:38:c2:ae",
                            "network.0.name": "denbi-iakhnin-intern",
                            "network.0.port": "",
                            "network.0.uuid": "301c1bee-c9c5-407d-9b43-9ba93cc513ca",
                            "region": "",
                            "security_groups.#": "2",
                            "security_groups.2299581210": "butler-firewall",
                            "security_groups.3814588639": "default",
                            "stop_before_destroy": "false"
                        },
                        "meta": {
                            "e2bfb730-ecaa-11e6-8f88-34363bc7c4c0": {
                                "create": 1800000000000,
                                "delete": 1800000000000,
                                "update": 1800000000000
                            }
                        },
                        "tainted": false
                    },
                    "deposed": [],
                    "provider": "provider.openstack"
                },
                "openstack_compute_instance_v2.worker.20": {
                    "type": "openstack_compute_instance_v2",
                    "depends_on": [
                        "null_resource.masterip",
                        "openstack_compute_instance_v2.salt-master",
                        "openstack_compute_secgroup_v2.allow-traffic"
                    ],
                    "primary": {
                        "id": "3a17e891-3638-495f-a718-b0e0e3abe78a",
                        "attributes": {
                            "access_ip_v4": "10.0.0.26",
                            "access_ip_v6": "",
                            "all_metadata.%": "0",
                            "availability_zone": "nova",
                            "flavor_id": "43759077-b9ad-4232-91f4-ed100cd63c26",
                            "flavor_name": "HD-c32r124",
                            "force_delete": "false",
                            "id": "3a17e891-3638-495f-a718-b0e0e3abe78a",
                            "image_id": "266ca351-ba88-48b4-9aa7-e4b3703197d9",
                            "image_name": "butler_base",
                            "key_pair": "sergei",
                            "name": "butler-worker-20",
                            "network.#": "1",
                            "network.0.access_network": "false",
                            "network.0.fixed_ip_v4": "10.0.0.26",
                            "network.0.fixed_ip_v6": "",
                            "network.0.floating_ip": "",
                            "network.0.mac": "fa:16:3e:0a:1c:79",
                            "network.0.name": "denbi-iakhnin-intern",
                            "network.0.port": "",
                            "network.0.uuid": "301c1bee-c9c5-407d-9b43-9ba93cc513ca",
                            "region": "",
                            "security_groups.#": "2",
                            "security_groups.2299581210": "butler-firewall",
                            "security_groups.3814588639": "default",
                            "stop_before_destroy": "false"
                        },
                        "meta": {
                            "e2bfb730-ecaa-11e6-8f88-34363bc7c4c0": {
                                "create": 1800000000000,
                                "delete": 1800000000000,
                                "update": 1800000000000
                            }
                        },
                        "tainted": false
                    },
                    "deposed": [],
                    "provider": "provider.openstack"
                },
                "openstack_compute_instance_v2.worker.21": {
                    "type": "openstack_compute_instance_v2",
                    "depends_on": [
                        "null_resource.masterip",
                        "openstack_compute_instance_v2.salt-master",
                        "openstack_compute_secgroup_v2.allow-traffic"
                    ],
                    "primary": {
                        "id": "b512a547-ff6f-4050-92ff-32e3823aed54",
                        "attributes": {
                            "access_ip_v4": "10.0.0.21",
                            "access_ip_v6": "",
                            "all_metadata.%": "0",
                            "availability_zone": "nova",
                            "flavor_id": "43759077-b9ad-4232-91f4-ed100cd63c26",
                            "flavor_name": "HD-c32r124",
                            "force_delete": "false",
                            "id": "b512a547-ff6f-4050-92ff-32e3823aed54",
                            "image_id": "266ca351-ba88-48b4-9aa7-e4b3703197d9",
                            "image_name": "butler_base",
                            "key_pair": "sergei",
                            "name": "butler-worker-21",
                            "network.#": "1",
                            "network.0.access_network": "false",
                            "network.0.fixed_ip_v4": "10.0.0.21",
                            "network.0.fixed_ip_v6": "",
                            "network.0.floating_ip": "",
                            "network.0.mac": "fa:16:3e:83:3a:ba",
                            "network.0.name": "denbi-iakhnin-intern",
                            "network.0.port": "",
                            "network.0.uuid": "301c1bee-c9c5-407d-9b43-9ba93cc513ca",
                            "region": "",
                            "security_groups.#": "2",
                            "security_groups.2299581210": "butler-firewall",
                            "security_groups.3814588639": "default",
                            "stop_before_destroy": "false"
                        },
                        "meta": {
                            "e2bfb730-ecaa-11e6-8f88-34363bc7c4c0": {
                                "create": 1800000000000,
                                "delete": 1800000000000,
                                "update": 1800000000000
                            }
                        },
                        "tainted": false
                    },
                    "deposed": [],
                    "provider": "provider.openstack"
                },
                "openstack_compute_instance_v2.worker.22": {
                    "type": "openstack_compute_instance_v2",
                    "depends_on": [
                        "null_resource.masterip",
                        "openstack_compute_instance_v2.salt-master",
                        "openstack_compute_secgroup_v2.allow-traffic"
                    ],
                    "primary": {
                        "id": "fb923006-fe97-4b3d-8244-6089d2bbec53",
                        "attributes": {
                            "access_ip_v4": "10.0.0.22",
                            "access_ip_v6": "",
                            "all_metadata.%": "0",
                            "availability_zone": "nova",
                            "flavor_id": "43759077-b9ad-4232-91f4-ed100cd63c26",
                            "flavor_name": "HD-c32r124",
                            "force_delete": "false",
                            "id": "fb923006-fe97-4b3d-8244-6089d2bbec53",
                            "image_id": "266ca351-ba88-48b4-9aa7-e4b3703197d9",
                            "image_name": "butler_base",
                            "key_pair": "sergei",
                            "name": "butler-worker-22",
                            "network.#": "1",
                            "network.0.access_network": "false",
                            "network.0.fixed_ip_v4": "10.0.0.22",
                            "network.0.fixed_ip_v6": "",
                            "network.0.floating_ip": "",
                            "network.0.mac": "fa:16:3e:6e:11:44",
                            "network.0.name": "denbi-iakhnin-intern",
                            "network.0.port": "",
                            "network.0.uuid": "301c1bee-c9c5-407d-9b43-9ba93cc513ca",
                            "region": "",
                            "security_groups.#": "2",
                            "security_groups.2299581210": "butler-firewall",
                            "security_groups.3814588639": "default",
                            "stop_before_destroy": "false"
                        },
                        "meta": {
                            "e2bfb730-ecaa-11e6-8f88-34363bc7c4c0": {
                                "create": 1800000000000,
                                "delete": 1800000000000,
                                "update": 1800000000000
                            }
                        },
                        "tainted": false
                    },
                    "deposed": [],
                    "provider": "provider.openstack"
                },
                "openstack_compute_instance_v2.worker.23": {
                    "type": "openstack_compute_instance_v2",
                    "depends_on": [
                        "null_resource.masterip",
                        "openstack_compute_instance_v2.salt-master",
                        "openstack_compute_secgroup_v2.allow-traffic"
                    ],
                    "primary": {
                        "id": "10665aaa-7c1b-49bc-bbe8-04b71e891a0f",
                        "attributes": {
                            "access_ip_v4": "10.0.0.7",
                            "access_ip_v6": "",
                            "all_metadata.%": "0",
                            "availability_zone": "nova",
                            "flavor_id": "43759077-b9ad-4232-91f4-ed100cd63c26",
                            "flavor_name": "HD-c32r124",
                            "force_delete": "false",
                            "id": "10665aaa-7c1b-49bc-bbe8-04b71e891a0f",
                            "image_id": "266ca351-ba88-48b4-9aa7-e4b3703197d9",
                            "image_name": "butler_base",
                            "key_pair": "sergei",
                            "name": "butler-worker-23",
                            "network.#": "1",
                            "network.0.access_network": "false",
                            "network.0.fixed_ip_v4": "10.0.0.7",
                            "network.0.fixed_ip_v6": "",
                            "network.0.floating_ip": "",
                            "network.0.mac": "fa:16:3e:b3:0e:b5",
                            "network.0.name": "denbi-iakhnin-intern",
                            "network.0.port": "",
                            "network.0.uuid": "301c1bee-c9c5-407d-9b43-9ba93cc513ca",
                            "region": "",
                            "security_groups.#": "2",
                            "security_groups.2299581210": "butler-firewall",
                            "security_groups.3814588639": "default",
                            "stop_before_destroy": "false"
                        },
                        "meta": {
                            "e2bfb730-ecaa-11e6-8f88-34363bc7c4c0": {
                                "create": 1800000000000,
                                "delete": 1800000000000,
                                "update": 1800000000000
                            }
                        },
                        "tainted": false
                    },
                    "deposed": [],
                    "provider": "provider.openstack"
                },
                "openstack_compute_instance_v2.worker.24": {
                    "type": "openstack_compute_instance_v2",
                    "depends_on": [
                        "null_resource.masterip",
                        "openstack_compute_instance_v2.salt-master",
                        "openstack_compute_secgroup_v2.allow-traffic"
                    ],
                    "primary": {
                        "id": "316ca577-3af9-496c-a053-4a90d3ca043f",
                        "attributes": {
                            "access_ip_v4": "10.0.0.33",
                            "access_ip_v6": "",
                            "all_metadata.%": "0",
                            "availability_zone": "nova",
                            "flavor_id": "43759077-b9ad-4232-91f4-ed100cd63c26",
                            "flavor_name": "HD-c32r124",
                            "force_delete": "false",
                            "id": "316ca577-3af9-496c-a053-4a90d3ca043f",
                            "image_id": "266ca351-ba88-48b4-9aa7-e4b3703197d9",
                            "image_name": "butler_base",
                            "key_pair": "sergei",
                            "name": "butler-worker-24",
                            "network.#": "1",
                            "network.0.access_network": "false",
                            "network.0.fixed_ip_v4": "10.0.0.33",
                            "network.0.fixed_ip_v6": "",
                            "network.0.floating_ip": "",
                            "network.0.mac": "fa:16:3e:c3:53:4e",
                            "network.0.name": "denbi-iakhnin-intern",
                            "network.0.port": "",
                            "network.0.uuid": "301c1bee-c9c5-407d-9b43-9ba93cc513ca",
                            "region": "",
                            "security_groups.#": "2",
                            "security_groups.2299581210": "butler-firewall",
                            "security_groups.3814588639": "default",
                            "stop_before_destroy": "false"
                        },
                        "meta": {
                            "e2bfb730-ecaa-11e6-8f88-34363bc7c4c0": {
                                "create": 1800000000000,
                                "delete": 1800000000000,
                                "update": 1800000000000
                            }
                        },
                        "tainted": false
                    },
                    "deposed": [],
                    "provider": "provider.openstack"
                },
                "openstack_compute_instance_v2.worker.25": {
                    "type": "openstack_compute_instance_v2",
                    "depends_on": [
                        "null_resource.masterip",
                        "openstack_compute_instance_v2.salt-master",
                        "openstack_compute_secgroup_v2.allow-traffic"
                    ],
                    "primary": {
                        "id": "07923aa3-72a8-4d57-a1be-5c7ead42c97a",
                        "attributes": {
                            "access_ip_v4": "10.0.0.15",
                            "access_ip_v6": "",
                            "all_metadata.%": "0",
                            "availability_zone": "nova",
                            "flavor_id": "43759077-b9ad-4232-91f4-ed100cd63c26",
                            "flavor_name": "HD-c32r124",
                            "force_delete": "false",
                            "id": "07923aa3-72a8-4d57-a1be-5c7ead42c97a",
                            "image_id": "266ca351-ba88-48b4-9aa7-e4b3703197d9",
                            "image_name": "butler_base",
                            "key_pair": "sergei",
                            "name": "butler-worker-25",
                            "network.#": "1",
                            "network.0.access_network": "false",
                            "network.0.fixed_ip_v4": "10.0.0.15",
                            "network.0.fixed_ip_v6": "",
                            "network.0.floating_ip": "",
                            "network.0.mac": "fa:16:3e:04:30:54",
                            "network.0.name": "denbi-iakhnin-intern",
                            "network.0.port": "",
                            "network.0.uuid": "301c1bee-c9c5-407d-9b43-9ba93cc513ca",
                            "region": "",
                            "security_groups.#": "2",
                            "security_groups.2299581210": "butler-firewall",
                            "security_groups.3814588639": "default",
                            "stop_before_destroy": "false"
                        },
                        "meta": {
                            "e2bfb730-ecaa-11e6-8f88-34363bc7c4c0": {
                                "create": 1800000000000,
                                "delete": 1800000000000,
                                "update": 1800000000000
                            }
                        },
                        "tainted": false
                    },
                    "deposed": [],
                    "provider": "provider.openstack"
                },
                "openstack_compute_instance_v2.worker.26": {
                    "type": "openstack_compute_instance_v2",
                    "depends_on": [
                        "null_resource.masterip",
                        "openstack_compute_instance_v2.salt-master",
                        "openstack_compute_secgroup_v2.allow-traffic"
                    ],
                    "primary": {
                        "id": "efe16162-54c0-4dcc-aa00-29a3b9dca811",
                        "attributes": {
                            "access_ip_v4": "10.0.0.10",
                            "access_ip_v6": "",
                            "all_metadata.%": "0",
                            "availability_zone": "nova",
                            "flavor_id": "43759077-b9ad-4232-91f4-ed100cd63c26",
                            "flavor_name": "HD-c32r124",
                            "force_delete": "false",
                            "id": "efe16162-54c0-4dcc-aa00-29a3b9dca811",
                            "image_id": "266ca351-ba88-48b4-9aa7-e4b3703197d9",
                            "image_name": "butler_base",
                            "key_pair": "sergei",
                            "name": "butler-worker-26",
                            "network.#": "1",
                            "network.0.access_network": "false",
                            "network.0.fixed_ip_v4": "10.0.0.10",
                            "network.0.fixed_ip_v6": "",
                            "network.0.floating_ip": "",
                            "network.0.mac": "fa:16:3e:5b:cd:8b",
                            "network.0.name": "denbi-iakhnin-intern",
                            "network.0.port": "",
                            "network.0.uuid": "301c1bee-c9c5-407d-9b43-9ba93cc513ca",
                            "region": "",
                            "security_groups.#": "2",
                            "security_groups.2299581210": "butler-firewall",
                            "security_groups.3814588639": "default",
                            "stop_before_destroy": "false"
                        },
                        "meta": {
                            "e2bfb730-ecaa-11e6-8f88-34363bc7c4c0": {
                                "create": 1800000000000,
                                "delete": 1800000000000,
                                "update": 1800000000000
                            }
                        },
                        "tainted": false
                    },
                    "deposed": [],
                    "provider": "provider.openstack"
                },
                "openstack_compute_instance_v2.worker.27": {
                    "type": "openstack_compute_instance_v2",
                    "depends_on": [
                        "null_resource.masterip",
                        "openstack_compute_instance_v2.salt-master",
                        "openstack_compute_secgroup_v2.allow-traffic"
                    ],
                    "primary": {
                        "id": "234643ce-1af8-4ec9-a2b9-60d3fb56cf3a",
                        "attributes": {
                            "access_ip_v4": "10.0.0.45",
                            "access_ip_v6": "",
                            "all_metadata.%": "0",
                            "availability_zone": "nova",
                            "flavor_id": "43759077-b9ad-4232-91f4-ed100cd63c26",
                            "flavor_name": "HD-c32r124",
                            "force_delete": "false",
                            "id": "234643ce-1af8-4ec9-a2b9-60d3fb56cf3a",
                            "image_id": "266ca351-ba88-48b4-9aa7-e4b3703197d9",
                            "image_name": "butler_base",
                            "key_pair": "sergei",
                            "name": "butler-worker-27",
                            "network.#": "1",
                            "network.0.access_network": "false",
                            "network.0.fixed_ip_v4": "10.0.0.45",
                            "network.0.fixed_ip_v6": "",
                            "network.0.floating_ip": "",
                            "network.0.mac": "fa:16:3e:db:27:de",
                            "network.0.name": "denbi-iakhnin-intern",
                            "network.0.port": "",
                            "network.0.uuid": "301c1bee-c9c5-407d-9b43-9ba93cc513ca",
                            "region": "",
                            "security_groups.#": "2",
                            "security_groups.2299581210": "butler-firewall",
                            "security_groups.3814588639": "default",
                            "stop_before_destroy": "false"
                        },
                        "meta": {
                            "e2bfb730-ecaa-11e6-8f88-34363bc7c4c0": {
                                "create": 1800000000000,
                                "delete": 1800000000000,
                                "update": 1800000000000
                            }
                        },
                        "tainted": false
                    },
                    "deposed": [],
                    "provider": "provider.openstack"
                },
                "openstack_compute_instance_v2.worker.28": {
                    "type": "openstack_compute_instance_v2",
                    "depends_on": [
                        "null_resource.masterip",
                        "openstack_compute_instance_v2.salt-master",
                        "openstack_compute_secgroup_v2.allow-traffic"
                    ],
                    "primary": {
                        "id": "3de221af-6288-4ccb-a75b-2363c71b3a00",
                        "attributes": {
                            "access_ip_v4": "10.0.0.12",
                            "access_ip_v6": "",
                            "all_metadata.%": "0",
                            "availability_zone": "nova",
                            "flavor_id": "43759077-b9ad-4232-91f4-ed100cd63c26",
                            "flavor_name": "HD-c32r124",
                            "force_delete": "false",
                            "id": "3de221af-6288-4ccb-a75b-2363c71b3a00",
                            "image_id": "266ca351-ba88-48b4-9aa7-e4b3703197d9",
                            "image_name": "butler_base",
                            "key_pair": "sergei",
                            "name": "butler-worker-28",
                            "network.#": "1",
                            "network.0.access_network": "false",
                            "network.0.fixed_ip_v4": "10.0.0.12",
                            "network.0.fixed_ip_v6": "",
                            "network.0.floating_ip": "",
                            "network.0.mac": "fa:16:3e:ba:1f:11",
                            "network.0.name": "denbi-iakhnin-intern",
                            "network.0.port": "",
                            "network.0.uuid": "301c1bee-c9c5-407d-9b43-9ba93cc513ca",
                            "region": "",
                            "security_groups.#": "2",
                            "security_groups.2299581210": "butler-firewall",
                            "security_groups.3814588639": "default",
                            "stop_before_destroy": "false"
                        },
                        "meta": {
                            "e2bfb730-ecaa-11e6-8f88-34363bc7c4c0": {
                                "create": 1800000000000,
                                "delete": 1800000000000,
                                "update": 1800000000000
                            }
                        },
                        "tainted": false
                    },
                    "deposed": [],
                    "provider": "provider.openstack"
                },
                "openstack_compute_instance_v2.worker.29": {
                    "type": "openstack_compute_instance_v2",
                    "depends_on": [
                        "null_resource.masterip",
                        "openstack_compute_instance_v2.salt-master",
                        "openstack_compute_secgroup_v2.allow-traffic"
                    ],
                    "primary": {
                        "id": "6628f5b8-962c-4cc7-b1c3-a17df5d64e1c",
                        "attributes": {
                            "access_ip_v4": "10.0.0.14",
                            "access_ip_v6": "",
                            "all_metadata.%": "0",
                            "availability_zone": "nova",
                            "flavor_id": "43759077-b9ad-4232-91f4-ed100cd63c26",
                            "flavor_name": "HD-c32r124",
                            "force_delete": "false",
                            "id": "6628f5b8-962c-4cc7-b1c3-a17df5d64e1c",
                            "image_id": "266ca351-ba88-48b4-9aa7-e4b3703197d9",
                            "image_name": "butler_base",
                            "key_pair": "sergei",
                            "name": "butler-worker-29",
                            "network.#": "1",
                            "network.0.access_network": "false",
                            "network.0.fixed_ip_v4": "10.0.0.14",
                            "network.0.fixed_ip_v6": "",
                            "network.0.floating_ip": "",
                            "network.0.mac": "fa:16:3e:dd:ff:18",
                            "network.0.name": "denbi-iakhnin-intern",
                            "network.0.port": "",
                            "network.0.uuid": "301c1bee-c9c5-407d-9b43-9ba93cc513ca",
                            "region": "",
                            "security_groups.#": "2",
                            "security_groups.2299581210": "butler-firewall",
                            "security_groups.3814588639": "default",
                            "stop_before_destroy": "false"
                        },
                        "meta": {
                            "e2bfb730-ecaa-11e6-8f88-34363bc7c4c0": {
                                "create": 1800000000000,
                                "delete": 1800000000000,
                                "update": 1800000000000
                            }
                        },
                        "tainted": false
                    },
                    "deposed": [],
                    "provider": "provider.openstack"
                },
                "openstack_compute_instance_v2.worker.3": {
                    "type": "openstack_compute_instance_v2",
                    "depends_on": [
                        "null_resource.masterip",
                        "openstack_compute_instance_v2.salt-master",
                        "openstack_compute_secgroup_v2.allow-traffic"
                    ],
                    "primary": {
                        "id": "89f9f249-e9d7-4e06-a6db-da136f20c532",
                        "attributes": {
                            "access_ip_v4": "10.0.0.25",
                            "access_ip_v6": "",
                            "all_metadata.%": "0",
                            "availability_zone": "nova",
                            "flavor_id": "43759077-b9ad-4232-91f4-ed100cd63c26",
                            "flavor_name": "HD-c32r124",
                            "force_delete": "false",
                            "id": "89f9f249-e9d7-4e06-a6db-da136f20c532",
                            "image_id": "266ca351-ba88-48b4-9aa7-e4b3703197d9",
                            "image_name": "butler_base",
                            "key_pair": "sergei",
                            "name": "butler-worker-3",
                            "network.#": "1",
                            "network.0.access_network": "false",
                            "network.0.fixed_ip_v4": "10.0.0.25",
                            "network.0.fixed_ip_v6": "",
                            "network.0.floating_ip": "",
                            "network.0.mac": "fa:16:3e:4d:27:92",
                            "network.0.name": "denbi-iakhnin-intern",
                            "network.0.port": "",
                            "network.0.uuid": "301c1bee-c9c5-407d-9b43-9ba93cc513ca",
                            "region": "",
                            "security_groups.#": "2",
                            "security_groups.2299581210": "butler-firewall",
                            "security_groups.3814588639": "default",
                            "stop_before_destroy": "false"
                        },
                        "meta": {
                            "e2bfb730-ecaa-11e6-8f88-34363bc7c4c0": {
                                "create": 1800000000000,
                                "delete": 1800000000000,
                                "update": 1800000000000
                            }
                        },
                        "tainted": false
                    },
                    "deposed": [],
                    "provider": "provider.openstack"
                },
                "openstack_compute_instance_v2.worker.4": {
                    "type": "openstack_compute_instance_v2",
                    "depends_on": [
                        "null_resource.masterip",
                        "openstack_compute_instance_v2.salt-master",
                        "openstack_compute_secgroup_v2.allow-traffic"
                    ],
                    "primary": {
                        "id": "b2880813-61e7-44d5-b3c1-27b178801d78",
                        "attributes": {
                            "access_ip_v4": "10.0.0.39",
                            "access_ip_v6": "",
                            "all_metadata.%": "0",
                            "availability_zone": "nova",
                            "flavor_id": "43759077-b9ad-4232-91f4-ed100cd63c26",
                            "flavor_name": "HD-c32r124",
                            "force_delete": "false",
                            "id": "b2880813-61e7-44d5-b3c1-27b178801d78",
                            "image_id": "266ca351-ba88-48b4-9aa7-e4b3703197d9",
                            "image_name": "butler_base",
                            "key_pair": "sergei",
                            "name": "butler-worker-4",
                            "network.#": "1",
                            "network.0.access_network": "false",
                            "network.0.fixed_ip_v4": "10.0.0.39",
                            "network.0.fixed_ip_v6": "",
                            "network.0.floating_ip": "",
                            "network.0.mac": "fa:16:3e:94:91:95",
                            "network.0.name": "denbi-iakhnin-intern",
                            "network.0.port": "",
                            "network.0.uuid": "301c1bee-c9c5-407d-9b43-9ba93cc513ca",
                            "region": "",
                            "security_groups.#": "2",
                            "security_groups.2299581210": "butler-firewall",
                            "security_groups.3814588639": "default",
                            "stop_before_destroy": "false"
                        },
                        "meta": {
                            "e2bfb730-ecaa-11e6-8f88-34363bc7c4c0": {
                                "create": 1800000000000,
                                "delete": 1800000000000,
                                "update": 1800000000000
                            }
                        },
                        "tainted": false
                    },
                    "deposed": [],
                    "provider": "provider.openstack"
                },
                "openstack_compute_instance_v2.worker.5": {
                    "type": "openstack_compute_instance_v2",
                    "depends_on": [
                        "null_resource.masterip",
                        "openstack_compute_instance_v2.salt-master",
                        "openstack_compute_secgroup_v2.allow-traffic"
                    ],
                    "primary": {
                        "id": "6b6af4ac-a06b-482c-b1d9-723f60a58532",
                        "attributes": {
                            "access_ip_v4": "10.0.0.16",
                            "access_ip_v6": "",
                            "all_metadata.%": "0",
                            "availability_zone": "nova",
                            "flavor_id": "43759077-b9ad-4232-91f4-ed100cd63c26",
                            "flavor_name": "HD-c32r124",
                            "force_delete": "false",
                            "id": "6b6af4ac-a06b-482c-b1d9-723f60a58532",
                            "image_id": "266ca351-ba88-48b4-9aa7-e4b3703197d9",
                            "image_name": "butler_base",
                            "key_pair": "sergei",
                            "name": "butler-worker-5",
                            "network.#": "1",
                            "network.0.access_network": "false",
                            "network.0.fixed_ip_v4": "10.0.0.16",
                            "network.0.fixed_ip_v6": "",
                            "network.0.floating_ip": "",
                            "network.0.mac": "fa:16:3e:88:7b:1b",
                            "network.0.name": "denbi-iakhnin-intern",
                            "network.0.port": "",
                            "network.0.uuid": "301c1bee-c9c5-407d-9b43-9ba93cc513ca",
                            "region": "",
                            "security_groups.#": "2",
                            "security_groups.2299581210": "butler-firewall",
                            "security_groups.3814588639": "default",
                            "stop_before_destroy": "false"
                        },
                        "meta": {
                            "e2bfb730-ecaa-11e6-8f88-34363bc7c4c0": {
                                "create": 1800000000000,
                                "delete": 1800000000000,
                                "update": 1800000000000
                            }
                        },
                        "tainted": false
                    },
                    "deposed": [],
                    "provider": "provider.openstack"
                },
                "openstack_compute_instance_v2.worker.6": {
                    "type": "openstack_compute_instance_v2",
                    "depends_on": [
                        "null_resource.masterip",
                        "openstack_compute_instance_v2.salt-master",
                        "openstack_compute_secgroup_v2.allow-traffic"
                    ],
                    "primary": {
                        "id": "3a146527-646f-428a-a9e6-a45b0c34473b",
                        "attributes": {
                            "access_ip_v4": "10.0.0.20",
                            "access_ip_v6": "",
                            "all_metadata.%": "0",
                            "availability_zone": "nova",
                            "flavor_id": "43759077-b9ad-4232-91f4-ed100cd63c26",
                            "flavor_name": "HD-c32r124",
                            "force_delete": "false",
                            "id": "3a146527-646f-428a-a9e6-a45b0c34473b",
                            "image_id": "266ca351-ba88-48b4-9aa7-e4b3703197d9",
                            "image_name": "butler_base",
                            "key_pair": "sergei",
                            "name": "butler-worker-6",
                            "network.#": "1",
                            "network.0.access_network": "false",
                            "network.0.fixed_ip_v4": "10.0.0.20",
                            "network.0.fixed_ip_v6": "",
                            "network.0.floating_ip": "",
                            "network.0.mac": "fa:16:3e:ba:7b:fd",
                            "network.0.name": "denbi-iakhnin-intern",
                            "network.0.port": "",
                            "network.0.uuid": "301c1bee-c9c5-407d-9b43-9ba93cc513ca",
                            "region": "",
                            "security_groups.#": "2",
                            "security_groups.2299581210": "butler-firewall",
                            "security_groups.3814588639": "default",
                            "stop_before_destroy": "false"
                        },
                        "meta": {
                            "e2bfb730-ecaa-11e6-8f88-34363bc7c4c0": {
                                "create": 1800000000000,
                                "delete": 1800000000000,
                                "update": 1800000000000
                            }
                        },
                        "tainted": false
                    },
                    "deposed": [],
                    "provider": "provider.openstack"
                },
                "openstack_compute_instance_v2.worker.7": {
                    "type": "openstack_compute_instance_v2",
                    "depends_on": [
                        "null_resource.masterip",
                        "openstack_compute_instance_v2.salt-master",
                        "openstack_compute_secgroup_v2.allow-traffic"
                    ],
                    "primary": {
                        "id": "19e2621a-1042-4f66-97ef-c2db0857c570",
                        "attributes": {
                            "access_ip_v4": "10.0.0.32",
                            "access_ip_v6": "",
                            "all_metadata.%": "0",
                            "availability_zone": "nova",
                            "flavor_id": "43759077-b9ad-4232-91f4-ed100cd63c26",
                            "flavor_name": "HD-c32r124",
                            "force_delete": "false",
                            "id": "19e2621a-1042-4f66-97ef-c2db0857c570",
                            "image_id": "266ca351-ba88-48b4-9aa7-e4b3703197d9",
                            "image_name": "butler_base",
                            "key_pair": "sergei",
                            "name": "butler-worker-7",
                            "network.#": "1",
                            "network.0.access_network": "false",
                            "network.0.fixed_ip_v4": "10.0.0.32",
                            "network.0.fixed_ip_v6": "",
                            "network.0.floating_ip": "",
                            "network.0.mac": "fa:16:3e:8a:8a:da",
                            "network.0.name": "denbi-iakhnin-intern",
                            "network.0.port": "",
                            "network.0.uuid": "301c1bee-c9c5-407d-9b43-9ba93cc513ca",
                            "region": "",
                            "security_groups.#": "2",
                            "security_groups.2299581210": "butler-firewall",
                            "security_groups.3814588639": "default",
                            "stop_before_destroy": "false"
                        },
                        "meta": {
                            "e2bfb730-ecaa-11e6-8f88-34363bc7c4c0": {
                                "create": 1800000000000,
                                "delete": 1800000000000,
                                "update": 1800000000000
                            }
                        },
                        "tainted": false
                    },
                    "deposed": [],
                    "provider": "provider.openstack"
                },
                "openstack_compute_instance_v2.worker.8": {
                    "type": "openstack_compute_instance_v2",
                    "depends_on": [
                        "null_resource.masterip",
                        "openstack_compute_instance_v2.salt-master",
                        "openstack_compute_secgroup_v2.allow-traffic"
                    ],
                    "primary": {
                        "id": "617b6dc9-7005-441d-89f1-2a5c77d3a5a5",
                        "attributes": {
                            "access_ip_v4": "10.0.0.40",
                            "access_ip_v6": "",
                            "all_metadata.%": "0",
                            "availability_zone": "nova",
                            "flavor_id": "43759077-b9ad-4232-91f4-ed100cd63c26",
                            "flavor_name": "HD-c32r124",
                            "force_delete": "false",
                            "id": "617b6dc9-7005-441d-89f1-2a5c77d3a5a5",
                            "image_id": "266ca351-ba88-48b4-9aa7-e4b3703197d9",
                            "image_name": "butler_base",
                            "key_pair": "sergei",
                            "name": "butler-worker-8",
                            "network.#": "1",
                            "network.0.access_network": "false",
                            "network.0.fixed_ip_v4": "10.0.0.40",
                            "network.0.fixed_ip_v6": "",
                            "network.0.floating_ip": "",
                            "network.0.mac": "fa:16:3e:69:17:1e",
                            "network.0.name": "denbi-iakhnin-intern",
                            "network.0.port": "",
                            "network.0.uuid": "301c1bee-c9c5-407d-9b43-9ba93cc513ca",
                            "region": "",
                            "security_groups.#": "2",
                            "security_groups.2299581210": "butler-firewall",
                            "security_groups.3814588639": "default",
                            "stop_before_destroy": "false"
                        },
                        "meta": {
                            "e2bfb730-ecaa-11e6-8f88-34363bc7c4c0": {
                                "create": 1800000000000,
                                "delete": 1800000000000,
                                "update": 1800000000000
                            }
                        },
                        "tainted": false
                    },
                    "deposed": [],
                    "provider": "provider.openstack"
                },
                "openstack_compute_instance_v2.worker.9": {
                    "type": "openstack_compute_instance_v2",
                    "depends_on": [
                        "null_resource.masterip",
                        "openstack_compute_instance_v2.salt-master",
                        "openstack_compute_secgroup_v2.allow-traffic"
                    ],
                    "primary": {
                        "id": "f87428ee-5e06-4c34-b312-5e79010ec442",
                        "attributes": {
                            "access_ip_v4": "10.0.0.8",
                            "access_ip_v6": "",
                            "all_metadata.%": "0",
                            "availability_zone": "nova",
                            "flavor_id": "43759077-b9ad-4232-91f4-ed100cd63c26",
                            "flavor_name": "HD-c32r124",
                            "force_delete": "false",
                            "id": "f87428ee-5e06-4c34-b312-5e79010ec442",
                            "image_id": "266ca351-ba88-48b4-9aa7-e4b3703197d9",
                            "image_name": "butler_base",
                            "key_pair": "sergei",
                            "name": "butler-worker-9",
                            "network.#": "1",
                            "network.0.access_network": "false",
                            "network.0.fixed_ip_v4": "10.0.0.8",
                            "network.0.fixed_ip_v6": "",
                            "network.0.floating_ip": "",
                            "network.0.mac": "fa:16:3e:b9:d6:46",
                            "network.0.name": "denbi-iakhnin-intern",
                            "network.0.port": "",
                            "network.0.uuid": "301c1bee-c9c5-407d-9b43-9ba93cc513ca",
                            "region": "",
                            "security_groups.#": "2",
                            "security_groups.2299581210": "butler-firewall",
                            "security_groups.3814588639": "default",
                            "stop_before_destroy": "false"
                        },
                        "meta": {
                            "e2bfb730-ecaa-11e6-8f88-34363bc7c4c0": {
                                "create": 1800000000000,
                                "delete": 1800000000000,
                                "update": 1800000000000
                            }
                        },
                        "tainted": false
                    },
                    "deposed": [],
                    "provider": "provider.openstack"
                },
                "openstack_compute_secgroup_v2.allow-traffic": {
                    "type": "openstack_compute_secgroup_v2",
                    "depends_on": [],
                    "primary": {
                        "id": "646c6afe-e5dc-41f7-bf20-512e09720da3",
                        "attributes": {
                            "description": "Allow traffic across butler instances",
                            "id": "646c6afe-e5dc-41f7-bf20-512e09720da3",
                            "name": "butler-firewall",
                            "region": "",
                            "rule.#": "4",
                            "rule.112275015.cidr": "",
                            "rule.112275015.from_group_id": "",
                            "rule.112275015.from_port": "1",
                            "rule.112275015.id": "ad724d93-a560-4461-bfe4-907cbb599df0",
                            "rule.112275015.ip_protocol": "tcp",
                            "rule.112275015.self": "true",
                            "rule.112275015.to_port": "65535",
                            "rule.2180185248.cidr": "0.0.0.0/0",
                            "rule.2180185248.from_group_id": "",
                            "rule.2180185248.from_port": "-1",
                            "rule.2180185248.id": "63e7f687-61f1-460a-9555-a63400621132",
                            "rule.2180185248.ip_protocol": "icmp",
                            "rule.2180185248.self": "false",
                            "rule.2180185248.to_port": "-1",
                            "rule.3811720511.cidr": "0.0.0.0/0",
                            "rule.3811720511.from_group_id": "",
                            "rule.3811720511.from_port": "3000",
                            "rule.3811720511.id": "59047113-edc0-439f-831e-c2a40b175c2a",
                            "rule.3811720511.ip_protocol": "tcp",
                            "rule.3811720511.self": "false",
                            "rule.3811720511.to_port": "3000",
                            "rule.836640770.cidr": "0.0.0.0/0",
                            "rule.836640770.from_group_id": "",
                            "rule.836640770.from_port": "22",
                            "rule.836640770.id": "11ee8bc4-f762-4ae5-accd-caad224fe7db",
                            "rule.836640770.ip_protocol": "tcp",
                            "rule.836640770.self": "false",
                            "rule.836640770.to_port": "22"
                        },
                        "meta": {
                            "e2bfb730-ecaa-11e6-8f88-34363bc7c4c0": {
                                "delete": 600000000000
                            }
                        },
                        "tainted": false
                    },
                    "deposed": [],
                    "provider": "provider.openstack"
                },
                "openstack_compute_volume_attach_v2.attachments.0": {
                    "type": "openstack_compute_volume_attach_v2",
                    "depends_on": [
                        "openstack_blockstorage_volume_v2.butler_volumes.*",
                        "openstack_compute_instance_v2.worker.*"
                    ],
                    "primary": {
                        "id": "e478eada-0ae9-473f-b6f6-b9ddd3b48eeb/8afe0a72-690b-4c31-aca4-b9bcb38e99b3",
                        "attributes": {
                            "device": "/dev/vdb",
                            "id": "e478eada-0ae9-473f-b6f6-b9ddd3b48eeb/8afe0a72-690b-4c31-aca4-b9bcb38e99b3",
                            "instance_id": "e478eada-0ae9-473f-b6f6-b9ddd3b48eeb",
                            "region": "",
                            "volume_id": "8afe0a72-690b-4c31-aca4-b9bcb38e99b3"
                        },
                        "meta": {
                            "e2bfb730-ecaa-11e6-8f88-34363bc7c4c0": {
                                "create": 600000000000,
                                "delete": 600000000000
                            }
                        },
                        "tainted": false
                    },
                    "deposed": [],
                    "provider": "provider.openstack"
                },
                "openstack_compute_volume_attach_v2.attachments.1": {
                    "type": "openstack_compute_volume_attach_v2",
                    "depends_on": [
                        "openstack_blockstorage_volume_v2.butler_volumes.*",
                        "openstack_compute_instance_v2.worker.*"
                    ],
                    "primary": {
                        "id": "62c186ec-678c-43da-af1c-f46ee967bd86/29178b52-60cb-4434-898e-8bc2c4749cbc",
                        "attributes": {
                            "device": "/dev/vdb",
                            "id": "62c186ec-678c-43da-af1c-f46ee967bd86/29178b52-60cb-4434-898e-8bc2c4749cbc",
                            "instance_id": "62c186ec-678c-43da-af1c-f46ee967bd86",
                            "region": "",
                            "volume_id": "29178b52-60cb-4434-898e-8bc2c4749cbc"
                        },
                        "meta": {
                            "e2bfb730-ecaa-11e6-8f88-34363bc7c4c0": {
                                "create": 600000000000,
                                "delete": 600000000000
                            }
                        },
                        "tainted": false
                    },
                    "deposed": [],
                    "provider": "provider.openstack"
                },
                "openstack_compute_volume_attach_v2.attachments.10": {
                    "type": "openstack_compute_volume_attach_v2",
                    "depends_on": [
                        "openstack_blockstorage_volume_v2.butler_volumes.*",
                        "openstack_compute_instance_v2.worker.*"
                    ],
                    "primary": {
                        "id": "452b8169-6ffc-4d8a-a797-093c038b65e4/22609948-c65c-46b4-92e3-80b574c47862",
                        "attributes": {
                            "device": "/dev/vdb",
                            "id": "452b8169-6ffc-4d8a-a797-093c038b65e4/22609948-c65c-46b4-92e3-80b574c47862",
                            "instance_id": "452b8169-6ffc-4d8a-a797-093c038b65e4",
                            "region": "",
                            "volume_id": "22609948-c65c-46b4-92e3-80b574c47862"
                        },
                        "meta": {
                            "e2bfb730-ecaa-11e6-8f88-34363bc7c4c0": {
                                "create": 600000000000,
                                "delete": 600000000000
                            }
                        },
                        "tainted": false
                    },
                    "deposed": [],
                    "provider": "provider.openstack"
                },
                "openstack_compute_volume_attach_v2.attachments.11": {
                    "type": "openstack_compute_volume_attach_v2",
                    "depends_on": [
                        "openstack_blockstorage_volume_v2.butler_volumes.*",
                        "openstack_compute_instance_v2.worker.*"
                    ],
                    "primary": {
                        "id": "d42cb17b-995d-45ed-9940-5d6d7ac8ca08/6a242041-0bd7-49fa-aab0-abde9eacfac1",
                        "attributes": {
                            "device": "/dev/vdb",
                            "id": "d42cb17b-995d-45ed-9940-5d6d7ac8ca08/6a242041-0bd7-49fa-aab0-abde9eacfac1",
                            "instance_id": "d42cb17b-995d-45ed-9940-5d6d7ac8ca08",
                            "region": "",
                            "volume_id": "6a242041-0bd7-49fa-aab0-abde9eacfac1"
                        },
                        "meta": {
                            "e2bfb730-ecaa-11e6-8f88-34363bc7c4c0": {
                                "create": 600000000000,
                                "delete": 600000000000
                            }
                        },
                        "tainted": false
                    },
                    "deposed": [],
                    "provider": "provider.openstack"
                },
                "openstack_compute_volume_attach_v2.attachments.12": {
                    "type": "openstack_compute_volume_attach_v2",
                    "depends_on": [
                        "openstack_blockstorage_volume_v2.butler_volumes.*",
                        "openstack_compute_instance_v2.worker.*"
                    ],
                    "primary": {
                        "id": "f80e419c-32e5-492d-9545-68314730d2b5/2290f5d7-210d-4f17-9b68-56a8324ad848",
                        "attributes": {
                            "device": "/dev/vdb",
                            "id": "f80e419c-32e5-492d-9545-68314730d2b5/2290f5d7-210d-4f17-9b68-56a8324ad848",
                            "instance_id": "f80e419c-32e5-492d-9545-68314730d2b5",
                            "region": "",
                            "volume_id": "2290f5d7-210d-4f17-9b68-56a8324ad848"
                        },
                        "meta": {
                            "e2bfb730-ecaa-11e6-8f88-34363bc7c4c0": {
                                "create": 600000000000,
                                "delete": 600000000000
                            }
                        },
                        "tainted": false
                    },
                    "deposed": [],
                    "provider": "provider.openstack"
                },
                "openstack_compute_volume_attach_v2.attachments.13": {
                    "type": "openstack_compute_volume_attach_v2",
                    "depends_on": [
                        "openstack_blockstorage_volume_v2.butler_volumes.*",
                        "openstack_compute_instance_v2.worker.*"
                    ],
                    "primary": {
                        "id": "0e886478-2b75-4268-aabf-460aa7503431/048327f8-524c-4582-9670-91dbf9089107",
                        "attributes": {
                            "device": "/dev/vdb",
                            "id": "0e886478-2b75-4268-aabf-460aa7503431/048327f8-524c-4582-9670-91dbf9089107",
                            "instance_id": "0e886478-2b75-4268-aabf-460aa7503431",
                            "region": "",
                            "volume_id": "048327f8-524c-4582-9670-91dbf9089107"
                        },
                        "meta": {
                            "e2bfb730-ecaa-11e6-8f88-34363bc7c4c0": {
                                "create": 600000000000,
                                "delete": 600000000000
                            }
                        },
                        "tainted": false
                    },
                    "deposed": [],
                    "provider": "provider.openstack"
                },
                "openstack_compute_volume_attach_v2.attachments.14": {
                    "type": "openstack_compute_volume_attach_v2",
                    "depends_on": [
                        "openstack_blockstorage_volume_v2.butler_volumes.*",
                        "openstack_compute_instance_v2.worker.*"
                    ],
                    "primary": {
                        "id": "a6133fff-cc00-4b93-a3da-bd4737ab7c45/77999d8a-6f7b-4587-b4cf-30540ce0392b",
                        "attributes": {
                            "device": "/dev/vdb",
                            "id": "a6133fff-cc00-4b93-a3da-bd4737ab7c45/77999d8a-6f7b-4587-b4cf-30540ce0392b",
                            "instance_id": "a6133fff-cc00-4b93-a3da-bd4737ab7c45",
                            "region": "",
                            "volume_id": "77999d8a-6f7b-4587-b4cf-30540ce0392b"
                        },
                        "meta": {
                            "e2bfb730-ecaa-11e6-8f88-34363bc7c4c0": {
                                "create": 600000000000,
                                "delete": 600000000000
                            }
                        },
                        "tainted": false
                    },
                    "deposed": [],
                    "provider": "provider.openstack"
                },
                "openstack_compute_volume_attach_v2.attachments.15": {
                    "type": "openstack_compute_volume_attach_v2",
                    "depends_on": [
                        "openstack_blockstorage_volume_v2.butler_volumes.*",
                        "openstack_compute_instance_v2.worker.*"
                    ],
                    "primary": {
                        "id": "40d1e446-5170-451f-a1c2-e1d2f98155e9/80d85668-1bda-4973-8486-14cf64e64f7c",
                        "attributes": {
                            "device": "/dev/vdb",
                            "id": "40d1e446-5170-451f-a1c2-e1d2f98155e9/80d85668-1bda-4973-8486-14cf64e64f7c",
                            "instance_id": "40d1e446-5170-451f-a1c2-e1d2f98155e9",
                            "region": "",
                            "volume_id": "80d85668-1bda-4973-8486-14cf64e64f7c"
                        },
                        "meta": {
                            "e2bfb730-ecaa-11e6-8f88-34363bc7c4c0": {
                                "create": 600000000000,
                                "delete": 600000000000
                            }
                        },
                        "tainted": false
                    },
                    "deposed": [],
                    "provider": "provider.openstack"
                },
                "openstack_compute_volume_attach_v2.attachments.16": {
                    "type": "openstack_compute_volume_attach_v2",
                    "depends_on": [
                        "openstack_blockstorage_volume_v2.butler_volumes.*",
                        "openstack_compute_instance_v2.worker.*"
                    ],
                    "primary": {
                        "id": "9e52dffe-6701-4029-afac-9ae9333ac85b/b73f968c-91c0-44f5-9178-2cce463dfb22",
                        "attributes": {
                            "device": "/dev/vdb",
                            "id": "9e52dffe-6701-4029-afac-9ae9333ac85b/b73f968c-91c0-44f5-9178-2cce463dfb22",
                            "instance_id": "9e52dffe-6701-4029-afac-9ae9333ac85b",
                            "region": "",
                            "volume_id": "b73f968c-91c0-44f5-9178-2cce463dfb22"
                        },
                        "meta": {
                            "e2bfb730-ecaa-11e6-8f88-34363bc7c4c0": {
                                "create": 600000000000,
                                "delete": 600000000000
                            }
                        },
                        "tainted": false
                    },
                    "deposed": [],
                    "provider": "provider.openstack"
                },
                "openstack_compute_volume_attach_v2.attachments.17": {
                    "type": "openstack_compute_volume_attach_v2",
                    "depends_on": [
                        "openstack_blockstorage_volume_v2.butler_volumes.*",
                        "openstack_compute_instance_v2.worker.*"
                    ],
                    "primary": {
                        "id": "c7bb1e94-7ec3-46d0-a7a6-c44d3516f589/4d4c608e-311f-4b47-b625-23f950a79da3",
                        "attributes": {
                            "device": "/dev/vdb",
                            "id": "c7bb1e94-7ec3-46d0-a7a6-c44d3516f589/4d4c608e-311f-4b47-b625-23f950a79da3",
                            "instance_id": "c7bb1e94-7ec3-46d0-a7a6-c44d3516f589",
                            "region": "",
                            "volume_id": "4d4c608e-311f-4b47-b625-23f950a79da3"
                        },
                        "meta": {
                            "e2bfb730-ecaa-11e6-8f88-34363bc7c4c0": {
                                "create": 600000000000,
                                "delete": 600000000000
                            }
                        },
                        "tainted": false
                    },
                    "deposed": [],
                    "provider": "provider.openstack"
                },
                "openstack_compute_volume_attach_v2.attachments.18": {
                    "type": "openstack_compute_volume_attach_v2",
                    "depends_on": [
                        "openstack_blockstorage_volume_v2.butler_volumes.*",
                        "openstack_compute_instance_v2.worker.*"
                    ],
                    "primary": {
                        "id": "eae9a892-fa94-4518-9ce5-cc2d42d7bdfb/8ceae158-1095-4e38-8834-53d75a6b738b",
                        "attributes": {
                            "device": "/dev/vdb",
                            "id": "eae9a892-fa94-4518-9ce5-cc2d42d7bdfb/8ceae158-1095-4e38-8834-53d75a6b738b",
                            "instance_id": "eae9a892-fa94-4518-9ce5-cc2d42d7bdfb",
                            "region": "",
                            "volume_id": "8ceae158-1095-4e38-8834-53d75a6b738b"
                        },
                        "meta": {
                            "e2bfb730-ecaa-11e6-8f88-34363bc7c4c0": {
                                "create": 600000000000,
                                "delete": 600000000000
                            }
                        },
                        "tainted": false
                    },
                    "deposed": [],
                    "provider": "provider.openstack"
                },
                "openstack_compute_volume_attach_v2.attachments.19": {
                    "type": "openstack_compute_volume_attach_v2",
                    "depends_on": [
                        "openstack_blockstorage_volume_v2.butler_volumes.*",
                        "openstack_compute_instance_v2.worker.*"
                    ],
                    "primary": {
                        "id": "6ec409d9-af87-4603-83cd-13705d489b9e/2eb2144c-65eb-403f-86cb-48cc20a859c7",
                        "attributes": {
                            "device": "/dev/vdb",
                            "id": "6ec409d9-af87-4603-83cd-13705d489b9e/2eb2144c-65eb-403f-86cb-48cc20a859c7",
                            "instance_id": "6ec409d9-af87-4603-83cd-13705d489b9e",
                            "region": "",
                            "volume_id": "2eb2144c-65eb-403f-86cb-48cc20a859c7"
                        },
                        "meta": {
                            "e2bfb730-ecaa-11e6-8f88-34363bc7c4c0": {
                                "create": 600000000000,
                                "delete": 600000000000
                            }
                        },
                        "tainted": false
                    },
                    "deposed": [],
                    "provider": "provider.openstack"
                },
                "openstack_compute_volume_attach_v2.attachments.2": {
                    "type": "openstack_compute_volume_attach_v2",
                    "depends_on": [
                        "openstack_blockstorage_volume_v2.butler_volumes.*",
                        "openstack_compute_instance_v2.worker.*"
                    ],
                    "primary": {
                        "id": "01c7288f-8051-4f3f-801e-75ec641393a1/6fdf4606-d0a2-4d5c-9937-2b4273522b6a",
                        "attributes": {
                            "device": "/dev/vdb",
                            "id": "01c7288f-8051-4f3f-801e-75ec641393a1/6fdf4606-d0a2-4d5c-9937-2b4273522b6a",
                            "instance_id": "01c7288f-8051-4f3f-801e-75ec641393a1",
                            "region": "",
                            "volume_id": "6fdf4606-d0a2-4d5c-9937-2b4273522b6a"
                        },
                        "meta": {
                            "e2bfb730-ecaa-11e6-8f88-34363bc7c4c0": {
                                "create": 600000000000,
                                "delete": 600000000000
                            }
                        },
                        "tainted": false
                    },
                    "deposed": [],
                    "provider": "provider.openstack"
                },
                "openstack_compute_volume_attach_v2.attachments.20": {
                    "type": "openstack_compute_volume_attach_v2",
                    "depends_on": [
                        "openstack_blockstorage_volume_v2.butler_volumes.*",
                        "openstack_compute_instance_v2.worker.*"
                    ],
                    "primary": {
                        "id": "3a17e891-3638-495f-a718-b0e0e3abe78a/cb775bbc-ed6b-4b13-a011-98438c112434",
                        "attributes": {
                            "device": "/dev/vdb",
                            "id": "3a17e891-3638-495f-a718-b0e0e3abe78a/cb775bbc-ed6b-4b13-a011-98438c112434",
                            "instance_id": "3a17e891-3638-495f-a718-b0e0e3abe78a",
                            "region": "",
                            "volume_id": "cb775bbc-ed6b-4b13-a011-98438c112434"
                        },
                        "meta": {
                            "e2bfb730-ecaa-11e6-8f88-34363bc7c4c0": {
                                "create": 600000000000,
                                "delete": 600000000000
                            }
                        },
                        "tainted": false
                    },
                    "deposed": [],
                    "provider": "provider.openstack"
                },
                "openstack_compute_volume_attach_v2.attachments.21": {
                    "type": "openstack_compute_volume_attach_v2",
                    "depends_on": [
                        "openstack_blockstorage_volume_v2.butler_volumes.*",
                        "openstack_compute_instance_v2.worker.*"
                    ],
                    "primary": {
                        "id": "b512a547-ff6f-4050-92ff-32e3823aed54/808d8105-d4c9-4f0d-8ae3-d37618d0c649",
                        "attributes": {
                            "device": "/dev/vdb",
                            "id": "b512a547-ff6f-4050-92ff-32e3823aed54/808d8105-d4c9-4f0d-8ae3-d37618d0c649",
                            "instance_id": "b512a547-ff6f-4050-92ff-32e3823aed54",
                            "region": "",
                            "volume_id": "808d8105-d4c9-4f0d-8ae3-d37618d0c649"
                        },
                        "meta": {
                            "e2bfb730-ecaa-11e6-8f88-34363bc7c4c0": {
                                "create": 600000000000,
                                "delete": 600000000000
                            }
                        },
                        "tainted": false
                    },
                    "deposed": [],
                    "provider": "provider.openstack"
                },
                "openstack_compute_volume_attach_v2.attachments.22": {
                    "type": "openstack_compute_volume_attach_v2",
                    "depends_on": [
                        "openstack_blockstorage_volume_v2.butler_volumes.*",
                        "openstack_compute_instance_v2.worker.*"
                    ],
                    "primary": {
                        "id": "fb923006-fe97-4b3d-8244-6089d2bbec53/d4edbac8-f627-4548-b03c-761b88e33dbf",
                        "attributes": {
                            "device": "/dev/vdb",
                            "id": "fb923006-fe97-4b3d-8244-6089d2bbec53/d4edbac8-f627-4548-b03c-761b88e33dbf",
                            "instance_id": "fb923006-fe97-4b3d-8244-6089d2bbec53",
                            "region": "",
                            "volume_id": "d4edbac8-f627-4548-b03c-761b88e33dbf"
                        },
                        "meta": {
                            "e2bfb730-ecaa-11e6-8f88-34363bc7c4c0": {
                                "create": 600000000000,
                                "delete": 600000000000
                            }
                        },
                        "tainted": false
                    },
                    "deposed": [],
                    "provider": "provider.openstack"
                },
                "openstack_compute_volume_attach_v2.attachments.23": {
                    "type": "openstack_compute_volume_attach_v2",
                    "depends_on": [
                        "openstack_blockstorage_volume_v2.butler_volumes.*",
                        "openstack_compute_instance_v2.worker.*"
                    ],
                    "primary": {
                        "id": "10665aaa-7c1b-49bc-bbe8-04b71e891a0f/013c5672-5c57-4f88-93e7-665fe9bbd00a",
                        "attributes": {
                            "device": "/dev/vdb",
                            "id": "10665aaa-7c1b-49bc-bbe8-04b71e891a0f/013c5672-5c57-4f88-93e7-665fe9bbd00a",
                            "instance_id": "10665aaa-7c1b-49bc-bbe8-04b71e891a0f",
                            "region": "",
                            "volume_id": "013c5672-5c57-4f88-93e7-665fe9bbd00a"
                        },
                        "meta": {
                            "e2bfb730-ecaa-11e6-8f88-34363bc7c4c0": {
                                "create": 600000000000,
                                "delete": 600000000000
                            }
                        },
                        "tainted": false
                    },
                    "deposed": [],
                    "provider": "provider.openstack"
                },
                "openstack_compute_volume_attach_v2.attachments.24": {
                    "type": "openstack_compute_volume_attach_v2",
                    "depends_on": [
                        "openstack_blockstorage_volume_v2.butler_volumes.*",
                        "openstack_compute_instance_v2.worker.*"
                    ],
                    "primary": {
                        "id": "316ca577-3af9-496c-a053-4a90d3ca043f/2ce4e632-0568-4f94-9442-281e251b1f4f",
                        "attributes": {
                            "device": "/dev/vdb",
                            "id": "316ca577-3af9-496c-a053-4a90d3ca043f/2ce4e632-0568-4f94-9442-281e251b1f4f",
                            "instance_id": "316ca577-3af9-496c-a053-4a90d3ca043f",
                            "region": "",
                            "volume_id": "2ce4e632-0568-4f94-9442-281e251b1f4f"
                        },
                        "meta": {
                            "e2bfb730-ecaa-11e6-8f88-34363bc7c4c0": {
                                "create": 600000000000,
                                "delete": 600000000000
                            }
                        },
                        "tainted": false
                    },
                    "deposed": [],
                    "provider": "provider.openstack"
                },
                "openstack_compute_volume_attach_v2.attachments.25": {
                    "type": "openstack_compute_volume_attach_v2",
                    "depends_on": [
                        "openstack_blockstorage_volume_v2.butler_volumes.*",
                        "openstack_compute_instance_v2.worker.*"
                    ],
                    "primary": {
                        "id": "07923aa3-72a8-4d57-a1be-5c7ead42c97a/b9afd98c-2f5a-432e-a6e3-29a1cfd21ec3",
                        "attributes": {
                            "device": "/dev/vdb",
                            "id": "07923aa3-72a8-4d57-a1be-5c7ead42c97a/b9afd98c-2f5a-432e-a6e3-29a1cfd21ec3",
                            "instance_id": "07923aa3-72a8-4d57-a1be-5c7ead42c97a",
                            "region": "",
                            "volume_id": "b9afd98c-2f5a-432e-a6e3-29a1cfd21ec3"
                        },
                        "meta": {
                            "e2bfb730-ecaa-11e6-8f88-34363bc7c4c0": {
                                "create": 600000000000,
                                "delete": 600000000000
                            }
                        },
                        "tainted": false
                    },
                    "deposed": [],
                    "provider": "provider.openstack"
                },
                "openstack_compute_volume_attach_v2.attachments.26": {
                    "type": "openstack_compute_volume_attach_v2",
                    "depends_on": [
                        "openstack_blockstorage_volume_v2.butler_volumes.*",
                        "openstack_compute_instance_v2.worker.*"
                    ],
                    "primary": {
                        "id": "efe16162-54c0-4dcc-aa00-29a3b9dca811/abda92e9-4af2-43bc-834e-36b378384f94",
                        "attributes": {
                            "device": "/dev/vdb",
                            "id": "efe16162-54c0-4dcc-aa00-29a3b9dca811/abda92e9-4af2-43bc-834e-36b378384f94",
                            "instance_id": "efe16162-54c0-4dcc-aa00-29a3b9dca811",
                            "region": "",
                            "volume_id": "abda92e9-4af2-43bc-834e-36b378384f94"
                        },
                        "meta": {
                            "e2bfb730-ecaa-11e6-8f88-34363bc7c4c0": {
                                "create": 600000000000,
                                "delete": 600000000000
                            }
                        },
                        "tainted": false
                    },
                    "deposed": [],
                    "provider": "provider.openstack"
                },
                "openstack_compute_volume_attach_v2.attachments.27": {
                    "type": "openstack_compute_volume_attach_v2",
                    "depends_on": [
                        "openstack_blockstorage_volume_v2.butler_volumes.*",
                        "openstack_compute_instance_v2.worker.*"
                    ],
                    "primary": {
                        "id": "234643ce-1af8-4ec9-a2b9-60d3fb56cf3a/8a5c726a-ea45-407e-ad67-7cb6807a6790",
                        "attributes": {
                            "device": "/dev/vdb",
                            "id": "234643ce-1af8-4ec9-a2b9-60d3fb56cf3a/8a5c726a-ea45-407e-ad67-7cb6807a6790",
                            "instance_id": "234643ce-1af8-4ec9-a2b9-60d3fb56cf3a",
                            "region": "",
                            "volume_id": "8a5c726a-ea45-407e-ad67-7cb6807a6790"
                        },
                        "meta": {
                            "e2bfb730-ecaa-11e6-8f88-34363bc7c4c0": {
                                "create": 600000000000,
                                "delete": 600000000000
                            }
                        },
                        "tainted": false
                    },
                    "deposed": [],
                    "provider": "provider.openstack"
                },
                "openstack_compute_volume_attach_v2.attachments.28": {
                    "type": "openstack_compute_volume_attach_v2",
                    "depends_on": [
                        "openstack_blockstorage_volume_v2.butler_volumes.*",
                        "openstack_compute_instance_v2.worker.*"
                    ],
                    "primary": {
                        "id": "3de221af-6288-4ccb-a75b-2363c71b3a00/3a5b6e62-0fb2-4430-96b6-a47bd5ff2085",
                        "attributes": {
                            "device": "/dev/vdb",
                            "id": "3de221af-6288-4ccb-a75b-2363c71b3a00/3a5b6e62-0fb2-4430-96b6-a47bd5ff2085",
                            "instance_id": "3de221af-6288-4ccb-a75b-2363c71b3a00",
                            "region": "",
                            "volume_id": "3a5b6e62-0fb2-4430-96b6-a47bd5ff2085"
                        },
                        "meta": {
                            "e2bfb730-ecaa-11e6-8f88-34363bc7c4c0": {
                                "create": 600000000000,
                                "delete": 600000000000
                            }
                        },
                        "tainted": false
                    },
                    "deposed": [],
                    "provider": "provider.openstack"
                },
                "openstack_compute_volume_attach_v2.attachments.29": {
                    "type": "openstack_compute_volume_attach_v2",
                    "depends_on": [
                        "openstack_blockstorage_volume_v2.butler_volumes.*",
                        "openstack_compute_instance_v2.worker.*"
                    ],
                    "primary": {
                        "id": "6628f5b8-962c-4cc7-b1c3-a17df5d64e1c/942e232a-9d42-4cb2-ae49-f8c5d2b53bbe",
                        "attributes": {
                            "device": "/dev/vdb",
                            "id": "6628f5b8-962c-4cc7-b1c3-a17df5d64e1c/942e232a-9d42-4cb2-ae49-f8c5d2b53bbe",
                            "instance_id": "6628f5b8-962c-4cc7-b1c3-a17df5d64e1c",
                            "region": "",
                            "volume_id": "942e232a-9d42-4cb2-ae49-f8c5d2b53bbe"
                        },
                        "meta": {
                            "e2bfb730-ecaa-11e6-8f88-34363bc7c4c0": {
                                "create": 600000000000,
                                "delete": 600000000000
                            }
                        },
                        "tainted": false
                    },
                    "deposed": [],
                    "provider": "provider.openstack"
                },
                "openstack_compute_volume_attach_v2.attachments.3": {
                    "type": "openstack_compute_volume_attach_v2",
                    "depends_on": [
                        "openstack_blockstorage_volume_v2.butler_volumes.*",
                        "openstack_compute_instance_v2.worker.*"
                    ],
                    "primary": {
                        "id": "89f9f249-e9d7-4e06-a6db-da136f20c532/68b5360c-2b7e-457e-8fbf-9af787cd8e9e",
                        "attributes": {
                            "device": "/dev/vdb",
                            "id": "89f9f249-e9d7-4e06-a6db-da136f20c532/68b5360c-2b7e-457e-8fbf-9af787cd8e9e",
                            "instance_id": "89f9f249-e9d7-4e06-a6db-da136f20c532",
                            "region": "",
                            "volume_id": "68b5360c-2b7e-457e-8fbf-9af787cd8e9e"
                        },
                        "meta": {
                            "e2bfb730-ecaa-11e6-8f88-34363bc7c4c0": {
                                "create": 600000000000,
                                "delete": 600000000000
                            }
                        },
                        "tainted": false
                    },
                    "deposed": [],
                    "provider": "provider.openstack"
                },
                "openstack_compute_volume_attach_v2.attachments.4": {
                    "type": "openstack_compute_volume_attach_v2",
                    "depends_on": [
                        "openstack_blockstorage_volume_v2.butler_volumes.*",
                        "openstack_compute_instance_v2.worker.*"
                    ],
                    "primary": {
                        "id": "b2880813-61e7-44d5-b3c1-27b178801d78/881ed720-69c5-4ad1-8709-5034458b8dac",
                        "attributes": {
                            "device": "/dev/vdb",
                            "id": "b2880813-61e7-44d5-b3c1-27b178801d78/881ed720-69c5-4ad1-8709-5034458b8dac",
                            "instance_id": "b2880813-61e7-44d5-b3c1-27b178801d78",
                            "region": "",
                            "volume_id": "881ed720-69c5-4ad1-8709-5034458b8dac"
                        },
                        "meta": {
                            "e2bfb730-ecaa-11e6-8f88-34363bc7c4c0": {
                                "create": 600000000000,
                                "delete": 600000000000
                            }
                        },
                        "tainted": false
                    },
                    "deposed": [],
                    "provider": "provider.openstack"
                },
                "openstack_compute_volume_attach_v2.attachments.5": {
                    "type": "openstack_compute_volume_attach_v2",
                    "depends_on": [
                        "openstack_blockstorage_volume_v2.butler_volumes.*",
                        "openstack_compute_instance_v2.worker.*"
                    ],
                    "primary": {
                        "id": "6b6af4ac-a06b-482c-b1d9-723f60a58532/ba6e8e17-8de8-476f-be8d-5a5001caafdd",
                        "attributes": {
                            "device": "/dev/vdb",
                            "id": "6b6af4ac-a06b-482c-b1d9-723f60a58532/ba6e8e17-8de8-476f-be8d-5a5001caafdd",
                            "instance_id": "6b6af4ac-a06b-482c-b1d9-723f60a58532",
                            "region": "",
                            "volume_id": "ba6e8e17-8de8-476f-be8d-5a5001caafdd"
                        },
                        "meta": {
                            "e2bfb730-ecaa-11e6-8f88-34363bc7c4c0": {
                                "create": 600000000000,
                                "delete": 600000000000
                            }
                        },
                        "tainted": false
                    },
                    "deposed": [],
                    "provider": "provider.openstack"
                },
                "openstack_compute_volume_attach_v2.attachments.6": {
                    "type": "openstack_compute_volume_attach_v2",
                    "depends_on": [
                        "openstack_blockstorage_volume_v2.butler_volumes.*",
                        "openstack_compute_instance_v2.worker.*"
                    ],
                    "primary": {
                        "id": "3a146527-646f-428a-a9e6-a45b0c34473b/b1fb295f-ea97-4132-8fd2-a62abda6d936",
                        "attributes": {
                            "device": "/dev/vdb",
                            "id": "3a146527-646f-428a-a9e6-a45b0c34473b/b1fb295f-ea97-4132-8fd2-a62abda6d936",
                            "instance_id": "3a146527-646f-428a-a9e6-a45b0c34473b",
                            "region": "",
                            "volume_id": "b1fb295f-ea97-4132-8fd2-a62abda6d936"
                        },
                        "meta": {
                            "e2bfb730-ecaa-11e6-8f88-34363bc7c4c0": {
                                "create": 600000000000,
                                "delete": 600000000000
                            }
                        },
                        "tainted": false
                    },
                    "deposed": [],
                    "provider": "provider.openstack"
                },
                "openstack_compute_volume_attach_v2.attachments.7": {
                    "type": "openstack_compute_volume_attach_v2",
                    "depends_on": [
                        "openstack_blockstorage_volume_v2.butler_volumes.*",
                        "openstack_compute_instance_v2.worker.*"
                    ],
                    "primary": {
                        "id": "19e2621a-1042-4f66-97ef-c2db0857c570/b024ab07-b49f-4125-8677-f002e31a3bbc",
                        "attributes": {
                            "device": "/dev/vdb",
                            "id": "19e2621a-1042-4f66-97ef-c2db0857c570/b024ab07-b49f-4125-8677-f002e31a3bbc",
                            "instance_id": "19e2621a-1042-4f66-97ef-c2db0857c570",
                            "region": "",
                            "volume_id": "b024ab07-b49f-4125-8677-f002e31a3bbc"
                        },
                        "meta": {
                            "e2bfb730-ecaa-11e6-8f88-34363bc7c4c0": {
                                "create": 600000000000,
                                "delete": 600000000000
                            }
                        },
                        "tainted": false
                    },
                    "deposed": [],
                    "provider": "provider.openstack"
                },
                "openstack_compute_volume_attach_v2.attachments.8": {
                    "type": "openstack_compute_volume_attach_v2",
                    "depends_on": [
                        "openstack_blockstorage_volume_v2.butler_volumes.*",
                        "openstack_compute_instance_v2.worker.*"
                    ],
                    "primary": {
                        "id": "617b6dc9-7005-441d-89f1-2a5c77d3a5a5/eb0e4825-0716-4820-a406-642367366020",
                        "attributes": {
                            "device": "/dev/vdb",
                            "id": "617b6dc9-7005-441d-89f1-2a5c77d3a5a5/eb0e4825-0716-4820-a406-642367366020",
                            "instance_id": "617b6dc9-7005-441d-89f1-2a5c77d3a5a5",
                            "region": "",
                            "volume_id": "eb0e4825-0716-4820-a406-642367366020"
                        },
                        "meta": {
                            "e2bfb730-ecaa-11e6-8f88-34363bc7c4c0": {
                                "create": 600000000000,
                                "delete": 600000000000
                            }
                        },
                        "tainted": false
                    },
                    "deposed": [],
                    "provider": "provider.openstack"
                },
                "openstack_compute_volume_attach_v2.attachments.9": {
                    "type": "openstack_compute_volume_attach_v2",
                    "depends_on": [
                        "openstack_blockstorage_volume_v2.butler_volumes.*",
                        "openstack_compute_instance_v2.worker.*"
                    ],
                    "primary": {
                        "id": "f87428ee-5e06-4c34-b312-5e79010ec442/68d2b14f-a64a-4a06-9da7-b5cc81420c83",
                        "attributes": {
                            "device": "/dev/vdb",
                            "id": "f87428ee-5e06-4c34-b312-5e79010ec442/68d2b14f-a64a-4a06-9da7-b5cc81420c83",
                            "instance_id": "f87428ee-5e06-4c34-b312-5e79010ec442",
                            "region": "",
                            "volume_id": "68d2b14f-a64a-4a06-9da7-b5cc81420c83"
                        },
                        "meta": {
                            "e2bfb730-ecaa-11e6-8f88-34363bc7c4c0": {
                                "create": 600000000000,
                                "delete": 600000000000
                            }
                        },
                        "tainted": false
                    },
                    "deposed": [],
                    "provider": "provider.openstack"
                },
                "openstack_networking_floatingip_v2.float_ip.0": {
                    "type": "openstack_networking_floatingip_v2",
                    "depends_on": [],
                    "primary": {
                        "id": "b800a9ae-b3cb-4cc0-a0eb-94ac4b504fae",
                        "attributes": {
                            "address": "172.16.73.3",
                            "fixed_ip": "",
                            "id": "b800a9ae-b3cb-4cc0-a0eb-94ac4b504fae",
                            "pool": "public-2",
                            "port_id": "",
                            "region": "",
                            "tenant_id": "a33883aeafac4760af754926d72afb8c"
                        },
                        "meta": {
                            "e2bfb730-ecaa-11e6-8f88-34363bc7c4c0": {
                                "create": 600000000000,
                                "delete": 600000000000
                            }
                        },
                        "tainted": false
                    },
                    "deposed": [],
                    "provider": "provider.openstack"
                },
                "openstack_networking_floatingip_v2.float_ip.1": {
                    "type": "openstack_networking_floatingip_v2",
                    "depends_on": [],
                    "primary": {
                        "id": "23434134-a659-4561-bf19-482fa2884850",
                        "attributes": {
                            "address": "172.16.73.34",
                            "fixed_ip": "",
                            "id": "23434134-a659-4561-bf19-482fa2884850",
                            "pool": "public-2",
                            "port_id": "",
                            "region": "",
                            "tenant_id": "a33883aeafac4760af754926d72afb8c"
                        },
                        "meta": {
                            "e2bfb730-ecaa-11e6-8f88-34363bc7c4c0": {
                                "create": 600000000000,
                                "delete": 600000000000
                            }
                        },
                        "tainted": false
                    },
                    "deposed": [],
                    "provider": "provider.openstack"
                },
                "openstack_networking_floatingip_v2.float_ip.10": {
                    "type": "openstack_networking_floatingip_v2",
                    "depends_on": [],
                    "primary": {
                        "id": "168153c7-c3a3-4768-96a6-2db7eb89c0af",
                        "attributes": {
                            "address": "172.16.73.20",
                            "fixed_ip": "",
                            "id": "168153c7-c3a3-4768-96a6-2db7eb89c0af",
                            "pool": "public-2",
                            "port_id": "",
                            "region": "",
                            "tenant_id": "a33883aeafac4760af754926d72afb8c"
                        },
                        "meta": {
                            "e2bfb730-ecaa-11e6-8f88-34363bc7c4c0": {
                                "create": 600000000000,
                                "delete": 600000000000
                            }
                        },
                        "tainted": false
                    },
                    "deposed": [],
                    "provider": "provider.openstack"
                },
                "openstack_networking_floatingip_v2.float_ip.11": {
                    "type": "openstack_networking_floatingip_v2",
                    "depends_on": [],
                    "primary": {
                        "id": "07aba9a7-b7b2-4dab-b1b7-5fdef89614ae",
                        "attributes": {
                            "address": "172.16.73.22",
                            "fixed_ip": "",
                            "id": "07aba9a7-b7b2-4dab-b1b7-5fdef89614ae",
                            "pool": "public-2",
                            "port_id": "",
                            "region": "",
                            "tenant_id": "a33883aeafac4760af754926d72afb8c"
                        },
                        "meta": {
                            "e2bfb730-ecaa-11e6-8f88-34363bc7c4c0": {
                                "create": 600000000000,
                                "delete": 600000000000
                            }
                        },
                        "tainted": false
                    },
                    "deposed": [],
                    "provider": "provider.openstack"
                },
                "openstack_networking_floatingip_v2.float_ip.12": {
                    "type": "openstack_networking_floatingip_v2",
                    "depends_on": [],
                    "primary": {
                        "id": "124f810b-93c4-4ce6-aea3-8ea773c932f8",
                        "attributes": {
                            "address": "172.16.73.25",
                            "fixed_ip": "",
                            "id": "124f810b-93c4-4ce6-aea3-8ea773c932f8",
                            "pool": "public-2",
                            "port_id": "",
                            "region": "",
                            "tenant_id": "a33883aeafac4760af754926d72afb8c"
                        },
                        "meta": {
                            "e2bfb730-ecaa-11e6-8f88-34363bc7c4c0": {
                                "create": 600000000000,
                                "delete": 600000000000
                            }
                        },
                        "tainted": false
                    },
                    "deposed": [],
                    "provider": "provider.openstack"
                },
                "openstack_networking_floatingip_v2.float_ip.13": {
                    "type": "openstack_networking_floatingip_v2",
                    "depends_on": [],
                    "primary": {
                        "id": "6d793047-187b-40dc-af16-b6727ccd326f",
                        "attributes": {
                            "address": "172.16.72.252",
                            "fixed_ip": "",
                            "id": "6d793047-187b-40dc-af16-b6727ccd326f",
                            "pool": "public-2",
                            "port_id": "",
                            "region": "",
                            "tenant_id": "a33883aeafac4760af754926d72afb8c"
                        },
                        "meta": {
                            "e2bfb730-ecaa-11e6-8f88-34363bc7c4c0": {
                                "create": 600000000000,
                                "delete": 600000000000
                            }
                        },
                        "tainted": false
                    },
                    "deposed": [],
                    "provider": "provider.openstack"
                },
                "openstack_networking_floatingip_v2.float_ip.14": {
                    "type": "openstack_networking_floatingip_v2",
                    "depends_on": [],
                    "primary": {
                        "id": "51a83c2c-9a19-4707-9b62-0cfce8b7ce1b",
                        "attributes": {
                            "address": "172.16.73.5",
                            "fixed_ip": "",
                            "id": "51a83c2c-9a19-4707-9b62-0cfce8b7ce1b",
                            "pool": "public-2",
                            "port_id": "",
                            "region": "",
                            "tenant_id": "a33883aeafac4760af754926d72afb8c"
                        },
                        "meta": {
                            "e2bfb730-ecaa-11e6-8f88-34363bc7c4c0": {
                                "create": 600000000000,
                                "delete": 600000000000
                            }
                        },
                        "tainted": false
                    },
                    "deposed": [],
                    "provider": "provider.openstack"
                },
                "openstack_networking_floatingip_v2.float_ip.15": {
                    "type": "openstack_networking_floatingip_v2",
                    "depends_on": [],
                    "primary": {
                        "id": "e8c8d16c-c220-4162-bfd0-3526e1523a9b",
                        "attributes": {
                            "address": "172.16.73.10",
                            "fixed_ip": "",
                            "id": "e8c8d16c-c220-4162-bfd0-3526e1523a9b",
                            "pool": "public-2",
                            "port_id": "",
                            "region": "",
                            "tenant_id": "a33883aeafac4760af754926d72afb8c"
                        },
                        "meta": {
                            "e2bfb730-ecaa-11e6-8f88-34363bc7c4c0": {
                                "create": 600000000000,
                                "delete": 600000000000
                            }
                        },
                        "tainted": false
                    },
                    "deposed": [],
                    "provider": "provider.openstack"
                },
                "openstack_networking_floatingip_v2.float_ip.16": {
                    "type": "openstack_networking_floatingip_v2",
                    "depends_on": [],
                    "primary": {
                        "id": "9ea81054-8c04-4faa-a371-57fa260dd331",
                        "attributes": {
                            "address": "172.16.73.37",
                            "fixed_ip": "",
                            "id": "9ea81054-8c04-4faa-a371-57fa260dd331",
                            "pool": "public-2",
                            "port_id": "",
                            "region": "",
                            "tenant_id": "a33883aeafac4760af754926d72afb8c"
                        },
                        "meta": {
                            "e2bfb730-ecaa-11e6-8f88-34363bc7c4c0": {
                                "create": 600000000000,
                                "delete": 600000000000
                            }
                        },
                        "tainted": false
                    },
                    "deposed": [],
                    "provider": "provider.openstack"
                },
                "openstack_networking_floatingip_v2.float_ip.17": {
                    "type": "openstack_networking_floatingip_v2",
                    "depends_on": [],
                    "primary": {
                        "id": "6ce3910e-f39e-4f0a-8786-84f319816f78",
                        "attributes": {
                            "address": "172.16.73.113",
                            "fixed_ip": "",
                            "id": "6ce3910e-f39e-4f0a-8786-84f319816f78",
                            "pool": "public-2",
                            "port_id": "",
                            "region": "",
                            "tenant_id": "a33883aeafac4760af754926d72afb8c"
                        },
                        "meta": {
                            "e2bfb730-ecaa-11e6-8f88-34363bc7c4c0": {
                                "create": 600000000000,
                                "delete": 600000000000
                            }
                        },
                        "tainted": false
                    },
                    "deposed": [],
                    "provider": "provider.openstack"
                },
                "openstack_networking_floatingip_v2.float_ip.18": {
                    "type": "openstack_networking_floatingip_v2",
                    "depends_on": [],
                    "primary": {
                        "id": "6c99752e-11eb-4c3c-af7a-82e108a276b2",
                        "attributes": {
                            "address": "172.16.72.253",
                            "fixed_ip": "",
                            "id": "6c99752e-11eb-4c3c-af7a-82e108a276b2",
                            "pool": "public-2",
                            "port_id": "",
                            "region": "",
                            "tenant_id": "a33883aeafac4760af754926d72afb8c"
                        },
                        "meta": {
                            "e2bfb730-ecaa-11e6-8f88-34363bc7c4c0": {
                                "create": 600000000000,
                                "delete": 600000000000
                            }
                        },
                        "tainted": false
                    },
                    "deposed": [],
                    "provider": "provider.openstack"
                },
                "openstack_networking_floatingip_v2.float_ip.19": {
                    "type": "openstack_networking_floatingip_v2",
                    "depends_on": [],
                    "primary": {
                        "id": "86c10211-8a2a-4775-afe2-dd200f866ef8",
                        "attributes": {
                            "address": "172.16.72.255",
                            "fixed_ip": "",
                            "id": "86c10211-8a2a-4775-afe2-dd200f866ef8",
                            "pool": "public-2",
                            "port_id": "",
                            "region": "",
                            "tenant_id": "a33883aeafac4760af754926d72afb8c"
                        },
                        "meta": {
                            "e2bfb730-ecaa-11e6-8f88-34363bc7c4c0": {
                                "create": 600000000000,
                                "delete": 600000000000
                            }
                        },
                        "tainted": false
                    },
                    "deposed": [],
                    "provider": "provider.openstack"
                },
                "openstack_networking_floatingip_v2.float_ip.2": {
                    "type": "openstack_networking_floatingip_v2",
                    "depends_on": [],
                    "primary": {
                        "id": "3eb16552-5ecf-4013-83e4-498819aec62c",
                        "attributes": {
                            "address": "172.16.73.8",
                            "fixed_ip": "",
                            "id": "3eb16552-5ecf-4013-83e4-498819aec62c",
                            "pool": "public-2",
                            "port_id": "",
                            "region": "",
                            "tenant_id": "a33883aeafac4760af754926d72afb8c"
                        },
                        "meta": {
                            "e2bfb730-ecaa-11e6-8f88-34363bc7c4c0": {
                                "create": 600000000000,
                                "delete": 600000000000
                            }
                        },
                        "tainted": false
                    },
                    "deposed": [],
                    "provider": "provider.openstack"
                },
                "openstack_networking_floatingip_v2.float_ip.20": {
                    "type": "openstack_networking_floatingip_v2",
                    "depends_on": [],
                    "primary": {
                        "id": "7165851a-3593-4289-b9ab-19058d6a4d55",
                        "attributes": {
                            "address": "172.16.73.110",
                            "fixed_ip": "",
                            "id": "7165851a-3593-4289-b9ab-19058d6a4d55",
                            "pool": "public-2",
                            "port_id": "",
                            "region": "",
                            "tenant_id": "a33883aeafac4760af754926d72afb8c"
                        },
                        "meta": {
                            "e2bfb730-ecaa-11e6-8f88-34363bc7c4c0": {
                                "create": 600000000000,
                                "delete": 600000000000
                            }
                        },
                        "tainted": false
                    },
                    "deposed": [],
                    "provider": "provider.openstack"
                },
                "openstack_networking_floatingip_v2.float_ip.21": {
                    "type": "openstack_networking_floatingip_v2",
                    "depends_on": [],
                    "primary": {
                        "id": "ff26538c-cec9-458e-a28a-8b85db915c4c",
                        "attributes": {
                            "address": "172.16.72.244",
                            "fixed_ip": "",
                            "id": "ff26538c-cec9-458e-a28a-8b85db915c4c",
                            "pool": "public-2",
                            "port_id": "",
                            "region": "",
                            "tenant_id": "a33883aeafac4760af754926d72afb8c"
                        },
                        "meta": {
                            "e2bfb730-ecaa-11e6-8f88-34363bc7c4c0": {
                                "create": 600000000000,
                                "delete": 600000000000
                            }
                        },
                        "tainted": false
                    },
                    "deposed": [],
                    "provider": "provider.openstack"
                },
                "openstack_networking_floatingip_v2.float_ip.22": {
                    "type": "openstack_networking_floatingip_v2",
                    "depends_on": [],
                    "primary": {
                        "id": "f592e0ad-a6d2-4e6d-96f1-ea7716d3f854",
                        "attributes": {
                            "address": "172.16.73.44",
                            "fixed_ip": "",
                            "id": "f592e0ad-a6d2-4e6d-96f1-ea7716d3f854",
                            "pool": "public-2",
                            "port_id": "",
                            "region": "",
                            "tenant_id": "a33883aeafac4760af754926d72afb8c"
                        },
                        "meta": {
                            "e2bfb730-ecaa-11e6-8f88-34363bc7c4c0": {
                                "create": 600000000000,
                                "delete": 600000000000
                            }
                        },
                        "tainted": false
                    },
                    "deposed": [],
                    "provider": "provider.openstack"
                },
                "openstack_networking_floatingip_v2.float_ip.23": {
                    "type": "openstack_networking_floatingip_v2",
                    "depends_on": [],
                    "primary": {
                        "id": "5ebe8eca-f4c4-4c62-b29b-d23caf871c2c",
                        "attributes": {
                            "address": "172.16.73.26",
                            "fixed_ip": "",
                            "id": "5ebe8eca-f4c4-4c62-b29b-d23caf871c2c",
                            "pool": "public-2",
                            "port_id": "",
                            "region": "",
                            "tenant_id": "a33883aeafac4760af754926d72afb8c"
                        },
                        "meta": {
                            "e2bfb730-ecaa-11e6-8f88-34363bc7c4c0": {
                                "create": 600000000000,
                                "delete": 600000000000
                            }
                        },
                        "tainted": false
                    },
                    "deposed": [],
                    "provider": "provider.openstack"
                },
                "openstack_networking_floatingip_v2.float_ip.24": {
                    "type": "openstack_networking_floatingip_v2",
                    "depends_on": [],
                    "primary": {
                        "id": "f10d377d-9138-4261-93e1-3a2cc996d5d9",
                        "attributes": {
                            "address": "172.16.73.18",
                            "fixed_ip": "",
                            "id": "f10d377d-9138-4261-93e1-3a2cc996d5d9",
                            "pool": "public-2",
                            "port_id": "",
                            "region": "",
                            "tenant_id": "a33883aeafac4760af754926d72afb8c"
                        },
                        "meta": {
                            "e2bfb730-ecaa-11e6-8f88-34363bc7c4c0": {
                                "create": 600000000000,
                                "delete": 600000000000
                            }
                        },
                        "tainted": false
                    },
                    "deposed": [],
                    "provider": "provider.openstack"
                },
                "openstack_networking_floatingip_v2.float_ip.25": {
                    "type": "openstack_networking_floatingip_v2",
                    "depends_on": [],
                    "primary": {
                        "id": "8e508f64-2685-4161-901b-747e4689e9f0",
                        "attributes": {
                            "address": "172.16.73.0",
                            "fixed_ip": "",
                            "id": "8e508f64-2685-4161-901b-747e4689e9f0",
                            "pool": "public-2",
                            "port_id": "",
                            "region": "",
                            "tenant_id": "a33883aeafac4760af754926d72afb8c"
                        },
                        "meta": {
                            "e2bfb730-ecaa-11e6-8f88-34363bc7c4c0": {
                                "create": 600000000000,
                                "delete": 600000000000
                            }
                        },
                        "tainted": false
                    },
                    "deposed": [],
                    "provider": "provider.openstack"
                },
                "openstack_networking_floatingip_v2.float_ip.26": {
                    "type": "openstack_networking_floatingip_v2",
                    "depends_on": [],
                    "primary": {
                        "id": "f9a88537-d9de-4bb8-9af6-8911adaf4a7e",
                        "attributes": {
                            "address": "172.16.73.40",
                            "fixed_ip": "",
                            "id": "f9a88537-d9de-4bb8-9af6-8911adaf4a7e",
                            "pool": "public-2",
                            "port_id": "",
                            "region": "",
                            "tenant_id": "a33883aeafac4760af754926d72afb8c"
                        },
                        "meta": {
                            "e2bfb730-ecaa-11e6-8f88-34363bc7c4c0": {
                                "create": 600000000000,
                                "delete": 600000000000
                            }
                        },
                        "tainted": false
                    },
                    "deposed": [],
                    "provider": "provider.openstack"
                },
                "openstack_networking_floatingip_v2.float_ip.27": {
                    "type": "openstack_networking_floatingip_v2",
                    "depends_on": [],
                    "primary": {
                        "id": "7fb2934c-1a6c-4cd2-94d4-ac157cd791e8",
                        "attributes": {
                            "address": "172.16.72.250",
                            "fixed_ip": "",
                            "id": "7fb2934c-1a6c-4cd2-94d4-ac157cd791e8",
                            "pool": "public-2",
                            "port_id": "",
                            "region": "",
                            "tenant_id": "a33883aeafac4760af754926d72afb8c"
                        },
                        "meta": {
                            "e2bfb730-ecaa-11e6-8f88-34363bc7c4c0": {
                                "create": 600000000000,
                                "delete": 600000000000
                            }
                        },
                        "tainted": false
                    },
                    "deposed": [],
                    "provider": "provider.openstack"
                },
                "openstack_networking_floatingip_v2.float_ip.28": {
                    "type": "openstack_networking_floatingip_v2",
                    "depends_on": [],
                    "primary": {
                        "id": "73443c2a-d05f-427b-9095-d5da6ec99153",
                        "attributes": {
                            "address": "172.16.73.117",
                            "fixed_ip": "",
                            "id": "73443c2a-d05f-427b-9095-d5da6ec99153",
                            "pool": "public-2",
                            "port_id": "",
                            "region": "",
                            "tenant_id": "a33883aeafac4760af754926d72afb8c"
                        },
                        "meta": {
                            "e2bfb730-ecaa-11e6-8f88-34363bc7c4c0": {
                                "create": 600000000000,
                                "delete": 600000000000
                            }
                        },
                        "tainted": false
                    },
                    "deposed": [],
                    "provider": "provider.openstack"
                },
                "openstack_networking_floatingip_v2.float_ip.29": {
                    "type": "openstack_networking_floatingip_v2",
                    "depends_on": [],
                    "primary": {
                        "id": "b35e80c6-7a02-4563-af59-0a3a2a432e2f",
                        "attributes": {
                            "address": "172.16.73.2",
                            "fixed_ip": "",
                            "id": "b35e80c6-7a02-4563-af59-0a3a2a432e2f",
                            "pool": "public-2",
                            "port_id": "",
                            "region": "",
                            "tenant_id": "a33883aeafac4760af754926d72afb8c"
                        },
                        "meta": {
                            "e2bfb730-ecaa-11e6-8f88-34363bc7c4c0": {
                                "create": 600000000000,
                                "delete": 600000000000
                            }
                        },
                        "tainted": false
                    },
                    "deposed": [],
                    "provider": "provider.openstack"
                },
                "openstack_networking_floatingip_v2.float_ip.3": {
                    "type": "openstack_networking_floatingip_v2",
                    "depends_on": [],
                    "primary": {
                        "id": "f6b0a375-b25b-4497-808f-bc54b7e919ab",
                        "attributes": {
                            "address": "172.16.73.32",
                            "fixed_ip": "",
                            "id": "f6b0a375-b25b-4497-808f-bc54b7e919ab",
                            "pool": "public-2",
                            "port_id": "",
                            "region": "",
                            "tenant_id": "a33883aeafac4760af754926d72afb8c"
                        },
                        "meta": {
                            "e2bfb730-ecaa-11e6-8f88-34363bc7c4c0": {
                                "create": 600000000000,
                                "delete": 600000000000
                            }
                        },
                        "tainted": false
                    },
                    "deposed": [],
                    "provider": "provider.openstack"
                },
                "openstack_networking_floatingip_v2.float_ip.4": {
                    "type": "openstack_networking_floatingip_v2",
                    "depends_on": [],
                    "primary": {
                        "id": "6ee019c6-537e-412b-b5e2-71500af36584",
                        "attributes": {
                            "address": "172.16.73.1",
                            "fixed_ip": "",
                            "id": "6ee019c6-537e-412b-b5e2-71500af36584",
                            "pool": "public-2",
                            "port_id": "",
                            "region": "",
                            "tenant_id": "a33883aeafac4760af754926d72afb8c"
                        },
                        "meta": {
                            "e2bfb730-ecaa-11e6-8f88-34363bc7c4c0": {
                                "create": 600000000000,
                                "delete": 600000000000
                            }
                        },
                        "tainted": false
                    },
                    "deposed": [],
                    "provider": "provider.openstack"
                },
                "openstack_networking_floatingip_v2.float_ip.5": {
                    "type": "openstack_networking_floatingip_v2",
                    "depends_on": [],
                    "primary": {
                        "id": "cc0b60aa-05dd-402c-9dc6-2a0da5532de2",
                        "attributes": {
                            "address": "172.16.73.33",
                            "fixed_ip": "",
                            "id": "cc0b60aa-05dd-402c-9dc6-2a0da5532de2",
                            "pool": "public-2",
                            "port_id": "",
                            "region": "",
                            "tenant_id": "a33883aeafac4760af754926d72afb8c"
                        },
                        "meta": {
                            "e2bfb730-ecaa-11e6-8f88-34363bc7c4c0": {
                                "create": 600000000000,
                                "delete": 600000000000
                            }
                        },
                        "tainted": false
                    },
                    "deposed": [],
                    "provider": "provider.openstack"
                },
                "openstack_networking_floatingip_v2.float_ip.6": {
                    "type": "openstack_networking_floatingip_v2",
                    "depends_on": [],
                    "primary": {
                        "id": "03c7c2ed-c382-4630-8917-278e8b2d552a",
                        "attributes": {
                            "address": "172.16.72.241",
                            "fixed_ip": "",
                            "id": "03c7c2ed-c382-4630-8917-278e8b2d552a",
                            "pool": "public-2",
                            "port_id": "",
                            "region": "",
                            "tenant_id": "a33883aeafac4760af754926d72afb8c"
                        },
                        "meta": {
                            "e2bfb730-ecaa-11e6-8f88-34363bc7c4c0": {
                                "create": 600000000000,
                                "delete": 600000000000
                            }
                        },
                        "tainted": false
                    },
                    "deposed": [],
                    "provider": "provider.openstack"
                },
                "openstack_networking_floatingip_v2.float_ip.7": {
                    "type": "openstack_networking_floatingip_v2",
                    "depends_on": [],
                    "primary": {
                        "id": "f8f2c12c-b15c-4e14-836b-782dd9960a44",
                        "attributes": {
                            "address": "172.16.72.249",
                            "fixed_ip": "",
                            "id": "f8f2c12c-b15c-4e14-836b-782dd9960a44",
                            "pool": "public-2",
                            "port_id": "",
                            "region": "",
                            "tenant_id": "a33883aeafac4760af754926d72afb8c"
                        },
                        "meta": {
                            "e2bfb730-ecaa-11e6-8f88-34363bc7c4c0": {
                                "create": 600000000000,
                                "delete": 600000000000
                            }
                        },
                        "tainted": false
                    },
                    "deposed": [],
                    "provider": "provider.openstack"
                },
                "openstack_networking_floatingip_v2.float_ip.8": {
                    "type": "openstack_networking_floatingip_v2",
                    "depends_on": [],
                    "primary": {
                        "id": "6384b712-8f99-4ef0-b050-9d77f98c5709",
                        "attributes": {
                            "address": "172.16.73.23",
                            "fixed_ip": "",
                            "id": "6384b712-8f99-4ef0-b050-9d77f98c5709",
                            "pool": "public-2",
                            "port_id": "",
                            "region": "",
                            "tenant_id": "a33883aeafac4760af754926d72afb8c"
                        },
                        "meta": {
                            "e2bfb730-ecaa-11e6-8f88-34363bc7c4c0": {
                                "create": 600000000000,
                                "delete": 600000000000
                            }
                        },
                        "tainted": false
                    },
                    "deposed": [],
                    "provider": "provider.openstack"
                },
                "openstack_networking_floatingip_v2.float_ip.9": {
                    "type": "openstack_networking_floatingip_v2",
                    "depends_on": [],
                    "primary": {
                        "id": "ac36d301-5b08-4fc0-86e8-f905b7cbd428",
                        "attributes": {
                            "address": "172.16.73.6",
                            "fixed_ip": "",
                            "id": "ac36d301-5b08-4fc0-86e8-f905b7cbd428",
                            "pool": "public-2",
                            "port_id": "",
                            "region": "",
                            "tenant_id": "a33883aeafac4760af754926d72afb8c"
                        },
                        "meta": {
                            "e2bfb730-ecaa-11e6-8f88-34363bc7c4c0": {
                                "create": 600000000000,
                                "delete": 600000000000
                            }
                        },
                        "tainted": false
                    },
                    "deposed": [],
                    "provider": "provider.openstack"
                }
            },
            "depends_on": []
        }
    ]
}
